{
  "version": 4,
  "terraform_version": "1.6.6",
  "serial": 2118,
  "lineage": "2164d2b5-8d9b-fbcd-2628-bf5db34e7a1f",
  "outputs": {
    "codebuild_arn": {
      "value": [
        "arn:aws:codebuild:ap-northeast-2:851077919242:project/whs-pipeline-from-IaC-build",
        "arn:aws:codebuild:ap-northeast-2:851077919242:project/whs-pipeline-from-IaC-sca",
        "arn:aws:codebuild:ap-northeast-2:851077919242:project/whs-pipeline-from-IaC-sast",
        "arn:aws:codebuild:ap-northeast-2:851077919242:project/whs-pipeline-from-IaC-dast"
      ],
      "type": [
        "tuple",
        [
          "string",
          "string",
          "string",
          "string"
        ]
      ]
    },
    "codebuild_name": {
      "value": [
        "whs-pipeline-from-IaC-build",
        "whs-pipeline-from-IaC-sca",
        "whs-pipeline-from-IaC-sast",
        "whs-pipeline-from-IaC-dast"
      ],
      "type": [
        "tuple",
        [
          "string",
          "string",
          "string",
          "string"
        ]
      ]
    },
    "codecommit_arn": {
      "value": "arn:aws:codecommit:ap-northeast-2:851077919242:whs-repo-from-IaC",
      "type": "string"
    },
    "codecommit_name": {
      "value": "whs-repo-from-IaC",
      "type": "string"
    },
    "codecommit_url": {
      "value": "https://git-codecommit.ap-northeast-2.amazonaws.com/v1/repos/whs-repo-from-IaC",
      "type": "string"
    },
    "codepipeline_arn": {
      "value": "arn:aws:codepipeline:ap-northeast-2:851077919242:whs-pipeline-from-IaC-pipeline",
      "type": "string"
    },
    "codepipeline_name": {
      "value": "whs-pipeline-from-IaC-pipeline",
      "type": "string"
    },
    "iam_arn": {
      "value": "arn:aws:iam::851077919242:role/whs-pipeline-from-IaC-codepipeline-role",
      "type": "string"
    },
    "kms_arn": {
      "value": "arn:aws:kms:ap-northeast-2:851077919242:key/6aa503a3-82b2-448e-92df-aaf37190fefb",
      "type": "string"
    },
    "s3_arn": {
      "value": "arn:aws:s3:::whs-pipeline-from-iac20240103152950642400000001",
      "type": "string"
    },
    "s3_bucket_name": {
      "value": "whs-pipeline-from-iac20240103152950642400000001",
      "type": "string"
    },
    "vpc_id": {
      "value": "vpc-051f9def0d18ba34c",
      "type": "string"
    }
  },
  "resources": [
    {
      "mode": "data",
      "type": "aws_caller_identity",
      "name": "current",
      "provider": "provider[\"registry.terraform.io/hashicorp/aws\"]",
      "instances": [
        {
          "schema_version": 0,
          "attributes": {
            "account_id": "851077919242",
            "arn": "arn:aws:iam::851077919242:user/nukunga123",
            "id": "851077919242",
            "user_id": "AIDA4MKBSOIFN3PDC2JZG"
          },
          "sensitive_attributes": []
        }
      ]
    },
    {
      "mode": "data",
      "type": "aws_region",
      "name": "current",
      "provider": "provider[\"registry.terraform.io/hashicorp/aws\"]",
      "instances": [
        {
          "schema_version": 0,
          "attributes": {
            "description": "Asia Pacific (Seoul)",
            "endpoint": "ec2.ap-northeast-2.amazonaws.com",
            "id": "ap-northeast-2",
            "name": "ap-northeast-2"
          },
          "sensitive_attributes": []
        }
      ]
    },
    {
      "mode": "managed",
      "type": "aws_iam_instance_profile",
      "name": "whs_ec2_role_iac",
      "provider": "provider[\"registry.terraform.io/hashicorp/aws\"]",
      "instances": [
        {
          "schema_version": 0,
          "attributes": {
            "arn": "arn:aws:iam::851077919242:instance-profile/whs_ec2_role_iac",
            "create_date": "2024-01-05T05:24:46Z",
            "id": "whs_ec2_role_iac",
            "name": "whs_ec2_role_iac",
            "name_prefix": "",
            "path": "/",
            "role": "whs_ec2_role_iac",
            "tags": {},
            "tags_all": {},
            "unique_id": "AIPA4MKBSOIFEYMEAWE7G"
          },
          "sensitive_attributes": [],
          "private": "bnVsbA==",
          "dependencies": [
            "aws_iam_role.whs_ec2_role_iac"
          ]
        }
      ]
    },
    {
      "mode": "managed",
      "type": "aws_iam_role",
      "name": "whs_ec2_role_iac",
      "provider": "provider[\"registry.terraform.io/hashicorp/aws\"]",
      "instances": [
        {
          "schema_version": 0,
          "attributes": {
            "arn": "arn:aws:iam::851077919242:role/whs_ec2_role_iac",
            "assume_role_policy": "{\"Statement\":[{\"Action\":\"sts:AssumeRole\",\"Effect\":\"Allow\",\"Principal\":{\"Service\":\"ec2.amazonaws.com\"}}],\"Version\":\"2012-10-17\"}",
            "create_date": "2024-01-05T05:24:45Z",
            "description": "",
            "force_detach_policies": false,
            "id": "whs_ec2_role_iac",
            "inline_policy": [],
            "managed_policy_arns": [
              "arn:aws:iam::aws:policy/AdministratorAccess",
              "arn:aws:iam::aws:policy/AmazonEC2ReadOnlyAccess"
            ],
            "max_session_duration": 3600,
            "name": "whs_ec2_role_iac",
            "name_prefix": "",
            "path": "/",
            "permissions_boundary": "",
            "tags": {},
            "tags_all": {},
            "unique_id": "AROA4MKBSOIFBPKH73DZ2"
          },
          "sensitive_attributes": [],
          "private": "bnVsbA=="
        }
      ]
    },
    {
      "mode": "managed",
      "type": "aws_iam_role_policy_attachment",
      "name": "admin_attachment",
      "provider": "provider[\"registry.terraform.io/hashicorp/aws\"]",
      "instances": [
        {
          "schema_version": 0,
          "attributes": {
            "id": "whs_ec2_role_iac-20240105052446575000000001",
            "policy_arn": "arn:aws:iam::aws:policy/AdministratorAccess",
            "role": "whs_ec2_role_iac"
          },
          "sensitive_attributes": [],
          "private": "bnVsbA==",
          "dependencies": [
            "aws_iam_role.whs_ec2_role_iac"
          ]
        }
      ]
    },
    {
      "mode": "managed",
      "type": "aws_iam_role_policy_attachment",
      "name": "ec2_readOnly_attachment",
      "provider": "provider[\"registry.terraform.io/hashicorp/aws\"]",
      "instances": [
        {
          "schema_version": 0,
          "attributes": {
            "id": "whs_ec2_role_iac-20240105075427875700000001",
            "policy_arn": "arn:aws:iam::aws:policy/AmazonEC2ReadOnlyAccess",
            "role": "whs_ec2_role_iac"
          },
          "sensitive_attributes": [],
          "private": "bnVsbA==",
          "dependencies": [
            "aws_iam_role.whs_ec2_role_iac"
          ]
        }
      ]
    },
    {
      "mode": "managed",
      "type": "aws_instance",
      "name": "ec2_instance",
      "provider": "provider[\"registry.terraform.io/hashicorp/aws\"]",
      "instances": [
        {
          "schema_version": 1,
          "attributes": {
            "ami": "ami-086cae3329a3f7d75",
            "arn": "arn:aws:ec2:ap-northeast-2:851077919242:instance/i-08129c7d2b172ddd2",
            "associate_public_ip_address": true,
            "availability_zone": "ap-northeast-2a",
            "capacity_reservation_specification": [
              {
                "capacity_reservation_preference": "open",
                "capacity_reservation_target": []
              }
            ],
            "cpu_core_count": 2,
            "cpu_options": [
              {
                "amd_sev_snp": "",
                "core_count": 2,
                "threads_per_core": 1
              }
            ],
            "cpu_threads_per_core": 1,
            "credit_specification": [
              {
                "cpu_credits": "standard"
              }
            ],
            "disable_api_stop": false,
            "disable_api_termination": false,
            "ebs_block_device": [],
            "ebs_optimized": false,
            "enclave_options": [
              {
                "enabled": false
              }
            ],
            "ephemeral_block_device": [],
            "get_password_data": false,
            "hibernation": false,
            "host_id": "",
            "host_resource_group_arn": null,
            "iam_instance_profile": "whs_ec2_role_iac",
            "id": "i-08129c7d2b172ddd2",
            "instance_initiated_shutdown_behavior": "stop",
            "instance_lifecycle": "",
            "instance_market_options": [],
            "instance_state": "running",
            "instance_type": "t2.medium",
            "ipv6_address_count": 0,
            "ipv6_addresses": [],
            "key_name": "whs-iac-pair",
            "launch_template": [],
            "maintenance_options": [
              {
                "auto_recovery": "default"
              }
            ],
            "metadata_options": [
              {
                "http_endpoint": "enabled",
                "http_protocol_ipv6": "disabled",
                "http_put_response_hop_limit": 1,
                "http_tokens": "optional",
                "instance_metadata_tags": "disabled"
              }
            ],
            "monitoring": true,
            "network_interface": [],
            "outpost_arn": "",
            "password_data": "",
            "placement_group": "",
            "placement_partition_number": 0,
            "primary_network_interface_id": "eni-071e92c3e59c09c60",
            "private_dns": "ip-10-0-101-12.ap-northeast-2.compute.internal",
            "private_dns_name_options": [
              {
                "enable_resource_name_dns_a_record": false,
                "enable_resource_name_dns_aaaa_record": false,
                "hostname_type": "ip-name"
              }
            ],
            "private_ip": "10.0.101.12",
            "public_dns": "ec2-3-38-211-43.ap-northeast-2.compute.amazonaws.com",
            "public_ip": "3.38.211.43",
            "root_block_device": [
              {
                "delete_on_termination": true,
                "device_name": "/dev/sda1",
                "encrypted": false,
                "iops": 100,
                "kms_key_id": "",
                "tags": {},
                "throughput": 0,
                "volume_id": "vol-0ef79e6dca44b9284",
                "volume_size": 8,
                "volume_type": "gp2"
              }
            ],
            "secondary_private_ips": [],
            "security_groups": [],
            "source_dest_check": true,
            "spot_instance_request_id": "",
            "subnet_id": "subnet-06dec37a6faf17965",
            "tags": {
              "Environment": "dev",
              "Name": "deployByIac",
              "Terraform": "true"
            },
            "tags_all": {
              "Environment": "dev",
              "Name": "deployByIac",
              "Terraform": "true"
            },
            "tenancy": "default",
            "timeouts": null,
            "user_data": "1da53f6f1217ed9764126bd417b08fe34d3ac105",
            "user_data_base64": null,
            "user_data_replace_on_change": false,
            "volume_tags": null,
            "vpc_security_group_ids": [
              "sg-0c26fbe9dff71cb4f"
            ]
          },
          "sensitive_attributes": [],
          "private": "eyJlMmJmYjczMC1lY2FhLTExZTYtOGY4OC0zNDM2M2JjN2M0YzAiOnsiY3JlYXRlIjo2MDAwMDAwMDAwMDAsImRlbGV0ZSI6MTIwMDAwMDAwMDAwMCwidXBkYXRlIjo2MDAwMDAwMDAwMDB9LCJzY2hlbWFfdmVyc2lvbiI6IjEifQ==",
          "dependencies": [
            "aws_iam_instance_profile.whs_ec2_role_iac",
            "aws_iam_role.whs_ec2_role_iac",
            "module.vote_service_sg.aws_security_group.this",
            "module.vote_service_sg.aws_security_group.this_name_prefix",
            "module.vpc.aws_subnet.public",
            "module.vpc.aws_vpc.this",
            "module.vpc.aws_vpc_ipv4_cidr_block_association.this"
          ]
        }
      ]
    },
    {
      "mode": "managed",
      "type": "aws_key_pair",
      "name": "tf-key-pair",
      "provider": "provider[\"registry.terraform.io/hashicorp/aws\"]",
      "instances": [
        {
          "schema_version": 1,
          "attributes": {
            "arn": "arn:aws:ec2:ap-northeast-2:851077919242:key-pair/whs-iac-pair",
            "fingerprint": "13:f4:f2:55:21:c6:45:66:ce:23:32:43:4d:65:8d:85",
            "id": "whs-iac-pair",
            "key_name": "whs-iac-pair",
            "key_name_prefix": "",
            "key_pair_id": "key-0b480cb374177f7e2",
            "key_type": "rsa",
            "public_key": "ssh-rsa AAAAB3NzaC1yc2EAAAADAQABAAACAQC4Zbro42/Uqg2d2E+IM3P8fdUN/EWcbN5jdb7jFneI6ArBCRm23epBObHpZM7aQ7v8ZIuiIhazTSlm4NAwxs9vucm8W3ZAnzLB4oK8FXSUJ0Y5+b8msO2qSn43XVaT7w6lQBi50emIHhTkwN4m2nYYbCi93b/WVggRJ763nNdMJtWiSprBTIyier7pyuLsL69tlent7MKUwlqQ23lD+zpOh1jrrWWzHa02If3ExcKOAlX2Xh72S0NASItg0TnwN5p+HlFgDak1bG224AzVg4ymFk0xyFnd+0Fcfoo6lRib+2hQaxRxget/mqWHXl/erHVjVeufWn0CeEkllAm9OvWUnaD/Z7wqNsp+35FryK3M08iOyg0CtK0BQEDqqGClLDEcR+ntO4CjmSonxQ0SaeOHpiufPPIERHrTXFS1PLr2k5UmN53mZN4dhb3B/OixMH45KEHRTU6zZdypBrMwXl38e67lp8L/bzcray+Bv1625Vh7DhkNHoZvZjzrH049Ky/6ipZe2jOfsnFy6oDJmNAQx+OQG4S2GpZVOOL70N79y65rROHfvn8KwdGbe+1DeBCXdKjiTJOFDCvvifl77oAfPyzUbKc1iFXgSkWWH2qETzOFmWGc6Bepwb9Q26KpCEh/GoVSuY6a+hoi8HqdfPOF0ESniuAJ3aoF0Xz0DaW96Q==",
            "tags": {},
            "tags_all": {}
          },
          "sensitive_attributes": [],
          "private": "eyJzY2hlbWFfdmVyc2lvbiI6IjEifQ==",
          "dependencies": [
            "tls_private_key.rsa"
          ]
        }
      ]
    },
    {
      "mode": "managed",
      "type": "local_file",
      "name": "tf-key",
      "provider": "provider[\"registry.terraform.io/hashicorp/local\"]",
      "instances": [
        {
          "schema_version": 0,
          "attributes": {
            "content": "-----BEGIN RSA PRIVATE KEY-----\nMIIJKAIBAAKCAgEAuGW66ONv1KoNndhPiDNz/H3VDfxFnGzeY3W+4xZ3iOgKwQkZ\ntt3qQTmx6WTO2kO7/GSLoiIWs00pZuDQMMbPb7nJvFt2QJ8yweKCvBV0lCdGOfm/\nJrDtqkp+N11Wk+8OpUAYudHpiB4U5MDeJtp2GGwovd2/1lYIESe+t5zXTCbVokqa\nwUyMonq+6cri7C+vbZXp7ezClMJakNt5Q/s6TodY661lsx2tNiH9xMXCjgJV9l4e\n9ktDQEiLYNE58Deafh5RYA2pNWxttuAM1YOMphZNMchZ3ftBXH6KOpUYm/toUGsU\ncYHrf5qlh15f3qx1Y1Xrn1p9AnhJJZQJvTr1lJ2g/2e8KjbKft+Ra8itzNPIjsoN\nArStAUBA6qhgpSwxHEfp7TuAo5kqJ8UNEmnjh6YrnzzyBER601xUtTy69pOVJjed\n5mTeHYW9wfzosTB+OShB0U1Os2XcqQazMF5d/Huu5afC/283K2svgb9etuVYew4Z\nDR6Gb2Y86x9OPSsv+oqWXtozn7JxcuqAyZjQEMfjkBuEthqWVTji+9De/cuua0Th\n375/CsHRm3vtQ3gQl3So4kyThQwr74n5e+6AHz8s1GynNYhV4EpFlh9qhE8zhZlh\nnOgXqcG/UNuiqQhIfxqFUrmOmvoaIvB6nXzzhdBEp4rgCd2qBdF89A2lvekCAwEA\nAQKCAgBnCREjyNJYNp1dMd1e8cFBuN4v7mLHQV4SnVyIb6ljaqV3r6oasG2Q/LgY\n/idHdsm4Akaz1fBxSBB2V/B9ENogR+Qdx82P1mT6SaNbjXGSx09KXe8do4dpvC5C\nqXkTOGUqmWI3kr+3O3fZSpvXggKzKtypGxtynKftThQXbSAwgRKmmKFYmXmL4KKE\n6MVbzFluFnKca8tebCtG/hwIjHzMHHznVACb0V1T/jJanVZVG6EFBRqv7OYrKV4Y\nP1DslWVSS4aU8Y03ONslcJQ7SkJxG80OoDD3BMpE8MA0c9NIdXaYWP0XX81DhBoy\nRd20AxGk7AG5DUsE8kmNIec/QY6vBN0SQKWK/kK76PXbDfMSo+/erXePOvItDlh9\nDxPk1x4IKuxGWKU7dvIP+v+5DhM3uPR/mUMu+AChyE+wFvo8/O/XN4k604lndMVp\n+oVNYfW2zIHGUcnAQdVo7Rgrq7jH/c65EW0aZMvEjZEWv3Hb53BOUaygvcSBob3i\npFlx8xf48UkJsqp6PKDsw5d0VVAXWPknyyQOttyO75G4KEIYGWkhKnp1BHWo4KrD\n+zspHuktiPThEXHnImzdN9dQkZfMESD3jy4KluXi7yGAv9GLMW0N97X8ykbe2wYL\nrhSoGz66JFsVNOQpgttOQ0JSc1XFnWBOzYPsd3Hea3emvRWuwQKCAQEA6eQj0+FQ\nZb1AiyiDvLMkUwTxRTyEJPOJs73zeZWcrQfrvBIsWkAihA0TOklj/elKODwvgJNq\n2kpB5fsOzSkfK7DZrg68xHoYvSMml2S07TkwEZrdepQmM61Dyxqo6u6AiSMxspxg\n83VnGj667o8WskdIYJng8WhVnSJX3N/CSWG9APaDSlJ0qCEfyz5Qbdizh4tf+I2i\nV9lkVaAqiNXvP5frExcXqDN+0I3jXeb0DlbWdKDQgDgNqmPgnMs4+gbx1wpQ8uZX\nEfc2D+xLRpI6l6okXLEzwP76rSkvF0SSiHsEmWHjd5AqLaSFalgQ1Qt1BuuQ8uxP\n6TJwEJxikKLvPQKCAQEAydPnweIYgr5ffu3QVe0Qa36rJ8Qvk6hMOxKrvfTPbnJt\n6wZ4cxv0vFIiH+R0FCTtOxG+NxtnJK1FJSLBmNrE0PhuYHNhA/4oMoVrfyJznQlp\n0w/ZbeTmpvJG/MiXh8LmPoB4QYCTrS4dD5uZe/CDwI7Lex10FHk8Y0teJHRrhtQ5\nY+qqWXZtdVVgUSTVTNOKClg9FNElhlC9dpCVifTA14XqLS5OEJJsVAD+yx7qQcAn\nfz7j+pZL0END4hqLe/qT8KuVLND9vwq8UBKotYoqqEuO5SNAL26FoE+BvBaSUciv\n64AmBfK1F0EfB67MmGnczzwW6pdZ6CzTxAXFfn10HQKCAQEAsxaJzGHYkp5Pfn4+\nKM2ugZbmOtJ0iGqlxKgsdqt1NRQ8j1wG8+/pvdzZHSc21iO8PcTvxm6aQZzcSoFq\nuvLCuEyI0Prd1T98E86HbSKiWoYQZVqEPaiUe7sujqTSNFj8uITnN9D/d0ss7+6a\nabHMeiOUqssIbzApZdD3H9uBQ3kAJG2c59qtElOSqagEI6frB11T1dh1NvjxF5M1\nHmNY9wOW7p4e8h7D+mK6dpsxwo0BVnoQTC0fYZlqUgRVkzSgFr0CcIqonswAbD7N\nALNVA+42O3c/noZeYRqIwTMzVCeFxQAsEM+lTB+OPHhEIyzLpcnXyfnh0jhZkI59\n9iucLQKCAQBdRZfySxnGulIJp7/DJgaTlvtkKk9ObtWj6zIBXHTMdweDOP9LOx00\nNsTcdkiK0rHrvXxpnTligszUp6ZOjLOuW1EvM8MfBELxbiVKoNJLPYFxb/6swb8y\nYf8abV1R+WlMczSgGNqmiwwVHXSmCXXp9FPnNqphl9GnlboRINhcfBF1soo9Q/S7\n59PWTC5jDdPaigLYbvtngkK8236wPbMtJw8dCCw9jl2PyNH3bvcVocbfEGJteS3a\nNmvVvyy9BAWAkNsk1gSeWEjEvIrJMuwZ0KleDZdpFCue9X9gPBIsx5E9RYDM+Ohl\nscu0UjztJudLwlpY2c9L9AN9sKkflrylAoIBABdl8GrnlUSI4Ffbv+TRRStJWoC4\njUm3XzKpEc9K8ynO+hIY18NvvMvRLdwglLP9hIXQHB7/KCuU6o1tKl6oESPA+kft\nd7h+lmbkg3+9jtYSCN/toPI7m5m+JnB0jCab7u/HtpphJeXa60dUTo7KExJeEldo\n7d0TnYCuMSyeMEAl3RwuBdCm2xZLk3E8r79ta0c6pAqrfokcbpZ9xTHSVMWieHJh\n+AeeWU4q6BpjW1QN2zwqZdgdqwSK7BmBDrKCE7iEth6PP4WN9M8UQyB/2j6gbuWw\nh3/FIQWl3m9l9j7XhLrhFm3SClJThMsz/SVrfWz00u4dMxKszmwujIQLLk0=\n-----END RSA PRIVATE KEY-----\n",
            "content_base64": null,
            "content_base64sha256": "TLi2EntTy0FX8AztG5Coz2IRgiGuyv7hoUEMsoo51pk=",
            "content_base64sha512": "gHpWWjuxYFlvJLAcTYvJCRbv5d4C+vwoTDWap6Br9wzQc9Lb/I/zY1E5fmQWjQap+dHofIEYr+TBJ6R7Wyn3zA==",
            "content_md5": "fe1ad588310b9f35a404a634f1715019",
            "content_sha1": "e136157819abeaa55fe13f12d0847fcc531847c1",
            "content_sha256": "4cb8b6127b53cb4157f00ced1b90a8cf62118221aecafee1a1410cb28a39d699",
            "content_sha512": "807a565a3bb160596f24b01c4d8bc90916efe5de02fafc284c359aa7a06bf70cd073d2dbfc8ff36351397e64168d06a9f9d1e87c8118afe4c127a47b5b29f7cc",
            "directory_permission": "0777",
            "file_permission": "0777",
            "filename": "whs-iac-pair",
            "id": "e136157819abeaa55fe13f12d0847fcc531847c1",
            "sensitive_content": null,
            "source": null
          },
          "sensitive_attributes": [
            [
              {
                "type": "get_attr",
                "value": "content"
              }
            ]
          ],
          "dependencies": [
            "tls_private_key.rsa"
          ]
        }
      ]
    },
    {
      "mode": "managed",
      "type": "tls_private_key",
      "name": "rsa",
      "provider": "provider[\"registry.terraform.io/hashicorp/tls\"]",
      "instances": [
        {
          "schema_version": 1,
          "attributes": {
            "algorithm": "RSA",
            "ecdsa_curve": "P224",
            "id": "0d0a2f8ec8915f5e567a153e48e54f535c9b8e15",
            "private_key_openssh": "-----BEGIN OPENSSH PRIVATE KEY-----\nb3BlbnNzaC1rZXktdjEAAAAABG5vbmUAAAAEbm9uZQAAAAAAAAABAAACFwAAAAdz\nc2gtcnNhAAAAAwEAAQAAAgEAuGW66ONv1KoNndhPiDNz/H3VDfxFnGzeY3W+4xZ3\niOgKwQkZtt3qQTmx6WTO2kO7/GSLoiIWs00pZuDQMMbPb7nJvFt2QJ8yweKCvBV0\nlCdGOfm/JrDtqkp+N11Wk+8OpUAYudHpiB4U5MDeJtp2GGwovd2/1lYIESe+t5zX\nTCbVokqawUyMonq+6cri7C+vbZXp7ezClMJakNt5Q/s6TodY661lsx2tNiH9xMXC\njgJV9l4e9ktDQEiLYNE58Deafh5RYA2pNWxttuAM1YOMphZNMchZ3ftBXH6KOpUY\nm/toUGsUcYHrf5qlh15f3qx1Y1Xrn1p9AnhJJZQJvTr1lJ2g/2e8KjbKft+Ra8it\nzNPIjsoNArStAUBA6qhgpSwxHEfp7TuAo5kqJ8UNEmnjh6YrnzzyBER601xUtTy6\n9pOVJjed5mTeHYW9wfzosTB+OShB0U1Os2XcqQazMF5d/Huu5afC/283K2svgb9e\ntuVYew4ZDR6Gb2Y86x9OPSsv+oqWXtozn7JxcuqAyZjQEMfjkBuEthqWVTji+9De\n/cuua0Th375/CsHRm3vtQ3gQl3So4kyThQwr74n5e+6AHz8s1GynNYhV4EpFlh9q\nhE8zhZlhnOgXqcG/UNuiqQhIfxqFUrmOmvoaIvB6nXzzhdBEp4rgCd2qBdF89A2l\nvekAAAc4EbzeUBG83lAAAAAHc3NoLXJzYQAAAgEAuGW66ONv1KoNndhPiDNz/H3V\nDfxFnGzeY3W+4xZ3iOgKwQkZtt3qQTmx6WTO2kO7/GSLoiIWs00pZuDQMMbPb7nJ\nvFt2QJ8yweKCvBV0lCdGOfm/JrDtqkp+N11Wk+8OpUAYudHpiB4U5MDeJtp2GGwo\nvd2/1lYIESe+t5zXTCbVokqawUyMonq+6cri7C+vbZXp7ezClMJakNt5Q/s6TodY\n661lsx2tNiH9xMXCjgJV9l4e9ktDQEiLYNE58Deafh5RYA2pNWxttuAM1YOMphZN\nMchZ3ftBXH6KOpUYm/toUGsUcYHrf5qlh15f3qx1Y1Xrn1p9AnhJJZQJvTr1lJ2g\n/2e8KjbKft+Ra8itzNPIjsoNArStAUBA6qhgpSwxHEfp7TuAo5kqJ8UNEmnjh6Yr\nnzzyBER601xUtTy69pOVJjed5mTeHYW9wfzosTB+OShB0U1Os2XcqQazMF5d/Huu\n5afC/283K2svgb9etuVYew4ZDR6Gb2Y86x9OPSsv+oqWXtozn7JxcuqAyZjQEMfj\nkBuEthqWVTji+9De/cuua0Th375/CsHRm3vtQ3gQl3So4kyThQwr74n5e+6AHz8s\n1GynNYhV4EpFlh9qhE8zhZlhnOgXqcG/UNuiqQhIfxqFUrmOmvoaIvB6nXzzhdBE\np4rgCd2qBdF89A2lvekAAAADAQABAAACAGcJESPI0lg2nV0x3V7xwUG43i/uYsdB\nXhKdXIhvqWNqpXevqhqwbZD8uBj+J0d2ybgCRrPV8HFIEHZX8H0Q2iBH5B3HzY/W\nZPpJo1uNcZLHT0pd7x2jh2m8LkKpeRM4ZSqZYjeSv7c7d9lKm9eCArMq3KkbG3Kc\np+1OFBdtIDCBEqaYoViZeYvgooToxVvMWW4Wcpxry15sK0b+HAiMfMwcfOdUAJvR\nXVP+MlqdVlUboQUFGq/s5ispXhg/UOyVZVJLhpTxjTc42yVwlDtKQnEbzQ6gMPcE\nykTwwDRz00h1dphY/RdfzUOEGjJF3bQDEaTsAbkNSwTySY0h5z9Bjq8E3RJApYr+\nQrvo9dsN8xKj796td4868i0OWH0PE+TXHggq7EZYpTt28g/6/7kOEze49H+ZQy74\nAKHIT7AW+jz879c3iTrTiWd0xWn6hU1h9bbMgcZRycBB1WjtGCuruMf9zrkRbRpk\ny8SNkRa/cdvncE5RrKC9xIGhveKkWXHzF/jxSQmyqno8oOzDl3RVUBdY+SfLJA62\n3I7vkbgoQhgZaSEqenUEdajgqsP7Oyke6S2I9OERcecibN0311CRl8wRIPePLgqW\n5eLvIYC/0YsxbQ33tfzKRt7bBguuFKgbProkWxU05CmC205DQlJzVcWdYE7Ng+x3\ncd5rd6a9Fa7BAAABABdl8GrnlUSI4Ffbv+TRRStJWoC4jUm3XzKpEc9K8ynO+hIY\n18NvvMvRLdwglLP9hIXQHB7/KCuU6o1tKl6oESPA+kftd7h+lmbkg3+9jtYSCN/t\noPI7m5m+JnB0jCab7u/HtpphJeXa60dUTo7KExJeEldo7d0TnYCuMSyeMEAl3Rwu\nBdCm2xZLk3E8r79ta0c6pAqrfokcbpZ9xTHSVMWieHJh+AeeWU4q6BpjW1QN2zwq\nZdgdqwSK7BmBDrKCE7iEth6PP4WN9M8UQyB/2j6gbuWwh3/FIQWl3m9l9j7XhLrh\nFm3SClJThMsz/SVrfWz00u4dMxKszmwujIQLLk0AAAEBAOnkI9PhUGW9QIsog7yz\nJFME8UU8hCTzibO983mVnK0H67wSLFpAIoQNEzpJY/3pSjg8L4CTatpKQeX7Ds0p\nHyuw2a4OvMR6GL0jJpdktO05MBGa3XqUJjOtQ8saqOrugIkjMbKcYPN1Zxo+uu6P\nFrJHSGCZ4PFoVZ0iV9zfwklhvQD2g0pSdKghH8s+UG3Ys4eLX/iNolfZZFWgKojV\n7z+X6xMXF6gzftCN413m9A5W1nSg0IA4Dapj4JzLOPoG8dcKUPLmVxH3Ng/sS0aS\nOpeqJFyxM8D++q0pLxdEkoh7BJlh43eQKi2khWpYENULdQbrkPLsT+kycBCcYpCi\n7z0AAAEBAMnT58HiGIK+X37t0FXtEGt+qyfEL5OoTDsSq730z25ybesGeHMb9LxS\nIh/kdBQk7TsRvjcbZyStRSUiwZjaxND4bmBzYQP+KDKFa38ic50JadMP2W3k5qby\nRvzIl4fC5j6AeEGAk60uHQ+bmXvwg8COy3sddBR5PGNLXiR0a4bUOWPqqll2bXVV\nYFEk1UzTigpYPRTRJYZQvXaQlYn0wNeF6i0uThCSbFQA/sse6kHAJ38+4/qWS9BD\nQ+Iai3v6k/CrlSzQ/b8KvFASqLWKKqhLjuUjQC9uhaBPgbwWklHIr+uAJgXytRdB\nHweuzJhp3M88FuqXWegs08QFxX59dB0AAAAAAQID\n-----END OPENSSH PRIVATE KEY-----\n",
            "private_key_pem": "-----BEGIN RSA PRIVATE KEY-----\nMIIJKAIBAAKCAgEAuGW66ONv1KoNndhPiDNz/H3VDfxFnGzeY3W+4xZ3iOgKwQkZ\ntt3qQTmx6WTO2kO7/GSLoiIWs00pZuDQMMbPb7nJvFt2QJ8yweKCvBV0lCdGOfm/\nJrDtqkp+N11Wk+8OpUAYudHpiB4U5MDeJtp2GGwovd2/1lYIESe+t5zXTCbVokqa\nwUyMonq+6cri7C+vbZXp7ezClMJakNt5Q/s6TodY661lsx2tNiH9xMXCjgJV9l4e\n9ktDQEiLYNE58Deafh5RYA2pNWxttuAM1YOMphZNMchZ3ftBXH6KOpUYm/toUGsU\ncYHrf5qlh15f3qx1Y1Xrn1p9AnhJJZQJvTr1lJ2g/2e8KjbKft+Ra8itzNPIjsoN\nArStAUBA6qhgpSwxHEfp7TuAo5kqJ8UNEmnjh6YrnzzyBER601xUtTy69pOVJjed\n5mTeHYW9wfzosTB+OShB0U1Os2XcqQazMF5d/Huu5afC/283K2svgb9etuVYew4Z\nDR6Gb2Y86x9OPSsv+oqWXtozn7JxcuqAyZjQEMfjkBuEthqWVTji+9De/cuua0Th\n375/CsHRm3vtQ3gQl3So4kyThQwr74n5e+6AHz8s1GynNYhV4EpFlh9qhE8zhZlh\nnOgXqcG/UNuiqQhIfxqFUrmOmvoaIvB6nXzzhdBEp4rgCd2qBdF89A2lvekCAwEA\nAQKCAgBnCREjyNJYNp1dMd1e8cFBuN4v7mLHQV4SnVyIb6ljaqV3r6oasG2Q/LgY\n/idHdsm4Akaz1fBxSBB2V/B9ENogR+Qdx82P1mT6SaNbjXGSx09KXe8do4dpvC5C\nqXkTOGUqmWI3kr+3O3fZSpvXggKzKtypGxtynKftThQXbSAwgRKmmKFYmXmL4KKE\n6MVbzFluFnKca8tebCtG/hwIjHzMHHznVACb0V1T/jJanVZVG6EFBRqv7OYrKV4Y\nP1DslWVSS4aU8Y03ONslcJQ7SkJxG80OoDD3BMpE8MA0c9NIdXaYWP0XX81DhBoy\nRd20AxGk7AG5DUsE8kmNIec/QY6vBN0SQKWK/kK76PXbDfMSo+/erXePOvItDlh9\nDxPk1x4IKuxGWKU7dvIP+v+5DhM3uPR/mUMu+AChyE+wFvo8/O/XN4k604lndMVp\n+oVNYfW2zIHGUcnAQdVo7Rgrq7jH/c65EW0aZMvEjZEWv3Hb53BOUaygvcSBob3i\npFlx8xf48UkJsqp6PKDsw5d0VVAXWPknyyQOttyO75G4KEIYGWkhKnp1BHWo4KrD\n+zspHuktiPThEXHnImzdN9dQkZfMESD3jy4KluXi7yGAv9GLMW0N97X8ykbe2wYL\nrhSoGz66JFsVNOQpgttOQ0JSc1XFnWBOzYPsd3Hea3emvRWuwQKCAQEA6eQj0+FQ\nZb1AiyiDvLMkUwTxRTyEJPOJs73zeZWcrQfrvBIsWkAihA0TOklj/elKODwvgJNq\n2kpB5fsOzSkfK7DZrg68xHoYvSMml2S07TkwEZrdepQmM61Dyxqo6u6AiSMxspxg\n83VnGj667o8WskdIYJng8WhVnSJX3N/CSWG9APaDSlJ0qCEfyz5Qbdizh4tf+I2i\nV9lkVaAqiNXvP5frExcXqDN+0I3jXeb0DlbWdKDQgDgNqmPgnMs4+gbx1wpQ8uZX\nEfc2D+xLRpI6l6okXLEzwP76rSkvF0SSiHsEmWHjd5AqLaSFalgQ1Qt1BuuQ8uxP\n6TJwEJxikKLvPQKCAQEAydPnweIYgr5ffu3QVe0Qa36rJ8Qvk6hMOxKrvfTPbnJt\n6wZ4cxv0vFIiH+R0FCTtOxG+NxtnJK1FJSLBmNrE0PhuYHNhA/4oMoVrfyJznQlp\n0w/ZbeTmpvJG/MiXh8LmPoB4QYCTrS4dD5uZe/CDwI7Lex10FHk8Y0teJHRrhtQ5\nY+qqWXZtdVVgUSTVTNOKClg9FNElhlC9dpCVifTA14XqLS5OEJJsVAD+yx7qQcAn\nfz7j+pZL0END4hqLe/qT8KuVLND9vwq8UBKotYoqqEuO5SNAL26FoE+BvBaSUciv\n64AmBfK1F0EfB67MmGnczzwW6pdZ6CzTxAXFfn10HQKCAQEAsxaJzGHYkp5Pfn4+\nKM2ugZbmOtJ0iGqlxKgsdqt1NRQ8j1wG8+/pvdzZHSc21iO8PcTvxm6aQZzcSoFq\nuvLCuEyI0Prd1T98E86HbSKiWoYQZVqEPaiUe7sujqTSNFj8uITnN9D/d0ss7+6a\nabHMeiOUqssIbzApZdD3H9uBQ3kAJG2c59qtElOSqagEI6frB11T1dh1NvjxF5M1\nHmNY9wOW7p4e8h7D+mK6dpsxwo0BVnoQTC0fYZlqUgRVkzSgFr0CcIqonswAbD7N\nALNVA+42O3c/noZeYRqIwTMzVCeFxQAsEM+lTB+OPHhEIyzLpcnXyfnh0jhZkI59\n9iucLQKCAQBdRZfySxnGulIJp7/DJgaTlvtkKk9ObtWj6zIBXHTMdweDOP9LOx00\nNsTcdkiK0rHrvXxpnTligszUp6ZOjLOuW1EvM8MfBELxbiVKoNJLPYFxb/6swb8y\nYf8abV1R+WlMczSgGNqmiwwVHXSmCXXp9FPnNqphl9GnlboRINhcfBF1soo9Q/S7\n59PWTC5jDdPaigLYbvtngkK8236wPbMtJw8dCCw9jl2PyNH3bvcVocbfEGJteS3a\nNmvVvyy9BAWAkNsk1gSeWEjEvIrJMuwZ0KleDZdpFCue9X9gPBIsx5E9RYDM+Ohl\nscu0UjztJudLwlpY2c9L9AN9sKkflrylAoIBABdl8GrnlUSI4Ffbv+TRRStJWoC4\njUm3XzKpEc9K8ynO+hIY18NvvMvRLdwglLP9hIXQHB7/KCuU6o1tKl6oESPA+kft\nd7h+lmbkg3+9jtYSCN/toPI7m5m+JnB0jCab7u/HtpphJeXa60dUTo7KExJeEldo\n7d0TnYCuMSyeMEAl3RwuBdCm2xZLk3E8r79ta0c6pAqrfokcbpZ9xTHSVMWieHJh\n+AeeWU4q6BpjW1QN2zwqZdgdqwSK7BmBDrKCE7iEth6PP4WN9M8UQyB/2j6gbuWw\nh3/FIQWl3m9l9j7XhLrhFm3SClJThMsz/SVrfWz00u4dMxKszmwujIQLLk0=\n-----END RSA PRIVATE KEY-----\n",
            "private_key_pem_pkcs8": "-----BEGIN PRIVATE KEY-----\nMIIJQgIBADANBgkqhkiG9w0BAQEFAASCCSwwggkoAgEAAoICAQC4Zbro42/Uqg2d\n2E+IM3P8fdUN/EWcbN5jdb7jFneI6ArBCRm23epBObHpZM7aQ7v8ZIuiIhazTSlm\n4NAwxs9vucm8W3ZAnzLB4oK8FXSUJ0Y5+b8msO2qSn43XVaT7w6lQBi50emIHhTk\nwN4m2nYYbCi93b/WVggRJ763nNdMJtWiSprBTIyier7pyuLsL69tlent7MKUwlqQ\n23lD+zpOh1jrrWWzHa02If3ExcKOAlX2Xh72S0NASItg0TnwN5p+HlFgDak1bG22\n4AzVg4ymFk0xyFnd+0Fcfoo6lRib+2hQaxRxget/mqWHXl/erHVjVeufWn0CeEkl\nlAm9OvWUnaD/Z7wqNsp+35FryK3M08iOyg0CtK0BQEDqqGClLDEcR+ntO4CjmSon\nxQ0SaeOHpiufPPIERHrTXFS1PLr2k5UmN53mZN4dhb3B/OixMH45KEHRTU6zZdyp\nBrMwXl38e67lp8L/bzcray+Bv1625Vh7DhkNHoZvZjzrH049Ky/6ipZe2jOfsnFy\n6oDJmNAQx+OQG4S2GpZVOOL70N79y65rROHfvn8KwdGbe+1DeBCXdKjiTJOFDCvv\nifl77oAfPyzUbKc1iFXgSkWWH2qETzOFmWGc6Bepwb9Q26KpCEh/GoVSuY6a+hoi\n8HqdfPOF0ESniuAJ3aoF0Xz0DaW96QIDAQABAoICAGcJESPI0lg2nV0x3V7xwUG4\n3i/uYsdBXhKdXIhvqWNqpXevqhqwbZD8uBj+J0d2ybgCRrPV8HFIEHZX8H0Q2iBH\n5B3HzY/WZPpJo1uNcZLHT0pd7x2jh2m8LkKpeRM4ZSqZYjeSv7c7d9lKm9eCArMq\n3KkbG3Kcp+1OFBdtIDCBEqaYoViZeYvgooToxVvMWW4Wcpxry15sK0b+HAiMfMwc\nfOdUAJvRXVP+MlqdVlUboQUFGq/s5ispXhg/UOyVZVJLhpTxjTc42yVwlDtKQnEb\nzQ6gMPcEykTwwDRz00h1dphY/RdfzUOEGjJF3bQDEaTsAbkNSwTySY0h5z9Bjq8E\n3RJApYr+Qrvo9dsN8xKj796td4868i0OWH0PE+TXHggq7EZYpTt28g/6/7kOEze4\n9H+ZQy74AKHIT7AW+jz879c3iTrTiWd0xWn6hU1h9bbMgcZRycBB1WjtGCuruMf9\nzrkRbRpky8SNkRa/cdvncE5RrKC9xIGhveKkWXHzF/jxSQmyqno8oOzDl3RVUBdY\n+SfLJA623I7vkbgoQhgZaSEqenUEdajgqsP7Oyke6S2I9OERcecibN0311CRl8wR\nIPePLgqW5eLvIYC/0YsxbQ33tfzKRt7bBguuFKgbProkWxU05CmC205DQlJzVcWd\nYE7Ng+x3cd5rd6a9Fa7BAoIBAQDp5CPT4VBlvUCLKIO8syRTBPFFPIQk84mzvfN5\nlZytB+u8EixaQCKEDRM6SWP96Uo4PC+Ak2raSkHl+w7NKR8rsNmuDrzEehi9IyaX\nZLTtOTARmt16lCYzrUPLGqjq7oCJIzGynGDzdWcaPrrujxayR0hgmeDxaFWdIlfc\n38JJYb0A9oNKUnSoIR/LPlBt2LOHi1/4jaJX2WRVoCqI1e8/l+sTFxeoM37QjeNd\n5vQOVtZ0oNCAOA2qY+Ccyzj6BvHXClDy5lcR9zYP7EtGkjqXqiRcsTPA/vqtKS8X\nRJKIewSZYeN3kCotpIVqWBDVC3UG65Dy7E/pMnAQnGKQou89AoIBAQDJ0+fB4hiC\nvl9+7dBV7RBrfqsnxC+TqEw7Equ99M9ucm3rBnhzG/S8UiIf5HQUJO07Eb43G2ck\nrUUlIsGY2sTQ+G5gc2ED/igyhWt/InOdCWnTD9lt5Oam8kb8yJeHwuY+gHhBgJOt\nLh0Pm5l78IPAjst7HXQUeTxjS14kdGuG1Dlj6qpZdm11VWBRJNVM04oKWD0U0SWG\nUL12kJWJ9MDXheotLk4QkmxUAP7LHupBwCd/PuP6lkvQQ0PiGot7+pPwq5Us0P2/\nCrxQEqi1iiqoS47lI0AvboWgT4G8FpJRyK/rgCYF8rUXQR8HrsyYadzPPBbql1no\nLNPEBcV+fXQdAoIBAQCzFonMYdiSnk9+fj4oza6BluY60nSIaqXEqCx2q3U1FDyP\nXAbz7+m93NkdJzbWI7w9xO/GbppBnNxKgWq68sK4TIjQ+t3VP3wTzodtIqJahhBl\nWoQ9qJR7uy6OpNI0WPy4hOc30P93Syzv7pppscx6I5SqywhvMCll0Pcf24FDeQAk\nbZzn2q0SU5KpqAQjp+sHXVPV2HU2+PEXkzUeY1j3A5bunh7yHsP6Yrp2mzHCjQFW\nehBMLR9hmWpSBFWTNKAWvQJwiqiezABsPs0As1UD7jY7dz+ehl5hGojBMzNUJ4XF\nACwQz6VMH448eEQjLMulydfJ+eHSOFmQjn32K5wtAoIBAF1Fl/JLGca6Ugmnv8Mm\nBpOW+2QqT05u1aPrMgFcdMx3B4M4/0s7HTQ2xNx2SIrSseu9fGmdOWKCzNSnpk6M\ns65bUS8zwx8EQvFuJUqg0ks9gXFv/qzBvzJh/xptXVH5aUxzNKAY2qaLDBUddKYJ\nden0U+c2qmGX0aeVuhEg2Fx8EXWyij1D9Lvn09ZMLmMN09qKAthu+2eCQrzbfrA9\nsy0nDx0ILD2OXY/I0fdu9xWhxt8QYm15Ldo2a9W/LL0EBYCQ2yTWBJ5YSMS8isky\n7BnQqV4Nl2kUK571f2A8EizHkT1FgMz46GWxy7RSPO0m50vCWljZz0v0A32wqR+W\nvKUCggEAF2XwaueVRIjgV9u/5NFFK0lagLiNSbdfMqkRz0rzKc76EhjXw2+8y9Et\n3CCUs/2EhdAcHv8oK5TqjW0qXqgRI8D6R+13uH6WZuSDf72O1hII3+2g8jubmb4m\ncHSMJpvu78e2mmEl5drrR1ROjsoTEl4SV2jt3ROdgK4xLJ4wQCXdHC4F0KbbFkuT\ncTyvv21rRzqkCqt+iRxuln3FMdJUxaJ4cmH4B55ZTiroGmNbVA3bPCpl2B2rBIrs\nGYEOsoITuIS2Ho8/hY30zxRDIH/aPqBu5bCHf8UhBaXeb2X2PteEuuEWbdIKUlOE\nyzP9JWt9bPTS7h0zEqzObC6MhAsuTQ==\n-----END PRIVATE KEY-----\n",
            "public_key_fingerprint_md5": "85:15:7f:be:8c:46:b5:2c:3b:b3:9c:e4:fb:d8:0e:53",
            "public_key_fingerprint_sha256": "SHA256:CqqswwbO082/xjqQ0GxY7jZR8izmnkfAwOAdl1/zmkY",
            "public_key_openssh": "ssh-rsa AAAAB3NzaC1yc2EAAAADAQABAAACAQC4Zbro42/Uqg2d2E+IM3P8fdUN/EWcbN5jdb7jFneI6ArBCRm23epBObHpZM7aQ7v8ZIuiIhazTSlm4NAwxs9vucm8W3ZAnzLB4oK8FXSUJ0Y5+b8msO2qSn43XVaT7w6lQBi50emIHhTkwN4m2nYYbCi93b/WVggRJ763nNdMJtWiSprBTIyier7pyuLsL69tlent7MKUwlqQ23lD+zpOh1jrrWWzHa02If3ExcKOAlX2Xh72S0NASItg0TnwN5p+HlFgDak1bG224AzVg4ymFk0xyFnd+0Fcfoo6lRib+2hQaxRxget/mqWHXl/erHVjVeufWn0CeEkllAm9OvWUnaD/Z7wqNsp+35FryK3M08iOyg0CtK0BQEDqqGClLDEcR+ntO4CjmSonxQ0SaeOHpiufPPIERHrTXFS1PLr2k5UmN53mZN4dhb3B/OixMH45KEHRTU6zZdypBrMwXl38e67lp8L/bzcray+Bv1625Vh7DhkNHoZvZjzrH049Ky/6ipZe2jOfsnFy6oDJmNAQx+OQG4S2GpZVOOL70N79y65rROHfvn8KwdGbe+1DeBCXdKjiTJOFDCvvifl77oAfPyzUbKc1iFXgSkWWH2qETzOFmWGc6Bepwb9Q26KpCEh/GoVSuY6a+hoi8HqdfPOF0ESniuAJ3aoF0Xz0DaW96Q==\n",
            "public_key_pem": "-----BEGIN PUBLIC KEY-----\nMIICIjANBgkqhkiG9w0BAQEFAAOCAg8AMIICCgKCAgEAuGW66ONv1KoNndhPiDNz\n/H3VDfxFnGzeY3W+4xZ3iOgKwQkZtt3qQTmx6WTO2kO7/GSLoiIWs00pZuDQMMbP\nb7nJvFt2QJ8yweKCvBV0lCdGOfm/JrDtqkp+N11Wk+8OpUAYudHpiB4U5MDeJtp2\nGGwovd2/1lYIESe+t5zXTCbVokqawUyMonq+6cri7C+vbZXp7ezClMJakNt5Q/s6\nTodY661lsx2tNiH9xMXCjgJV9l4e9ktDQEiLYNE58Deafh5RYA2pNWxttuAM1YOM\nphZNMchZ3ftBXH6KOpUYm/toUGsUcYHrf5qlh15f3qx1Y1Xrn1p9AnhJJZQJvTr1\nlJ2g/2e8KjbKft+Ra8itzNPIjsoNArStAUBA6qhgpSwxHEfp7TuAo5kqJ8UNEmnj\nh6YrnzzyBER601xUtTy69pOVJjed5mTeHYW9wfzosTB+OShB0U1Os2XcqQazMF5d\n/Huu5afC/283K2svgb9etuVYew4ZDR6Gb2Y86x9OPSsv+oqWXtozn7JxcuqAyZjQ\nEMfjkBuEthqWVTji+9De/cuua0Th375/CsHRm3vtQ3gQl3So4kyThQwr74n5e+6A\nHz8s1GynNYhV4EpFlh9qhE8zhZlhnOgXqcG/UNuiqQhIfxqFUrmOmvoaIvB6nXzz\nhdBEp4rgCd2qBdF89A2lvekCAwEAAQ==\n-----END PUBLIC KEY-----\n",
            "rsa_bits": 4096
          },
          "sensitive_attributes": []
        }
      ]
    },
    {
      "module": "module.btlabz-arch-ref-ec2-codedeploy-module",
      "mode": "managed",
      "type": "aws_codedeploy_app",
      "name": "main",
      "provider": "provider[\"registry.terraform.io/hashicorp/aws\"]",
      "instances": [
        {
          "schema_version": 0,
          "attributes": {
            "application_id": "23bdef5f-28ea-49b6-b321-cf73e56abba3",
            "arn": "arn:aws:codedeploy:ap-northeast-2:851077919242:application:webGoat",
            "compute_platform": "Server",
            "github_account_name": "",
            "id": "23bdef5f-28ea-49b6-b321-cf73e56abba3:webGoat",
            "linked_to_github": false,
            "name": "webGoat",
            "tags": {},
            "tags_all": {}
          },
          "sensitive_attributes": [],
          "private": "bnVsbA=="
        }
      ]
    },
    {
      "module": "module.btlabz-arch-ref-ec2-codedeploy-module",
      "mode": "managed",
      "type": "aws_codedeploy_deployment_config",
      "name": "main",
      "provider": "provider[\"registry.terraform.io/hashicorp/aws\"]",
      "instances": [
        {
          "schema_version": 0,
          "attributes": {
            "compute_platform": "Server",
            "deployment_config_id": "2a67a304-ee01-440c-918d-66fd7f2f2ad2",
            "deployment_config_name": "webGoat",
            "id": "webGoat",
            "minimum_healthy_hosts": [
              {
                "type": "HOST_COUNT",
                "value": 1
              }
            ],
            "traffic_routing_config": []
          },
          "sensitive_attributes": [],
          "private": "bnVsbA=="
        }
      ]
    },
    {
      "module": "module.btlabz-arch-ref-ec2-codedeploy-module",
      "mode": "managed",
      "type": "aws_codedeploy_deployment_group",
      "name": "main",
      "provider": "provider[\"registry.terraform.io/hashicorp/aws\"]",
      "instances": [
        {
          "schema_version": 0,
          "attributes": {
            "alarm_configuration": [],
            "app_name": "webGoat",
            "arn": "arn:aws:codedeploy:ap-northeast-2:851077919242:deploymentgroup:webGoat/webGoat",
            "auto_rollback_configuration": [
              {
                "enabled": true,
                "events": [
                  "DEPLOYMENT_FAILURE"
                ]
              }
            ],
            "autoscaling_groups": [],
            "blue_green_deployment_config": [],
            "compute_platform": "Server",
            "deployment_config_name": "CodeDeployDefault.OneAtATime",
            "deployment_group_id": "fd1e6dde-8cc4-49e0-9361-af2964513825",
            "deployment_group_name": "webGoat",
            "deployment_style": [
              {
                "deployment_option": "WITHOUT_TRAFFIC_CONTROL",
                "deployment_type": "IN_PLACE"
              }
            ],
            "ec2_tag_filter": [],
            "ec2_tag_set": [
              {
                "ec2_tag_filter": [
                  {
                    "key": "Environment",
                    "type": "KEY_AND_VALUE",
                    "value": "dev"
                  },
                  {
                    "key": "Name",
                    "type": "KEY_AND_VALUE",
                    "value": "deployByIac"
                  }
                ]
              }
            ],
            "ecs_service": [],
            "id": "fd1e6dde-8cc4-49e0-9361-af2964513825",
            "load_balancer_info": [],
            "on_premises_instance_tag_filter": [],
            "outdated_instances_strategy": "UPDATE",
            "service_role_arn": "arn:aws:iam::851077919242:role/whs-pipeline-from-IaC-codepipeline-role",
            "tags": {},
            "tags_all": {},
            "trigger_configuration": []
          },
          "sensitive_attributes": [],
          "private": "bnVsbA==",
          "dependencies": [
            "data.aws_caller_identity.current",
            "data.aws_region.current",
            "module.btlabz-arch-ref-ec2-codedeploy-module.aws_codedeploy_app.main",
            "module.codepipeline_iam_role.aws_iam_role.codepipeline_role",
            "module.codepipeline_iam_role.data.aws_iam_role.existing_codepipeline_role"
          ]
        }
      ]
    },
    {
      "module": "module.codebuild_terraform",
      "mode": "managed",
      "type": "aws_codebuild_project",
      "name": "terraform_codebuild_project",
      "provider": "provider[\"registry.terraform.io/hashicorp/aws\"]",
      "instances": [
        {
          "index_key": 0,
          "schema_version": 0,
          "attributes": {
            "arn": "arn:aws:codebuild:ap-northeast-2:851077919242:project/whs-pipeline-from-IaC-build",
            "artifacts": [
              {
                "artifact_identifier": "",
                "bucket_owner_access": "",
                "encryption_disabled": false,
                "location": "",
                "name": "whs-pipeline-from-IaC-build",
                "namespace_type": "",
                "override_artifact_name": false,
                "packaging": "NONE",
                "path": "",
                "type": "CODEPIPELINE"
              }
            ],
            "badge_enabled": false,
            "badge_url": "",
            "build_batch_config": [],
            "build_timeout": 60,
            "cache": [
              {
                "location": "",
                "modes": [],
                "type": "NO_CACHE"
              }
            ],
            "concurrent_build_limit": 0,
            "description": "",
            "encryption_key": "arn:aws:kms:ap-northeast-2:851077919242:key/6aa503a3-82b2-448e-92df-aaf37190fefb",
            "environment": [
              {
                "certificate": "",
                "compute_type": "BUILD_GENERAL1_LARGE",
                "environment_variable": [],
                "image": "aws/codebuild/amazonlinux2-x86_64-standard:5.0",
                "image_pull_credentials_type": "CODEBUILD",
                "privileged_mode": true,
                "registry_credential": [],
                "type": "LINUX_CONTAINER"
              }
            ],
            "file_system_locations": [],
            "id": "arn:aws:codebuild:ap-northeast-2:851077919242:project/whs-pipeline-from-IaC-build",
            "logs_config": [
              {
                "cloudwatch_logs": [
                  {
                    "group_name": "",
                    "status": "ENABLED",
                    "stream_name": ""
                  }
                ],
                "s3_logs": [
                  {
                    "bucket_owner_access": "",
                    "encryption_disabled": false,
                    "location": "",
                    "status": "DISABLED"
                  }
                ]
              }
            ],
            "name": "whs-pipeline-from-IaC-build",
            "project_visibility": "PRIVATE",
            "public_project_alias": "",
            "queued_timeout": 480,
            "resource_access_role": "",
            "secondary_artifacts": [],
            "secondary_source_version": [],
            "secondary_sources": [],
            "service_role": "arn:aws:iam::851077919242:role/whs-pipeline-from-IaC-codepipeline-role",
            "source": [
              {
                "build_status_config": [],
                "buildspec": "./buildspec_build.yml",
                "git_clone_depth": 0,
                "git_submodules_config": [],
                "insecure_ssl": false,
                "location": "",
                "report_build_status": false,
                "type": "CODEPIPELINE"
              }
            ],
            "source_version": "",
            "tags": {
              "Account_ID": "851077919242",
              "Environment": "dev",
              "Project_Name": "whs-pipeline-from-IaC",
              "Region": "ap-northeast-2"
            },
            "tags_all": {
              "Account_ID": "851077919242",
              "Environment": "dev",
              "Project_Name": "whs-pipeline-from-IaC",
              "Region": "ap-northeast-2"
            },
            "vpc_config": []
          },
          "sensitive_attributes": [],
          "private": "bnVsbA==",
          "dependencies": [
            "aws_iam_instance_profile.whs_ec2_role_iac",
            "aws_iam_role.whs_ec2_role_iac",
            "data.aws_caller_identity.current",
            "data.aws_region.current",
            "module.codecommit_infrastructure_source_repo.aws_codecommit_approval_rule_template.source_repository_approval",
            "module.codecommit_infrastructure_source_repo.aws_codecommit_approval_rule_template_association.source_repository_approval_association",
            "module.codecommit_infrastructure_source_repo.aws_codecommit_repository.source_repository",
            "module.codecommit_infrastructure_source_repo.data.aws_codecommit_repository.existing_repository",
            "module.codepipeline_iam_role.aws_iam_role.codepipeline_role",
            "module.codepipeline_iam_role.data.aws_iam_role.existing_codepipeline_role",
            "module.codepipeline_kms.aws_kms_key.encryption_key",
            "module.codepipeline_kms.data.aws_caller_identity.current",
            "module.codepipeline_kms.data.aws_iam_policy_document.kms_key_policy_doc",
            "module.sonarQube.aws_lb.sonarqube_lb",
            "module.sonarQube.aws_security_group.sonarqube_lb",
            "module.sonarQube.aws_subnet.sonarqube_public_subnet_2a",
            "module.sonarQube.aws_subnet.sonarqube_public_subnet_2b",
            "module.sonarQube.aws_subnet.sonarqube_public_subnet_2c",
            "module.sonarQube.aws_vpc.sonarqube_vpc"
          ]
        },
        {
          "index_key": 1,
          "schema_version": 0,
          "attributes": {
            "arn": "arn:aws:codebuild:ap-northeast-2:851077919242:project/whs-pipeline-from-IaC-sca",
            "artifacts": [
              {
                "artifact_identifier": "",
                "bucket_owner_access": "",
                "encryption_disabled": false,
                "location": "",
                "name": "whs-pipeline-from-IaC-sca",
                "namespace_type": "",
                "override_artifact_name": false,
                "packaging": "NONE",
                "path": "",
                "type": "CODEPIPELINE"
              }
            ],
            "badge_enabled": false,
            "badge_url": "",
            "build_batch_config": [],
            "build_timeout": 60,
            "cache": [
              {
                "location": "",
                "modes": [],
                "type": "NO_CACHE"
              }
            ],
            "concurrent_build_limit": 0,
            "description": "",
            "encryption_key": "arn:aws:kms:ap-northeast-2:851077919242:key/6aa503a3-82b2-448e-92df-aaf37190fefb",
            "environment": [
              {
                "certificate": "",
                "compute_type": "BUILD_GENERAL1_LARGE",
                "environment_variable": [],
                "image": "aws/codebuild/amazonlinux2-x86_64-standard:5.0",
                "image_pull_credentials_type": "CODEBUILD",
                "privileged_mode": true,
                "registry_credential": [],
                "type": "LINUX_CONTAINER"
              }
            ],
            "file_system_locations": [],
            "id": "arn:aws:codebuild:ap-northeast-2:851077919242:project/whs-pipeline-from-IaC-sca",
            "logs_config": [
              {
                "cloudwatch_logs": [
                  {
                    "group_name": "",
                    "status": "ENABLED",
                    "stream_name": ""
                  }
                ],
                "s3_logs": [
                  {
                    "bucket_owner_access": "",
                    "encryption_disabled": false,
                    "location": "",
                    "status": "DISABLED"
                  }
                ]
              }
            ],
            "name": "whs-pipeline-from-IaC-sca",
            "project_visibility": "PRIVATE",
            "public_project_alias": "",
            "queued_timeout": 480,
            "resource_access_role": "",
            "secondary_artifacts": [],
            "secondary_source_version": [],
            "secondary_sources": [],
            "service_role": "arn:aws:iam::851077919242:role/whs-pipeline-from-IaC-codepipeline-role",
            "source": [
              {
                "build_status_config": [],
                "buildspec": "./buildspec_sca.yml",
                "git_clone_depth": 0,
                "git_submodules_config": [],
                "insecure_ssl": false,
                "location": "",
                "report_build_status": false,
                "type": "CODEPIPELINE"
              }
            ],
            "source_version": "",
            "tags": {
              "Account_ID": "851077919242",
              "Environment": "dev",
              "Project_Name": "whs-pipeline-from-IaC",
              "Region": "ap-northeast-2"
            },
            "tags_all": {
              "Account_ID": "851077919242",
              "Environment": "dev",
              "Project_Name": "whs-pipeline-from-IaC",
              "Region": "ap-northeast-2"
            },
            "vpc_config": []
          },
          "sensitive_attributes": [],
          "private": "bnVsbA==",
          "dependencies": [
            "aws_iam_instance_profile.whs_ec2_role_iac",
            "aws_iam_role.whs_ec2_role_iac",
            "data.aws_caller_identity.current",
            "data.aws_region.current",
            "module.codecommit_infrastructure_source_repo.aws_codecommit_approval_rule_template.source_repository_approval",
            "module.codecommit_infrastructure_source_repo.aws_codecommit_approval_rule_template_association.source_repository_approval_association",
            "module.codecommit_infrastructure_source_repo.aws_codecommit_repository.source_repository",
            "module.codecommit_infrastructure_source_repo.data.aws_codecommit_repository.existing_repository",
            "module.codepipeline_iam_role.aws_iam_role.codepipeline_role",
            "module.codepipeline_iam_role.data.aws_iam_role.existing_codepipeline_role",
            "module.codepipeline_kms.aws_kms_key.encryption_key",
            "module.codepipeline_kms.data.aws_caller_identity.current",
            "module.codepipeline_kms.data.aws_iam_policy_document.kms_key_policy_doc",
            "module.sonarQube.aws_lb.sonarqube_lb",
            "module.sonarQube.aws_security_group.sonarqube_lb",
            "module.sonarQube.aws_subnet.sonarqube_public_subnet_2a",
            "module.sonarQube.aws_subnet.sonarqube_public_subnet_2b",
            "module.sonarQube.aws_subnet.sonarqube_public_subnet_2c",
            "module.sonarQube.aws_vpc.sonarqube_vpc"
          ]
        },
        {
          "index_key": 2,
          "schema_version": 0,
          "attributes": {
            "arn": "arn:aws:codebuild:ap-northeast-2:851077919242:project/whs-pipeline-from-IaC-sast",
            "artifacts": [
              {
                "artifact_identifier": "",
                "bucket_owner_access": "",
                "encryption_disabled": false,
                "location": "",
                "name": "whs-pipeline-from-IaC-sast",
                "namespace_type": "",
                "override_artifact_name": false,
                "packaging": "NONE",
                "path": "",
                "type": "CODEPIPELINE"
              }
            ],
            "badge_enabled": false,
            "badge_url": "",
            "build_batch_config": [],
            "build_timeout": 60,
            "cache": [
              {
                "location": "",
                "modes": [],
                "type": "NO_CACHE"
              }
            ],
            "concurrent_build_limit": 0,
            "description": "",
            "encryption_key": "arn:aws:kms:ap-northeast-2:851077919242:key/6aa503a3-82b2-448e-92df-aaf37190fefb",
            "environment": [
              {
                "certificate": "",
                "compute_type": "BUILD_GENERAL1_LARGE",
                "environment_variable": [
                  {
                    "name": "SONAR_QUBE_KEY",
                    "type": "PLAINTEXT",
                    "value": "sqp_6a10b0f08fd566a8d6ec8b9802dfd6c06aaac0b6"
                  },
                  {
                    "name": "SONAR_QUBE_PROJECT",
                    "type": "PLAINTEXT",
                    "value": "sonarqube"
                  },
                  {
                    "name": "SONAR_QUBE_URL",
                    "type": "PLAINTEXT",
                    "value": "http://sonarqube-lb-1936597928.ap-northeast-2.elb.amazonaws.com:9000"
                  }
                ],
                "image": "aws/codebuild/amazonlinux2-x86_64-standard:5.0",
                "image_pull_credentials_type": "CODEBUILD",
                "privileged_mode": true,
                "registry_credential": [],
                "type": "LINUX_CONTAINER"
              }
            ],
            "file_system_locations": [],
            "id": "arn:aws:codebuild:ap-northeast-2:851077919242:project/whs-pipeline-from-IaC-sast",
            "logs_config": [
              {
                "cloudwatch_logs": [
                  {
                    "group_name": "",
                    "status": "ENABLED",
                    "stream_name": ""
                  }
                ],
                "s3_logs": [
                  {
                    "bucket_owner_access": "",
                    "encryption_disabled": false,
                    "location": "",
                    "status": "DISABLED"
                  }
                ]
              }
            ],
            "name": "whs-pipeline-from-IaC-sast",
            "project_visibility": "PRIVATE",
            "public_project_alias": "",
            "queued_timeout": 480,
            "resource_access_role": "",
            "secondary_artifacts": [],
            "secondary_source_version": [],
            "secondary_sources": [],
            "service_role": "arn:aws:iam::851077919242:role/whs-pipeline-from-IaC-codepipeline-role",
            "source": [
              {
                "build_status_config": [],
                "buildspec": "./buildspec_sast.yml",
                "git_clone_depth": 0,
                "git_submodules_config": [],
                "insecure_ssl": false,
                "location": "",
                "report_build_status": false,
                "type": "CODEPIPELINE"
              }
            ],
            "source_version": "",
            "tags": {
              "Account_ID": "851077919242",
              "Environment": "dev",
              "Project_Name": "whs-pipeline-from-IaC",
              "Region": "ap-northeast-2"
            },
            "tags_all": {
              "Account_ID": "851077919242",
              "Environment": "dev",
              "Project_Name": "whs-pipeline-from-IaC",
              "Region": "ap-northeast-2"
            },
            "vpc_config": []
          },
          "sensitive_attributes": [],
          "private": "bnVsbA==",
          "dependencies": [
            "aws_iam_instance_profile.whs_ec2_role_iac",
            "aws_iam_role.whs_ec2_role_iac",
            "data.aws_caller_identity.current",
            "data.aws_region.current",
            "module.codecommit_infrastructure_source_repo.aws_codecommit_approval_rule_template.source_repository_approval",
            "module.codecommit_infrastructure_source_repo.aws_codecommit_approval_rule_template_association.source_repository_approval_association",
            "module.codecommit_infrastructure_source_repo.aws_codecommit_repository.source_repository",
            "module.codecommit_infrastructure_source_repo.data.aws_codecommit_repository.existing_repository",
            "module.codepipeline_iam_role.aws_iam_role.codepipeline_role",
            "module.codepipeline_iam_role.data.aws_iam_role.existing_codepipeline_role",
            "module.codepipeline_kms.aws_kms_key.encryption_key",
            "module.codepipeline_kms.data.aws_caller_identity.current",
            "module.codepipeline_kms.data.aws_iam_policy_document.kms_key_policy_doc",
            "module.sonarQube.aws_lb.sonarqube_lb",
            "module.sonarQube.aws_security_group.sonarqube_lb",
            "module.sonarQube.aws_subnet.sonarqube_public_subnet_2a",
            "module.sonarQube.aws_subnet.sonarqube_public_subnet_2b",
            "module.sonarQube.aws_subnet.sonarqube_public_subnet_2c",
            "module.sonarQube.aws_vpc.sonarqube_vpc"
          ]
        },
        {
          "index_key": 3,
          "schema_version": 0,
          "attributes": {
            "arn": "arn:aws:codebuild:ap-northeast-2:851077919242:project/whs-pipeline-from-IaC-dast",
            "artifacts": [
              {
                "artifact_identifier": "",
                "bucket_owner_access": "",
                "encryption_disabled": false,
                "location": "",
                "name": "whs-pipeline-from-IaC-dast",
                "namespace_type": "",
                "override_artifact_name": false,
                "packaging": "NONE",
                "path": "",
                "type": "CODEPIPELINE"
              }
            ],
            "badge_enabled": false,
            "badge_url": "",
            "build_batch_config": [],
            "build_timeout": 60,
            "cache": [
              {
                "location": "",
                "modes": [],
                "type": "NO_CACHE"
              }
            ],
            "concurrent_build_limit": 0,
            "description": "",
            "encryption_key": "arn:aws:kms:ap-northeast-2:851077919242:key/6aa503a3-82b2-448e-92df-aaf37190fefb",
            "environment": [
              {
                "certificate": "",
                "compute_type": "BUILD_GENERAL1_LARGE",
                "environment_variable": [],
                "image": "aws/codebuild/amazonlinux2-x86_64-standard:5.0",
                "image_pull_credentials_type": "CODEBUILD",
                "privileged_mode": true,
                "registry_credential": [],
                "type": "LINUX_CONTAINER"
              }
            ],
            "file_system_locations": [],
            "id": "arn:aws:codebuild:ap-northeast-2:851077919242:project/whs-pipeline-from-IaC-dast",
            "logs_config": [
              {
                "cloudwatch_logs": [
                  {
                    "group_name": "",
                    "status": "ENABLED",
                    "stream_name": ""
                  }
                ],
                "s3_logs": [
                  {
                    "bucket_owner_access": "",
                    "encryption_disabled": false,
                    "location": "",
                    "status": "DISABLED"
                  }
                ]
              }
            ],
            "name": "whs-pipeline-from-IaC-dast",
            "project_visibility": "PRIVATE",
            "public_project_alias": "",
            "queued_timeout": 480,
            "resource_access_role": "",
            "secondary_artifacts": [],
            "secondary_source_version": [],
            "secondary_sources": [],
            "service_role": "arn:aws:iam::851077919242:role/whs-pipeline-from-IaC-codepipeline-role",
            "source": [
              {
                "build_status_config": [],
                "buildspec": "./buildspec_dast.yml",
                "git_clone_depth": 0,
                "git_submodules_config": [],
                "insecure_ssl": false,
                "location": "",
                "report_build_status": false,
                "type": "CODEPIPELINE"
              }
            ],
            "source_version": "",
            "tags": {
              "Account_ID": "851077919242",
              "Environment": "dev",
              "Project_Name": "whs-pipeline-from-IaC",
              "Region": "ap-northeast-2"
            },
            "tags_all": {
              "Account_ID": "851077919242",
              "Environment": "dev",
              "Project_Name": "whs-pipeline-from-IaC",
              "Region": "ap-northeast-2"
            },
            "vpc_config": []
          },
          "sensitive_attributes": [],
          "private": "bnVsbA==",
          "dependencies": [
            "aws_iam_instance_profile.whs_ec2_role_iac",
            "aws_iam_role.whs_ec2_role_iac",
            "data.aws_caller_identity.current",
            "data.aws_region.current",
            "module.codecommit_infrastructure_source_repo.aws_codecommit_approval_rule_template.source_repository_approval",
            "module.codecommit_infrastructure_source_repo.aws_codecommit_approval_rule_template_association.source_repository_approval_association",
            "module.codecommit_infrastructure_source_repo.aws_codecommit_repository.source_repository",
            "module.codecommit_infrastructure_source_repo.data.aws_codecommit_repository.existing_repository",
            "module.codepipeline_iam_role.aws_iam_role.codepipeline_role",
            "module.codepipeline_iam_role.data.aws_iam_role.existing_codepipeline_role",
            "module.codepipeline_kms.aws_kms_key.encryption_key",
            "module.codepipeline_kms.data.aws_caller_identity.current",
            "module.codepipeline_kms.data.aws_iam_policy_document.kms_key_policy_doc",
            "module.sonarQube.aws_lb.sonarqube_lb",
            "module.sonarQube.aws_security_group.sonarqube_lb",
            "module.sonarQube.aws_subnet.sonarqube_public_subnet_2a",
            "module.sonarQube.aws_subnet.sonarqube_public_subnet_2b",
            "module.sonarQube.aws_subnet.sonarqube_public_subnet_2c",
            "module.sonarQube.aws_vpc.sonarqube_vpc"
          ]
        }
      ]
    },
    {
      "module": "module.codecommit_infrastructure_source_repo",
      "mode": "managed",
      "type": "aws_codecommit_approval_rule_template",
      "name": "source_repository_approval",
      "provider": "provider[\"registry.terraform.io/hashicorp/aws\"]",
      "instances": [
        {
          "index_key": 0,
          "schema_version": 0,
          "attributes": {
            "approval_rule_template_id": "187e58ab-07b5-4c1b-906b-e3849342d252",
            "content": "{\"Version\":\"2018-11-08\",\"DestinationReferences\":[\"refs/heads/master\"],\"Statements\":[{\"Type\":\"Approvers\",\"NumberOfApprovalsNeeded\":2,\"ApprovalPoolMembers\":[\"arn:aws:sts::851077919242:assumed-role/CodeCommitReview/\"]}]}",
            "creation_date": "2024-01-03T15:29:48Z",
            "description": "Approval rule template for enabling approval process",
            "id": "whs-repo-from-IaC-master-Rule",
            "last_modified_date": "2024-01-03T15:29:48Z",
            "last_modified_user": "arn:aws:iam::851077919242:user/nukunga123",
            "name": "whs-repo-from-IaC-master-Rule",
            "rule_content_sha256": "1ff732fb7f8c5eb74d803a6d2e9a98675670f3a097873bd1f3113e45cf4fbb8c"
          },
          "sensitive_attributes": [],
          "private": "bnVsbA=="
        }
      ]
    },
    {
      "module": "module.codecommit_infrastructure_source_repo",
      "mode": "managed",
      "type": "aws_codecommit_approval_rule_template_association",
      "name": "source_repository_approval_association",
      "provider": "provider[\"registry.terraform.io/hashicorp/aws\"]",
      "instances": [
        {
          "index_key": 0,
          "schema_version": 0,
          "attributes": {
            "approval_rule_template_name": "whs-repo-from-IaC-master-Rule",
            "id": "whs-repo-from-IaC-master-Rule,whs-repo-from-IaC",
            "repository_name": "whs-repo-from-IaC"
          },
          "sensitive_attributes": [],
          "private": "bnVsbA==",
          "dependencies": [
            "data.aws_caller_identity.current",
            "data.aws_region.current",
            "module.codecommit_infrastructure_source_repo.aws_codecommit_approval_rule_template.source_repository_approval",
            "module.codecommit_infrastructure_source_repo.aws_codecommit_repository.source_repository"
          ]
        }
      ]
    },
    {
      "module": "module.codecommit_infrastructure_source_repo",
      "mode": "managed",
      "type": "aws_codecommit_repository",
      "name": "source_repository",
      "provider": "provider[\"registry.terraform.io/hashicorp/aws\"]",
      "instances": [
        {
          "index_key": 0,
          "schema_version": 0,
          "attributes": {
            "arn": "arn:aws:codecommit:ap-northeast-2:851077919242:whs-repo-from-IaC",
            "clone_url_http": "https://git-codecommit.ap-northeast-2.amazonaws.com/v1/repos/whs-repo-from-IaC",
            "clone_url_ssh": "ssh://git-codecommit.ap-northeast-2.amazonaws.com/v1/repos/whs-repo-from-IaC",
            "default_branch": "master",
            "description": "Code Repository for hosting the terraform code and pipeline configuration files",
            "id": "whs-repo-from-IaC",
            "repository_id": "d99f1250-66a0-4b87-a439-388d56b20449",
            "repository_name": "whs-repo-from-IaC",
            "tags": {
              "Account_ID": "851077919242",
              "Environment": "dev",
              "Project_Name": "whs-pipeline-from-IaC",
              "Region": "ap-northeast-2"
            },
            "tags_all": {
              "Account_ID": "851077919242",
              "Environment": "dev",
              "Project_Name": "whs-pipeline-from-IaC",
              "Region": "ap-northeast-2"
            }
          },
          "sensitive_attributes": [],
          "private": "bnVsbA==",
          "dependencies": [
            "data.aws_caller_identity.current",
            "data.aws_region.current"
          ]
        }
      ]
    },
    {
      "module": "module.codepipeline_iam_role",
      "mode": "data",
      "type": "aws_caller_identity",
      "name": "current",
      "provider": "provider[\"registry.terraform.io/hashicorp/aws\"]",
      "instances": [
        {
          "schema_version": 0,
          "attributes": {
            "account_id": "851077919242",
            "arn": "arn:aws:iam::851077919242:user/nukunga123",
            "id": "851077919242",
            "user_id": "AIDA4MKBSOIFN3PDC2JZG"
          },
          "sensitive_attributes": []
        }
      ]
    },
    {
      "module": "module.codepipeline_iam_role",
      "mode": "data",
      "type": "aws_partition",
      "name": "current",
      "provider": "provider[\"registry.terraform.io/hashicorp/aws\"]",
      "instances": [
        {
          "schema_version": 0,
          "attributes": {
            "dns_suffix": "amazonaws.com",
            "id": "aws",
            "partition": "aws",
            "reverse_dns_prefix": "com.amazonaws"
          },
          "sensitive_attributes": []
        }
      ]
    },
    {
      "module": "module.codepipeline_iam_role",
      "mode": "data",
      "type": "aws_region",
      "name": "current",
      "provider": "provider[\"registry.terraform.io/hashicorp/aws\"]",
      "instances": [
        {
          "schema_version": 0,
          "attributes": {
            "description": "Asia Pacific (Seoul)",
            "endpoint": "ec2.ap-northeast-2.amazonaws.com",
            "id": "ap-northeast-2",
            "name": "ap-northeast-2"
          },
          "sensitive_attributes": []
        }
      ]
    },
    {
      "module": "module.codepipeline_iam_role",
      "mode": "managed",
      "type": "aws_iam_policy",
      "name": "codepipeline_policy",
      "provider": "provider[\"registry.terraform.io/hashicorp/aws\"]",
      "instances": [
        {
          "index_key": 0,
          "schema_version": 0,
          "attributes": {
            "arn": "arn:aws:iam::851077919242:policy/whs-pipeline-from-IaC-codepipeline-policy",
            "description": "Policy to allow codepipeline to execute",
            "id": "arn:aws:iam::851077919242:policy/whs-pipeline-from-IaC-codepipeline-policy",
            "name": "whs-pipeline-from-IaC-codepipeline-policy",
            "name_prefix": "",
            "path": "/",
            "policy": "{\"Statement\":[{\"Action\":[\"s3:GetObject\",\"s3:GetObjectVersion\",\"s3:PutObjectAcl\",\"s3:PutObject\"],\"Effect\":\"Allow\",\"Resource\":\"arn:aws:s3:::whs-pipeline-from-iac20240103152950642400000001/*\"},{\"Action\":[\"s3:GetBucketVersioning\"],\"Effect\":\"Allow\",\"Resource\":\"arn:aws:s3:::whs-pipeline-from-iac20240103152950642400000001\"},{\"Action\":[\"kms:DescribeKey\",\"kms:GenerateDataKey*\",\"kms:Encrypt\",\"kms:ReEncrypt*\",\"kms:Decrypt\"],\"Effect\":\"Allow\",\"Resource\":\"arn:aws:kms:ap-northeast-2:851077919242:key/6aa503a3-82b2-448e-92df-aaf37190fefb\"},{\"Action\":[\"codecommit:GitPull\",\"codecommit:GitPush\",\"codecommit:GetBranch\",\"codecommit:CreateCommit\",\"codecommit:ListRepositories\",\"codecommit:BatchGetCommits\",\"codecommit:BatchGetRepositories\",\"codecommit:GetCommit\",\"codecommit:GetRepository\",\"codecommit:GetUploadArchiveStatus\",\"codecommit:ListBranches\",\"codecommit:UploadArchive\"],\"Effect\":\"Allow\",\"Resource\":\"arn:aws:codecommit:ap-northeast-2:851077919242:whs-repo-from-IaC\"},{\"Action\":[\"codebuild:BatchGetBuilds\",\"codebuild:StartBuild\",\"codebuild:BatchGetProjects\"],\"Effect\":\"Allow\",\"Resource\":\"arn:aws:codebuild:ap-northeast-2:851077919242:project/whs-pipeline-from-IaC*\"},{\"Action\":[\"codebuild:CreateReportGroup\",\"codebuild:CreateReport\",\"codebuild:UpdateReport\",\"codebuild:BatchPutTestCases\"],\"Effect\":\"Allow\",\"Resource\":\"arn:aws:codebuild:ap-northeast-2:851077919242:report-group/whs-pipeline-from-IaC*\"},{\"Action\":[\"logs:CreateLogGroup\",\"logs:CreateLogStream\",\"logs:PutLogEvents\"],\"Effect\":\"Allow\",\"Resource\":\"arn:aws:logs:ap-northeast-2:851077919242:log-group:*\"},{\"Action\":[\"lambda:InvokeFunction\"],\"Effect\":\"Allow\",\"Resource\":[\"arn:aws:lambda:ap-northeast-2:851077919242:function:ImportVulToSecurityHub_test\"]},{\"Action\":[\"codedeploy:CreateDeployment\",\"codedeploy:Get*\",\"codedeploy:List*\",\"codedeploy:BatchGet*\",\"codedeploy:CreateDeployment\",\"codedeploy:CreateApplication\",\"codedeploy:CreateDeploymentGroup\",\"codedeploy:PutLifecycleEventHookExecutionStatus\",\"codedeploy:RegisterApplicationRevision\",\"codedeploy:SkipWaitTimeForInstanceTermination\",\"codedeploy:StopDeployment\"],\"Effect\":\"Allow\",\"Resource\":\"arn:aws:codedeploy:ap-northeast-2:851077919242:deploymentgroup:webGoat/webGoat\"},{\"Action\":\"codedeploy:GetDeploymentConfig\",\"Effect\":\"Allow\",\"Resource\":\"arn:aws:codedeploy:ap-northeast-2:851077919242:deploymentconfig:CodeDeployDefault.OneAtATime\"},{\"Action\":\"codedeploy:RegisterApplicationRevision\",\"Effect\":\"Allow\",\"Resource\":\"arn:aws:codedeploy:ap-northeast-2:851077919242:application:*\"},{\"Action\":[\"iam:PassRole\",\"ec2:CreateTags\",\"ec2:RunInstances\"],\"Effect\":\"Allow\",\"Resource\":\"*\",\"Sid\":\"VisualEditor0\"}],\"Version\":\"2012-10-17\"}",
            "policy_id": "ANPA4MKBSOIFBGTOM2ZMV",
            "tags": {
              "Account_ID": "851077919242",
              "Environment": "dev",
              "Project_Name": "whs-pipeline-from-IaC",
              "Region": "ap-northeast-2"
            },
            "tags_all": {
              "Account_ID": "851077919242",
              "Environment": "dev",
              "Project_Name": "whs-pipeline-from-IaC",
              "Region": "ap-northeast-2"
            }
          },
          "sensitive_attributes": [],
          "private": "bnVsbA==",
          "dependencies": [
            "aws_iam_instance_profile.whs_ec2_role_iac",
            "aws_iam_role.whs_ec2_role_iac",
            "data.aws_caller_identity.current",
            "data.aws_region.current",
            "module.btlabz-arch-ref-ec2-codedeploy-module.aws_codedeploy_app.main",
            "module.btlabz-arch-ref-ec2-codedeploy-module.aws_codedeploy_deployment_group.main",
            "module.codepipeline_iam_role.aws_iam_role.codepipeline_role",
            "module.codepipeline_iam_role.data.aws_caller_identity.current",
            "module.codepipeline_iam_role.data.aws_iam_role.existing_codepipeline_role",
            "module.codepipeline_iam_role.data.aws_partition.current",
            "module.codepipeline_iam_role.data.aws_region.current",
            "module.codepipeline_kms.aws_kms_key.encryption_key",
            "module.codepipeline_kms.data.aws_caller_identity.current",
            "module.codepipeline_kms.data.aws_iam_policy_document.kms_key_policy_doc",
            "module.lambda_function_existing_package_local.aws_cloudwatch_log_group.lambda",
            "module.lambda_function_existing_package_local.aws_iam_policy.additional_inline",
            "module.lambda_function_existing_package_local.aws_iam_policy.additional_json",
            "module.lambda_function_existing_package_local.aws_iam_policy.additional_jsons",
            "module.lambda_function_existing_package_local.aws_iam_policy.async",
            "module.lambda_function_existing_package_local.aws_iam_policy.dead_letter",
            "module.lambda_function_existing_package_local.aws_iam_policy.logs",
            "module.lambda_function_existing_package_local.aws_iam_policy.tracing",
            "module.lambda_function_existing_package_local.aws_iam_policy.vpc",
            "module.lambda_function_existing_package_local.aws_iam_role.lambda",
            "module.lambda_function_existing_package_local.aws_iam_role_policy_attachment.additional_inline",
            "module.lambda_function_existing_package_local.aws_iam_role_policy_attachment.additional_json",
            "module.lambda_function_existing_package_local.aws_iam_role_policy_attachment.additional_jsons",
            "module.lambda_function_existing_package_local.aws_iam_role_policy_attachment.additional_many",
            "module.lambda_function_existing_package_local.aws_iam_role_policy_attachment.additional_one",
            "module.lambda_function_existing_package_local.aws_iam_role_policy_attachment.async",
            "module.lambda_function_existing_package_local.aws_iam_role_policy_attachment.dead_letter",
            "module.lambda_function_existing_package_local.aws_iam_role_policy_attachment.logs",
            "module.lambda_function_existing_package_local.aws_iam_role_policy_attachment.tracing",
            "module.lambda_function_existing_package_local.aws_iam_role_policy_attachment.vpc",
            "module.lambda_function_existing_package_local.aws_lambda_function.this",
            "module.lambda_function_existing_package_local.aws_s3_object.lambda_package",
            "module.lambda_function_existing_package_local.data.aws_arn.log_group_arn",
            "module.lambda_function_existing_package_local.data.aws_cloudwatch_log_group.lambda",
            "module.lambda_function_existing_package_local.data.aws_iam_policy.tracing",
            "module.lambda_function_existing_package_local.data.aws_iam_policy.vpc",
            "module.lambda_function_existing_package_local.data.aws_iam_policy_document.additional_inline",
            "module.lambda_function_existing_package_local.data.aws_iam_policy_document.assume_role",
            "module.lambda_function_existing_package_local.data.aws_iam_policy_document.async",
            "module.lambda_function_existing_package_local.data.aws_iam_policy_document.dead_letter",
            "module.lambda_function_existing_package_local.data.aws_iam_policy_document.logs",
            "module.lambda_function_existing_package_local.data.aws_partition.current",
            "module.lambda_function_existing_package_local.data.external.archive_prepare",
            "module.lambda_function_existing_package_local.local_file.archive_plan",
            "module.lambda_function_existing_package_local.null_resource.archive",
            "module.s3_artifacts_bucket.aws_s3_bucket.codepipeline_bucket"
          ]
        }
      ]
    },
    {
      "module": "module.codepipeline_iam_role",
      "mode": "managed",
      "type": "aws_iam_role",
      "name": "codepipeline_role",
      "provider": "provider[\"registry.terraform.io/hashicorp/aws\"]",
      "instances": [
        {
          "index_key": 0,
          "schema_version": 0,
          "attributes": {
            "arn": "arn:aws:iam::851077919242:role/whs-pipeline-from-IaC-codepipeline-role",
            "assume_role_policy": "{\"Statement\":[{\"Action\":\"sts:AssumeRole\",\"Effect\":\"Allow\",\"Principal\":{\"Service\":\"codepipeline.amazonaws.com\"}},{\"Action\":\"sts:AssumeRole\",\"Effect\":\"Allow\",\"Principal\":{\"Service\":\"codebuild.amazonaws.com\"}},{\"Action\":\"sts:AssumeRole\",\"Effect\":\"Allow\",\"Principal\":{\"Service\":\"codedeploy.amazonaws.com\"}}],\"Version\":\"2012-10-17\"}",
            "create_date": "2024-01-03T15:29:51Z",
            "description": "",
            "force_detach_policies": false,
            "id": "whs-pipeline-from-IaC-codepipeline-role",
            "inline_policy": [],
            "managed_policy_arns": [
              "arn:aws:iam::851077919242:policy/whs-pipeline-from-IaC-codepipeline-policy",
              "arn:aws:iam::aws:policy/AWSCodeDeployFullAccess",
              "arn:aws:iam::aws:policy/AdministratorAccess",
              "arn:aws:iam::aws:policy/service-role/AWSCodeDeployRole",
              "arn:aws:iam::aws:policy/service-role/AmazonEC2RoleforAWSCodeDeploy"
            ],
            "max_session_duration": 3600,
            "name": "whs-pipeline-from-IaC-codepipeline-role",
            "name_prefix": "",
            "path": "/",
            "permissions_boundary": "",
            "tags": {
              "Account_ID": "851077919242",
              "Environment": "dev",
              "Project_Name": "whs-pipeline-from-IaC",
              "Region": "ap-northeast-2"
            },
            "tags_all": {
              "Account_ID": "851077919242",
              "Environment": "dev",
              "Project_Name": "whs-pipeline-from-IaC",
              "Region": "ap-northeast-2"
            },
            "unique_id": "AROA4MKBSOIFFQT4WBKVZ"
          },
          "sensitive_attributes": [],
          "private": "bnVsbA==",
          "dependencies": [
            "data.aws_caller_identity.current",
            "data.aws_region.current"
          ]
        }
      ]
    },
    {
      "module": "module.codepipeline_iam_role",
      "mode": "managed",
      "type": "aws_iam_role_policy_attachment",
      "name": "admin_attachment",
      "provider": "provider[\"registry.terraform.io/hashicorp/aws\"]",
      "instances": [
        {
          "schema_version": 0,
          "attributes": {
            "id": "whs-pipeline-from-IaC-codepipeline-role-20240104195429131800000001",
            "policy_arn": "arn:aws:iam::aws:policy/AdministratorAccess",
            "role": "whs-pipeline-from-IaC-codepipeline-role"
          },
          "sensitive_attributes": [],
          "private": "bnVsbA==",
          "dependencies": [
            "data.aws_caller_identity.current",
            "data.aws_region.current",
            "module.codepipeline_iam_role.aws_iam_role.codepipeline_role"
          ]
        }
      ]
    },
    {
      "module": "module.codepipeline_iam_role",
      "mode": "managed",
      "type": "aws_iam_role_policy_attachment",
      "name": "codedeploy_ec2_instance_attachment",
      "provider": "provider[\"registry.terraform.io/hashicorp/aws\"]",
      "instances": [
        {
          "schema_version": 0,
          "attributes": {
            "id": "whs-pipeline-from-IaC-codepipeline-role-20240104113518984300000001",
            "policy_arn": "arn:aws:iam::aws:policy/service-role/AmazonEC2RoleforAWSCodeDeploy",
            "role": "whs-pipeline-from-IaC-codepipeline-role"
          },
          "sensitive_attributes": [],
          "private": "bnVsbA==",
          "dependencies": [
            "data.aws_caller_identity.current",
            "data.aws_region.current",
            "module.codepipeline_iam_role.aws_iam_role.codepipeline_role"
          ]
        }
      ]
    },
    {
      "module": "module.codepipeline_iam_role",
      "mode": "managed",
      "type": "aws_iam_role_policy_attachment",
      "name": "codedeploy_full_access_attachment",
      "provider": "provider[\"registry.terraform.io/hashicorp/aws\"]",
      "instances": [
        {
          "schema_version": 0,
          "attributes": {
            "id": "whs-pipeline-from-IaC-codepipeline-role-20240104111945844600000001",
            "policy_arn": "arn:aws:iam::aws:policy/AWSCodeDeployFullAccess",
            "role": "whs-pipeline-from-IaC-codepipeline-role"
          },
          "sensitive_attributes": [],
          "private": "bnVsbA==",
          "dependencies": [
            "data.aws_caller_identity.current",
            "data.aws_region.current",
            "module.codepipeline_iam_role.aws_iam_role.codepipeline_role"
          ]
        }
      ]
    },
    {
      "module": "module.codepipeline_iam_role",
      "mode": "managed",
      "type": "aws_iam_role_policy_attachment",
      "name": "codedeploy_role_attachment",
      "provider": "provider[\"registry.terraform.io/hashicorp/aws\"]",
      "instances": [
        {
          "schema_version": 0,
          "attributes": {
            "id": "whs-pipeline-from-IaC-codepipeline-role-20240104112702165300000001",
            "policy_arn": "arn:aws:iam::aws:policy/service-role/AWSCodeDeployRole",
            "role": "whs-pipeline-from-IaC-codepipeline-role"
          },
          "sensitive_attributes": [],
          "private": "bnVsbA==",
          "dependencies": [
            "data.aws_caller_identity.current",
            "data.aws_region.current",
            "module.codepipeline_iam_role.aws_iam_role.codepipeline_role"
          ]
        }
      ]
    },
    {
      "module": "module.codepipeline_iam_role",
      "mode": "managed",
      "type": "aws_iam_role_policy_attachment",
      "name": "codepipeline_role_attach",
      "provider": "provider[\"registry.terraform.io/hashicorp/aws\"]",
      "instances": [
        {
          "index_key": 0,
          "schema_version": 0,
          "attributes": {
            "id": "whs-pipeline-from-IaC-codepipeline-role-20240103153018825500000007",
            "policy_arn": "arn:aws:iam::851077919242:policy/whs-pipeline-from-IaC-codepipeline-policy",
            "role": "whs-pipeline-from-IaC-codepipeline-role"
          },
          "sensitive_attributes": [],
          "private": "bnVsbA==",
          "dependencies": [
            "aws_iam_instance_profile.whs_ec2_role_iac",
            "aws_iam_role.whs_ec2_role_iac",
            "data.aws_caller_identity.current",
            "data.aws_region.current",
            "module.btlabz-arch-ref-ec2-codedeploy-module.aws_codedeploy_app.main",
            "module.btlabz-arch-ref-ec2-codedeploy-module.aws_codedeploy_deployment_group.main",
            "module.codepipeline_iam_role.aws_iam_policy.codepipeline_policy",
            "module.codepipeline_iam_role.aws_iam_role.codepipeline_role",
            "module.codepipeline_iam_role.data.aws_caller_identity.current",
            "module.codepipeline_iam_role.data.aws_iam_role.existing_codepipeline_role",
            "module.codepipeline_iam_role.data.aws_partition.current",
            "module.codepipeline_iam_role.data.aws_region.current",
            "module.codepipeline_kms.aws_kms_key.encryption_key",
            "module.codepipeline_kms.data.aws_caller_identity.current",
            "module.codepipeline_kms.data.aws_iam_policy_document.kms_key_policy_doc",
            "module.lambda_function_existing_package_local.aws_cloudwatch_log_group.lambda",
            "module.lambda_function_existing_package_local.aws_iam_policy.additional_inline",
            "module.lambda_function_existing_package_local.aws_iam_policy.additional_json",
            "module.lambda_function_existing_package_local.aws_iam_policy.additional_jsons",
            "module.lambda_function_existing_package_local.aws_iam_policy.async",
            "module.lambda_function_existing_package_local.aws_iam_policy.dead_letter",
            "module.lambda_function_existing_package_local.aws_iam_policy.logs",
            "module.lambda_function_existing_package_local.aws_iam_policy.tracing",
            "module.lambda_function_existing_package_local.aws_iam_policy.vpc",
            "module.lambda_function_existing_package_local.aws_iam_role.lambda",
            "module.lambda_function_existing_package_local.aws_iam_role_policy_attachment.additional_inline",
            "module.lambda_function_existing_package_local.aws_iam_role_policy_attachment.additional_json",
            "module.lambda_function_existing_package_local.aws_iam_role_policy_attachment.additional_jsons",
            "module.lambda_function_existing_package_local.aws_iam_role_policy_attachment.additional_many",
            "module.lambda_function_existing_package_local.aws_iam_role_policy_attachment.additional_one",
            "module.lambda_function_existing_package_local.aws_iam_role_policy_attachment.async",
            "module.lambda_function_existing_package_local.aws_iam_role_policy_attachment.dead_letter",
            "module.lambda_function_existing_package_local.aws_iam_role_policy_attachment.logs",
            "module.lambda_function_existing_package_local.aws_iam_role_policy_attachment.tracing",
            "module.lambda_function_existing_package_local.aws_iam_role_policy_attachment.vpc",
            "module.lambda_function_existing_package_local.aws_lambda_function.this",
            "module.lambda_function_existing_package_local.aws_s3_object.lambda_package",
            "module.lambda_function_existing_package_local.data.aws_arn.log_group_arn",
            "module.lambda_function_existing_package_local.data.aws_cloudwatch_log_group.lambda",
            "module.lambda_function_existing_package_local.data.aws_iam_policy.tracing",
            "module.lambda_function_existing_package_local.data.aws_iam_policy.vpc",
            "module.lambda_function_existing_package_local.data.aws_iam_policy_document.additional_inline",
            "module.lambda_function_existing_package_local.data.aws_iam_policy_document.assume_role",
            "module.lambda_function_existing_package_local.data.aws_iam_policy_document.async",
            "module.lambda_function_existing_package_local.data.aws_iam_policy_document.dead_letter",
            "module.lambda_function_existing_package_local.data.aws_iam_policy_document.logs",
            "module.lambda_function_existing_package_local.data.aws_partition.current",
            "module.lambda_function_existing_package_local.data.external.archive_prepare",
            "module.lambda_function_existing_package_local.local_file.archive_plan",
            "module.lambda_function_existing_package_local.null_resource.archive",
            "module.s3_artifacts_bucket.aws_s3_bucket.codepipeline_bucket"
          ]
        }
      ]
    },
    {
      "module": "module.codepipeline_kms",
      "mode": "data",
      "type": "aws_caller_identity",
      "name": "current",
      "provider": "provider[\"registry.terraform.io/hashicorp/aws\"]",
      "instances": [
        {
          "schema_version": 0,
          "attributes": {
            "account_id": "851077919242",
            "arn": "arn:aws:iam::851077919242:user/nukunga123",
            "id": "851077919242",
            "user_id": "AIDA4MKBSOIFN3PDC2JZG"
          },
          "sensitive_attributes": []
        }
      ]
    },
    {
      "module": "module.codepipeline_kms",
      "mode": "data",
      "type": "aws_iam_policy_document",
      "name": "kms_key_policy_doc",
      "provider": "provider[\"registry.terraform.io/hashicorp/aws\"]",
      "instances": [
        {
          "schema_version": 0,
          "attributes": {
            "id": "235097417",
            "json": "{\n  \"Version\": \"2012-10-17\",\n  \"Statement\": [\n    {\n      \"Sid\": \"Enable IAM User Permissions\",\n      \"Effect\": \"Allow\",\n      \"Action\": \"kms:*\",\n      \"Resource\": \"*\",\n      \"Principal\": {\n        \"AWS\": \"arn:aws:iam::851077919242:root\"\n      }\n    },\n    {\n      \"Sid\": \"Allow access for Key Administrators\",\n      \"Effect\": \"Allow\",\n      \"Action\": \"kms:*\",\n      \"Resource\": \"*\",\n      \"Principal\": {\n        \"AWS\": \"arn:aws:iam::851077919242:role/whs-pipeline-from-IaC-codepipeline-role\"\n      }\n    },\n    {\n      \"Sid\": \"Allow use of the key\",\n      \"Effect\": \"Allow\",\n      \"Action\": [\n        \"kms:ReEncrypt*\",\n        \"kms:GenerateDataKey*\",\n        \"kms:Encrypt\",\n        \"kms:DescribeKey\",\n        \"kms:Decrypt\"\n      ],\n      \"Resource\": \"*\",\n      \"Principal\": {\n        \"AWS\": \"arn:aws:iam::851077919242:role/whs-pipeline-from-IaC-codepipeline-role\"\n      }\n    },\n    {\n      \"Sid\": \"Allow attachment of persistent resources\",\n      \"Effect\": \"Allow\",\n      \"Action\": [\n        \"kms:RevokeGrant\",\n        \"kms:ListGrants\",\n        \"kms:CreateGrant\"\n      ],\n      \"Resource\": \"*\",\n      \"Principal\": {\n        \"AWS\": \"arn:aws:iam::851077919242:role/whs-pipeline-from-IaC-codepipeline-role\"\n      },\n      \"Condition\": {\n        \"Bool\": {\n          \"kms:GrantIsForAWSResource\": \"true\"\n        }\n      }\n    },\n    {\n      \"Sid\": \"Allow decryption for EC2 instances\",\n      \"Effect\": \"Allow\",\n      \"Action\": \"kms:Decrypt\",\n      \"Resource\": \"*\",\n      \"Principal\": {\n        \"AWS\": \"arn:aws:iam::851077919242:role/whs_ec2_role_iac\"\n      }\n    }\n  ]\n}",
            "override_policy_documents": null,
            "policy_id": null,
            "source_policy_documents": null,
            "statement": [
              {
                "actions": [
                  "kms:*"
                ],
                "condition": [],
                "effect": "Allow",
                "not_actions": [],
                "not_principals": [],
                "not_resources": [],
                "principals": [
                  {
                    "identifiers": [
                      "arn:aws:iam::851077919242:root"
                    ],
                    "type": "AWS"
                  }
                ],
                "resources": [
                  "*"
                ],
                "sid": "Enable IAM User Permissions"
              },
              {
                "actions": [
                  "kms:*"
                ],
                "condition": [],
                "effect": "Allow",
                "not_actions": [],
                "not_principals": [],
                "not_resources": [],
                "principals": [
                  {
                    "identifiers": [
                      "arn:aws:iam::851077919242:role/whs-pipeline-from-IaC-codepipeline-role"
                    ],
                    "type": "AWS"
                  }
                ],
                "resources": [
                  "*"
                ],
                "sid": "Allow access for Key Administrators"
              },
              {
                "actions": [
                  "kms:Decrypt",
                  "kms:DescribeKey",
                  "kms:Encrypt",
                  "kms:GenerateDataKey*",
                  "kms:ReEncrypt*"
                ],
                "condition": [],
                "effect": "Allow",
                "not_actions": [],
                "not_principals": [],
                "not_resources": [],
                "principals": [
                  {
                    "identifiers": [
                      "arn:aws:iam::851077919242:role/whs-pipeline-from-IaC-codepipeline-role"
                    ],
                    "type": "AWS"
                  }
                ],
                "resources": [
                  "*"
                ],
                "sid": "Allow use of the key"
              },
              {
                "actions": [
                  "kms:CreateGrant",
                  "kms:ListGrants",
                  "kms:RevokeGrant"
                ],
                "condition": [
                  {
                    "test": "Bool",
                    "values": [
                      "true"
                    ],
                    "variable": "kms:GrantIsForAWSResource"
                  }
                ],
                "effect": "Allow",
                "not_actions": [],
                "not_principals": [],
                "not_resources": [],
                "principals": [
                  {
                    "identifiers": [
                      "arn:aws:iam::851077919242:role/whs-pipeline-from-IaC-codepipeline-role"
                    ],
                    "type": "AWS"
                  }
                ],
                "resources": [
                  "*"
                ],
                "sid": "Allow attachment of persistent resources"
              },
              {
                "actions": [
                  "kms:Decrypt"
                ],
                "condition": [],
                "effect": "Allow",
                "not_actions": [],
                "not_principals": [],
                "not_resources": [],
                "principals": [
                  {
                    "identifiers": [
                      "arn:aws:iam::851077919242:role/whs_ec2_role_iac"
                    ],
                    "type": "AWS"
                  }
                ],
                "resources": [
                  "*"
                ],
                "sid": "Allow decryption for EC2 instances"
              }
            ],
            "version": "2012-10-17"
          },
          "sensitive_attributes": []
        }
      ]
    },
    {
      "module": "module.codepipeline_kms",
      "mode": "data",
      "type": "aws_region",
      "name": "current",
      "provider": "provider[\"registry.terraform.io/hashicorp/aws\"]",
      "instances": [
        {
          "schema_version": 0,
          "attributes": {
            "description": "Asia Pacific (Seoul)",
            "endpoint": "ec2.ap-northeast-2.amazonaws.com",
            "id": "ap-northeast-2",
            "name": "ap-northeast-2"
          },
          "sensitive_attributes": []
        }
      ]
    },
    {
      "module": "module.codepipeline_kms",
      "mode": "managed",
      "type": "aws_kms_key",
      "name": "encryption_key",
      "provider": "provider[\"registry.terraform.io/hashicorp/aws\"]",
      "instances": [
        {
          "schema_version": 0,
          "attributes": {
            "arn": "arn:aws:kms:ap-northeast-2:851077919242:key/6aa503a3-82b2-448e-92df-aaf37190fefb",
            "bypass_policy_lockout_safety_check": false,
            "custom_key_store_id": "",
            "customer_master_key_spec": "SYMMETRIC_DEFAULT",
            "deletion_window_in_days": 10,
            "description": "This key is used to encrypt bucket objects",
            "enable_key_rotation": true,
            "id": "6aa503a3-82b2-448e-92df-aaf37190fefb",
            "is_enabled": true,
            "key_id": "6aa503a3-82b2-448e-92df-aaf37190fefb",
            "key_usage": "ENCRYPT_DECRYPT",
            "multi_region": false,
            "policy": "{\"Statement\":[{\"Action\":\"kms:*\",\"Effect\":\"Allow\",\"Principal\":{\"AWS\":\"arn:aws:iam::851077919242:root\"},\"Resource\":\"*\",\"Sid\":\"Enable IAM User Permissions\"},{\"Action\":\"kms:*\",\"Effect\":\"Allow\",\"Principal\":{\"AWS\":\"arn:aws:iam::851077919242:role/whs-pipeline-from-IaC-codepipeline-role\"},\"Resource\":\"*\",\"Sid\":\"Allow access for Key Administrators\"},{\"Action\":[\"kms:ReEncrypt*\",\"kms:GenerateDataKey*\",\"kms:Encrypt\",\"kms:DescribeKey\",\"kms:Decrypt\"],\"Effect\":\"Allow\",\"Principal\":{\"AWS\":\"arn:aws:iam::851077919242:role/whs-pipeline-from-IaC-codepipeline-role\"},\"Resource\":\"*\",\"Sid\":\"Allow use of the key\"},{\"Action\":[\"kms:RevokeGrant\",\"kms:ListGrants\",\"kms:CreateGrant\"],\"Condition\":{\"Bool\":{\"kms:GrantIsForAWSResource\":\"true\"}},\"Effect\":\"Allow\",\"Principal\":{\"AWS\":\"arn:aws:iam::851077919242:role/whs-pipeline-from-IaC-codepipeline-role\"},\"Resource\":\"*\",\"Sid\":\"Allow attachment of persistent resources\"},{\"Action\":\"kms:Decrypt\",\"Effect\":\"Allow\",\"Principal\":{\"AWS\":\"arn:aws:iam::851077919242:role/whs_ec2_role_iac\"},\"Resource\":\"*\",\"Sid\":\"Allow decryption for EC2 instances\"}],\"Version\":\"2012-10-17\"}",
            "tags": {
              "Account_ID": "851077919242",
              "Environment": "dev",
              "Project_Name": "whs-pipeline-from-IaC",
              "Region": "ap-northeast-2"
            },
            "tags_all": {
              "Account_ID": "851077919242",
              "Environment": "dev",
              "Project_Name": "whs-pipeline-from-IaC",
              "Region": "ap-northeast-2"
            },
            "timeouts": null
          },
          "sensitive_attributes": [],
          "private": "eyJlMmJmYjczMC1lY2FhLTExZTYtOGY4OC0zNDM2M2JjN2M0YzAiOnsiY3JlYXRlIjoxMjAwMDAwMDAwMDB9fQ==",
          "dependencies": [
            "aws_iam_instance_profile.whs_ec2_role_iac",
            "aws_iam_role.whs_ec2_role_iac",
            "data.aws_caller_identity.current",
            "data.aws_region.current",
            "module.codepipeline_iam_role.aws_iam_role.codepipeline_role",
            "module.codepipeline_iam_role.data.aws_iam_role.existing_codepipeline_role",
            "module.codepipeline_kms.data.aws_caller_identity.current",
            "module.codepipeline_kms.data.aws_iam_policy_document.kms_key_policy_doc"
          ]
        }
      ]
    },
    {
      "module": "module.codepipeline_terraform",
      "mode": "managed",
      "type": "aws_codepipeline",
      "name": "terraform_pipeline",
      "provider": "provider[\"registry.terraform.io/hashicorp/aws\"]",
      "instances": [
        {
          "schema_version": 0,
          "attributes": {
            "arn": "arn:aws:codepipeline:ap-northeast-2:851077919242:whs-pipeline-from-IaC-pipeline",
            "artifact_store": [
              {
                "encryption_key": [
                  {
                    "id": "arn:aws:kms:ap-northeast-2:851077919242:key/6aa503a3-82b2-448e-92df-aaf37190fefb",
                    "type": "KMS"
                  }
                ],
                "location": "whs-pipeline-from-iac20240103152950642400000001",
                "region": "",
                "type": "S3"
              }
            ],
            "id": "whs-pipeline-from-IaC-pipeline",
            "name": "whs-pipeline-from-IaC-pipeline",
            "role_arn": "arn:aws:iam::851077919242:role/whs-pipeline-from-IaC-codepipeline-role",
            "stage": [
              {
                "action": [
                  {
                    "category": "Source",
                    "configuration": {
                      "BranchName": "master",
                      "PollForSourceChanges": "true",
                      "RepositoryName": "whs-repo-from-IaC"
                    },
                    "input_artifacts": [],
                    "name": "Download-Source",
                    "namespace": "SourceVariables",
                    "output_artifacts": [
                      "SourceOutput"
                    ],
                    "owner": "AWS",
                    "provider": "CodeCommit",
                    "region": "",
                    "role_arn": "",
                    "run_order": 1,
                    "version": "1"
                  }
                ],
                "name": "Source"
              },
              {
                "action": [
                  {
                    "category": "Build",
                    "configuration": {
                      "ProjectName": "whs-pipeline-from-IaC-build"
                    },
                    "input_artifacts": [
                      "SourceOutput"
                    ],
                    "name": "Action-build",
                    "namespace": "",
                    "output_artifacts": [
                      "BuildOutput"
                    ],
                    "owner": "AWS",
                    "provider": "CodeBuild",
                    "region": "",
                    "role_arn": "",
                    "run_order": 2,
                    "version": "1"
                  }
                ],
                "name": "Stage-build"
              },
              {
                "action": [
                  {
                    "category": "Test",
                    "configuration": {
                      "ProjectName": "whs-pipeline-from-IaC-sca"
                    },
                    "input_artifacts": [
                      "BuildOutput"
                    ],
                    "name": "Action-sca",
                    "namespace": "",
                    "output_artifacts": [
                      "ScaOutput"
                    ],
                    "owner": "AWS",
                    "provider": "CodeBuild",
                    "region": "",
                    "role_arn": "",
                    "run_order": 3,
                    "version": "1"
                  }
                ],
                "name": "Stage-sca"
              },
              {
                "action": [
                  {
                    "category": "Test",
                    "configuration": {
                      "ProjectName": "whs-pipeline-from-IaC-sast"
                    },
                    "input_artifacts": [
                      "BuildOutput"
                    ],
                    "name": "Action-sast",
                    "namespace": "",
                    "output_artifacts": [
                      "SastOutput"
                    ],
                    "owner": "AWS",
                    "provider": "CodeBuild",
                    "region": "",
                    "role_arn": "",
                    "run_order": 4,
                    "version": "1"
                  }
                ],
                "name": "Stage-sast"
              },
              {
                "action": [
                  {
                    "category": "Test",
                    "configuration": {
                      "ProjectName": "whs-pipeline-from-IaC-dast"
                    },
                    "input_artifacts": [
                      "BuildOutput"
                    ],
                    "name": "Action-dast",
                    "namespace": "",
                    "output_artifacts": [
                      "DastOutput"
                    ],
                    "owner": "AWS",
                    "provider": "CodeBuild",
                    "region": "",
                    "role_arn": "",
                    "run_order": 5,
                    "version": "1"
                  }
                ],
                "name": "Stage-dast"
              },
              {
                "action": [
                  {
                    "category": "Deploy",
                    "configuration": {
                      "ApplicationName": "webGoat",
                      "DeploymentGroupName": "webGoat"
                    },
                    "input_artifacts": [
                      "BuildOutput"
                    ],
                    "name": "DeployAction",
                    "namespace": "",
                    "output_artifacts": null,
                    "owner": "AWS",
                    "provider": "CodeDeploy",
                    "region": "",
                    "role_arn": "",
                    "run_order": 1,
                    "version": "1"
                  }
                ],
                "name": "Deploy"
              }
            ],
            "tags": {
              "Account_ID": "851077919242",
              "Environment": "dev",
              "Project_Name": "whs-pipeline-from-IaC",
              "Region": "ap-northeast-2"
            },
            "tags_all": {
              "Account_ID": "851077919242",
              "Environment": "dev",
              "Project_Name": "whs-pipeline-from-IaC",
              "Region": "ap-northeast-2"
            }
          },
          "sensitive_attributes": [],
          "private": "bnVsbA==",
          "dependencies": [
            "aws_iam_instance_profile.whs_ec2_role_iac",
            "aws_iam_role.whs_ec2_role_iac",
            "data.aws_caller_identity.current",
            "data.aws_region.current",
            "module.codebuild_terraform.aws_codebuild_project.terraform_codebuild_project",
            "module.codecommit_infrastructure_source_repo.aws_codecommit_approval_rule_template.source_repository_approval",
            "module.codecommit_infrastructure_source_repo.aws_codecommit_approval_rule_template_association.source_repository_approval_association",
            "module.codecommit_infrastructure_source_repo.aws_codecommit_repository.source_repository",
            "module.codecommit_infrastructure_source_repo.data.aws_codecommit_repository.existing_repository",
            "module.codepipeline_iam_role.aws_iam_role.codepipeline_role",
            "module.codepipeline_iam_role.data.aws_iam_role.existing_codepipeline_role",
            "module.codepipeline_kms.aws_kms_key.encryption_key",
            "module.codepipeline_kms.data.aws_caller_identity.current",
            "module.codepipeline_kms.data.aws_iam_policy_document.kms_key_policy_doc",
            "module.s3_artifacts_bucket.aws_iam_policy.replication_s3_policy",
            "module.s3_artifacts_bucket.aws_iam_role.replication_s3_role",
            "module.s3_artifacts_bucket.aws_iam_role_policy_attachment.replication_s3_role_attach",
            "module.s3_artifacts_bucket.aws_s3_bucket.codepipeline_bucket",
            "module.s3_artifacts_bucket.aws_s3_bucket.replication_bucket",
            "module.s3_artifacts_bucket.aws_s3_bucket_acl.codepipeline_bucket_acl",
            "module.s3_artifacts_bucket.aws_s3_bucket_acl.replication_bucket_acl",
            "module.s3_artifacts_bucket.aws_s3_bucket_logging.codepipeline_bucket_logging",
            "module.s3_artifacts_bucket.aws_s3_bucket_logging.replication_bucket_logging",
            "module.s3_artifacts_bucket.aws_s3_bucket_ownership_controls.codepipeline_bucket_acl_ownership",
            "module.s3_artifacts_bucket.aws_s3_bucket_ownership_controls.replication_bucket_acl_ownership",
            "module.s3_artifacts_bucket.aws_s3_bucket_policy.bucket_policy_codepipeline_bucket",
            "module.s3_artifacts_bucket.aws_s3_bucket_policy.bucket_policy_replication_bucket",
            "module.s3_artifacts_bucket.aws_s3_bucket_public_access_block.codepipeline_bucket_access",
            "module.s3_artifacts_bucket.aws_s3_bucket_public_access_block.replication_bucket_access",
            "module.s3_artifacts_bucket.aws_s3_bucket_replication_configuration.replication_config",
            "module.s3_artifacts_bucket.aws_s3_bucket_server_side_encryption_configuration.codepipeline_bucket_encryption",
            "module.s3_artifacts_bucket.aws_s3_bucket_server_side_encryption_configuration.replication_bucket_encryption",
            "module.s3_artifacts_bucket.aws_s3_bucket_versioning.codepipeline_bucket_versioning",
            "module.s3_artifacts_bucket.aws_s3_bucket_versioning.replication_bucket_versioning",
            "module.s3_artifacts_bucket.data.aws_iam_policy_document.bucket_policy_doc_codepipeline_bucket",
            "module.s3_artifacts_bucket.data.aws_iam_policy_document.bucket_policy_doc_replication_bucket",
            "module.sonarQube.aws_lb.sonarqube_lb",
            "module.sonarQube.aws_security_group.sonarqube_lb",
            "module.sonarQube.aws_subnet.sonarqube_public_subnet_2a",
            "module.sonarQube.aws_subnet.sonarqube_public_subnet_2b",
            "module.sonarQube.aws_subnet.sonarqube_public_subnet_2c",
            "module.sonarQube.aws_vpc.sonarqube_vpc"
          ]
        }
      ]
    },
    {
      "module": "module.lambda_function_existing_package_local",
      "mode": "data",
      "type": "aws_caller_identity",
      "name": "current",
      "provider": "provider[\"registry.terraform.io/hashicorp/aws\"]",
      "instances": [
        {
          "schema_version": 0,
          "attributes": {
            "account_id": "851077919242",
            "arn": "arn:aws:iam::851077919242:user/nukunga123",
            "id": "851077919242",
            "user_id": "AIDA4MKBSOIFN3PDC2JZG"
          },
          "sensitive_attributes": []
        }
      ]
    },
    {
      "module": "module.lambda_function_existing_package_local",
      "mode": "data",
      "type": "aws_iam_policy_document",
      "name": "assume_role",
      "provider": "provider[\"registry.terraform.io/hashicorp/aws\"]",
      "instances": [
        {
          "index_key": 0,
          "schema_version": 0,
          "attributes": {
            "id": "2690255455",
            "json": "{\n  \"Version\": \"2012-10-17\",\n  \"Statement\": [\n    {\n      \"Effect\": \"Allow\",\n      \"Action\": \"sts:AssumeRole\",\n      \"Principal\": {\n        \"Service\": \"lambda.amazonaws.com\"\n      }\n    }\n  ]\n}",
            "override_policy_documents": null,
            "policy_id": null,
            "source_policy_documents": null,
            "statement": [
              {
                "actions": [
                  "sts:AssumeRole"
                ],
                "condition": [],
                "effect": "Allow",
                "not_actions": [],
                "not_principals": [],
                "not_resources": [],
                "principals": [
                  {
                    "identifiers": [
                      "lambda.amazonaws.com"
                    ],
                    "type": "Service"
                  }
                ],
                "resources": [],
                "sid": ""
              }
            ],
            "version": "2012-10-17"
          },
          "sensitive_attributes": []
        }
      ]
    },
    {
      "module": "module.lambda_function_existing_package_local",
      "mode": "data",
      "type": "aws_iam_policy_document",
      "name": "logs",
      "provider": "provider[\"registry.terraform.io/hashicorp/aws\"]",
      "instances": [
        {
          "index_key": 0,
          "schema_version": 0,
          "attributes": {
            "id": "3301254713",
            "json": "{\n  \"Version\": \"2012-10-17\",\n  \"Statement\": [\n    {\n      \"Effect\": \"Allow\",\n      \"Action\": [\n        \"logs:PutLogEvents\",\n        \"logs:CreateLogStream\",\n        \"logs:CreateLogGroup\"\n      ],\n      \"Resource\": [\n        \"arn:aws:logs:ap-northeast-2:851077919242:log-group:/aws/lambda/ImportVulToSecurityHub_test:*:*\",\n        \"arn:aws:logs:ap-northeast-2:851077919242:log-group:/aws/lambda/ImportVulToSecurityHub_test:*\"\n      ]\n    }\n  ]\n}",
            "override_policy_documents": null,
            "policy_id": null,
            "source_policy_documents": null,
            "statement": [
              {
                "actions": [
                  "logs:CreateLogGroup",
                  "logs:CreateLogStream",
                  "logs:PutLogEvents"
                ],
                "condition": [],
                "effect": "Allow",
                "not_actions": [],
                "not_principals": [],
                "not_resources": [],
                "principals": [],
                "resources": [
                  "arn:aws:logs:ap-northeast-2:851077919242:log-group:/aws/lambda/ImportVulToSecurityHub_test:*",
                  "arn:aws:logs:ap-northeast-2:851077919242:log-group:/aws/lambda/ImportVulToSecurityHub_test:*:*"
                ],
                "sid": ""
              }
            ],
            "version": "2012-10-17"
          },
          "sensitive_attributes": []
        }
      ]
    },
    {
      "module": "module.lambda_function_existing_package_local",
      "mode": "data",
      "type": "aws_partition",
      "name": "current",
      "provider": "provider[\"registry.terraform.io/hashicorp/aws\"]",
      "instances": [
        {
          "schema_version": 0,
          "attributes": {
            "dns_suffix": "amazonaws.com",
            "id": "aws",
            "partition": "aws",
            "reverse_dns_prefix": "com.amazonaws"
          },
          "sensitive_attributes": []
        }
      ]
    },
    {
      "module": "module.lambda_function_existing_package_local",
      "mode": "data",
      "type": "aws_region",
      "name": "current",
      "provider": "provider[\"registry.terraform.io/hashicorp/aws\"]",
      "instances": [
        {
          "schema_version": 0,
          "attributes": {
            "description": "Asia Pacific (Seoul)",
            "endpoint": "ec2.ap-northeast-2.amazonaws.com",
            "id": "ap-northeast-2",
            "name": "ap-northeast-2"
          },
          "sensitive_attributes": []
        }
      ]
    },
    {
      "module": "module.lambda_function_existing_package_local",
      "mode": "managed",
      "type": "aws_cloudwatch_log_group",
      "name": "lambda",
      "provider": "provider[\"registry.terraform.io/hashicorp/aws\"]",
      "instances": [
        {
          "index_key": 0,
          "schema_version": 0,
          "attributes": {
            "arn": "arn:aws:logs:ap-northeast-2:851077919242:log-group:/aws/lambda/ImportVulToSecurityHub_test",
            "id": "/aws/lambda/ImportVulToSecurityHub_test",
            "kms_key_id": "",
            "log_group_class": "STANDARD",
            "name": "/aws/lambda/ImportVulToSecurityHub_test",
            "name_prefix": "",
            "retention_in_days": 0,
            "skip_destroy": false,
            "tags": {},
            "tags_all": {}
          },
          "sensitive_attributes": [],
          "private": "bnVsbA=="
        }
      ]
    },
    {
      "module": "module.lambda_function_existing_package_local",
      "mode": "managed",
      "type": "aws_iam_policy",
      "name": "logs",
      "provider": "provider[\"registry.terraform.io/hashicorp/aws\"]",
      "instances": [
        {
          "index_key": 0,
          "schema_version": 0,
          "attributes": {
            "arn": "arn:aws:iam::851077919242:policy/ImportVulToSecurityHub_test-logs",
            "description": "",
            "id": "arn:aws:iam::851077919242:policy/ImportVulToSecurityHub_test-logs",
            "name": "ImportVulToSecurityHub_test-logs",
            "name_prefix": "",
            "path": "/",
            "policy": "{\"Statement\":[{\"Action\":[\"logs:PutLogEvents\",\"logs:CreateLogStream\",\"logs:CreateLogGroup\"],\"Effect\":\"Allow\",\"Resource\":[\"arn:aws:logs:ap-northeast-2:851077919242:log-group:/aws/lambda/ImportVulToSecurityHub_test:*:*\",\"arn:aws:logs:ap-northeast-2:851077919242:log-group:/aws/lambda/ImportVulToSecurityHub_test:*\"]}],\"Version\":\"2012-10-17\"}",
            "policy_id": "ANPA4MKBSOIFBB6JL4QXK",
            "tags": {},
            "tags_all": {}
          },
          "sensitive_attributes": [],
          "private": "bnVsbA==",
          "dependencies": [
            "module.lambda_function_existing_package_local.aws_cloudwatch_log_group.lambda",
            "module.lambda_function_existing_package_local.data.aws_arn.log_group_arn",
            "module.lambda_function_existing_package_local.data.aws_cloudwatch_log_group.lambda",
            "module.lambda_function_existing_package_local.data.aws_iam_policy_document.logs"
          ]
        }
      ]
    },
    {
      "module": "module.lambda_function_existing_package_local",
      "mode": "managed",
      "type": "aws_iam_role",
      "name": "lambda",
      "provider": "provider[\"registry.terraform.io/hashicorp/aws\"]",
      "instances": [
        {
          "index_key": 0,
          "schema_version": 0,
          "attributes": {
            "arn": "arn:aws:iam::851077919242:role/ImportVulToSecurityHub_test",
            "assume_role_policy": "{\"Statement\":[{\"Action\":\"sts:AssumeRole\",\"Effect\":\"Allow\",\"Principal\":{\"Service\":\"lambda.amazonaws.com\"}}],\"Version\":\"2012-10-17\"}",
            "create_date": "2024-01-03T17:28:56Z",
            "description": "",
            "force_detach_policies": true,
            "id": "ImportVulToSecurityHub_test",
            "inline_policy": [],
            "managed_policy_arns": [
              "arn:aws:iam::851077919242:policy/ImportVulToSecurityHub_test-logs"
            ],
            "max_session_duration": 3600,
            "name": "ImportVulToSecurityHub_test",
            "name_prefix": "",
            "path": "/",
            "permissions_boundary": "",
            "tags": {},
            "tags_all": {},
            "unique_id": "AROA4MKBSOIFOPZDT6K4M"
          },
          "sensitive_attributes": [],
          "private": "bnVsbA==",
          "dependencies": [
            "module.lambda_function_existing_package_local.data.aws_iam_policy_document.assume_role"
          ]
        }
      ]
    },
    {
      "module": "module.lambda_function_existing_package_local",
      "mode": "managed",
      "type": "aws_iam_role_policy_attachment",
      "name": "logs",
      "provider": "provider[\"registry.terraform.io/hashicorp/aws\"]",
      "instances": [
        {
          "index_key": 0,
          "schema_version": 0,
          "attributes": {
            "id": "ImportVulToSecurityHub_test-20240103172858359200000001",
            "policy_arn": "arn:aws:iam::851077919242:policy/ImportVulToSecurityHub_test-logs",
            "role": "ImportVulToSecurityHub_test"
          },
          "sensitive_attributes": [],
          "private": "bnVsbA==",
          "dependencies": [
            "module.lambda_function_existing_package_local.aws_cloudwatch_log_group.lambda",
            "module.lambda_function_existing_package_local.aws_iam_policy.logs",
            "module.lambda_function_existing_package_local.aws_iam_role.lambda",
            "module.lambda_function_existing_package_local.data.aws_arn.log_group_arn",
            "module.lambda_function_existing_package_local.data.aws_cloudwatch_log_group.lambda",
            "module.lambda_function_existing_package_local.data.aws_iam_policy_document.assume_role",
            "module.lambda_function_existing_package_local.data.aws_iam_policy_document.logs"
          ]
        }
      ]
    },
    {
      "module": "module.lambda_function_existing_package_local",
      "mode": "managed",
      "type": "aws_lambda_function",
      "name": "this",
      "provider": "provider[\"registry.terraform.io/hashicorp/aws\"]",
      "instances": [
        {
          "index_key": 0,
          "schema_version": 0,
          "attributes": {
            "architectures": [
              "x86_64"
            ],
            "arn": "arn:aws:lambda:ap-northeast-2:851077919242:function:ImportVulToSecurityHub_test",
            "code_signing_config_arn": "",
            "dead_letter_config": [],
            "description": "",
            "environment": [],
            "ephemeral_storage": [
              {
                "size": 512
              }
            ],
            "file_system_config": [],
            "filename": "./lambdaFunc.zip",
            "function_name": "ImportVulToSecurityHub_test",
            "handler": "import_findings_security_hub.lambda_handler",
            "id": "ImportVulToSecurityHub_test",
            "image_config": [],
            "image_uri": "",
            "invoke_arn": "arn:aws:apigateway:ap-northeast-2:lambda:path/2015-03-31/functions/arn:aws:lambda:ap-northeast-2:851077919242:function:ImportVulToSecurityHub_test/invocations",
            "kms_key_arn": "",
            "last_modified": "2024-01-05T09:23:42.000+0000",
            "layers": [],
            "memory_size": 128,
            "package_type": "Zip",
            "publish": false,
            "qualified_arn": "arn:aws:lambda:ap-northeast-2:851077919242:function:ImportVulToSecurityHub_test:$LATEST",
            "qualified_invoke_arn": "arn:aws:apigateway:ap-northeast-2:lambda:path/2015-03-31/functions/arn:aws:lambda:ap-northeast-2:851077919242:function:ImportVulToSecurityHub_test:$LATEST/invocations",
            "replace_security_groups_on_destroy": null,
            "replacement_security_group_ids": null,
            "reserved_concurrent_executions": -1,
            "role": "arn:aws:iam::851077919242:role/ImportVulToSecurityHub_test",
            "runtime": "python3.10",
            "s3_bucket": null,
            "s3_key": null,
            "s3_object_version": null,
            "signing_job_arn": "",
            "signing_profile_version_arn": "",
            "skip_destroy": false,
            "snap_start": [],
            "source_code_hash": "jyyAeNg2VGY1xU+YZYhvFxIfHo7+ZYGSNiqUiQs+JlY=",
            "source_code_size": 3850,
            "tags": {},
            "tags_all": {},
            "timeout": 60,
            "timeouts": {
              "create": null,
              "delete": null,
              "update": null
            },
            "tracing_config": [
              {
                "mode": "PassThrough"
              }
            ],
            "version": "$LATEST",
            "vpc_config": []
          },
          "sensitive_attributes": [],
          "private": "eyJlMmJmYjczMC1lY2FhLTExZTYtOGY4OC0zNDM2M2JjN2M0YzAiOnsiY3JlYXRlIjo2MDAwMDAwMDAwMDAsImRlbGV0ZSI6NjAwMDAwMDAwMDAwLCJ1cGRhdGUiOjYwMDAwMDAwMDAwMH19",
          "dependencies": [
            "module.lambda_function_existing_package_local.aws_cloudwatch_log_group.lambda",
            "module.lambda_function_existing_package_local.aws_iam_policy.additional_inline",
            "module.lambda_function_existing_package_local.aws_iam_policy.additional_json",
            "module.lambda_function_existing_package_local.aws_iam_policy.additional_jsons",
            "module.lambda_function_existing_package_local.aws_iam_policy.async",
            "module.lambda_function_existing_package_local.aws_iam_policy.dead_letter",
            "module.lambda_function_existing_package_local.aws_iam_policy.logs",
            "module.lambda_function_existing_package_local.aws_iam_policy.tracing",
            "module.lambda_function_existing_package_local.aws_iam_policy.vpc",
            "module.lambda_function_existing_package_local.aws_iam_role.lambda",
            "module.lambda_function_existing_package_local.aws_iam_role_policy_attachment.additional_inline",
            "module.lambda_function_existing_package_local.aws_iam_role_policy_attachment.additional_json",
            "module.lambda_function_existing_package_local.aws_iam_role_policy_attachment.additional_jsons",
            "module.lambda_function_existing_package_local.aws_iam_role_policy_attachment.additional_many",
            "module.lambda_function_existing_package_local.aws_iam_role_policy_attachment.additional_one",
            "module.lambda_function_existing_package_local.aws_iam_role_policy_attachment.async",
            "module.lambda_function_existing_package_local.aws_iam_role_policy_attachment.dead_letter",
            "module.lambda_function_existing_package_local.aws_iam_role_policy_attachment.logs",
            "module.lambda_function_existing_package_local.aws_iam_role_policy_attachment.tracing",
            "module.lambda_function_existing_package_local.aws_iam_role_policy_attachment.vpc",
            "module.lambda_function_existing_package_local.aws_s3_object.lambda_package",
            "module.lambda_function_existing_package_local.data.aws_arn.log_group_arn",
            "module.lambda_function_existing_package_local.data.aws_cloudwatch_log_group.lambda",
            "module.lambda_function_existing_package_local.data.aws_iam_policy.tracing",
            "module.lambda_function_existing_package_local.data.aws_iam_policy.vpc",
            "module.lambda_function_existing_package_local.data.aws_iam_policy_document.additional_inline",
            "module.lambda_function_existing_package_local.data.aws_iam_policy_document.assume_role",
            "module.lambda_function_existing_package_local.data.aws_iam_policy_document.async",
            "module.lambda_function_existing_package_local.data.aws_iam_policy_document.dead_letter",
            "module.lambda_function_existing_package_local.data.aws_iam_policy_document.logs",
            "module.lambda_function_existing_package_local.data.aws_partition.current",
            "module.lambda_function_existing_package_local.data.external.archive_prepare",
            "module.lambda_function_existing_package_local.local_file.archive_plan",
            "module.lambda_function_existing_package_local.null_resource.archive"
          ]
        }
      ]
    },
    {
      "module": "module.owasp-zap",
      "mode": "data",
      "type": "aws_iam_policy",
      "name": "ec2_role_for_aws_code_deploy",
      "provider": "module.owasp-zap.provider[\"registry.terraform.io/hashicorp/aws\"]",
      "instances": [
        {
          "schema_version": 0,
          "attributes": {
            "arn": "arn:aws:iam::aws:policy/service-role/AmazonEC2RoleforAWSCodeDeploy",
            "description": "Provides EC2 access to S3 bucket to download revision. This role is needed by the CodeDeploy agent on EC2 instances.",
            "id": "arn:aws:iam::aws:policy/service-role/AmazonEC2RoleforAWSCodeDeploy",
            "name": "AmazonEC2RoleforAWSCodeDeploy",
            "path": "/service-role/",
            "path_prefix": null,
            "policy": "{\n  \"Version\": \"2012-10-17\",\n  \"Statement\": [\n    {\n      \"Action\": [\n        \"s3:GetObject\",\n        \"s3:GetObjectVersion\",\n        \"s3:ListBucket\"\n      ],\n      \"Effect\": \"Allow\",\n      \"Resource\": \"*\"\n    }\n  ]\n}",
            "policy_id": "ANPAIAZKXZ27TAJ4PVWGK",
            "tags": {}
          },
          "sensitive_attributes": []
        }
      ]
    },
    {
      "module": "module.owasp-zap",
      "mode": "data",
      "type": "aws_iam_policy",
      "name": "ec2_role_for_ssm",
      "provider": "module.owasp-zap.provider[\"registry.terraform.io/hashicorp/aws\"]",
      "instances": [
        {
          "schema_version": 0,
          "attributes": {
            "arn": "arn:aws:iam::aws:policy/service-role/AmazonEC2RoleforSSM",
            "description": "This policy will soon be deprecated. Please use AmazonSSMManagedInstanceCore policy to enable AWS Systems Manager service core functionality on EC2 instances. For more information see https://docs.aws.amazon.com/systems-manager/latest/userguide/setup-instance-profile.html",
            "id": "arn:aws:iam::aws:policy/service-role/AmazonEC2RoleforSSM",
            "name": "AmazonEC2RoleforSSM",
            "path": "/service-role/",
            "path_prefix": null,
            "policy": "{\n    \"Version\": \"2012-10-17\",\n    \"Statement\": [\n        {\n            \"Effect\": \"Allow\",\n            \"Action\": [\n                \"ssm:DescribeAssociation\",\n                \"ssm:GetDeployablePatchSnapshotForInstance\",\n                \"ssm:GetDocument\",\n                \"ssm:DescribeDocument\",\n                \"ssm:GetManifest\",\n                \"ssm:GetParameters\",\n                \"ssm:ListAssociations\",\n                \"ssm:ListInstanceAssociations\",\n                \"ssm:PutInventory\",\n                \"ssm:PutComplianceItems\",\n                \"ssm:PutConfigurePackageResult\",\n                \"ssm:UpdateAssociationStatus\",\n                \"ssm:UpdateInstanceAssociationStatus\",\n                \"ssm:UpdateInstanceInformation\"\n            ],\n            \"Resource\": \"*\"\n        },\n        {\n            \"Effect\": \"Allow\",\n            \"Action\": [\n                \"ssmmessages:CreateControlChannel\",\n                \"ssmmessages:CreateDataChannel\",\n                \"ssmmessages:OpenControlChannel\",\n                \"ssmmessages:OpenDataChannel\"         \n            ],\n            \"Resource\": \"*\"\n        },\n        {\n            \"Effect\": \"Allow\",\n            \"Action\": [\n                \"ec2messages:AcknowledgeMessage\",\n                \"ec2messages:DeleteMessage\",\n                \"ec2messages:FailMessage\",\n                \"ec2messages:GetEndpoint\",\n                \"ec2messages:GetMessages\",\n                \"ec2messages:SendReply\"\n            ],\n            \"Resource\": \"*\"\n        },\n        {\n            \"Effect\": \"Allow\",\n            \"Action\": [\n                \"cloudwatch:PutMetricData\"\n            ],\n            \"Resource\": \"*\"\n        },\n        {\n            \"Effect\": \"Allow\",\n            \"Action\": [\n                \"ec2:DescribeInstanceStatus\"\n            ],\n            \"Resource\": \"*\"\n        },\n        {\n            \"Effect\": \"Allow\",\n            \"Action\": [\n                \"ds:CreateComputer\",\n                \"ds:DescribeDirectories\"\n            ],\n            \"Resource\": \"*\"\n        },\n        {\n            \"Effect\": \"Allow\",\n            \"Action\": [\n                \"logs:CreateLogGroup\",\n                \"logs:CreateLogStream\",\n                \"logs:DescribeLogGroups\",\n                \"logs:DescribeLogStreams\",\n                \"logs:PutLogEvents\"\n            ],\n            \"Resource\": \"*\"\n        },\n        {\n            \"Effect\": \"Allow\",\n            \"Action\": [\n                \"s3:GetBucketLocation\",\n                \"s3:PutObject\",\n                \"s3:GetObject\",\n                \"s3:GetEncryptionConfiguration\",\n                \"s3:AbortMultipartUpload\",\n                \"s3:ListMultipartUploadParts\",\n                \"s3:ListBucket\",\n                \"s3:ListBucketMultipartUploads\"\n            ],\n            \"Resource\": \"*\"\n        }\n    ]\n}",
            "policy_id": "ANPAI6TL3SMY22S4KMMX6",
            "tags": {}
          },
          "sensitive_attributes": []
        }
      ]
    },
    {
      "module": "module.owasp-zap",
      "mode": "data",
      "type": "aws_iam_policy",
      "name": "s3_access_policy",
      "provider": "module.owasp-zap.provider[\"registry.terraform.io/hashicorp/aws\"]",
      "instances": [
        {
          "schema_version": 0,
          "attributes": {
            "arn": "arn:aws:iam::851077919242:policy/S3AccessPolicy",
            "description": "Allow S3 access for CodeBuild",
            "id": "arn:aws:iam::851077919242:policy/S3AccessPolicy",
            "name": "S3AccessPolicy",
            "path": "/",
            "path_prefix": null,
            "policy": "{\"Statement\":[{\"Action\":[\"s3:GetObject\",\"s3:GetObjectVersion\",\"s3:ListBucket\"],\"Effect\":\"Allow\",\"Resource\":[\"*\",\"arn:aws:s3:::codebuild-test-hbucket\",\"arn:aws:s3:::codebuild-test-hbucket/*\"],\"Sid\":\"Statement1\"}],\"Version\":\"2012-10-17\"}",
            "policy_id": "ANPA4MKBSOIFBSQ6OYHGK",
            "tags": {}
          },
          "sensitive_attributes": []
        }
      ]
    },
    {
      "module": "module.owasp-zap",
      "mode": "data",
      "type": "aws_iam_policy",
      "name": "ssm_full_access",
      "provider": "module.owasp-zap.provider[\"registry.terraform.io/hashicorp/aws\"]",
      "instances": [
        {
          "schema_version": 0,
          "attributes": {
            "arn": "arn:aws:iam::aws:policy/AmazonSSMFullAccess",
            "description": "Provides full access to Amazon SSM.",
            "id": "arn:aws:iam::aws:policy/AmazonSSMFullAccess",
            "name": "AmazonSSMFullAccess",
            "path": "/",
            "path_prefix": null,
            "policy": "{\n  \"Version\": \"2012-10-17\",\n  \"Statement\": [\n    {\n      \"Effect\": \"Allow\",\n      \"Action\": [\n        \"cloudwatch:PutMetricData\",\n        \"ds:CreateComputer\",\n        \"ds:DescribeDirectories\",\n        \"ec2:DescribeInstanceStatus\",\n        \"logs:*\",\n        \"ssm:*\",\n        \"ec2messages:*\"\n      ],\n      \"Resource\": \"*\"\n    },\n    {\n      \"Effect\": \"Allow\",\n      \"Action\": \"iam:CreateServiceLinkedRole\",\n      \"Resource\": \"arn:aws:iam::*:role/aws-service-role/ssm.amazonaws.com/AWSServiceRoleForAmazonSSM*\",\n      \"Condition\": {\n        \"StringLike\": {\n          \"iam:AWSServiceName\": \"ssm.amazonaws.com\"\n        }\n      }\n    },\n    {\n      \"Effect\": \"Allow\",\n      \"Action\": [\n        \"iam:DeleteServiceLinkedRole\",\n        \"iam:GetServiceLinkedRoleDeletionStatus\"\n      ],\n      \"Resource\": \"arn:aws:iam::*:role/aws-service-role/ssm.amazonaws.com/AWSServiceRoleForAmazonSSM*\"\n    },\n    {\n      \"Effect\": \"Allow\",\n      \"Action\": [\n         \"ssmmessages:CreateControlChannel\",\n         \"ssmmessages:CreateDataChannel\",\n         \"ssmmessages:OpenControlChannel\",\n         \"ssmmessages:OpenDataChannel\"\n      ],\n      \"Resource\": \"*\"\n    }\n  ]\n}",
            "policy_id": "ANPAJA7V6HI4ISQFMDYAG",
            "tags": {}
          },
          "sensitive_attributes": []
        }
      ]
    },
    {
      "module": "module.owasp-zap",
      "mode": "data",
      "type": "aws_iam_policy",
      "name": "ssm_managed_instance_core",
      "provider": "module.owasp-zap.provider[\"registry.terraform.io/hashicorp/aws\"]",
      "instances": [
        {
          "schema_version": 0,
          "attributes": {
            "arn": "arn:aws:iam::aws:policy/AmazonSSMManagedInstanceCore",
            "description": "The policy for Amazon EC2 Role to enable AWS Systems Manager service core functionality.",
            "id": "arn:aws:iam::aws:policy/AmazonSSMManagedInstanceCore",
            "name": "AmazonSSMManagedInstanceCore",
            "path": "/",
            "path_prefix": null,
            "policy": "{\n    \"Version\": \"2012-10-17\",\n    \"Statement\": [\n        {\n            \"Effect\": \"Allow\",\n            \"Action\": [\n                \"ssm:DescribeAssociation\",\n                \"ssm:GetDeployablePatchSnapshotForInstance\",\n                \"ssm:GetDocument\",\n                \"ssm:DescribeDocument\",\n                \"ssm:GetManifest\",\n                \"ssm:GetParameter\",\n                \"ssm:GetParameters\",\n                \"ssm:ListAssociations\",\n                \"ssm:ListInstanceAssociations\",\n                \"ssm:PutInventory\",\n                \"ssm:PutComplianceItems\",\n                \"ssm:PutConfigurePackageResult\",\n                \"ssm:UpdateAssociationStatus\",\n                \"ssm:UpdateInstanceAssociationStatus\",\n                \"ssm:UpdateInstanceInformation\"\n            ],\n            \"Resource\": \"*\"\n        },\n        {\n            \"Effect\": \"Allow\",\n            \"Action\": [\n                \"ssmmessages:CreateControlChannel\",\n                \"ssmmessages:CreateDataChannel\",\n                \"ssmmessages:OpenControlChannel\",\n                \"ssmmessages:OpenDataChannel\"\n            ],\n            \"Resource\": \"*\"\n        },\n        {\n            \"Effect\": \"Allow\",\n            \"Action\": [\n                \"ec2messages:AcknowledgeMessage\",\n                \"ec2messages:DeleteMessage\",\n                \"ec2messages:FailMessage\",\n                \"ec2messages:GetEndpoint\",\n                \"ec2messages:GetMessages\",\n                \"ec2messages:SendReply\"\n            ],\n            \"Resource\": \"*\"\n        }\n    ]\n}",
            "policy_id": "ANPAIXSHM2BNB2D3AXXRU",
            "tags": {}
          },
          "sensitive_attributes": []
        }
      ]
    },
    {
      "module": "module.owasp-zap",
      "mode": "data",
      "type": "aws_instance",
      "name": "zap_instance_id",
      "provider": "module.owasp-zap.provider[\"registry.terraform.io/hashicorp/aws\"]",
      "instances": [
        {
          "schema_version": 0,
          "attributes": {
            "ami": "ami-05e02e6210658716f",
            "arn": "arn:aws:ec2:ap-northeast-2:851077919242:instance/i-0fcc093f384111939",
            "associate_public_ip_address": true,
            "availability_zone": "ap-northeast-2c",
            "credit_specification": [
              {
                "cpu_credits": "standard"
              }
            ],
            "disable_api_stop": false,
            "disable_api_termination": false,
            "ebs_block_device": [],
            "ebs_optimized": false,
            "enclave_options": [
              {
                "enabled": false
              }
            ],
            "ephemeral_block_device": [],
            "filter": null,
            "get_password_data": false,
            "get_user_data": false,
            "host_id": "",
            "host_resource_group_arn": "",
            "iam_instance_profile": "zap-terraform-service-role",
            "id": "i-0fcc093f384111939",
            "instance_id": "i-0fcc093f384111939",
            "instance_state": "running",
            "instance_tags": null,
            "instance_type": "t2.medium",
            "ipv6_addresses": [],
            "key_name": "wasp-zap",
            "maintenance_options": [
              {
                "auto_recovery": "default"
              }
            ],
            "metadata_options": [
              {
                "http_endpoint": "enabled",
                "http_protocol_ipv6": "disabled",
                "http_put_response_hop_limit": 1,
                "http_tokens": "required",
                "instance_metadata_tags": "disabled"
              }
            ],
            "monitoring": false,
            "network_interface_id": "eni-09d1efb6a1ddac7e5",
            "outpost_arn": "",
            "password_data": null,
            "placement_group": "",
            "placement_partition_number": 0,
            "private_dns": "ip-10-0-111-25.ap-northeast-2.compute.internal",
            "private_dns_name_options": [
              {
                "enable_resource_name_dns_a_record": false,
                "enable_resource_name_dns_aaaa_record": false,
                "hostname_type": "ip-name"
              }
            ],
            "private_ip": "10.0.111.25",
            "public_dns": "ec2-43-202-185-242.ap-northeast-2.compute.amazonaws.com",
            "public_ip": "43.202.185.242",
            "root_block_device": [
              {
                "delete_on_termination": true,
                "device_name": "/dev/xvda",
                "encrypted": false,
                "iops": 100,
                "kms_key_id": "",
                "tags": {},
                "throughput": 0,
                "volume_id": "vol-040deaaa6f8f4a122",
                "volume_size": 8,
                "volume_type": "gp2"
              }
            ],
            "secondary_private_ips": [],
            "security_groups": [],
            "source_dest_check": true,
            "subnet_id": "subnet-0d6087af3542c9f42",
            "tags": {
              "Name": "ZapTestInstance"
            },
            "tenancy": "default",
            "timeouts": null,
            "user_data": null,
            "user_data_base64": null,
            "vpc_security_group_ids": [
              "sg-053e78e9d0668dd7f"
            ]
          },
          "sensitive_attributes": []
        }
      ]
    },
    {
      "module": "module.owasp-zap",
      "mode": "managed",
      "type": "aws_eip",
      "name": "elasticip",
      "provider": "module.owasp-zap.provider[\"registry.terraform.io/hashicorp/aws\"]",
      "instances": [
        {
          "schema_version": 0,
          "attributes": {
            "address": null,
            "allocation_id": "eipalloc-01ae2d8c1cfdae317",
            "associate_with_private_ip": null,
            "association_id": "eipassoc-0c2a4d7906685d97a",
            "carrier_ip": "",
            "customer_owned_ip": "",
            "customer_owned_ipv4_pool": "",
            "domain": "vpc",
            "id": "eipalloc-01ae2d8c1cfdae317",
            "instance": "i-0fcc093f384111939",
            "network_border_group": "ap-northeast-2",
            "network_interface": "eni-09d1efb6a1ddac7e5",
            "private_dns": "ip-10-0-111-25.ap-northeast-2.compute.internal",
            "private_ip": "10.0.111.25",
            "public_dns": "ec2-43-202-185-242.ap-northeast-2.compute.amazonaws.com",
            "public_ip": "43.202.185.242",
            "public_ipv4_pool": "amazon",
            "tags": {},
            "tags_all": {},
            "timeouts": null,
            "vpc": true
          },
          "sensitive_attributes": [],
          "private": "eyJlMmJmYjczMC1lY2FhLTExZTYtOGY4OC0zNDM2M2JjN2M0YzAiOnsiZGVsZXRlIjoxODAwMDAwMDAwMDAsInJlYWQiOjkwMDAwMDAwMDAwMCwidXBkYXRlIjozMDAwMDAwMDAwMDB9fQ==",
          "dependencies": [
            "module.owasp-zap.aws_iam_instance_profile.zap_instance_profile",
            "module.owasp-zap.aws_iam_role.service_role",
            "module.owasp-zap.aws_instance.zap_instance",
            "module.owasp-zap.aws_security_group.zap_sg",
            "module.vpc.aws_subnet.public",
            "module.vpc.aws_vpc.this",
            "module.vpc.aws_vpc_ipv4_cidr_block_association.this"
          ]
        }
      ]
    },
    {
      "module": "module.owasp-zap",
      "mode": "managed",
      "type": "aws_iam_instance_profile",
      "name": "zap_instance_profile",
      "provider": "module.owasp-zap.provider[\"registry.terraform.io/hashicorp/aws\"]",
      "instances": [
        {
          "schema_version": 0,
          "attributes": {
            "arn": "arn:aws:iam::851077919242:instance-profile/zap-terraform-service-role",
            "create_date": "2024-01-03T15:29:52Z",
            "id": "zap-terraform-service-role",
            "name": "zap-terraform-service-role",
            "name_prefix": "",
            "path": "/",
            "role": "zap-terraform-service-role",
            "tags": {},
            "tags_all": {},
            "unique_id": "AIPA4MKBSOIFF7BO2UVNG"
          },
          "sensitive_attributes": [],
          "private": "bnVsbA==",
          "dependencies": [
            "module.owasp-zap.aws_iam_role.service_role"
          ]
        }
      ]
    },
    {
      "module": "module.owasp-zap",
      "mode": "managed",
      "type": "aws_iam_policy",
      "name": "code_deploy_policy",
      "provider": "module.owasp-zap.provider[\"registry.terraform.io/hashicorp/aws\"]",
      "instances": [
        {
          "schema_version": 0,
          "attributes": {
            "arn": "arn:aws:iam::851077919242:policy/CodeDeployPolicy",
            "description": "Policy for AWS CodeDeploy",
            "id": "arn:aws:iam::851077919242:policy/CodeDeployPolicy",
            "name": "CodeDeployPolicy",
            "name_prefix": "",
            "path": "/",
            "policy": "{\"Statement\":[{\"Action\":[\"s3:GetObject\",\"s3:GetObjectVersion\",\"s3:ListBucket\"],\"Effect\":\"Allow\",\"Resource\":\"*\"}],\"Version\":\"2012-10-17\"}",
            "policy_id": "ANPA4MKBSOIFBJ7XVWFD5",
            "tags": {},
            "tags_all": {}
          },
          "sensitive_attributes": [],
          "private": "bnVsbA=="
        }
      ]
    },
    {
      "module": "module.owasp-zap",
      "mode": "managed",
      "type": "aws_iam_policy",
      "name": "s3_access_policy",
      "provider": "module.owasp-zap.provider[\"registry.terraform.io/hashicorp/aws\"]",
      "instances": [
        {
          "schema_version": 0,
          "attributes": {
            "arn": "arn:aws:iam::851077919242:policy/S3AccessPolicy",
            "description": "Allow S3 access for CodeBuild",
            "id": "arn:aws:iam::851077919242:policy/S3AccessPolicy",
            "name": "S3AccessPolicy",
            "name_prefix": "",
            "path": "/",
            "policy": "{\"Statement\":[{\"Action\":[\"s3:GetObject\",\"s3:GetObjectVersion\",\"s3:ListBucket\"],\"Effect\":\"Allow\",\"Resource\":[\"*\",\"arn:aws:s3:::codebuild-test-hbucket\",\"arn:aws:s3:::codebuild-test-hbucket/*\"],\"Sid\":\"Statement1\"}],\"Version\":\"2012-10-17\"}",
            "policy_id": "ANPA4MKBSOIFBSQ6OYHGK",
            "tags": {},
            "tags_all": {}
          },
          "sensitive_attributes": [],
          "private": "bnVsbA=="
        }
      ]
    },
    {
      "module": "module.owasp-zap",
      "mode": "managed",
      "type": "aws_iam_policy",
      "name": "ssm_policy",
      "provider": "module.owasp-zap.provider[\"registry.terraform.io/hashicorp/aws\"]",
      "instances": [
        {
          "schema_version": 0,
          "attributes": {
            "arn": "arn:aws:iam::851077919242:policy/SSMPolicy",
            "description": "Policy for AWS Systems Manager (SSM)",
            "id": "arn:aws:iam::851077919242:policy/SSMPolicy",
            "name": "SSMPolicy",
            "name_prefix": "",
            "path": "/",
            "policy": "{\"Statement\":[{\"Action\":[\"ssm:DescribeAssociation\",\"ssm:GetDeployablePatchSnapshotForInstance\",\"ssm:GetDocument\",\"ssm:DescribeDocument\",\"ssm:GetManifest\",\"ssm:GetParameters\",\"ssm:ListAssociations\",\"ssm:ListInstanceAssociations\",\"ssm:PutInventory\",\"ssm:PutComplianceItems\",\"ssm:PutConfigurePackageResult\",\"ssm:UpdateAssociationStatus\",\"ssm:UpdateInstanceAssociationStatus\",\"ssm:UpdateInstanceInformation\"],\"Effect\":\"Allow\",\"Resource\":\"*\"},{\"Action\":[\"ssmmessages:CreateControlChannel\",\"ssmmessages:CreateDataChannel\",\"ssmmessages:OpenControlChannel\",\"ssmmessages:OpenDataChannel\"],\"Effect\":\"Allow\",\"Resource\":\"*\"},{\"Action\":[\"ec2messages:AcknowledgeMessage\",\"ec2messages:DeleteMessage\",\"ec2messages:FailMessage\",\"ec2messages:GetEndpoint\",\"ec2messages:GetMessages\",\"ec2messages:SendReply\"],\"Effect\":\"Allow\",\"Resource\":\"*\"},{\"Action\":[\"cloudwatch:PutMetricData\"],\"Effect\":\"Allow\",\"Resource\":\"*\"},{\"Action\":[\"ec2:DescribeInstanceStatus\"],\"Effect\":\"Allow\",\"Resource\":\"*\"},{\"Action\":[\"ds:CreateComputer\",\"ds:DescribeDirectories\"],\"Effect\":\"Allow\",\"Resource\":\"*\"},{\"Action\":[\"logs:CreateLogGroup\",\"logs:CreateLogStream\",\"logs:DescribeLogGroups\",\"logs:DescribeLogStreams\",\"logs:PutLogEvents\"],\"Effect\":\"Allow\",\"Resource\":\"*\"},{\"Action\":[\"s3:GetBucketLocation\",\"s3:PutObject\",\"s3:GetObject\",\"s3:GetEncryptionConfiguration\",\"s3:AbortMultipartUpload\",\"s3:ListMultipartUploadParts\",\"s3:ListBucket\",\"s3:ListBucketMultipartUploads\"],\"Effect\":\"Allow\",\"Resource\":\"*\"}],\"Version\":\"2012-10-17\"}",
            "policy_id": "ANPA4MKBSOIFO4ZRLZKIY",
            "tags": {},
            "tags_all": {}
          },
          "sensitive_attributes": [],
          "private": "bnVsbA=="
        }
      ]
    },
    {
      "module": "module.owasp-zap",
      "mode": "managed",
      "type": "aws_iam_role",
      "name": "service_role",
      "provider": "module.owasp-zap.provider[\"registry.terraform.io/hashicorp/aws\"]",
      "instances": [
        {
          "schema_version": 0,
          "attributes": {
            "arn": "arn:aws:iam::851077919242:role/zap-terraform-service-role",
            "assume_role_policy": "{\"Statement\":[{\"Action\":\"sts:AssumeRole\",\"Effect\":\"Allow\",\"Principal\":{\"Service\":\"ec2.amazonaws.com\"}}],\"Version\":\"2012-10-17\"}",
            "create_date": "2024-01-03T15:29:49Z",
            "description": "",
            "force_detach_policies": false,
            "id": "zap-terraform-service-role",
            "inline_policy": [],
            "managed_policy_arns": [
              "arn:aws:iam::851077919242:policy/S3AccessPolicy",
              "arn:aws:iam::aws:policy/AmazonSSMFullAccess",
              "arn:aws:iam::aws:policy/AmazonSSMManagedInstanceCore",
              "arn:aws:iam::aws:policy/service-role/AmazonEC2RoleforAWSCodeDeploy",
              "arn:aws:iam::aws:policy/service-role/AmazonEC2RoleforSSM"
            ],
            "max_session_duration": 3600,
            "name": "zap-terraform-service-role",
            "name_prefix": "",
            "path": "/",
            "permissions_boundary": "",
            "tags": {},
            "tags_all": {},
            "unique_id": "AROA4MKBSOIFBZZFZUOZO"
          },
          "sensitive_attributes": [],
          "private": "bnVsbA=="
        }
      ]
    },
    {
      "module": "module.owasp-zap",
      "mode": "managed",
      "type": "aws_iam_role_policy_attachment",
      "name": "code_deploy_attachment",
      "provider": "module.owasp-zap.provider[\"registry.terraform.io/hashicorp/aws\"]",
      "instances": [
        {
          "schema_version": 0,
          "attributes": {
            "id": "zap-terraform-service-role-20240103152952878600000003",
            "policy_arn": "arn:aws:iam::aws:policy/service-role/AmazonEC2RoleforAWSCodeDeploy",
            "role": "zap-terraform-service-role"
          },
          "sensitive_attributes": [],
          "private": "bnVsbA==",
          "dependencies": [
            "module.owasp-zap.aws_iam_role.service_role",
            "module.owasp-zap.data.aws_iam_policy.ec2_role_for_aws_code_deploy"
          ]
        }
      ]
    },
    {
      "module": "module.owasp-zap",
      "mode": "managed",
      "type": "aws_iam_role_policy_attachment",
      "name": "s3_access_policy_attachment",
      "provider": "module.owasp-zap.provider[\"registry.terraform.io/hashicorp/aws\"]",
      "instances": [
        {
          "schema_version": 0,
          "attributes": {
            "id": "zap-terraform-service-role-20240103152953944800000005",
            "policy_arn": "arn:aws:iam::851077919242:policy/S3AccessPolicy",
            "role": "zap-terraform-service-role"
          },
          "sensitive_attributes": [],
          "private": "bnVsbA==",
          "dependencies": [
            "module.owasp-zap.aws_iam_policy.s3_access_policy",
            "module.owasp-zap.aws_iam_role.service_role",
            "module.owasp-zap.data.aws_iam_policy.s3_access_policy"
          ]
        }
      ]
    },
    {
      "module": "module.owasp-zap",
      "mode": "managed",
      "type": "aws_iam_role_policy_attachment",
      "name": "ssm_attachment",
      "provider": "module.owasp-zap.provider[\"registry.terraform.io/hashicorp/aws\"]",
      "instances": [
        {
          "schema_version": 0,
          "attributes": {
            "id": "zap-terraform-service-role-20240103152953323800000004",
            "policy_arn": "arn:aws:iam::aws:policy/service-role/AmazonEC2RoleforSSM",
            "role": "zap-terraform-service-role"
          },
          "sensitive_attributes": [],
          "private": "bnVsbA==",
          "dependencies": [
            "module.owasp-zap.aws_iam_role.service_role",
            "module.owasp-zap.data.aws_iam_policy.ec2_role_for_ssm"
          ]
        }
      ]
    },
    {
      "module": "module.owasp-zap",
      "mode": "managed",
      "type": "aws_iam_role_policy_attachment",
      "name": "ssm_full_access_attachment",
      "provider": "module.owasp-zap.provider[\"registry.terraform.io/hashicorp/aws\"]",
      "instances": [
        {
          "schema_version": 0,
          "attributes": {
            "id": "zap-terraform-service-role-20240103152952279600000001",
            "policy_arn": "arn:aws:iam::aws:policy/AmazonSSMFullAccess",
            "role": "zap-terraform-service-role"
          },
          "sensitive_attributes": [],
          "private": "bnVsbA==",
          "dependencies": [
            "module.owasp-zap.aws_iam_role.service_role",
            "module.owasp-zap.data.aws_iam_policy.ssm_full_access"
          ]
        }
      ]
    },
    {
      "module": "module.owasp-zap",
      "mode": "managed",
      "type": "aws_iam_role_policy_attachment",
      "name": "ssm_managed_instance_core_attachment",
      "provider": "module.owasp-zap.provider[\"registry.terraform.io/hashicorp/aws\"]",
      "instances": [
        {
          "schema_version": 0,
          "attributes": {
            "id": "zap-terraform-service-role-20240103152952773700000002",
            "policy_arn": "arn:aws:iam::aws:policy/AmazonSSMManagedInstanceCore",
            "role": "zap-terraform-service-role"
          },
          "sensitive_attributes": [],
          "private": "bnVsbA==",
          "dependencies": [
            "module.owasp-zap.aws_iam_role.service_role",
            "module.owasp-zap.data.aws_iam_policy.ssm_managed_instance_core"
          ]
        }
      ]
    },
    {
      "module": "module.owasp-zap",
      "mode": "managed",
      "type": "aws_instance",
      "name": "zap_instance",
      "provider": "module.owasp-zap.provider[\"registry.terraform.io/hashicorp/aws\"]",
      "instances": [
        {
          "schema_version": 1,
          "attributes": {
            "ami": "ami-05e02e6210658716f",
            "arn": "arn:aws:ec2:ap-northeast-2:851077919242:instance/i-0fcc093f384111939",
            "associate_public_ip_address": true,
            "availability_zone": "ap-northeast-2c",
            "capacity_reservation_specification": [
              {
                "capacity_reservation_preference": "open",
                "capacity_reservation_target": []
              }
            ],
            "cpu_core_count": 2,
            "cpu_options": [
              {
                "amd_sev_snp": "",
                "core_count": 2,
                "threads_per_core": 1
              }
            ],
            "cpu_threads_per_core": 1,
            "credit_specification": [
              {
                "cpu_credits": "standard"
              }
            ],
            "disable_api_stop": false,
            "disable_api_termination": false,
            "ebs_block_device": [],
            "ebs_optimized": false,
            "enclave_options": [
              {
                "enabled": false
              }
            ],
            "ephemeral_block_device": [],
            "get_password_data": false,
            "hibernation": false,
            "host_id": "",
            "host_resource_group_arn": null,
            "iam_instance_profile": "zap-terraform-service-role",
            "id": "i-0fcc093f384111939",
            "instance_initiated_shutdown_behavior": "stop",
            "instance_lifecycle": "",
            "instance_market_options": [],
            "instance_state": "running",
            "instance_type": "t2.medium",
            "ipv6_address_count": 0,
            "ipv6_addresses": [],
            "key_name": "wasp-zap",
            "launch_template": [],
            "maintenance_options": [
              {
                "auto_recovery": "default"
              }
            ],
            "metadata_options": [
              {
                "http_endpoint": "enabled",
                "http_protocol_ipv6": "disabled",
                "http_put_response_hop_limit": 1,
                "http_tokens": "required",
                "instance_metadata_tags": "disabled"
              }
            ],
            "monitoring": false,
            "network_interface": [],
            "outpost_arn": "",
            "password_data": "",
            "placement_group": "",
            "placement_partition_number": 0,
            "primary_network_interface_id": "eni-09d1efb6a1ddac7e5",
            "private_dns": "ip-10-0-111-25.ap-northeast-2.compute.internal",
            "private_dns_name_options": [
              {
                "enable_resource_name_dns_a_record": false,
                "enable_resource_name_dns_aaaa_record": false,
                "hostname_type": "ip-name"
              }
            ],
            "private_ip": "10.0.111.25",
            "public_dns": "ec2-43-202-185-242.ap-northeast-2.compute.amazonaws.com",
            "public_ip": "43.202.185.242",
            "root_block_device": [
              {
                "delete_on_termination": true,
                "device_name": "/dev/xvda",
                "encrypted": false,
                "iops": 100,
                "kms_key_id": "",
                "tags": {},
                "throughput": 0,
                "volume_id": "vol-040deaaa6f8f4a122",
                "volume_size": 8,
                "volume_type": "gp2"
              }
            ],
            "secondary_private_ips": [],
            "security_groups": [],
            "source_dest_check": true,
            "spot_instance_request_id": "",
            "subnet_id": "subnet-0d6087af3542c9f42",
            "tags": {
              "Name": "ZapTestInstance"
            },
            "tags_all": {
              "Name": "ZapTestInstance"
            },
            "tenancy": "default",
            "timeouts": null,
            "user_data": null,
            "user_data_base64": null,
            "user_data_replace_on_change": false,
            "volume_tags": null,
            "vpc_security_group_ids": [
              "sg-053e78e9d0668dd7f"
            ]
          },
          "sensitive_attributes": [],
          "private": "eyJlMmJmYjczMC1lY2FhLTExZTYtOGY4OC0zNDM2M2JjN2M0YzAiOnsiY3JlYXRlIjo2MDAwMDAwMDAwMDAsImRlbGV0ZSI6MTIwMDAwMDAwMDAwMCwidXBkYXRlIjo2MDAwMDAwMDAwMDB9LCJzY2hlbWFfdmVyc2lvbiI6IjEifQ==",
          "dependencies": [
            "module.owasp-zap.aws_iam_instance_profile.zap_instance_profile",
            "module.owasp-zap.aws_iam_role.service_role",
            "module.owasp-zap.aws_security_group.zap_sg",
            "module.vpc.aws_subnet.public",
            "module.vpc.aws_vpc.this",
            "module.vpc.aws_vpc_ipv4_cidr_block_association.this"
          ]
        }
      ]
    },
    {
      "module": "module.owasp-zap",
      "mode": "managed",
      "type": "aws_s3_bucket",
      "name": "zap",
      "provider": "module.owasp-zap.provider[\"registry.terraform.io/hashicorp/aws\"]",
      "instances": [
        {
          "schema_version": 0,
          "attributes": {
            "acceleration_status": "",
            "acl": null,
            "arn": "arn:aws:s3:::zap-tbucket",
            "bucket": "zap-tbucket",
            "bucket_domain_name": "zap-tbucket.s3.amazonaws.com",
            "bucket_prefix": "",
            "bucket_regional_domain_name": "zap-tbucket.s3.ap-northeast-2.amazonaws.com",
            "cors_rule": [],
            "force_destroy": false,
            "grant": [
              {
                "id": "4489f6df8dce3bc190ee0b2e4c1c0166e22fdbc92c3949c291ccb151949bf99c",
                "permissions": [
                  "FULL_CONTROL"
                ],
                "type": "CanonicalUser",
                "uri": ""
              }
            ],
            "hosted_zone_id": "Z3W03O7B5YMIYP",
            "id": "zap-tbucket",
            "lifecycle_rule": [],
            "logging": [],
            "object_lock_configuration": [],
            "object_lock_enabled": false,
            "policy": "",
            "region": "ap-northeast-2",
            "replication_configuration": [],
            "request_payer": "BucketOwner",
            "server_side_encryption_configuration": [
              {
                "rule": [
                  {
                    "apply_server_side_encryption_by_default": [
                      {
                        "kms_master_key_id": "",
                        "sse_algorithm": "AES256"
                      }
                    ],
                    "bucket_key_enabled": false
                  }
                ]
              }
            ],
            "tags": {
              "Name": "zap-tbucket"
            },
            "tags_all": {
              "Name": "zap-tbucket"
            },
            "timeouts": null,
            "versioning": [
              {
                "enabled": false,
                "mfa_delete": false
              }
            ],
            "website": [],
            "website_domain": null,
            "website_endpoint": null
          },
          "sensitive_attributes": [],
          "private": "eyJlMmJmYjczMC1lY2FhLTExZTYtOGY4OC0zNDM2M2JjN2M0YzAiOnsiY3JlYXRlIjoxMjAwMDAwMDAwMDAwLCJkZWxldGUiOjM2MDAwMDAwMDAwMDAsInJlYWQiOjEyMDAwMDAwMDAwMDAsInVwZGF0ZSI6MTIwMDAwMDAwMDAwMH19"
        }
      ]
    },
    {
      "module": "module.owasp-zap",
      "mode": "managed",
      "type": "aws_security_group",
      "name": "zap_sg",
      "provider": "module.owasp-zap.provider[\"registry.terraform.io/hashicorp/aws\"]",
      "instances": [
        {
          "schema_version": 1,
          "attributes": {
            "arn": "arn:aws:ec2:ap-northeast-2:851077919242:security-group/sg-053e78e9d0668dd7f",
            "description": "ZAP security group",
            "egress": [
              {
                "cidr_blocks": [
                  "0.0.0.0/0"
                ],
                "description": "",
                "from_port": 0,
                "ipv6_cidr_blocks": [],
                "prefix_list_ids": [],
                "protocol": "-1",
                "security_groups": [],
                "self": false,
                "to_port": 0
              }
            ],
            "id": "sg-053e78e9d0668dd7f",
            "ingress": [
              {
                "cidr_blocks": [
                  "0.0.0.0/0"
                ],
                "description": "",
                "from_port": 22,
                "ipv6_cidr_blocks": [],
                "prefix_list_ids": [],
                "protocol": "tcp",
                "security_groups": [],
                "self": false,
                "to_port": 22
              },
              {
                "cidr_blocks": [
                  "0.0.0.0/0"
                ],
                "description": "",
                "from_port": 80,
                "ipv6_cidr_blocks": [],
                "prefix_list_ids": [],
                "protocol": "tcp",
                "security_groups": [],
                "self": false,
                "to_port": 80
              },
              {
                "cidr_blocks": [
                  "0.0.0.0/0"
                ],
                "description": "ZAP CLI",
                "from_port": 8090,
                "ipv6_cidr_blocks": [],
                "prefix_list_ids": [],
                "protocol": "tcp",
                "security_groups": [],
                "self": false,
                "to_port": 8090
              },
              {
                "cidr_blocks": [
                  "0.0.0.0/0"
                ],
                "description": "tcp",
                "from_port": 8080,
                "ipv6_cidr_blocks": [],
                "prefix_list_ids": [],
                "protocol": "tcp",
                "security_groups": [],
                "self": false,
                "to_port": 8080
              }
            ],
            "name": "terraform-20240103153001786200000006",
            "name_prefix": "terraform-",
            "owner_id": "851077919242",
            "revoke_rules_on_delete": false,
            "tags": {
              "Name": "zap_sg_group"
            },
            "tags_all": {
              "Name": "zap_sg_group"
            },
            "timeouts": null,
            "vpc_id": "vpc-051f9def0d18ba34c"
          },
          "sensitive_attributes": [],
          "private": "eyJlMmJmYjczMC1lY2FhLTExZTYtOGY4OC0zNDM2M2JjN2M0YzAiOnsiY3JlYXRlIjo2MDAwMDAwMDAwMDAsImRlbGV0ZSI6OTAwMDAwMDAwMDAwfSwic2NoZW1hX3ZlcnNpb24iOiIxIn0=",
          "dependencies": [
            "module.vpc.aws_vpc.this"
          ]
        }
      ]
    },
    {
      "module": "module.s3_artifacts_bucket",
      "mode": "data",
      "type": "aws_iam_policy_document",
      "name": "bucket_policy_doc_codepipeline_bucket",
      "provider": "provider[\"registry.terraform.io/hashicorp/aws\"]",
      "instances": [
        {
          "schema_version": 0,
          "attributes": {
            "id": "1602378512",
            "json": "{\n  \"Version\": \"2012-10-17\",\n  \"Statement\": [\n    {\n      \"Effect\": \"Allow\",\n      \"Action\": [\n        \"s3:RestoreObject\",\n        \"s3:ReplicateObject\",\n        \"s3:PutObjectVersionTagging\",\n        \"s3:PutObjectTagging\",\n        \"s3:PutObjectAcl\",\n        \"s3:PutObject\",\n        \"s3:List*\",\n        \"s3:Get*\"\n      ],\n      \"Resource\": [\n        \"arn:aws:s3:::whs-pipeline-from-iac20240103152950642400000001/*\",\n        \"arn:aws:s3:::whs-pipeline-from-iac20240103152950642400000001\"\n      ],\n      \"Principal\": {\n        \"AWS\": \"arn:aws:iam::851077919242:role/whs-pipeline-from-IaC-codepipeline-role\"\n      }\n    }\n  ]\n}",
            "override_policy_documents": null,
            "policy_id": null,
            "source_policy_documents": null,
            "statement": [
              {
                "actions": [
                  "s3:Get*",
                  "s3:List*",
                  "s3:PutObject",
                  "s3:PutObjectAcl",
                  "s3:PutObjectTagging",
                  "s3:PutObjectVersionTagging",
                  "s3:ReplicateObject",
                  "s3:RestoreObject"
                ],
                "condition": [],
                "effect": "Allow",
                "not_actions": [],
                "not_principals": [],
                "not_resources": [],
                "principals": [
                  {
                    "identifiers": [
                      "arn:aws:iam::851077919242:role/whs-pipeline-from-IaC-codepipeline-role"
                    ],
                    "type": "AWS"
                  }
                ],
                "resources": [
                  "arn:aws:s3:::whs-pipeline-from-iac20240103152950642400000001",
                  "arn:aws:s3:::whs-pipeline-from-iac20240103152950642400000001/*"
                ],
                "sid": ""
              }
            ],
            "version": "2012-10-17"
          },
          "sensitive_attributes": []
        }
      ]
    },
    {
      "module": "module.s3_artifacts_bucket",
      "mode": "data",
      "type": "aws_iam_policy_document",
      "name": "bucket_policy_doc_replication_bucket",
      "provider": "module.s3_artifacts_bucket.provider[\"registry.terraform.io/hashicorp/aws\"].replication",
      "instances": [
        {
          "schema_version": 0,
          "attributes": {
            "id": "1889637776",
            "json": "{\n  \"Version\": \"2012-10-17\",\n  \"Statement\": [\n    {\n      \"Effect\": \"Allow\",\n      \"Action\": [\n        \"s3:RestoreObject\",\n        \"s3:ReplicateObject\",\n        \"s3:PutObjectVersionTagging\",\n        \"s3:PutObjectTagging\",\n        \"s3:PutObjectAcl\",\n        \"s3:PutObject\",\n        \"s3:List*\",\n        \"s3:Get*\"\n      ],\n      \"Resource\": [\n        \"arn:aws:s3:::whs-pipeline-from-iac-rpl20240103152948629000000001/*\",\n        \"arn:aws:s3:::whs-pipeline-from-iac-rpl20240103152948629000000001\"\n      ],\n      \"Principal\": {\n        \"AWS\": \"arn:aws:iam::851077919242:role/whs-pipeline-from-IaC-codepipeline-role\"\n      }\n    }\n  ]\n}",
            "override_policy_documents": null,
            "policy_id": null,
            "source_policy_documents": null,
            "statement": [
              {
                "actions": [
                  "s3:Get*",
                  "s3:List*",
                  "s3:PutObject",
                  "s3:PutObjectAcl",
                  "s3:PutObjectTagging",
                  "s3:PutObjectVersionTagging",
                  "s3:ReplicateObject",
                  "s3:RestoreObject"
                ],
                "condition": [],
                "effect": "Allow",
                "not_actions": [],
                "not_principals": [],
                "not_resources": [],
                "principals": [
                  {
                    "identifiers": [
                      "arn:aws:iam::851077919242:role/whs-pipeline-from-IaC-codepipeline-role"
                    ],
                    "type": "AWS"
                  }
                ],
                "resources": [
                  "arn:aws:s3:::whs-pipeline-from-iac-rpl20240103152948629000000001",
                  "arn:aws:s3:::whs-pipeline-from-iac-rpl20240103152948629000000001/*"
                ],
                "sid": ""
              }
            ],
            "version": "2012-10-17"
          },
          "sensitive_attributes": []
        }
      ]
    },
    {
      "module": "module.s3_artifacts_bucket",
      "mode": "managed",
      "type": "aws_iam_policy",
      "name": "replication_s3_policy",
      "provider": "provider[\"registry.terraform.io/hashicorp/aws\"]",
      "instances": [
        {
          "schema_version": 0,
          "attributes": {
            "arn": "arn:aws:iam::851077919242:policy/whs-pipeline-from-IaC-replication-policy",
            "description": "",
            "id": "arn:aws:iam::851077919242:policy/whs-pipeline-from-IaC-replication-policy",
            "name": "whs-pipeline-from-IaC-replication-policy",
            "name_prefix": "",
            "path": "/",
            "policy": "{\"Statement\":[{\"Action\":[\"s3:GetReplicationConfiguration\",\"s3:ListBucket\"],\"Effect\":\"Allow\",\"Resource\":[\"arn:aws:s3:::whs-pipeline-from-iac20240103152950642400000001\"]},{\"Action\":[\"s3:GetObjectVersionForReplication\",\"s3:GetObjectVersionAcl\",\"s3:GetObjectVersionTagging\"],\"Effect\":\"Allow\",\"Resource\":[\"arn:aws:s3:::whs-pipeline-from-iac20240103152950642400000001/*\"]},{\"Action\":[\"s3:ReplicateObject\",\"s3:ReplicateDelete\",\"s3:ReplicateTags\"],\"Effect\":\"Allow\",\"Resource\":\"arn:aws:s3:::whs-pipeline-from-iac-rpl20240103152948629000000001/*\"}],\"Version\":\"2012-10-17\"}",
            "policy_id": "ANPA4MKBSOIFHFFYJMKCP",
            "tags": {},
            "tags_all": {}
          },
          "sensitive_attributes": [],
          "private": "bnVsbA==",
          "dependencies": [
            "data.aws_caller_identity.current",
            "data.aws_region.current",
            "module.s3_artifacts_bucket.aws_s3_bucket.codepipeline_bucket",
            "module.s3_artifacts_bucket.aws_s3_bucket.replication_bucket"
          ]
        }
      ]
    },
    {
      "module": "module.s3_artifacts_bucket",
      "mode": "managed",
      "type": "aws_iam_role",
      "name": "replication_s3_role",
      "provider": "provider[\"registry.terraform.io/hashicorp/aws\"]",
      "instances": [
        {
          "schema_version": 0,
          "attributes": {
            "arn": "arn:aws:iam::851077919242:role/whs-pipeline-from-IaC-replication-role",
            "assume_role_policy": "{\"Statement\":[{\"Action\":\"sts:AssumeRole\",\"Effect\":\"Allow\",\"Principal\":{\"Service\":\"s3.amazonaws.com\"},\"Sid\":\"\"}],\"Version\":\"2012-10-17\"}",
            "create_date": "2024-01-03T15:29:49Z",
            "description": "",
            "force_detach_policies": false,
            "id": "whs-pipeline-from-IaC-replication-role",
            "inline_policy": [],
            "managed_policy_arns": [
              "arn:aws:iam::851077919242:policy/whs-pipeline-from-IaC-replication-policy"
            ],
            "max_session_duration": 3600,
            "name": "whs-pipeline-from-IaC-replication-role",
            "name_prefix": "",
            "path": "/",
            "permissions_boundary": "",
            "tags": {},
            "tags_all": {},
            "unique_id": "AROA4MKBSOIFEWBLE36IE"
          },
          "sensitive_attributes": [],
          "private": "bnVsbA=="
        }
      ]
    },
    {
      "module": "module.s3_artifacts_bucket",
      "mode": "managed",
      "type": "aws_iam_role_policy_attachment",
      "name": "replication_s3_role_attach",
      "provider": "provider[\"registry.terraform.io/hashicorp/aws\"]",
      "instances": [
        {
          "schema_version": 0,
          "attributes": {
            "id": "whs-pipeline-from-IaC-replication-role-20240103152955132200000003",
            "policy_arn": "arn:aws:iam::851077919242:policy/whs-pipeline-from-IaC-replication-policy",
            "role": "whs-pipeline-from-IaC-replication-role"
          },
          "sensitive_attributes": [],
          "private": "bnVsbA==",
          "dependencies": [
            "data.aws_caller_identity.current",
            "data.aws_region.current",
            "module.s3_artifacts_bucket.aws_iam_policy.replication_s3_policy",
            "module.s3_artifacts_bucket.aws_iam_role.replication_s3_role",
            "module.s3_artifacts_bucket.aws_s3_bucket.codepipeline_bucket",
            "module.s3_artifacts_bucket.aws_s3_bucket.replication_bucket"
          ]
        }
      ]
    },
    {
      "module": "module.s3_artifacts_bucket",
      "mode": "managed",
      "type": "aws_s3_bucket",
      "name": "codepipeline_bucket",
      "provider": "provider[\"registry.terraform.io/hashicorp/aws\"]",
      "instances": [
        {
          "schema_version": 0,
          "attributes": {
            "acceleration_status": "",
            "acl": null,
            "arn": "arn:aws:s3:::whs-pipeline-from-iac20240103152950642400000001",
            "bucket": "whs-pipeline-from-iac20240103152950642400000001",
            "bucket_domain_name": "whs-pipeline-from-iac20240103152950642400000001.s3.amazonaws.com",
            "bucket_prefix": "whs-pipeline-from-iac",
            "bucket_regional_domain_name": "whs-pipeline-from-iac20240103152950642400000001.s3.ap-northeast-2.amazonaws.com",
            "cors_rule": [],
            "force_destroy": true,
            "grant": [
              {
                "id": "4489f6df8dce3bc190ee0b2e4c1c0166e22fdbc92c3949c291ccb151949bf99c",
                "permissions": [
                  "FULL_CONTROL"
                ],
                "type": "CanonicalUser",
                "uri": ""
              }
            ],
            "hosted_zone_id": "Z3W03O7B5YMIYP",
            "id": "whs-pipeline-from-iac20240103152950642400000001",
            "lifecycle_rule": [],
            "logging": [
              {
                "target_bucket": "whs-pipeline-from-iac20240103152950642400000001",
                "target_prefix": "log/"
              }
            ],
            "object_lock_configuration": [],
            "object_lock_enabled": false,
            "policy": "{\"Statement\":[{\"Action\":[\"s3:RestoreObject\",\"s3:ReplicateObject\",\"s3:PutObjectVersionTagging\",\"s3:PutObjectTagging\",\"s3:PutObjectAcl\",\"s3:PutObject\",\"s3:List*\",\"s3:Get*\"],\"Effect\":\"Allow\",\"Principal\":{\"AWS\":\"arn:aws:iam::851077919242:role/whs-pipeline-from-IaC-codepipeline-role\"},\"Resource\":[\"arn:aws:s3:::whs-pipeline-from-iac20240103152950642400000001/*\",\"arn:aws:s3:::whs-pipeline-from-iac20240103152950642400000001\"]}],\"Version\":\"2012-10-17\"}",
            "region": "ap-northeast-2",
            "replication_configuration": [
              {
                "role": "arn:aws:iam::851077919242:role/whs-pipeline-from-IaC-replication-role",
                "rules": [
                  {
                    "delete_marker_replication_status": "Enabled",
                    "destination": [
                      {
                        "access_control_translation": [],
                        "account_id": "",
                        "bucket": "arn:aws:s3:::whs-pipeline-from-iac-rpl20240103152948629000000001",
                        "metrics": [],
                        "replica_kms_key_id": "",
                        "replication_time": [],
                        "storage_class": "STANDARD"
                      }
                    ],
                    "filter": [
                      {
                        "prefix": "",
                        "tags": {}
                      }
                    ],
                    "id": "whs-pipeline-from-IaC-replication-rule",
                    "prefix": "",
                    "priority": 0,
                    "source_selection_criteria": [],
                    "status": "Enabled"
                  }
                ]
              }
            ],
            "request_payer": "BucketOwner",
            "server_side_encryption_configuration": [
              {
                "rule": [
                  {
                    "apply_server_side_encryption_by_default": [
                      {
                        "kms_master_key_id": "arn:aws:kms:ap-northeast-2:851077919242:key/6aa503a3-82b2-448e-92df-aaf37190fefb",
                        "sse_algorithm": "aws:kms"
                      }
                    ],
                    "bucket_key_enabled": false
                  }
                ]
              }
            ],
            "tags": {
              "Account_ID": "851077919242",
              "Environment": "dev",
              "Project_Name": "whs-pipeline-from-IaC",
              "Region": "ap-northeast-2"
            },
            "tags_all": {
              "Account_ID": "851077919242",
              "Environment": "dev",
              "Project_Name": "whs-pipeline-from-IaC",
              "Region": "ap-northeast-2"
            },
            "timeouts": null,
            "versioning": [
              {
                "enabled": true,
                "mfa_delete": false
              }
            ],
            "website": [],
            "website_domain": null,
            "website_endpoint": null
          },
          "sensitive_attributes": [],
          "private": "eyJlMmJmYjczMC1lY2FhLTExZTYtOGY4OC0zNDM2M2JjN2M0YzAiOnsiY3JlYXRlIjoxMjAwMDAwMDAwMDAwLCJkZWxldGUiOjM2MDAwMDAwMDAwMDAsInJlYWQiOjEyMDAwMDAwMDAwMDAsInVwZGF0ZSI6MTIwMDAwMDAwMDAwMH19",
          "dependencies": [
            "data.aws_caller_identity.current",
            "data.aws_region.current"
          ]
        }
      ]
    },
    {
      "module": "module.s3_artifacts_bucket",
      "mode": "managed",
      "type": "aws_s3_bucket",
      "name": "replication_bucket",
      "provider": "module.s3_artifacts_bucket.provider[\"registry.terraform.io/hashicorp/aws\"].replication",
      "instances": [
        {
          "schema_version": 0,
          "attributes": {
            "acceleration_status": "",
            "acl": null,
            "arn": "arn:aws:s3:::whs-pipeline-from-iac-rpl20240103152948629000000001",
            "bucket": "whs-pipeline-from-iac-rpl20240103152948629000000001",
            "bucket_domain_name": "whs-pipeline-from-iac-rpl20240103152948629000000001.s3.amazonaws.com",
            "bucket_prefix": "whs-pipeline-from-iac-rpl",
            "bucket_regional_domain_name": "whs-pipeline-from-iac-rpl20240103152948629000000001.s3.ap-northeast-2.amazonaws.com",
            "cors_rule": [],
            "force_destroy": false,
            "grant": [
              {
                "id": "4489f6df8dce3bc190ee0b2e4c1c0166e22fdbc92c3949c291ccb151949bf99c",
                "permissions": [
                  "FULL_CONTROL"
                ],
                "type": "CanonicalUser",
                "uri": ""
              }
            ],
            "hosted_zone_id": "Z3W03O7B5YMIYP",
            "id": "whs-pipeline-from-iac-rpl20240103152948629000000001",
            "lifecycle_rule": [],
            "logging": [
              {
                "target_bucket": "whs-pipeline-from-iac-rpl20240103152948629000000001",
                "target_prefix": "log/"
              }
            ],
            "object_lock_configuration": [],
            "object_lock_enabled": false,
            "policy": "{\"Statement\":[{\"Action\":[\"s3:RestoreObject\",\"s3:ReplicateObject\",\"s3:PutObjectVersionTagging\",\"s3:PutObjectTagging\",\"s3:PutObjectAcl\",\"s3:PutObject\",\"s3:List*\",\"s3:Get*\"],\"Effect\":\"Allow\",\"Principal\":{\"AWS\":\"arn:aws:iam::851077919242:role/whs-pipeline-from-IaC-codepipeline-role\"},\"Resource\":[\"arn:aws:s3:::whs-pipeline-from-iac-rpl20240103152948629000000001/*\",\"arn:aws:s3:::whs-pipeline-from-iac-rpl20240103152948629000000001\"]}],\"Version\":\"2012-10-17\"}",
            "region": "ap-northeast-2",
            "replication_configuration": [],
            "request_payer": "BucketOwner",
            "server_side_encryption_configuration": [
              {
                "rule": [
                  {
                    "apply_server_side_encryption_by_default": [
                      {
                        "kms_master_key_id": "arn:aws:kms:ap-northeast-2:851077919242:key/6aa503a3-82b2-448e-92df-aaf37190fefb",
                        "sse_algorithm": "aws:kms"
                      }
                    ],
                    "bucket_key_enabled": false
                  }
                ]
              }
            ],
            "tags": {},
            "tags_all": {},
            "timeouts": null,
            "versioning": [
              {
                "enabled": true,
                "mfa_delete": false
              }
            ],
            "website": [],
            "website_domain": null,
            "website_endpoint": null
          },
          "sensitive_attributes": [],
          "private": "eyJlMmJmYjczMC1lY2FhLTExZTYtOGY4OC0zNDM2M2JjN2M0YzAiOnsiY3JlYXRlIjoxMjAwMDAwMDAwMDAwLCJkZWxldGUiOjM2MDAwMDAwMDAwMDAsInJlYWQiOjEyMDAwMDAwMDAwMDAsInVwZGF0ZSI6MTIwMDAwMDAwMDAwMH19"
        }
      ]
    },
    {
      "module": "module.s3_artifacts_bucket",
      "mode": "managed",
      "type": "aws_s3_bucket_acl",
      "name": "codepipeline_bucket_acl",
      "provider": "provider[\"registry.terraform.io/hashicorp/aws\"]",
      "instances": [
        {
          "schema_version": 0,
          "attributes": {
            "access_control_policy": [
              {
                "grant": [
                  {
                    "grantee": [
                      {
                        "display_name": "",
                        "email_address": "",
                        "id": "4489f6df8dce3bc190ee0b2e4c1c0166e22fdbc92c3949c291ccb151949bf99c",
                        "type": "CanonicalUser",
                        "uri": ""
                      }
                    ],
                    "permission": "FULL_CONTROL"
                  }
                ],
                "owner": [
                  {
                    "display_name": "",
                    "id": "4489f6df8dce3bc190ee0b2e4c1c0166e22fdbc92c3949c291ccb151949bf99c"
                  }
                ]
              }
            ],
            "acl": "private",
            "bucket": "whs-pipeline-from-iac20240103152950642400000001",
            "expected_bucket_owner": "",
            "id": "whs-pipeline-from-iac20240103152950642400000001,private"
          },
          "sensitive_attributes": [],
          "private": "bnVsbA==",
          "dependencies": [
            "data.aws_caller_identity.current",
            "data.aws_region.current",
            "module.s3_artifacts_bucket.aws_s3_bucket.codepipeline_bucket",
            "module.s3_artifacts_bucket.aws_s3_bucket_ownership_controls.codepipeline_bucket_acl_ownership"
          ]
        }
      ]
    },
    {
      "module": "module.s3_artifacts_bucket",
      "mode": "managed",
      "type": "aws_s3_bucket_acl",
      "name": "replication_bucket_acl",
      "provider": "module.s3_artifacts_bucket.provider[\"registry.terraform.io/hashicorp/aws\"].replication",
      "instances": [
        {
          "schema_version": 0,
          "attributes": {
            "access_control_policy": [
              {
                "grant": [
                  {
                    "grantee": [
                      {
                        "display_name": "",
                        "email_address": "",
                        "id": "4489f6df8dce3bc190ee0b2e4c1c0166e22fdbc92c3949c291ccb151949bf99c",
                        "type": "CanonicalUser",
                        "uri": ""
                      }
                    ],
                    "permission": "FULL_CONTROL"
                  }
                ],
                "owner": [
                  {
                    "display_name": "",
                    "id": "4489f6df8dce3bc190ee0b2e4c1c0166e22fdbc92c3949c291ccb151949bf99c"
                  }
                ]
              }
            ],
            "acl": "private",
            "bucket": "whs-pipeline-from-iac-rpl20240103152948629000000001",
            "expected_bucket_owner": "",
            "id": "whs-pipeline-from-iac-rpl20240103152948629000000001,private"
          },
          "sensitive_attributes": [],
          "private": "bnVsbA==",
          "dependencies": [
            "module.s3_artifacts_bucket.aws_s3_bucket.replication_bucket",
            "module.s3_artifacts_bucket.aws_s3_bucket_ownership_controls.replication_bucket_acl_ownership"
          ]
        }
      ]
    },
    {
      "module": "module.s3_artifacts_bucket",
      "mode": "managed",
      "type": "aws_s3_bucket_logging",
      "name": "codepipeline_bucket_logging",
      "provider": "provider[\"registry.terraform.io/hashicorp/aws\"]",
      "instances": [
        {
          "schema_version": 0,
          "attributes": {
            "bucket": "whs-pipeline-from-iac20240103152950642400000001",
            "expected_bucket_owner": "",
            "id": "whs-pipeline-from-iac20240103152950642400000001",
            "target_bucket": "whs-pipeline-from-iac20240103152950642400000001",
            "target_grant": [],
            "target_object_key_format": [],
            "target_prefix": "log/"
          },
          "sensitive_attributes": [],
          "private": "bnVsbA==",
          "dependencies": [
            "data.aws_caller_identity.current",
            "data.aws_region.current",
            "module.s3_artifacts_bucket.aws_s3_bucket.codepipeline_bucket"
          ]
        }
      ]
    },
    {
      "module": "module.s3_artifacts_bucket",
      "mode": "managed",
      "type": "aws_s3_bucket_logging",
      "name": "replication_bucket_logging",
      "provider": "module.s3_artifacts_bucket.provider[\"registry.terraform.io/hashicorp/aws\"].replication",
      "instances": [
        {
          "schema_version": 0,
          "attributes": {
            "bucket": "whs-pipeline-from-iac-rpl20240103152948629000000001",
            "expected_bucket_owner": "",
            "id": "whs-pipeline-from-iac-rpl20240103152948629000000001",
            "target_bucket": "whs-pipeline-from-iac-rpl20240103152948629000000001",
            "target_grant": [],
            "target_object_key_format": [],
            "target_prefix": "log/"
          },
          "sensitive_attributes": [],
          "private": "bnVsbA==",
          "dependencies": [
            "module.s3_artifacts_bucket.aws_s3_bucket.replication_bucket"
          ]
        }
      ]
    },
    {
      "module": "module.s3_artifacts_bucket",
      "mode": "managed",
      "type": "aws_s3_bucket_ownership_controls",
      "name": "codepipeline_bucket_acl_ownership",
      "provider": "provider[\"registry.terraform.io/hashicorp/aws\"]",
      "instances": [
        {
          "schema_version": 0,
          "attributes": {
            "bucket": "whs-pipeline-from-iac20240103152950642400000001",
            "id": "whs-pipeline-from-iac20240103152950642400000001",
            "rule": [
              {
                "object_ownership": "ObjectWriter"
              }
            ]
          },
          "sensitive_attributes": [],
          "private": "bnVsbA==",
          "dependencies": [
            "data.aws_caller_identity.current",
            "data.aws_region.current",
            "module.s3_artifacts_bucket.aws_s3_bucket.codepipeline_bucket"
          ]
        }
      ]
    },
    {
      "module": "module.s3_artifacts_bucket",
      "mode": "managed",
      "type": "aws_s3_bucket_ownership_controls",
      "name": "replication_bucket_acl_ownership",
      "provider": "provider[\"registry.terraform.io/hashicorp/aws\"]",
      "instances": [
        {
          "schema_version": 0,
          "attributes": {
            "bucket": "whs-pipeline-from-iac-rpl20240103152948629000000001",
            "id": "whs-pipeline-from-iac-rpl20240103152948629000000001",
            "rule": [
              {
                "object_ownership": "ObjectWriter"
              }
            ]
          },
          "sensitive_attributes": [],
          "private": "bnVsbA==",
          "dependencies": [
            "module.s3_artifacts_bucket.aws_s3_bucket.replication_bucket"
          ]
        }
      ]
    },
    {
      "module": "module.s3_artifacts_bucket",
      "mode": "managed",
      "type": "aws_s3_bucket_policy",
      "name": "bucket_policy_codepipeline_bucket",
      "provider": "provider[\"registry.terraform.io/hashicorp/aws\"]",
      "instances": [
        {
          "schema_version": 0,
          "attributes": {
            "bucket": "whs-pipeline-from-iac20240103152950642400000001",
            "id": "whs-pipeline-from-iac20240103152950642400000001",
            "policy": "{\"Statement\":[{\"Action\":[\"s3:RestoreObject\",\"s3:ReplicateObject\",\"s3:PutObjectVersionTagging\",\"s3:PutObjectTagging\",\"s3:PutObjectAcl\",\"s3:PutObject\",\"s3:List*\",\"s3:Get*\"],\"Effect\":\"Allow\",\"Principal\":{\"AWS\":\"arn:aws:iam::851077919242:role/whs-pipeline-from-IaC-codepipeline-role\"},\"Resource\":[\"arn:aws:s3:::whs-pipeline-from-iac20240103152950642400000001/*\",\"arn:aws:s3:::whs-pipeline-from-iac20240103152950642400000001\"]}],\"Version\":\"2012-10-17\"}"
          },
          "sensitive_attributes": [],
          "private": "bnVsbA==",
          "dependencies": [
            "data.aws_caller_identity.current",
            "data.aws_region.current",
            "module.codepipeline_iam_role.aws_iam_role.codepipeline_role",
            "module.codepipeline_iam_role.data.aws_iam_role.existing_codepipeline_role",
            "module.s3_artifacts_bucket.aws_s3_bucket.codepipeline_bucket",
            "module.s3_artifacts_bucket.data.aws_iam_policy_document.bucket_policy_doc_codepipeline_bucket"
          ]
        }
      ]
    },
    {
      "module": "module.s3_artifacts_bucket",
      "mode": "managed",
      "type": "aws_s3_bucket_policy",
      "name": "bucket_policy_replication_bucket",
      "provider": "module.s3_artifacts_bucket.provider[\"registry.terraform.io/hashicorp/aws\"].replication",
      "instances": [
        {
          "schema_version": 0,
          "attributes": {
            "bucket": "whs-pipeline-from-iac-rpl20240103152948629000000001",
            "id": "whs-pipeline-from-iac-rpl20240103152948629000000001",
            "policy": "{\"Statement\":[{\"Action\":[\"s3:RestoreObject\",\"s3:ReplicateObject\",\"s3:PutObjectVersionTagging\",\"s3:PutObjectTagging\",\"s3:PutObjectAcl\",\"s3:PutObject\",\"s3:List*\",\"s3:Get*\"],\"Effect\":\"Allow\",\"Principal\":{\"AWS\":\"arn:aws:iam::851077919242:role/whs-pipeline-from-IaC-codepipeline-role\"},\"Resource\":[\"arn:aws:s3:::whs-pipeline-from-iac-rpl20240103152948629000000001/*\",\"arn:aws:s3:::whs-pipeline-from-iac-rpl20240103152948629000000001\"]}],\"Version\":\"2012-10-17\"}"
          },
          "sensitive_attributes": [],
          "private": "bnVsbA==",
          "dependencies": [
            "data.aws_caller_identity.current",
            "data.aws_region.current",
            "module.codepipeline_iam_role.aws_iam_role.codepipeline_role",
            "module.codepipeline_iam_role.data.aws_iam_role.existing_codepipeline_role",
            "module.s3_artifacts_bucket.aws_s3_bucket.replication_bucket",
            "module.s3_artifacts_bucket.data.aws_iam_policy_document.bucket_policy_doc_replication_bucket"
          ]
        }
      ]
    },
    {
      "module": "module.s3_artifacts_bucket",
      "mode": "managed",
      "type": "aws_s3_bucket_public_access_block",
      "name": "codepipeline_bucket_access",
      "provider": "provider[\"registry.terraform.io/hashicorp/aws\"]",
      "instances": [
        {
          "schema_version": 0,
          "attributes": {
            "block_public_acls": true,
            "block_public_policy": true,
            "bucket": "whs-pipeline-from-iac20240103152950642400000001",
            "id": "whs-pipeline-from-iac20240103152950642400000001",
            "ignore_public_acls": true,
            "restrict_public_buckets": true
          },
          "sensitive_attributes": [],
          "private": "bnVsbA==",
          "dependencies": [
            "data.aws_caller_identity.current",
            "data.aws_region.current",
            "module.s3_artifacts_bucket.aws_s3_bucket.codepipeline_bucket"
          ]
        }
      ]
    },
    {
      "module": "module.s3_artifacts_bucket",
      "mode": "managed",
      "type": "aws_s3_bucket_public_access_block",
      "name": "replication_bucket_access",
      "provider": "module.s3_artifacts_bucket.provider[\"registry.terraform.io/hashicorp/aws\"].replication",
      "instances": [
        {
          "schema_version": 0,
          "attributes": {
            "block_public_acls": true,
            "block_public_policy": true,
            "bucket": "whs-pipeline-from-iac-rpl20240103152948629000000001",
            "id": "whs-pipeline-from-iac-rpl20240103152948629000000001",
            "ignore_public_acls": true,
            "restrict_public_buckets": true
          },
          "sensitive_attributes": [],
          "private": "bnVsbA==",
          "dependencies": [
            "module.s3_artifacts_bucket.aws_s3_bucket.replication_bucket"
          ]
        }
      ]
    },
    {
      "module": "module.s3_artifacts_bucket",
      "mode": "managed",
      "type": "aws_s3_bucket_replication_configuration",
      "name": "replication_config",
      "provider": "provider[\"registry.terraform.io/hashicorp/aws\"]",
      "instances": [
        {
          "schema_version": 0,
          "attributes": {
            "bucket": "whs-pipeline-from-iac20240103152950642400000001",
            "id": "whs-pipeline-from-iac20240103152950642400000001",
            "role": "arn:aws:iam::851077919242:role/whs-pipeline-from-IaC-replication-role",
            "rule": [
              {
                "delete_marker_replication": [
                  {
                    "status": "Enabled"
                  }
                ],
                "destination": [
                  {
                    "access_control_translation": [],
                    "account": "",
                    "bucket": "arn:aws:s3:::whs-pipeline-from-iac-rpl20240103152948629000000001",
                    "encryption_configuration": [],
                    "metrics": [],
                    "replication_time": [],
                    "storage_class": "STANDARD"
                  }
                ],
                "existing_object_replication": [],
                "filter": [
                  {
                    "and": [],
                    "prefix": "",
                    "tag": []
                  }
                ],
                "id": "whs-pipeline-from-IaC-replication-rule",
                "prefix": "",
                "priority": 0,
                "source_selection_criteria": [],
                "status": "Enabled"
              }
            ],
            "token": null
          },
          "sensitive_attributes": [],
          "private": "bnVsbA==",
          "dependencies": [
            "data.aws_caller_identity.current",
            "data.aws_region.current",
            "module.s3_artifacts_bucket.aws_iam_role.replication_s3_role",
            "module.s3_artifacts_bucket.aws_s3_bucket.codepipeline_bucket",
            "module.s3_artifacts_bucket.aws_s3_bucket.replication_bucket",
            "module.s3_artifacts_bucket.aws_s3_bucket_versioning.codepipeline_bucket_versioning"
          ]
        }
      ]
    },
    {
      "module": "module.s3_artifacts_bucket",
      "mode": "managed",
      "type": "aws_s3_bucket_server_side_encryption_configuration",
      "name": "codepipeline_bucket_encryption",
      "provider": "provider[\"registry.terraform.io/hashicorp/aws\"]",
      "instances": [
        {
          "schema_version": 0,
          "attributes": {
            "bucket": "whs-pipeline-from-iac20240103152950642400000001",
            "expected_bucket_owner": "",
            "id": "whs-pipeline-from-iac20240103152950642400000001",
            "rule": [
              {
                "apply_server_side_encryption_by_default": [
                  {
                    "kms_master_key_id": "arn:aws:kms:ap-northeast-2:851077919242:key/6aa503a3-82b2-448e-92df-aaf37190fefb",
                    "sse_algorithm": "aws:kms"
                  }
                ],
                "bucket_key_enabled": false
              }
            ]
          },
          "sensitive_attributes": [],
          "private": "bnVsbA==",
          "dependencies": [
            "aws_iam_instance_profile.whs_ec2_role_iac",
            "aws_iam_role.whs_ec2_role_iac",
            "data.aws_caller_identity.current",
            "data.aws_region.current",
            "module.codepipeline_iam_role.aws_iam_role.codepipeline_role",
            "module.codepipeline_iam_role.data.aws_iam_role.existing_codepipeline_role",
            "module.codepipeline_kms.aws_kms_key.encryption_key",
            "module.codepipeline_kms.data.aws_caller_identity.current",
            "module.codepipeline_kms.data.aws_iam_policy_document.kms_key_policy_doc",
            "module.s3_artifacts_bucket.aws_s3_bucket.codepipeline_bucket"
          ]
        }
      ]
    },
    {
      "module": "module.s3_artifacts_bucket",
      "mode": "managed",
      "type": "aws_s3_bucket_server_side_encryption_configuration",
      "name": "replication_bucket_encryption",
      "provider": "module.s3_artifacts_bucket.provider[\"registry.terraform.io/hashicorp/aws\"].replication",
      "instances": [
        {
          "schema_version": 0,
          "attributes": {
            "bucket": "whs-pipeline-from-iac-rpl20240103152948629000000001",
            "expected_bucket_owner": "",
            "id": "whs-pipeline-from-iac-rpl20240103152948629000000001",
            "rule": [
              {
                "apply_server_side_encryption_by_default": [
                  {
                    "kms_master_key_id": "arn:aws:kms:ap-northeast-2:851077919242:key/6aa503a3-82b2-448e-92df-aaf37190fefb",
                    "sse_algorithm": "aws:kms"
                  }
                ],
                "bucket_key_enabled": false
              }
            ]
          },
          "sensitive_attributes": [],
          "private": "bnVsbA==",
          "dependencies": [
            "aws_iam_instance_profile.whs_ec2_role_iac",
            "aws_iam_role.whs_ec2_role_iac",
            "data.aws_caller_identity.current",
            "data.aws_region.current",
            "module.codepipeline_iam_role.aws_iam_role.codepipeline_role",
            "module.codepipeline_iam_role.data.aws_iam_role.existing_codepipeline_role",
            "module.codepipeline_kms.aws_kms_key.encryption_key",
            "module.codepipeline_kms.data.aws_caller_identity.current",
            "module.codepipeline_kms.data.aws_iam_policy_document.kms_key_policy_doc",
            "module.s3_artifacts_bucket.aws_s3_bucket.replication_bucket"
          ]
        }
      ]
    },
    {
      "module": "module.s3_artifacts_bucket",
      "mode": "managed",
      "type": "aws_s3_bucket_versioning",
      "name": "codepipeline_bucket_versioning",
      "provider": "provider[\"registry.terraform.io/hashicorp/aws\"]",
      "instances": [
        {
          "schema_version": 0,
          "attributes": {
            "bucket": "whs-pipeline-from-iac20240103152950642400000001",
            "expected_bucket_owner": "",
            "id": "whs-pipeline-from-iac20240103152950642400000001",
            "mfa": null,
            "versioning_configuration": [
              {
                "mfa_delete": "",
                "status": "Enabled"
              }
            ]
          },
          "sensitive_attributes": [],
          "private": "bnVsbA==",
          "dependencies": [
            "data.aws_caller_identity.current",
            "data.aws_region.current",
            "module.s3_artifacts_bucket.aws_s3_bucket.codepipeline_bucket"
          ]
        }
      ]
    },
    {
      "module": "module.s3_artifacts_bucket",
      "mode": "managed",
      "type": "aws_s3_bucket_versioning",
      "name": "replication_bucket_versioning",
      "provider": "module.s3_artifacts_bucket.provider[\"registry.terraform.io/hashicorp/aws\"].replication",
      "instances": [
        {
          "schema_version": 0,
          "attributes": {
            "bucket": "whs-pipeline-from-iac-rpl20240103152948629000000001",
            "expected_bucket_owner": "",
            "id": "whs-pipeline-from-iac-rpl20240103152948629000000001",
            "mfa": null,
            "versioning_configuration": [
              {
                "mfa_delete": "",
                "status": "Enabled"
              }
            ]
          },
          "sensitive_attributes": [],
          "private": "bnVsbA==",
          "dependencies": [
            "module.s3_artifacts_bucket.aws_s3_bucket.replication_bucket"
          ]
        }
      ]
    },
    {
      "module": "module.sonarQube",
      "mode": "data",
      "type": "aws_secretsmanager_secret",
      "name": "cluster_secret",
      "provider": "module.sonarQube.provider[\"registry.terraform.io/hashicorp/aws\"]",
      "instances": [
        {
          "schema_version": 0,
          "attributes": {
            "arn": "arn:aws:secretsmanager:ap-northeast-2:851077919242:secret:rds!cluster-4576aba4-51c8-4671-837e-31c6b246e735-tyYilA",
            "description": "Secret associated with primary RDS DB cluster: arn:aws:rds:ap-northeast-2:851077919242:cluster:sonarqube1",
            "id": "arn:aws:secretsmanager:ap-northeast-2:851077919242:secret:rds!cluster-4576aba4-51c8-4671-837e-31c6b246e735-tyYilA",
            "kms_key_id": "arn:aws:kms:ap-northeast-2:851077919242:key/0fa84077-043d-484d-9bdc-1165ea74d6e2",
            "name": "rds!cluster-4576aba4-51c8-4671-837e-31c6b246e735",
            "policy": "",
            "tags": {}
          },
          "sensitive_attributes": []
        }
      ]
    },
    {
      "module": "module.sonarQube",
      "mode": "managed",
      "type": "aws_db_subnet_group",
      "name": "sonarqube_subnet_group",
      "provider": "module.sonarQube.provider[\"registry.terraform.io/hashicorp/aws\"]",
      "instances": [
        {
          "schema_version": 0,
          "attributes": {
            "arn": "arn:aws:rds:ap-northeast-2:851077919242:subgrp:sonarqube_subnet_group",
            "description": "Managed by Terraform",
            "id": "sonarqube_subnet_group",
            "name": "sonarqube_subnet_group",
            "name_prefix": "",
            "subnet_ids": [
              "subnet-082fca2e31d12054a",
              "subnet-0bd12f60d8576a239",
              "subnet-0e2ca8bd3bf95365b"
            ],
            "supported_network_types": [
              "IPV4"
            ],
            "tags": {
              "Name": "sonarqube_subnet_group"
            },
            "tags_all": {
              "Name": "sonarqube_subnet_group"
            },
            "vpc_id": "vpc-0ea6bdcb1bed2e73e"
          },
          "sensitive_attributes": [],
          "private": "bnVsbA==",
          "dependencies": [
            "module.sonarQube.aws_subnet.sonarqube_private_subnet_2a",
            "module.sonarQube.aws_subnet.sonarqube_private_subnet_2b",
            "module.sonarQube.aws_subnet.sonarqube_private_subnet_2c",
            "module.sonarQube.aws_vpc.sonarqube_vpc"
          ]
        }
      ]
    },
    {
      "module": "module.sonarQube",
      "mode": "managed",
      "type": "aws_ecr_repository",
      "name": "sonarqube",
      "provider": "module.sonarQube.provider[\"registry.terraform.io/hashicorp/aws\"]",
      "instances": [
        {
          "schema_version": 0,
          "attributes": {
            "arn": "arn:aws:ecr:ap-northeast-2:851077919242:repository/sonarqube1",
            "encryption_configuration": [
              {
                "encryption_type": "KMS",
                "kms_key": "arn:aws:kms:ap-northeast-2:851077919242:key/0fa84077-043d-484d-9bdc-1165ea74d6e2"
              }
            ],
            "force_delete": null,
            "id": "sonarqube1",
            "image_scanning_configuration": [
              {
                "scan_on_push": true
              }
            ],
            "image_tag_mutability": "MUTABLE",
            "name": "sonarqube1",
            "registry_id": "851077919242",
            "repository_url": "851077919242.dkr.ecr.ap-northeast-2.amazonaws.com/sonarqube1",
            "tags": {},
            "tags_all": {},
            "timeouts": null
          },
          "sensitive_attributes": [],
          "private": "eyJlMmJmYjczMC1lY2FhLTExZTYtOGY4OC0zNDM2M2JjN2M0YzAiOnsiZGVsZXRlIjoxMjAwMDAwMDAwMDAwfX0=",
          "dependencies": [
            "module.sonarQube.aws_kms_key.sonarqube_key"
          ]
        }
      ]
    },
    {
      "module": "module.sonarQube",
      "mode": "managed",
      "type": "aws_ecs_cluster",
      "name": "sonarqube",
      "provider": "module.sonarQube.provider[\"registry.terraform.io/hashicorp/aws\"]",
      "instances": [
        {
          "schema_version": 0,
          "attributes": {
            "arn": "arn:aws:ecs:ap-northeast-2:851077919242:cluster/sonarqube2",
            "configuration": [],
            "id": "arn:aws:ecs:ap-northeast-2:851077919242:cluster/sonarqube2",
            "name": "sonarqube2",
            "service_connect_defaults": [],
            "setting": [
              {
                "name": "containerInsights",
                "value": "disabled"
              }
            ],
            "tags": {},
            "tags_all": {}
          },
          "sensitive_attributes": [],
          "private": "bnVsbA=="
        }
      ]
    },
    {
      "module": "module.sonarQube",
      "mode": "managed",
      "type": "aws_ecs_service",
      "name": "sonarqube",
      "provider": "module.sonarQube.provider[\"registry.terraform.io/hashicorp/aws\"]",
      "instances": [
        {
          "schema_version": 0,
          "attributes": {
            "alarms": [],
            "capacity_provider_strategy": [],
            "cluster": "arn:aws:ecs:ap-northeast-2:851077919242:cluster/sonarqube2",
            "deployment_circuit_breaker": [
              {
                "enable": true,
                "rollback": true
              }
            ],
            "deployment_controller": [
              {
                "type": "ECS"
              }
            ],
            "deployment_maximum_percent": 200,
            "deployment_minimum_healthy_percent": 100,
            "desired_count": 1,
            "enable_ecs_managed_tags": false,
            "enable_execute_command": false,
            "force_new_deployment": null,
            "health_check_grace_period_seconds": 0,
            "iam_role": "/aws-service-role/ecs.amazonaws.com/AWSServiceRoleForECS",
            "id": "arn:aws:ecs:ap-northeast-2:851077919242:service/sonarqube2/sonarqube",
            "launch_type": "FARGATE",
            "load_balancer": [
              {
                "container_name": "sonarqube",
                "container_port": 9000,
                "elb_name": "",
                "target_group_arn": "arn:aws:elasticloadbalancing:ap-northeast-2:851077919242:targetgroup/sonarqube-tg/e8135ac38173350a"
              }
            ],
            "name": "sonarqube",
            "network_configuration": [
              {
                "assign_public_ip": false,
                "security_groups": [
                  "sg-09f3d0728aefae274"
                ],
                "subnets": [
                  "subnet-082fca2e31d12054a",
                  "subnet-0bd12f60d8576a239",
                  "subnet-0e2ca8bd3bf95365b"
                ]
              }
            ],
            "ordered_placement_strategy": [],
            "placement_constraints": [],
            "platform_version": "LATEST",
            "propagate_tags": "NONE",
            "scheduling_strategy": "REPLICA",
            "service_connect_configuration": [],
            "service_registries": [],
            "tags": {},
            "tags_all": {},
            "task_definition": "arn:aws:ecs:ap-northeast-2:851077919242:task-definition/sonarqube:32",
            "timeouts": null,
            "triggers": {},
            "wait_for_steady_state": false
          },
          "sensitive_attributes": [],
          "private": "eyJlMmJmYjczMC1lY2FhLTExZTYtOGY4OC0zNDM2M2JjN2M0YzAiOnsiY3JlYXRlIjoxMjAwMDAwMDAwMDAwLCJkZWxldGUiOjEyMDAwMDAwMDAwMDAsInVwZGF0ZSI6MTIwMDAwMDAwMDAwMH19",
          "dependencies": [
            "module.sonarQube.aws_db_subnet_group.sonarqube_subnet_group",
            "module.sonarQube.aws_ecr_repository.sonarqube",
            "module.sonarQube.aws_ecs_cluster.sonarqube",
            "module.sonarQube.aws_ecs_task_definition.sonarqube",
            "module.sonarQube.aws_efs_access_point.sonarqube_data",
            "module.sonarQube.aws_efs_access_point.sonarqube_extensions",
            "module.sonarQube.aws_efs_access_point.sonarqube_logs",
            "module.sonarQube.aws_efs_file_system.sonarqube_efs",
            "module.sonarQube.aws_iam_role.SonarQubeTaskExecutionRole",
            "module.sonarQube.aws_iam_role.SonarQubeTaskRole",
            "module.sonarQube.aws_kms_key.sonarqube_key",
            "module.sonarQube.aws_lb_target_group.sonarqube",
            "module.sonarQube.aws_rds_cluster.sonarqube_db",
            "module.sonarQube.aws_security_group.sonarqube_db",
            "module.sonarQube.aws_security_group.sonarqube_lb",
            "module.sonarQube.aws_security_group.sonarqube_sg",
            "module.sonarQube.aws_subnet.sonarqube_private_subnet_2a",
            "module.sonarQube.aws_subnet.sonarqube_private_subnet_2b",
            "module.sonarQube.aws_subnet.sonarqube_private_subnet_2c",
            "module.sonarQube.aws_vpc.sonarqube_vpc",
            "module.sonarQube.data.aws_secretsmanager_secret.cluster_secret"
          ]
        }
      ]
    },
    {
      "module": "module.sonarQube",
      "mode": "managed",
      "type": "aws_ecs_task_definition",
      "name": "sonarqube",
      "provider": "module.sonarQube.provider[\"registry.terraform.io/hashicorp/aws\"]",
      "instances": [
        {
          "schema_version": 1,
          "attributes": {
            "arn": "arn:aws:ecs:ap-northeast-2:851077919242:task-definition/sonarqube:32",
            "arn_without_revision": "arn:aws:ecs:ap-northeast-2:851077919242:task-definition/sonarqube",
            "container_definitions": "[{\"cpu\":0,\"environment\":[{\"name\":\"SONAR_JDBC_URL\",\"value\":\"jdbc:postgresql://sonarqube1.cluster-cvprv5ijkr8y.ap-northeast-2.rds.amazonaws.com:5432/sonarqube\"},{\"name\":\"SONAR_JDBC_USERNAME\",\"value\":\"sonarqube\"},{\"name\":\"SONAR_SEARCH_JAVAADDITIONALOPTS\",\"value\":\"-Dnode.store.allow_mmap=false,-Ddiscovery.type=single-node\"}],\"essential\":true,\"image\":\"851077919242.dkr.ecr.ap-northeast-2.amazonaws.com/sonarqube1:latest\",\"logConfiguration\":{\"logDriver\":\"awslogs\",\"options\":{\"awslogs-create-group\":\"true\",\"awslogs-group\":\"/ecs/sonarqube\",\"awslogs-region\":\"ap-northeast-2\",\"awslogs-stream-prefix\":\"ecs\"}},\"mountPoints\":[{\"containerPath\":\"/opt/sonarqube/data\",\"readOnly\":false,\"sourceVolume\":\"sonarqube_data\"},{\"containerPath\":\"/opt/sonarqube/extensions\",\"readOnly\":false,\"sourceVolume\":\"sonarqube_extensions\"},{\"containerPath\":\"/opt/sonarqube/logs\",\"readOnly\":false,\"sourceVolume\":\"sonarqube_logs\"}],\"name\":\"sonarqube\",\"portMappings\":[{\"appProtocol\":\"http\",\"containerPort\":9000,\"hostPort\":9000,\"name\":\"sonarqube-9000-tcp\",\"protocol\":\"tcp\"}],\"secrets\":[{\"name\":\"SONAR_JDBC_PASSWORD\",\"valueFrom\":\"arn:aws:secretsmanager:ap-northeast-2:851077919242:secret:rds!cluster-4576aba4-51c8-4671-837e-31c6b246e735-tyYilA:password::\"}],\"ulimits\":[{\"hardLimit\":65535,\"name\":\"nofile\",\"softLimit\":65535}],\"volumesFrom\":[]}]",
            "cpu": "1024",
            "ephemeral_storage": [],
            "execution_role_arn": "arn:aws:iam::851077919242:role/SonarQubeTaskExecutionRole1",
            "family": "sonarqube",
            "id": "sonarqube",
            "inference_accelerator": [],
            "ipc_mode": "",
            "memory": "3072",
            "network_mode": "awsvpc",
            "pid_mode": "",
            "placement_constraints": [],
            "proxy_configuration": [],
            "requires_compatibilities": [
              "FARGATE"
            ],
            "revision": 32,
            "runtime_platform": [
              {
                "cpu_architecture": "X86_64",
                "operating_system_family": "LINUX"
              }
            ],
            "skip_destroy": false,
            "tags": {},
            "tags_all": {},
            "task_role_arn": "arn:aws:iam::851077919242:role/SonarQubeTaskRole1",
            "volume": [
              {
                "docker_volume_configuration": [],
                "efs_volume_configuration": [
                  {
                    "authorization_config": [
                      {
                        "access_point_id": "fsap-0675cade0166595c7",
                        "iam": "DISABLED"
                      }
                    ],
                    "file_system_id": "fs-03108226a2234bf66",
                    "root_directory": "/",
                    "transit_encryption": "ENABLED",
                    "transit_encryption_port": 0
                  }
                ],
                "fsx_windows_file_server_volume_configuration": [],
                "host_path": "",
                "name": "sonarqube_logs"
              },
              {
                "docker_volume_configuration": [],
                "efs_volume_configuration": [
                  {
                    "authorization_config": [
                      {
                        "access_point_id": "fsap-08a0c60142c7ea1fc",
                        "iam": "DISABLED"
                      }
                    ],
                    "file_system_id": "fs-03108226a2234bf66",
                    "root_directory": "/",
                    "transit_encryption": "ENABLED",
                    "transit_encryption_port": 0
                  }
                ],
                "fsx_windows_file_server_volume_configuration": [],
                "host_path": "",
                "name": "sonarqube_extensions"
              },
              {
                "docker_volume_configuration": [],
                "efs_volume_configuration": [
                  {
                    "authorization_config": [
                      {
                        "access_point_id": "fsap-0fcecaf1860b03553",
                        "iam": "DISABLED"
                      }
                    ],
                    "file_system_id": "fs-03108226a2234bf66",
                    "root_directory": "/",
                    "transit_encryption": "ENABLED",
                    "transit_encryption_port": 0
                  }
                ],
                "fsx_windows_file_server_volume_configuration": [],
                "host_path": "",
                "name": "sonarqube_data"
              }
            ]
          },
          "sensitive_attributes": [],
          "private": "eyJzY2hlbWFfdmVyc2lvbiI6IjEifQ==",
          "dependencies": [
            "module.sonarQube.aws_db_subnet_group.sonarqube_subnet_group",
            "module.sonarQube.aws_ecr_repository.sonarqube",
            "module.sonarQube.aws_efs_access_point.sonarqube_data",
            "module.sonarQube.aws_efs_access_point.sonarqube_extensions",
            "module.sonarQube.aws_efs_access_point.sonarqube_logs",
            "module.sonarQube.aws_efs_file_system.sonarqube_efs",
            "module.sonarQube.aws_iam_role.SonarQubeTaskExecutionRole",
            "module.sonarQube.aws_iam_role.SonarQubeTaskRole",
            "module.sonarQube.aws_kms_key.sonarqube_key",
            "module.sonarQube.aws_rds_cluster.sonarqube_db",
            "module.sonarQube.aws_security_group.sonarqube_db",
            "module.sonarQube.aws_security_group.sonarqube_lb",
            "module.sonarQube.aws_security_group.sonarqube_sg",
            "module.sonarQube.aws_subnet.sonarqube_private_subnet_2a",
            "module.sonarQube.aws_subnet.sonarqube_private_subnet_2b",
            "module.sonarQube.aws_subnet.sonarqube_private_subnet_2c",
            "module.sonarQube.aws_vpc.sonarqube_vpc",
            "module.sonarQube.data.aws_secretsmanager_secret.cluster_secret"
          ]
        }
      ]
    },
    {
      "module": "module.sonarQube",
      "mode": "managed",
      "type": "aws_efs_access_point",
      "name": "sonarqube_data",
      "provider": "module.sonarQube.provider[\"registry.terraform.io/hashicorp/aws\"]",
      "instances": [
        {
          "schema_version": 0,
          "attributes": {
            "arn": "arn:aws:elasticfilesystem:ap-northeast-2:851077919242:access-point/fsap-0fcecaf1860b03553",
            "file_system_arn": "arn:aws:elasticfilesystem:ap-northeast-2:851077919242:file-system/fs-03108226a2234bf66",
            "file_system_id": "fs-03108226a2234bf66",
            "id": "fsap-0fcecaf1860b03553",
            "owner_id": "851077919242",
            "posix_user": [
              {
                "gid": 1000,
                "secondary_gids": [],
                "uid": 1000
              }
            ],
            "root_directory": [
              {
                "creation_info": [
                  {
                    "owner_gid": 1000,
                    "owner_uid": 1000,
                    "permissions": "755"
                  }
                ],
                "path": "/sonarqube_data"
              }
            ],
            "tags": {},
            "tags_all": {}
          },
          "sensitive_attributes": [],
          "private": "bnVsbA==",
          "dependencies": [
            "module.sonarQube.aws_efs_file_system.sonarqube_efs",
            "module.sonarQube.aws_kms_key.sonarqube_key"
          ]
        }
      ]
    },
    {
      "module": "module.sonarQube",
      "mode": "managed",
      "type": "aws_efs_access_point",
      "name": "sonarqube_extensions",
      "provider": "module.sonarQube.provider[\"registry.terraform.io/hashicorp/aws\"]",
      "instances": [
        {
          "schema_version": 0,
          "attributes": {
            "arn": "arn:aws:elasticfilesystem:ap-northeast-2:851077919242:access-point/fsap-08a0c60142c7ea1fc",
            "file_system_arn": "arn:aws:elasticfilesystem:ap-northeast-2:851077919242:file-system/fs-03108226a2234bf66",
            "file_system_id": "fs-03108226a2234bf66",
            "id": "fsap-08a0c60142c7ea1fc",
            "owner_id": "851077919242",
            "posix_user": [
              {
                "gid": 1000,
                "secondary_gids": [],
                "uid": 1000
              }
            ],
            "root_directory": [
              {
                "creation_info": [
                  {
                    "owner_gid": 1000,
                    "owner_uid": 1000,
                    "permissions": "755"
                  }
                ],
                "path": "/sonarqube_extensions"
              }
            ],
            "tags": {},
            "tags_all": {}
          },
          "sensitive_attributes": [],
          "private": "bnVsbA==",
          "dependencies": [
            "module.sonarQube.aws_efs_file_system.sonarqube_efs",
            "module.sonarQube.aws_kms_key.sonarqube_key"
          ]
        }
      ]
    },
    {
      "module": "module.sonarQube",
      "mode": "managed",
      "type": "aws_efs_access_point",
      "name": "sonarqube_logs",
      "provider": "module.sonarQube.provider[\"registry.terraform.io/hashicorp/aws\"]",
      "instances": [
        {
          "schema_version": 0,
          "attributes": {
            "arn": "arn:aws:elasticfilesystem:ap-northeast-2:851077919242:access-point/fsap-0675cade0166595c7",
            "file_system_arn": "arn:aws:elasticfilesystem:ap-northeast-2:851077919242:file-system/fs-03108226a2234bf66",
            "file_system_id": "fs-03108226a2234bf66",
            "id": "fsap-0675cade0166595c7",
            "owner_id": "851077919242",
            "posix_user": [
              {
                "gid": 1000,
                "secondary_gids": [],
                "uid": 1000
              }
            ],
            "root_directory": [
              {
                "creation_info": [
                  {
                    "owner_gid": 1000,
                    "owner_uid": 1000,
                    "permissions": "755"
                  }
                ],
                "path": "/sonarqube_logs"
              }
            ],
            "tags": {},
            "tags_all": {}
          },
          "sensitive_attributes": [],
          "private": "bnVsbA==",
          "dependencies": [
            "module.sonarQube.aws_efs_file_system.sonarqube_efs",
            "module.sonarQube.aws_kms_key.sonarqube_key"
          ]
        }
      ]
    },
    {
      "module": "module.sonarQube",
      "mode": "managed",
      "type": "aws_efs_file_system",
      "name": "sonarqube_efs",
      "provider": "module.sonarQube.provider[\"registry.terraform.io/hashicorp/aws\"]",
      "instances": [
        {
          "schema_version": 0,
          "attributes": {
            "arn": "arn:aws:elasticfilesystem:ap-northeast-2:851077919242:file-system/fs-03108226a2234bf66",
            "availability_zone_id": "",
            "availability_zone_name": "",
            "creation_token": "sonarqube-efs",
            "dns_name": "fs-03108226a2234bf66.efs.ap-northeast-2.amazonaws.com",
            "encrypted": true,
            "id": "fs-03108226a2234bf66",
            "kms_key_id": "arn:aws:kms:ap-northeast-2:851077919242:key/0fa84077-043d-484d-9bdc-1165ea74d6e2",
            "lifecycle_policy": [
              {
                "transition_to_ia": "AFTER_30_DAYS",
                "transition_to_primary_storage_class": ""
              }
            ],
            "name": "",
            "number_of_mount_targets": 3,
            "owner_id": "851077919242",
            "performance_mode": "generalPurpose",
            "provisioned_throughput_in_mibps": 0,
            "size_in_bytes": [
              {
                "value": 181803008,
                "value_in_ia": 0,
                "value_in_standard": 181803008
              }
            ],
            "tags": {},
            "tags_all": {},
            "throughput_mode": "bursting"
          },
          "sensitive_attributes": [],
          "private": "bnVsbA==",
          "dependencies": [
            "module.sonarQube.aws_kms_key.sonarqube_key"
          ]
        }
      ]
    },
    {
      "module": "module.sonarQube",
      "mode": "managed",
      "type": "aws_efs_mount_target",
      "name": "data",
      "provider": "module.sonarQube.provider[\"registry.terraform.io/hashicorp/aws\"]",
      "instances": [
        {
          "schema_version": 0,
          "attributes": {
            "availability_zone_id": "apne2-az1",
            "availability_zone_name": "ap-northeast-2a",
            "dns_name": "fs-03108226a2234bf66.efs.ap-northeast-2.amazonaws.com",
            "file_system_arn": "arn:aws:elasticfilesystem:ap-northeast-2:851077919242:file-system/fs-03108226a2234bf66",
            "file_system_id": "fs-03108226a2234bf66",
            "id": "fsmt-0caf60abb610f021d",
            "ip_address": "10.0.130.227",
            "mount_target_dns_name": "ap-northeast-2a.fs-03108226a2234bf66.efs.ap-northeast-2.amazonaws.com",
            "network_interface_id": "eni-06154382f530df5d6",
            "owner_id": "851077919242",
            "security_groups": [
              "sg-0d4a80276ea154eab"
            ],
            "subnet_id": "subnet-082fca2e31d12054a",
            "timeouts": null
          },
          "sensitive_attributes": [],
          "private": "eyJlMmJmYjczMC1lY2FhLTExZTYtOGY4OC0zNDM2M2JjN2M0YzAiOnsiY3JlYXRlIjoxODAwMDAwMDAwMDAwLCJkZWxldGUiOjYwMDAwMDAwMDAwMH19",
          "dependencies": [
            "module.sonarQube.aws_efs_file_system.sonarqube_efs",
            "module.sonarQube.aws_kms_key.sonarqube_key",
            "module.sonarQube.aws_security_group.sonarqube_default",
            "module.sonarQube.aws_security_group.sonarqube_lb",
            "module.sonarQube.aws_security_group.sonarqube_sg",
            "module.sonarQube.aws_subnet.sonarqube_private_subnet_2a",
            "module.sonarQube.aws_vpc.sonarqube_vpc"
          ]
        }
      ]
    },
    {
      "module": "module.sonarQube",
      "mode": "managed",
      "type": "aws_efs_mount_target",
      "name": "extensions",
      "provider": "module.sonarQube.provider[\"registry.terraform.io/hashicorp/aws\"]",
      "instances": [
        {
          "schema_version": 0,
          "attributes": {
            "availability_zone_id": "apne2-az2",
            "availability_zone_name": "ap-northeast-2b",
            "dns_name": "fs-03108226a2234bf66.efs.ap-northeast-2.amazonaws.com",
            "file_system_arn": "arn:aws:elasticfilesystem:ap-northeast-2:851077919242:file-system/fs-03108226a2234bf66",
            "file_system_id": "fs-03108226a2234bf66",
            "id": "fsmt-0a75ee4aa8c5c663b",
            "ip_address": "10.0.145.66",
            "mount_target_dns_name": "ap-northeast-2b.fs-03108226a2234bf66.efs.ap-northeast-2.amazonaws.com",
            "network_interface_id": "eni-0d95507162ccab880",
            "owner_id": "851077919242",
            "security_groups": [
              "sg-0d4a80276ea154eab"
            ],
            "subnet_id": "subnet-0e2ca8bd3bf95365b",
            "timeouts": null
          },
          "sensitive_attributes": [],
          "private": "eyJlMmJmYjczMC1lY2FhLTExZTYtOGY4OC0zNDM2M2JjN2M0YzAiOnsiY3JlYXRlIjoxODAwMDAwMDAwMDAwLCJkZWxldGUiOjYwMDAwMDAwMDAwMH19",
          "dependencies": [
            "module.sonarQube.aws_efs_file_system.sonarqube_efs",
            "module.sonarQube.aws_kms_key.sonarqube_key",
            "module.sonarQube.aws_security_group.sonarqube_default",
            "module.sonarQube.aws_security_group.sonarqube_lb",
            "module.sonarQube.aws_security_group.sonarqube_sg",
            "module.sonarQube.aws_subnet.sonarqube_private_subnet_2b",
            "module.sonarQube.aws_vpc.sonarqube_vpc"
          ]
        }
      ]
    },
    {
      "module": "module.sonarQube",
      "mode": "managed",
      "type": "aws_efs_mount_target",
      "name": "logs",
      "provider": "module.sonarQube.provider[\"registry.terraform.io/hashicorp/aws\"]",
      "instances": [
        {
          "schema_version": 0,
          "attributes": {
            "availability_zone_id": "apne2-az3",
            "availability_zone_name": "ap-northeast-2c",
            "dns_name": "fs-03108226a2234bf66.efs.ap-northeast-2.amazonaws.com",
            "file_system_arn": "arn:aws:elasticfilesystem:ap-northeast-2:851077919242:file-system/fs-03108226a2234bf66",
            "file_system_id": "fs-03108226a2234bf66",
            "id": "fsmt-0c3da55eff656a5fa",
            "ip_address": "10.0.173.97",
            "mount_target_dns_name": "ap-northeast-2c.fs-03108226a2234bf66.efs.ap-northeast-2.amazonaws.com",
            "network_interface_id": "eni-02cece5b38e447691",
            "owner_id": "851077919242",
            "security_groups": [
              "sg-0d4a80276ea154eab"
            ],
            "subnet_id": "subnet-0bd12f60d8576a239",
            "timeouts": null
          },
          "sensitive_attributes": [],
          "private": "eyJlMmJmYjczMC1lY2FhLTExZTYtOGY4OC0zNDM2M2JjN2M0YzAiOnsiY3JlYXRlIjoxODAwMDAwMDAwMDAwLCJkZWxldGUiOjYwMDAwMDAwMDAwMH19",
          "dependencies": [
            "module.sonarQube.aws_efs_file_system.sonarqube_efs",
            "module.sonarQube.aws_kms_key.sonarqube_key",
            "module.sonarQube.aws_security_group.sonarqube_default",
            "module.sonarQube.aws_security_group.sonarqube_lb",
            "module.sonarQube.aws_security_group.sonarqube_sg",
            "module.sonarQube.aws_subnet.sonarqube_private_subnet_2c",
            "module.sonarQube.aws_vpc.sonarqube_vpc"
          ]
        }
      ]
    },
    {
      "module": "module.sonarQube",
      "mode": "managed",
      "type": "aws_eip",
      "name": "sonarqube_eip",
      "provider": "module.sonarQube.provider[\"registry.terraform.io/hashicorp/aws\"]",
      "instances": [
        {
          "schema_version": 0,
          "attributes": {
            "address": null,
            "allocation_id": "eipalloc-0f92330b34c932060",
            "associate_with_private_ip": null,
            "association_id": "eipassoc-049e864b0625ace47",
            "carrier_ip": "",
            "customer_owned_ip": "",
            "customer_owned_ipv4_pool": "",
            "domain": "vpc",
            "id": "eipalloc-0f92330b34c932060",
            "instance": "",
            "network_border_group": "ap-northeast-2",
            "network_interface": "eni-08e693bc9021d6991",
            "private_dns": "ip-10-0-8-170.ap-northeast-2.compute.internal",
            "private_ip": "10.0.8.170",
            "public_dns": "ec2-13-125-0-192.ap-northeast-2.compute.amazonaws.com",
            "public_ip": "13.125.0.192",
            "public_ipv4_pool": "amazon",
            "tags": {},
            "tags_all": {},
            "timeouts": null,
            "vpc": true
          },
          "sensitive_attributes": [],
          "private": "eyJlMmJmYjczMC1lY2FhLTExZTYtOGY4OC0zNDM2M2JjN2M0YzAiOnsiZGVsZXRlIjoxODAwMDAwMDAwMDAsInJlYWQiOjkwMDAwMDAwMDAwMCwidXBkYXRlIjozMDAwMDAwMDAwMDB9fQ=="
        }
      ]
    },
    {
      "module": "module.sonarQube",
      "mode": "managed",
      "type": "aws_iam_role",
      "name": "SonarQubeTaskExecutionRole",
      "provider": "module.sonarQube.provider[\"registry.terraform.io/hashicorp/aws\"]",
      "instances": [
        {
          "schema_version": 0,
          "attributes": {
            "arn": "arn:aws:iam::851077919242:role/SonarQubeTaskExecutionRole1",
            "assume_role_policy": "{\"Statement\":[{\"Action\":\"sts:AssumeRole\",\"Effect\":\"Allow\",\"Principal\":{\"Service\":\"ecs-tasks.amazonaws.com\"},\"Sid\":\"\"}],\"Version\":\"2012-10-17\"}",
            "create_date": "2024-01-03T15:31:36Z",
            "description": "",
            "force_detach_policies": false,
            "id": "SonarQubeTaskExecutionRole1",
            "inline_policy": [
              {
                "name": "sonarqube-task",
                "policy": "{\"Version\":\"2012-10-17\",\"Statement\":[{\"Action\":[\"kms:Decrypt\",\"secretsmanager:GetSecretValue\"],\"Effect\":\"Allow\",\"Resource\":[\"arn:aws:kms:ap-northeast-2:851077919242:key/0fa84077-043d-484d-9bdc-1165ea74d6e2\",\"arn:aws:secretsmanager:ap-northeast-2:851077919242:secret:rds!cluster-4576aba4-51c8-4671-837e-31c6b246e735-tyYilA\"]}]}"
              }
            ],
            "managed_policy_arns": [
              "arn:aws:iam::aws:policy/AWSOpsWorksCloudWatchLogs",
              "arn:aws:iam::aws:policy/AmazonEC2ContainerRegistryReadOnly"
            ],
            "max_session_duration": 3600,
            "name": "SonarQubeTaskExecutionRole1",
            "name_prefix": "",
            "path": "/",
            "permissions_boundary": "",
            "tags": {},
            "tags_all": {},
            "unique_id": "AROA4MKBSOIFLXIIHWL73"
          },
          "sensitive_attributes": [],
          "private": "bnVsbA==",
          "dependencies": [
            "module.sonarQube.aws_db_subnet_group.sonarqube_subnet_group",
            "module.sonarQube.aws_kms_key.sonarqube_key",
            "module.sonarQube.aws_rds_cluster.sonarqube_db",
            "module.sonarQube.aws_security_group.sonarqube_db",
            "module.sonarQube.aws_security_group.sonarqube_lb",
            "module.sonarQube.aws_security_group.sonarqube_sg",
            "module.sonarQube.aws_subnet.sonarqube_private_subnet_2a",
            "module.sonarQube.aws_subnet.sonarqube_private_subnet_2b",
            "module.sonarQube.aws_subnet.sonarqube_private_subnet_2c",
            "module.sonarQube.aws_vpc.sonarqube_vpc",
            "module.sonarQube.data.aws_secretsmanager_secret.cluster_secret"
          ]
        }
      ]
    },
    {
      "module": "module.sonarQube",
      "mode": "managed",
      "type": "aws_iam_role",
      "name": "SonarQubeTaskRole",
      "provider": "module.sonarQube.provider[\"registry.terraform.io/hashicorp/aws\"]",
      "instances": [
        {
          "schema_version": 0,
          "attributes": {
            "arn": "arn:aws:iam::851077919242:role/SonarQubeTaskRole1",
            "assume_role_policy": "{\"Statement\":[{\"Action\":\"sts:AssumeRole\",\"Effect\":\"Allow\",\"Principal\":{\"Service\":\"ecs-tasks.amazonaws.com\"},\"Sid\":\"\"}],\"Version\":\"2012-10-17\"}",
            "create_date": "2024-01-03T15:29:51Z",
            "description": "",
            "force_detach_policies": false,
            "id": "SonarQubeTaskRole1",
            "inline_policy": [],
            "managed_policy_arns": [],
            "max_session_duration": 3600,
            "name": "SonarQubeTaskRole1",
            "name_prefix": "",
            "path": "/",
            "permissions_boundary": "",
            "tags": {},
            "tags_all": {},
            "unique_id": "AROA4MKBSOIFIRISRGVZU"
          },
          "sensitive_attributes": [],
          "private": "bnVsbA=="
        }
      ]
    },
    {
      "module": "module.sonarQube",
      "mode": "managed",
      "type": "aws_internet_gateway",
      "name": "sonarqube_igw",
      "provider": "module.sonarQube.provider[\"registry.terraform.io/hashicorp/aws\"]",
      "instances": [
        {
          "schema_version": 0,
          "attributes": {
            "arn": "arn:aws:ec2:ap-northeast-2:851077919242:internet-gateway/igw-06eb93c752cd67c85",
            "id": "igw-06eb93c752cd67c85",
            "owner_id": "851077919242",
            "tags": {
              "Name": "sonarqube_igw"
            },
            "tags_all": {
              "Name": "sonarqube_igw"
            },
            "timeouts": null,
            "vpc_id": "vpc-0ea6bdcb1bed2e73e"
          },
          "sensitive_attributes": [],
          "private": "eyJlMmJmYjczMC1lY2FhLTExZTYtOGY4OC0zNDM2M2JjN2M0YzAiOnsiY3JlYXRlIjoxMjAwMDAwMDAwMDAwLCJkZWxldGUiOjEyMDAwMDAwMDAwMDAsInVwZGF0ZSI6MTIwMDAwMDAwMDAwMH19",
          "dependencies": [
            "module.sonarQube.aws_vpc.sonarqube_vpc"
          ]
        }
      ]
    },
    {
      "module": "module.sonarQube",
      "mode": "managed",
      "type": "aws_kms_key",
      "name": "sonarqube_key",
      "provider": "module.sonarQube.provider[\"registry.terraform.io/hashicorp/aws\"]",
      "instances": [
        {
          "schema_version": 0,
          "attributes": {
            "arn": "arn:aws:kms:ap-northeast-2:851077919242:key/0fa84077-043d-484d-9bdc-1165ea74d6e2",
            "bypass_policy_lockout_safety_check": false,
            "custom_key_store_id": "",
            "customer_master_key_spec": "SYMMETRIC_DEFAULT",
            "deletion_window_in_days": null,
            "description": "sonarqube_key",
            "enable_key_rotation": false,
            "id": "0fa84077-043d-484d-9bdc-1165ea74d6e2",
            "is_enabled": true,
            "key_id": "0fa84077-043d-484d-9bdc-1165ea74d6e2",
            "key_usage": "ENCRYPT_DECRYPT",
            "multi_region": false,
            "policy": "{\"Id\":\"sonarqube-policy\",\"Statement\":[{\"Action\":\"kms:*\",\"Effect\":\"Allow\",\"Principal\":{\"AWS\":\"arn:aws:iam::851077919242:root\"},\"Resource\":\"*\",\"Sid\":\"\"},{\"Action\":[\"kms:Create*\",\"kms:Describe*\",\"kms:Enable*\",\"kms:List*\",\"kms:Put*\",\"kms:Update*\",\"kms:Revoke*\",\"kms:Disable*\",\"kms:Get*\",\"kms:Delete*\",\"kms:TagResource\",\"kms:UntagResource\",\"kms:ScheduleKeyDeletion\",\"kms:CancelKeyDeletion\"],\"Effect\":\"Allow\",\"Principal\":{\"AWS\":\"arn:aws:iam::851077919242:user/jth0809\"},\"Resource\":\"*\",\"Sid\":\"Allow access for Key Administrators\"},{\"Action\":[\"kms:Encrypt\",\"kms:Decrypt\",\"kms:ReEncrypt*\",\"kms:GenerateDataKey*\",\"kms:DescribeKey\"],\"Effect\":\"Allow\",\"Principal\":{\"AWS\":\"arn:aws:iam::851077919242:role/SonarQubeTaskExecutionRole1\"},\"Resource\":\"*\",\"Sid\":\"Allow use of the key\"},{\"Action\":[\"kms:CreateGrant\",\"kms:ListGrants\",\"kms:RevokeGrant\"],\"Condition\":{\"Bool\":{\"kms:GrantIsForAWSResource\":\"true\"}},\"Effect\":\"Allow\",\"Principal\":{\"AWS\":\"arn:aws:iam::851077919242:role/SonarQubeTaskExecutionRole1\"},\"Resource\":\"*\",\"Sid\":\"Allow attachment of persistent resources\"}],\"Version\":\"2012-10-17\"}",
            "tags": {},
            "tags_all": {},
            "timeouts": null
          },
          "sensitive_attributes": [],
          "private": "eyJlMmJmYjczMC1lY2FhLTExZTYtOGY4OC0zNDM2M2JjN2M0YzAiOnsiY3JlYXRlIjoxMjAwMDAwMDAwMDB9fQ=="
        }
      ]
    },
    {
      "module": "module.sonarQube",
      "mode": "managed",
      "type": "aws_kms_key_policy",
      "name": "sonarqube_key",
      "provider": "module.sonarQube.provider[\"registry.terraform.io/hashicorp/aws\"]",
      "instances": [
        {
          "schema_version": 0,
          "attributes": {
            "bypass_policy_lockout_safety_check": false,
            "id": "0fa84077-043d-484d-9bdc-1165ea74d6e2",
            "key_id": "0fa84077-043d-484d-9bdc-1165ea74d6e2",
            "policy": "{\"Id\":\"sonarqube-policy\",\"Statement\":[{\"Action\":\"kms:*\",\"Effect\":\"Allow\",\"Principal\":{\"AWS\":\"arn:aws:iam::851077919242:root\"},\"Resource\":\"*\",\"Sid\":\"\"},{\"Action\":[\"kms:Create*\",\"kms:Describe*\",\"kms:Enable*\",\"kms:List*\",\"kms:Put*\",\"kms:Update*\",\"kms:Revoke*\",\"kms:Disable*\",\"kms:Get*\",\"kms:Delete*\",\"kms:TagResource\",\"kms:UntagResource\",\"kms:ScheduleKeyDeletion\",\"kms:CancelKeyDeletion\"],\"Effect\":\"Allow\",\"Principal\":{\"AWS\":\"arn:aws:iam::851077919242:user/jth0809\"},\"Resource\":\"*\",\"Sid\":\"Allow access for Key Administrators\"},{\"Action\":[\"kms:Encrypt\",\"kms:Decrypt\",\"kms:ReEncrypt*\",\"kms:GenerateDataKey*\",\"kms:DescribeKey\"],\"Effect\":\"Allow\",\"Principal\":{\"AWS\":\"arn:aws:iam::851077919242:role/SonarQubeTaskExecutionRole1\"},\"Resource\":\"*\",\"Sid\":\"Allow use of the key\"},{\"Action\":[\"kms:CreateGrant\",\"kms:ListGrants\",\"kms:RevokeGrant\"],\"Condition\":{\"Bool\":{\"kms:GrantIsForAWSResource\":\"true\"}},\"Effect\":\"Allow\",\"Principal\":{\"AWS\":\"arn:aws:iam::851077919242:role/SonarQubeTaskExecutionRole1\"},\"Resource\":\"*\",\"Sid\":\"Allow attachment of persistent resources\"}],\"Version\":\"2012-10-17\"}"
          },
          "sensitive_attributes": [],
          "private": "bnVsbA==",
          "dependencies": [
            "module.sonarQube.aws_db_subnet_group.sonarqube_subnet_group",
            "module.sonarQube.aws_iam_role.SonarQubeTaskExecutionRole",
            "module.sonarQube.aws_kms_key.sonarqube_key",
            "module.sonarQube.aws_rds_cluster.sonarqube_db",
            "module.sonarQube.aws_security_group.sonarqube_db",
            "module.sonarQube.aws_security_group.sonarqube_lb",
            "module.sonarQube.aws_security_group.sonarqube_sg",
            "module.sonarQube.aws_subnet.sonarqube_private_subnet_2a",
            "module.sonarQube.aws_subnet.sonarqube_private_subnet_2b",
            "module.sonarQube.aws_subnet.sonarqube_private_subnet_2c",
            "module.sonarQube.aws_vpc.sonarqube_vpc",
            "module.sonarQube.data.aws_secretsmanager_secret.cluster_secret"
          ]
        }
      ]
    },
    {
      "module": "module.sonarQube",
      "mode": "managed",
      "type": "aws_lb",
      "name": "sonarqube_lb",
      "provider": "module.sonarQube.provider[\"registry.terraform.io/hashicorp/aws\"]",
      "instances": [
        {
          "schema_version": 0,
          "attributes": {
            "access_logs": [
              {
                "bucket": "",
                "enabled": false,
                "prefix": ""
              }
            ],
            "arn": "arn:aws:elasticloadbalancing:ap-northeast-2:851077919242:loadbalancer/app/sonarqube-lb/6956485996af4232",
            "arn_suffix": "app/sonarqube-lb/6956485996af4232",
            "connection_logs": [
              {
                "bucket": "",
                "enabled": false,
                "prefix": ""
              }
            ],
            "customer_owned_ipv4_pool": "",
            "desync_mitigation_mode": "defensive",
            "dns_name": "sonarqube-lb-1936597928.ap-northeast-2.elb.amazonaws.com",
            "dns_record_client_routing_policy": null,
            "drop_invalid_header_fields": false,
            "enable_cross_zone_load_balancing": true,
            "enable_deletion_protection": false,
            "enable_http2": true,
            "enable_tls_version_and_cipher_suite_headers": false,
            "enable_waf_fail_open": false,
            "enable_xff_client_port": false,
            "enforce_security_group_inbound_rules_on_private_link_traffic": "",
            "id": "arn:aws:elasticloadbalancing:ap-northeast-2:851077919242:loadbalancer/app/sonarqube-lb/6956485996af4232",
            "idle_timeout": 60,
            "internal": false,
            "ip_address_type": "ipv4",
            "load_balancer_type": "application",
            "name": "sonarqube-lb",
            "name_prefix": "",
            "preserve_host_header": false,
            "security_groups": [
              "sg-0803a00788298d67d"
            ],
            "subnet_mapping": [
              {
                "allocation_id": "",
                "ipv6_address": "",
                "outpost_id": "",
                "private_ipv4_address": "",
                "subnet_id": "subnet-008ce633310fcfdaf"
              },
              {
                "allocation_id": "",
                "ipv6_address": "",
                "outpost_id": "",
                "private_ipv4_address": "",
                "subnet_id": "subnet-04d39ddb62b15d39b"
              },
              {
                "allocation_id": "",
                "ipv6_address": "",
                "outpost_id": "",
                "private_ipv4_address": "",
                "subnet_id": "subnet-0bedc269224b8a072"
              }
            ],
            "subnets": [
              "subnet-008ce633310fcfdaf",
              "subnet-04d39ddb62b15d39b",
              "subnet-0bedc269224b8a072"
            ],
            "tags": {
              "Environment": "sonarqube"
            },
            "tags_all": {
              "Environment": "sonarqube"
            },
            "timeouts": null,
            "vpc_id": "vpc-0ea6bdcb1bed2e73e",
            "xff_header_processing_mode": "append",
            "zone_id": "ZWKZPGTI48KDX"
          },
          "sensitive_attributes": [],
          "private": "eyJlMmJmYjczMC1lY2FhLTExZTYtOGY4OC0zNDM2M2JjN2M0YzAiOnsiY3JlYXRlIjo2MDAwMDAwMDAwMDAsImRlbGV0ZSI6NjAwMDAwMDAwMDAwLCJ1cGRhdGUiOjYwMDAwMDAwMDAwMH19",
          "dependencies": [
            "module.sonarQube.aws_security_group.sonarqube_lb",
            "module.sonarQube.aws_subnet.sonarqube_public_subnet_2a",
            "module.sonarQube.aws_subnet.sonarqube_public_subnet_2b",
            "module.sonarQube.aws_subnet.sonarqube_public_subnet_2c",
            "module.sonarQube.aws_vpc.sonarqube_vpc"
          ]
        }
      ]
    },
    {
      "module": "module.sonarQube",
      "mode": "managed",
      "type": "aws_lb_listener",
      "name": "sonarqube_listener",
      "provider": "module.sonarQube.provider[\"registry.terraform.io/hashicorp/aws\"]",
      "instances": [
        {
          "schema_version": 0,
          "attributes": {
            "alpn_policy": null,
            "arn": "arn:aws:elasticloadbalancing:ap-northeast-2:851077919242:listener/app/sonarqube-lb/6956485996af4232/6ee0634fc0ac3cec",
            "certificate_arn": null,
            "default_action": [
              {
                "authenticate_cognito": [],
                "authenticate_oidc": [],
                "fixed_response": [],
                "forward": [],
                "order": 1,
                "redirect": [],
                "target_group_arn": "arn:aws:elasticloadbalancing:ap-northeast-2:851077919242:targetgroup/sonarqube-tg/e8135ac38173350a",
                "type": "forward"
              }
            ],
            "id": "arn:aws:elasticloadbalancing:ap-northeast-2:851077919242:listener/app/sonarqube-lb/6956485996af4232/6ee0634fc0ac3cec",
            "load_balancer_arn": "arn:aws:elasticloadbalancing:ap-northeast-2:851077919242:loadbalancer/app/sonarqube-lb/6956485996af4232",
            "mutual_authentication": [],
            "port": 9000,
            "protocol": "HTTP",
            "ssl_policy": "",
            "tags": {},
            "tags_all": {},
            "timeouts": null
          },
          "sensitive_attributes": [],
          "private": "eyJlMmJmYjczMC1lY2FhLTExZTYtOGY4OC0zNDM2M2JjN2M0YzAiOnsiY3JlYXRlIjozMDAwMDAwMDAwMDAsInVwZGF0ZSI6MzAwMDAwMDAwMDAwfX0=",
          "dependencies": [
            "module.sonarQube.aws_lb.sonarqube_lb",
            "module.sonarQube.aws_lb_target_group.sonarqube",
            "module.sonarQube.aws_security_group.sonarqube_lb",
            "module.sonarQube.aws_subnet.sonarqube_public_subnet_2a",
            "module.sonarQube.aws_subnet.sonarqube_public_subnet_2b",
            "module.sonarQube.aws_subnet.sonarqube_public_subnet_2c",
            "module.sonarQube.aws_vpc.sonarqube_vpc"
          ]
        }
      ]
    },
    {
      "module": "module.sonarQube",
      "mode": "managed",
      "type": "aws_lb_target_group",
      "name": "sonarqube",
      "provider": "module.sonarQube.provider[\"registry.terraform.io/hashicorp/aws\"]",
      "instances": [
        {
          "schema_version": 0,
          "attributes": {
            "arn": "arn:aws:elasticloadbalancing:ap-northeast-2:851077919242:targetgroup/sonarqube-tg/e8135ac38173350a",
            "arn_suffix": "targetgroup/sonarqube-tg/e8135ac38173350a",
            "connection_termination": null,
            "deregistration_delay": "300",
            "health_check": [
              {
                "enabled": true,
                "healthy_threshold": 5,
                "interval": 30,
                "matcher": "200",
                "path": "/",
                "port": "traffic-port",
                "protocol": "HTTP",
                "timeout": 5,
                "unhealthy_threshold": 2
              }
            ],
            "id": "arn:aws:elasticloadbalancing:ap-northeast-2:851077919242:targetgroup/sonarqube-tg/e8135ac38173350a",
            "ip_address_type": "ipv4",
            "lambda_multi_value_headers_enabled": false,
            "load_balancing_algorithm_type": "round_robin",
            "load_balancing_cross_zone_enabled": "use_load_balancer_configuration",
            "name": "sonarqube-tg",
            "name_prefix": "",
            "port": 9000,
            "preserve_client_ip": null,
            "protocol": "HTTP",
            "protocol_version": "HTTP1",
            "proxy_protocol_v2": false,
            "slow_start": 0,
            "stickiness": [
              {
                "cookie_duration": 86400,
                "cookie_name": "",
                "enabled": false,
                "type": "lb_cookie"
              }
            ],
            "tags": {},
            "tags_all": {},
            "target_failover": [
              {
                "on_deregistration": null,
                "on_unhealthy": null
              }
            ],
            "target_health_state": [
              {
                "enable_unhealthy_connection_termination": null
              }
            ],
            "target_type": "ip",
            "vpc_id": "vpc-0ea6bdcb1bed2e73e"
          },
          "sensitive_attributes": [],
          "private": "bnVsbA==",
          "dependencies": [
            "module.sonarQube.aws_vpc.sonarqube_vpc"
          ]
        }
      ]
    },
    {
      "module": "module.sonarQube",
      "mode": "managed",
      "type": "aws_nat_gateway",
      "name": "sonarqube_nat",
      "provider": "module.sonarQube.provider[\"registry.terraform.io/hashicorp/aws\"]",
      "instances": [
        {
          "schema_version": 0,
          "attributes": {
            "allocation_id": "eipalloc-0f92330b34c932060",
            "association_id": "eipassoc-049e864b0625ace47",
            "connectivity_type": "public",
            "id": "nat-0b9e136c8e8fedc42",
            "network_interface_id": "eni-08e693bc9021d6991",
            "private_ip": "10.0.8.170",
            "public_ip": "13.125.0.192",
            "secondary_allocation_ids": [],
            "secondary_private_ip_address_count": 0,
            "secondary_private_ip_addresses": [],
            "subnet_id": "subnet-0bedc269224b8a072",
            "tags": {
              "Name": "sonarqube_nat"
            },
            "tags_all": {
              "Name": "sonarqube_nat"
            },
            "timeouts": null
          },
          "sensitive_attributes": [],
          "private": "eyJlMmJmYjczMC1lY2FhLTExZTYtOGY4OC0zNDM2M2JjN2M0YzAiOnsiY3JlYXRlIjo2MDAwMDAwMDAwMDAsImRlbGV0ZSI6MTgwMDAwMDAwMDAwMCwidXBkYXRlIjo2MDAwMDAwMDAwMDB9fQ==",
          "dependencies": [
            "module.sonarQube.aws_eip.sonarqube_eip",
            "module.sonarQube.aws_internet_gateway.sonarqube_igw",
            "module.sonarQube.aws_subnet.sonarqube_public_subnet_2a",
            "module.sonarQube.aws_vpc.sonarqube_vpc"
          ]
        }
      ]
    },
    {
      "module": "module.sonarQube",
      "mode": "managed",
      "type": "aws_rds_cluster",
      "name": "sonarqube_db",
      "provider": "module.sonarQube.provider[\"registry.terraform.io/hashicorp/aws\"]",
      "instances": [
        {
          "schema_version": 1,
          "attributes": {
            "allocated_storage": 1,
            "allow_major_version_upgrade": null,
            "apply_immediately": null,
            "arn": "arn:aws:rds:ap-northeast-2:851077919242:cluster:sonarqube1",
            "availability_zones": [
              "ap-northeast-2a",
              "ap-northeast-2b",
              "ap-northeast-2c"
            ],
            "backtrack_window": 0,
            "backup_retention_period": 5,
            "cluster_identifier": "sonarqube1",
            "cluster_identifier_prefix": "",
            "cluster_members": [
              "sonarqube-cluster-0"
            ],
            "cluster_resource_id": "cluster-EYX5DSZO3JFZIN225O7WN6YQPM",
            "copy_tags_to_snapshot": false,
            "database_name": "sonarqube",
            "db_cluster_instance_class": "",
            "db_cluster_parameter_group_name": "default.aurora-postgresql15",
            "db_instance_parameter_group_name": null,
            "db_subnet_group_name": "sonarqube_subnet_group",
            "db_system_id": "",
            "delete_automated_backups": true,
            "deletion_protection": false,
            "enable_global_write_forwarding": false,
            "enable_http_endpoint": false,
            "enabled_cloudwatch_logs_exports": [],
            "endpoint": "sonarqube1.cluster-cvprv5ijkr8y.ap-northeast-2.rds.amazonaws.com",
            "engine": "aurora-postgresql",
            "engine_mode": "provisioned",
            "engine_version": "15.3",
            "engine_version_actual": "15.3",
            "final_snapshot_identifier": null,
            "global_cluster_identifier": "",
            "hosted_zone_id": "ZLA2NUCOLGUUR",
            "iam_database_authentication_enabled": false,
            "iam_roles": [],
            "id": "sonarqube1",
            "iops": 0,
            "kms_key_id": "",
            "manage_master_user_password": true,
            "master_password": null,
            "master_user_secret": [
              {
                "kms_key_id": "arn:aws:kms:ap-northeast-2:851077919242:key/0fa84077-043d-484d-9bdc-1165ea74d6e2",
                "secret_arn": "arn:aws:secretsmanager:ap-northeast-2:851077919242:secret:rds!cluster-4576aba4-51c8-4671-837e-31c6b246e735-tyYilA",
                "secret_status": "active"
              }
            ],
            "master_user_secret_kms_key_id": "0fa84077-043d-484d-9bdc-1165ea74d6e2",
            "master_username": "sonarqube",
            "network_type": "IPV4",
            "port": 5432,
            "preferred_backup_window": "07:00-09:00",
            "preferred_maintenance_window": "mon:20:16-mon:20:46",
            "reader_endpoint": "sonarqube1.cluster-ro-cvprv5ijkr8y.ap-northeast-2.rds.amazonaws.com",
            "replication_source_identifier": "",
            "restore_to_point_in_time": [],
            "s3_import": [],
            "scaling_configuration": [],
            "serverlessv2_scaling_configuration": [],
            "skip_final_snapshot": true,
            "snapshot_identifier": null,
            "source_region": null,
            "storage_encrypted": false,
            "storage_type": "",
            "tags": {},
            "tags_all": {},
            "timeouts": null,
            "vpc_security_group_ids": [
              "sg-05efabf2da584e22e"
            ]
          },
          "sensitive_attributes": [],
          "private": "eyJlMmJmYjczMC1lY2FhLTExZTYtOGY4OC0zNDM2M2JjN2M0YzAiOnsiY3JlYXRlIjo3MjAwMDAwMDAwMDAwLCJkZWxldGUiOjcyMDAwMDAwMDAwMDAsInVwZGF0ZSI6NzIwMDAwMDAwMDAwMH0sInNjaGVtYV92ZXJzaW9uIjoiMSJ9",
          "dependencies": [
            "module.sonarQube.aws_db_subnet_group.sonarqube_subnet_group",
            "module.sonarQube.aws_kms_key.sonarqube_key",
            "module.sonarQube.aws_security_group.sonarqube_db",
            "module.sonarQube.aws_security_group.sonarqube_lb",
            "module.sonarQube.aws_security_group.sonarqube_sg",
            "module.sonarQube.aws_subnet.sonarqube_private_subnet_2a",
            "module.sonarQube.aws_subnet.sonarqube_private_subnet_2b",
            "module.sonarQube.aws_subnet.sonarqube_private_subnet_2c",
            "module.sonarQube.aws_vpc.sonarqube_vpc"
          ]
        }
      ]
    },
    {
      "module": "module.sonarQube",
      "mode": "managed",
      "type": "aws_rds_cluster_instance",
      "name": "sonarqube_instances",
      "provider": "module.sonarQube.provider[\"registry.terraform.io/hashicorp/aws\"]",
      "instances": [
        {
          "index_key": 0,
          "schema_version": 0,
          "attributes": {
            "apply_immediately": null,
            "arn": "arn:aws:rds:ap-northeast-2:851077919242:db:sonarqube-cluster-0",
            "auto_minor_version_upgrade": true,
            "availability_zone": "ap-northeast-2c",
            "ca_cert_identifier": "rds-ca-2019",
            "cluster_identifier": "sonarqube1",
            "copy_tags_to_snapshot": false,
            "custom_iam_instance_profile": "",
            "db_parameter_group_name": "default.aurora-postgresql15",
            "db_subnet_group_name": "sonarqube_subnet_group",
            "dbi_resource_id": "db-UEPL4KQ27U76PRAYYSFZLS6WU4",
            "endpoint": "sonarqube-cluster-0.cvprv5ijkr8y.ap-northeast-2.rds.amazonaws.com",
            "engine": "aurora-postgresql",
            "engine_version": "15.3",
            "engine_version_actual": "15.3",
            "id": "sonarqube-cluster-0",
            "identifier": "sonarqube-cluster-0",
            "identifier_prefix": "",
            "instance_class": "db.t3.medium",
            "kms_key_id": "",
            "monitoring_interval": 0,
            "monitoring_role_arn": "",
            "network_type": "IPV4",
            "performance_insights_enabled": false,
            "performance_insights_kms_key_id": "",
            "performance_insights_retention_period": 0,
            "port": 5432,
            "preferred_backup_window": "07:00-09:00",
            "preferred_maintenance_window": "tue:13:36-tue:14:06",
            "promotion_tier": 0,
            "publicly_accessible": false,
            "storage_encrypted": false,
            "tags": {},
            "tags_all": {},
            "timeouts": null,
            "writer": true
          },
          "sensitive_attributes": [],
          "private": "eyJlMmJmYjczMC1lY2FhLTExZTYtOGY4OC0zNDM2M2JjN2M0YzAiOnsiY3JlYXRlIjo1NDAwMDAwMDAwMDAwLCJkZWxldGUiOjU0MDAwMDAwMDAwMDAsInVwZGF0ZSI6NTQwMDAwMDAwMDAwMH19",
          "dependencies": [
            "module.sonarQube.aws_db_subnet_group.sonarqube_subnet_group",
            "module.sonarQube.aws_kms_key.sonarqube_key",
            "module.sonarQube.aws_rds_cluster.sonarqube_db",
            "module.sonarQube.aws_security_group.sonarqube_db",
            "module.sonarQube.aws_security_group.sonarqube_lb",
            "module.sonarQube.aws_security_group.sonarqube_sg",
            "module.sonarQube.aws_subnet.sonarqube_private_subnet_2a",
            "module.sonarQube.aws_subnet.sonarqube_private_subnet_2b",
            "module.sonarQube.aws_subnet.sonarqube_private_subnet_2c",
            "module.sonarQube.aws_vpc.sonarqube_vpc"
          ]
        }
      ]
    },
    {
      "module": "module.sonarQube",
      "mode": "managed",
      "type": "aws_route_table",
      "name": "sonarqube_private_route_table_a",
      "provider": "module.sonarQube.provider[\"registry.terraform.io/hashicorp/aws\"]",
      "instances": [
        {
          "schema_version": 0,
          "attributes": {
            "arn": "arn:aws:ec2:ap-northeast-2:851077919242:route-table/rtb-055208249307a8017",
            "id": "rtb-055208249307a8017",
            "owner_id": "851077919242",
            "propagating_vgws": [],
            "route": [
              {
                "carrier_gateway_id": "",
                "cidr_block": "0.0.0.0/0",
                "core_network_arn": "",
                "destination_prefix_list_id": "",
                "egress_only_gateway_id": "",
                "gateway_id": "",
                "ipv6_cidr_block": "",
                "local_gateway_id": "",
                "nat_gateway_id": "nat-0b9e136c8e8fedc42",
                "network_interface_id": "",
                "transit_gateway_id": "",
                "vpc_endpoint_id": "",
                "vpc_peering_connection_id": ""
              }
            ],
            "tags": {
              "Name": "sonarqube_private_route_table_a"
            },
            "tags_all": {
              "Name": "sonarqube_private_route_table_a"
            },
            "timeouts": null,
            "vpc_id": "vpc-0ea6bdcb1bed2e73e"
          },
          "sensitive_attributes": [],
          "private": "eyJlMmJmYjczMC1lY2FhLTExZTYtOGY4OC0zNDM2M2JjN2M0YzAiOnsiY3JlYXRlIjozMDAwMDAwMDAwMDAsImRlbGV0ZSI6MzAwMDAwMDAwMDAwLCJ1cGRhdGUiOjEyMDAwMDAwMDAwMH19",
          "dependencies": [
            "module.sonarQube.aws_eip.sonarqube_eip",
            "module.sonarQube.aws_internet_gateway.sonarqube_igw",
            "module.sonarQube.aws_nat_gateway.sonarqube_nat",
            "module.sonarQube.aws_subnet.sonarqube_public_subnet_2a",
            "module.sonarQube.aws_vpc.sonarqube_vpc"
          ]
        }
      ]
    },
    {
      "module": "module.sonarQube",
      "mode": "managed",
      "type": "aws_route_table",
      "name": "sonarqube_private_route_table_b",
      "provider": "module.sonarQube.provider[\"registry.terraform.io/hashicorp/aws\"]",
      "instances": [
        {
          "schema_version": 0,
          "attributes": {
            "arn": "arn:aws:ec2:ap-northeast-2:851077919242:route-table/rtb-0a489a44b5d33576f",
            "id": "rtb-0a489a44b5d33576f",
            "owner_id": "851077919242",
            "propagating_vgws": [],
            "route": [
              {
                "carrier_gateway_id": "",
                "cidr_block": "0.0.0.0/0",
                "core_network_arn": "",
                "destination_prefix_list_id": "",
                "egress_only_gateway_id": "",
                "gateway_id": "",
                "ipv6_cidr_block": "",
                "local_gateway_id": "",
                "nat_gateway_id": "nat-0b9e136c8e8fedc42",
                "network_interface_id": "",
                "transit_gateway_id": "",
                "vpc_endpoint_id": "",
                "vpc_peering_connection_id": ""
              }
            ],
            "tags": {
              "Name": "sonarqube_private_route_table_b"
            },
            "tags_all": {
              "Name": "sonarqube_private_route_table_b"
            },
            "timeouts": null,
            "vpc_id": "vpc-0ea6bdcb1bed2e73e"
          },
          "sensitive_attributes": [],
          "private": "eyJlMmJmYjczMC1lY2FhLTExZTYtOGY4OC0zNDM2M2JjN2M0YzAiOnsiY3JlYXRlIjozMDAwMDAwMDAwMDAsImRlbGV0ZSI6MzAwMDAwMDAwMDAwLCJ1cGRhdGUiOjEyMDAwMDAwMDAwMH19",
          "dependencies": [
            "module.sonarQube.aws_eip.sonarqube_eip",
            "module.sonarQube.aws_internet_gateway.sonarqube_igw",
            "module.sonarQube.aws_nat_gateway.sonarqube_nat",
            "module.sonarQube.aws_subnet.sonarqube_public_subnet_2a",
            "module.sonarQube.aws_vpc.sonarqube_vpc"
          ]
        }
      ]
    },
    {
      "module": "module.sonarQube",
      "mode": "managed",
      "type": "aws_route_table",
      "name": "sonarqube_private_route_table_c",
      "provider": "module.sonarQube.provider[\"registry.terraform.io/hashicorp/aws\"]",
      "instances": [
        {
          "schema_version": 0,
          "attributes": {
            "arn": "arn:aws:ec2:ap-northeast-2:851077919242:route-table/rtb-030498e5bb7ecec06",
            "id": "rtb-030498e5bb7ecec06",
            "owner_id": "851077919242",
            "propagating_vgws": [],
            "route": [
              {
                "carrier_gateway_id": "",
                "cidr_block": "0.0.0.0/0",
                "core_network_arn": "",
                "destination_prefix_list_id": "",
                "egress_only_gateway_id": "",
                "gateway_id": "",
                "ipv6_cidr_block": "",
                "local_gateway_id": "",
                "nat_gateway_id": "nat-0b9e136c8e8fedc42",
                "network_interface_id": "",
                "transit_gateway_id": "",
                "vpc_endpoint_id": "",
                "vpc_peering_connection_id": ""
              }
            ],
            "tags": {
              "Name": "sonarqube_private_route_table_c"
            },
            "tags_all": {
              "Name": "sonarqube_private_route_table_c"
            },
            "timeouts": null,
            "vpc_id": "vpc-0ea6bdcb1bed2e73e"
          },
          "sensitive_attributes": [],
          "private": "eyJlMmJmYjczMC1lY2FhLTExZTYtOGY4OC0zNDM2M2JjN2M0YzAiOnsiY3JlYXRlIjozMDAwMDAwMDAwMDAsImRlbGV0ZSI6MzAwMDAwMDAwMDAwLCJ1cGRhdGUiOjEyMDAwMDAwMDAwMH19",
          "dependencies": [
            "module.sonarQube.aws_eip.sonarqube_eip",
            "module.sonarQube.aws_internet_gateway.sonarqube_igw",
            "module.sonarQube.aws_nat_gateway.sonarqube_nat",
            "module.sonarQube.aws_subnet.sonarqube_public_subnet_2a",
            "module.sonarQube.aws_vpc.sonarqube_vpc"
          ]
        }
      ]
    },
    {
      "module": "module.sonarQube",
      "mode": "managed",
      "type": "aws_route_table",
      "name": "sonarqube_route_table",
      "provider": "module.sonarQube.provider[\"registry.terraform.io/hashicorp/aws\"]",
      "instances": [
        {
          "schema_version": 0,
          "attributes": {
            "arn": "arn:aws:ec2:ap-northeast-2:851077919242:route-table/rtb-0bcb2228268280feb",
            "id": "rtb-0bcb2228268280feb",
            "owner_id": "851077919242",
            "propagating_vgws": [],
            "route": [
              {
                "carrier_gateway_id": "",
                "cidr_block": "0.0.0.0/0",
                "core_network_arn": "",
                "destination_prefix_list_id": "",
                "egress_only_gateway_id": "",
                "gateway_id": "igw-06eb93c752cd67c85",
                "ipv6_cidr_block": "",
                "local_gateway_id": "",
                "nat_gateway_id": "",
                "network_interface_id": "",
                "transit_gateway_id": "",
                "vpc_endpoint_id": "",
                "vpc_peering_connection_id": ""
              }
            ],
            "tags": {
              "Name": "sonarqube_route_table"
            },
            "tags_all": {
              "Name": "sonarqube_route_table"
            },
            "timeouts": null,
            "vpc_id": "vpc-0ea6bdcb1bed2e73e"
          },
          "sensitive_attributes": [],
          "private": "eyJlMmJmYjczMC1lY2FhLTExZTYtOGY4OC0zNDM2M2JjN2M0YzAiOnsiY3JlYXRlIjozMDAwMDAwMDAwMDAsImRlbGV0ZSI6MzAwMDAwMDAwMDAwLCJ1cGRhdGUiOjEyMDAwMDAwMDAwMH19",
          "dependencies": [
            "module.sonarQube.aws_internet_gateway.sonarqube_igw",
            "module.sonarQube.aws_vpc.sonarqube_vpc"
          ]
        }
      ]
    },
    {
      "module": "module.sonarQube",
      "mode": "managed",
      "type": "aws_route_table_association",
      "name": "a",
      "provider": "module.sonarQube.provider[\"registry.terraform.io/hashicorp/aws\"]",
      "instances": [
        {
          "schema_version": 0,
          "attributes": {
            "gateway_id": "",
            "id": "rtbassoc-009d322734e1ba7b1",
            "route_table_id": "rtb-0bcb2228268280feb",
            "subnet_id": "subnet-0bedc269224b8a072",
            "timeouts": null
          },
          "sensitive_attributes": [],
          "private": "eyJlMmJmYjczMC1lY2FhLTExZTYtOGY4OC0zNDM2M2JjN2M0YzAiOnsiY3JlYXRlIjozMDAwMDAwMDAwMDAsImRlbGV0ZSI6MzAwMDAwMDAwMDAwLCJ1cGRhdGUiOjEyMDAwMDAwMDAwMH19",
          "dependencies": [
            "module.sonarQube.aws_internet_gateway.sonarqube_igw",
            "module.sonarQube.aws_route_table.sonarqube_route_table",
            "module.sonarQube.aws_subnet.sonarqube_public_subnet_2a",
            "module.sonarQube.aws_vpc.sonarqube_vpc"
          ]
        }
      ]
    },
    {
      "module": "module.sonarQube",
      "mode": "managed",
      "type": "aws_route_table_association",
      "name": "a1",
      "provider": "module.sonarQube.provider[\"registry.terraform.io/hashicorp/aws\"]",
      "instances": [
        {
          "schema_version": 0,
          "attributes": {
            "gateway_id": "",
            "id": "rtbassoc-0821be61d1b849235",
            "route_table_id": "rtb-055208249307a8017",
            "subnet_id": "subnet-082fca2e31d12054a",
            "timeouts": null
          },
          "sensitive_attributes": [],
          "private": "eyJlMmJmYjczMC1lY2FhLTExZTYtOGY4OC0zNDM2M2JjN2M0YzAiOnsiY3JlYXRlIjozMDAwMDAwMDAwMDAsImRlbGV0ZSI6MzAwMDAwMDAwMDAwLCJ1cGRhdGUiOjEyMDAwMDAwMDAwMH19",
          "dependencies": [
            "module.sonarQube.aws_eip.sonarqube_eip",
            "module.sonarQube.aws_internet_gateway.sonarqube_igw",
            "module.sonarQube.aws_nat_gateway.sonarqube_nat",
            "module.sonarQube.aws_route_table.sonarqube_private_route_table_a",
            "module.sonarQube.aws_subnet.sonarqube_private_subnet_2a",
            "module.sonarQube.aws_subnet.sonarqube_public_subnet_2a",
            "module.sonarQube.aws_vpc.sonarqube_vpc"
          ]
        }
      ]
    },
    {
      "module": "module.sonarQube",
      "mode": "managed",
      "type": "aws_route_table_association",
      "name": "b",
      "provider": "module.sonarQube.provider[\"registry.terraform.io/hashicorp/aws\"]",
      "instances": [
        {
          "schema_version": 0,
          "attributes": {
            "gateway_id": "",
            "id": "rtbassoc-0daa776face1bd4e4",
            "route_table_id": "rtb-0bcb2228268280feb",
            "subnet_id": "subnet-04d39ddb62b15d39b",
            "timeouts": null
          },
          "sensitive_attributes": [],
          "private": "eyJlMmJmYjczMC1lY2FhLTExZTYtOGY4OC0zNDM2M2JjN2M0YzAiOnsiY3JlYXRlIjozMDAwMDAwMDAwMDAsImRlbGV0ZSI6MzAwMDAwMDAwMDAwLCJ1cGRhdGUiOjEyMDAwMDAwMDAwMH19",
          "dependencies": [
            "module.sonarQube.aws_internet_gateway.sonarqube_igw",
            "module.sonarQube.aws_route_table.sonarqube_route_table",
            "module.sonarQube.aws_subnet.sonarqube_public_subnet_2b",
            "module.sonarQube.aws_vpc.sonarqube_vpc"
          ]
        }
      ]
    },
    {
      "module": "module.sonarQube",
      "mode": "managed",
      "type": "aws_route_table_association",
      "name": "b1",
      "provider": "module.sonarQube.provider[\"registry.terraform.io/hashicorp/aws\"]",
      "instances": [
        {
          "schema_version": 0,
          "attributes": {
            "gateway_id": "",
            "id": "rtbassoc-0e39963d29e4bd236",
            "route_table_id": "rtb-0a489a44b5d33576f",
            "subnet_id": "subnet-0e2ca8bd3bf95365b",
            "timeouts": null
          },
          "sensitive_attributes": [],
          "private": "eyJlMmJmYjczMC1lY2FhLTExZTYtOGY4OC0zNDM2M2JjN2M0YzAiOnsiY3JlYXRlIjozMDAwMDAwMDAwMDAsImRlbGV0ZSI6MzAwMDAwMDAwMDAwLCJ1cGRhdGUiOjEyMDAwMDAwMDAwMH19",
          "dependencies": [
            "module.sonarQube.aws_eip.sonarqube_eip",
            "module.sonarQube.aws_internet_gateway.sonarqube_igw",
            "module.sonarQube.aws_nat_gateway.sonarqube_nat",
            "module.sonarQube.aws_route_table.sonarqube_private_route_table_b",
            "module.sonarQube.aws_subnet.sonarqube_private_subnet_2b",
            "module.sonarQube.aws_subnet.sonarqube_public_subnet_2a",
            "module.sonarQube.aws_vpc.sonarqube_vpc"
          ]
        }
      ]
    },
    {
      "module": "module.sonarQube",
      "mode": "managed",
      "type": "aws_route_table_association",
      "name": "c",
      "provider": "module.sonarQube.provider[\"registry.terraform.io/hashicorp/aws\"]",
      "instances": [
        {
          "schema_version": 0,
          "attributes": {
            "gateway_id": "",
            "id": "rtbassoc-08b4fc294e9d9a122",
            "route_table_id": "rtb-0bcb2228268280feb",
            "subnet_id": "subnet-008ce633310fcfdaf",
            "timeouts": null
          },
          "sensitive_attributes": [],
          "private": "eyJlMmJmYjczMC1lY2FhLTExZTYtOGY4OC0zNDM2M2JjN2M0YzAiOnsiY3JlYXRlIjozMDAwMDAwMDAwMDAsImRlbGV0ZSI6MzAwMDAwMDAwMDAwLCJ1cGRhdGUiOjEyMDAwMDAwMDAwMH19",
          "dependencies": [
            "module.sonarQube.aws_internet_gateway.sonarqube_igw",
            "module.sonarQube.aws_route_table.sonarqube_route_table",
            "module.sonarQube.aws_subnet.sonarqube_public_subnet_2c",
            "module.sonarQube.aws_vpc.sonarqube_vpc"
          ]
        }
      ]
    },
    {
      "module": "module.sonarQube",
      "mode": "managed",
      "type": "aws_route_table_association",
      "name": "c1",
      "provider": "module.sonarQube.provider[\"registry.terraform.io/hashicorp/aws\"]",
      "instances": [
        {
          "schema_version": 0,
          "attributes": {
            "gateway_id": "",
            "id": "rtbassoc-06593bbcb38e73914",
            "route_table_id": "rtb-030498e5bb7ecec06",
            "subnet_id": "subnet-0bd12f60d8576a239",
            "timeouts": null
          },
          "sensitive_attributes": [],
          "private": "eyJlMmJmYjczMC1lY2FhLTExZTYtOGY4OC0zNDM2M2JjN2M0YzAiOnsiY3JlYXRlIjozMDAwMDAwMDAwMDAsImRlbGV0ZSI6MzAwMDAwMDAwMDAwLCJ1cGRhdGUiOjEyMDAwMDAwMDAwMH19",
          "dependencies": [
            "module.sonarQube.aws_eip.sonarqube_eip",
            "module.sonarQube.aws_internet_gateway.sonarqube_igw",
            "module.sonarQube.aws_nat_gateway.sonarqube_nat",
            "module.sonarQube.aws_route_table.sonarqube_private_route_table_c",
            "module.sonarQube.aws_subnet.sonarqube_private_subnet_2c",
            "module.sonarQube.aws_subnet.sonarqube_public_subnet_2a",
            "module.sonarQube.aws_vpc.sonarqube_vpc"
          ]
        }
      ]
    },
    {
      "module": "module.sonarQube",
      "mode": "managed",
      "type": "aws_secretsmanager_secret",
      "name": "sonarqube_db_password",
      "provider": "module.sonarQube.provider[\"registry.terraform.io/hashicorp/aws\"]",
      "instances": [
        {
          "schema_version": 0,
          "attributes": {
            "arn": "arn:aws:secretsmanager:ap-northeast-2:851077919242:secret:sonarqube20240103152953311000000001-1qUvdk",
            "description": "",
            "force_overwrite_replica_secret": false,
            "id": "arn:aws:secretsmanager:ap-northeast-2:851077919242:secret:sonarqube20240103152953311000000001-1qUvdk",
            "kms_key_id": "0fa84077-043d-484d-9bdc-1165ea74d6e2",
            "name": "sonarqube20240103152953311000000001",
            "name_prefix": "sonarqube",
            "policy": "",
            "recovery_window_in_days": 30,
            "replica": [],
            "tags": {},
            "tags_all": {}
          },
          "sensitive_attributes": [],
          "private": "bnVsbA==",
          "dependencies": [
            "module.sonarQube.aws_kms_key.sonarqube_key"
          ]
        }
      ]
    },
    {
      "module": "module.sonarQube",
      "mode": "managed",
      "type": "aws_security_group",
      "name": "sonarqube_db",
      "provider": "module.sonarQube.provider[\"registry.terraform.io/hashicorp/aws\"]",
      "instances": [
        {
          "schema_version": 1,
          "attributes": {
            "arn": "arn:aws:ec2:ap-northeast-2:851077919242:security-group/sg-05efabf2da584e22e",
            "description": "sonarqube db group",
            "egress": [
              {
                "cidr_blocks": [
                  "0.0.0.0/0"
                ],
                "description": "",
                "from_port": 0,
                "ipv6_cidr_blocks": [],
                "prefix_list_ids": [],
                "protocol": "-1",
                "security_groups": [],
                "self": false,
                "to_port": 0
              }
            ],
            "id": "sg-05efabf2da584e22e",
            "ingress": [
              {
                "cidr_blocks": [],
                "description": "postgre sql",
                "from_port": 5432,
                "ipv6_cidr_blocks": [],
                "prefix_list_ids": [],
                "protocol": "tcp",
                "security_groups": [
                  "sg-09f3d0728aefae274"
                ],
                "self": false,
                "to_port": 5432
              }
            ],
            "name": "sonarqube_db",
            "name_prefix": "",
            "owner_id": "851077919242",
            "revoke_rules_on_delete": false,
            "tags": {
              "Name": "sonarqube_db_group"
            },
            "tags_all": {
              "Name": "sonarqube_db_group"
            },
            "timeouts": null,
            "vpc_id": "vpc-0ea6bdcb1bed2e73e"
          },
          "sensitive_attributes": [],
          "private": "eyJlMmJmYjczMC1lY2FhLTExZTYtOGY4OC0zNDM2M2JjN2M0YzAiOnsiY3JlYXRlIjo2MDAwMDAwMDAwMDAsImRlbGV0ZSI6OTAwMDAwMDAwMDAwfSwic2NoZW1hX3ZlcnNpb24iOiIxIn0=",
          "dependencies": [
            "module.sonarQube.aws_security_group.sonarqube_lb",
            "module.sonarQube.aws_security_group.sonarqube_sg",
            "module.sonarQube.aws_vpc.sonarqube_vpc"
          ]
        }
      ]
    },
    {
      "module": "module.sonarQube",
      "mode": "managed",
      "type": "aws_security_group",
      "name": "sonarqube_default",
      "provider": "module.sonarQube.provider[\"registry.terraform.io/hashicorp/aws\"]",
      "instances": [
        {
          "schema_version": 1,
          "attributes": {
            "arn": "arn:aws:ec2:ap-northeast-2:851077919242:security-group/sg-0d4a80276ea154eab",
            "description": "sonarqube default group",
            "egress": [
              {
                "cidr_blocks": [
                  "0.0.0.0/0"
                ],
                "description": "",
                "from_port": 0,
                "ipv6_cidr_blocks": [],
                "prefix_list_ids": [],
                "protocol": "-1",
                "security_groups": [],
                "self": false,
                "to_port": 0
              }
            ],
            "id": "sg-0d4a80276ea154eab",
            "ingress": [
              {
                "cidr_blocks": [],
                "description": "default",
                "from_port": 2049,
                "ipv6_cidr_blocks": [],
                "prefix_list_ids": [],
                "protocol": "tcp",
                "security_groups": [
                  "sg-09f3d0728aefae274"
                ],
                "self": false,
                "to_port": 2049
              }
            ],
            "name": "sonarqube_default",
            "name_prefix": "",
            "owner_id": "851077919242",
            "revoke_rules_on_delete": false,
            "tags": {
              "Name": "sonarqube_default_group"
            },
            "tags_all": {
              "Name": "sonarqube_default_group"
            },
            "timeouts": null,
            "vpc_id": "vpc-0ea6bdcb1bed2e73e"
          },
          "sensitive_attributes": [],
          "private": "eyJlMmJmYjczMC1lY2FhLTExZTYtOGY4OC0zNDM2M2JjN2M0YzAiOnsiY3JlYXRlIjo2MDAwMDAwMDAwMDAsImRlbGV0ZSI6OTAwMDAwMDAwMDAwfSwic2NoZW1hX3ZlcnNpb24iOiIxIn0=",
          "dependencies": [
            "module.sonarQube.aws_security_group.sonarqube_lb",
            "module.sonarQube.aws_security_group.sonarqube_sg",
            "module.sonarQube.aws_vpc.sonarqube_vpc"
          ]
        }
      ]
    },
    {
      "module": "module.sonarQube",
      "mode": "managed",
      "type": "aws_security_group",
      "name": "sonarqube_lb",
      "provider": "module.sonarQube.provider[\"registry.terraform.io/hashicorp/aws\"]",
      "instances": [
        {
          "schema_version": 1,
          "attributes": {
            "arn": "arn:aws:ec2:ap-northeast-2:851077919242:security-group/sg-0803a00788298d67d",
            "description": "sonarqube loadbalancer group",
            "egress": [
              {
                "cidr_blocks": [
                  "0.0.0.0/0"
                ],
                "description": "",
                "from_port": 0,
                "ipv6_cidr_blocks": [],
                "prefix_list_ids": [],
                "protocol": "-1",
                "security_groups": [],
                "self": false,
                "to_port": 0
              }
            ],
            "id": "sg-0803a00788298d67d",
            "ingress": [
              {
                "cidr_blocks": [
                  "0.0.0.0/0"
                ],
                "description": " ",
                "from_port": 9000,
                "ipv6_cidr_blocks": [],
                "prefix_list_ids": [],
                "protocol": "tcp",
                "security_groups": [],
                "self": false,
                "to_port": 9000
              }
            ],
            "name": "sonarqube_lb",
            "name_prefix": "",
            "owner_id": "851077919242",
            "revoke_rules_on_delete": false,
            "tags": {
              "Name": "sonarqube_lb_group"
            },
            "tags_all": {
              "Name": "sonarqube_lb_group"
            },
            "timeouts": null,
            "vpc_id": "vpc-0ea6bdcb1bed2e73e"
          },
          "sensitive_attributes": [],
          "private": "eyJlMmJmYjczMC1lY2FhLTExZTYtOGY4OC0zNDM2M2JjN2M0YzAiOnsiY3JlYXRlIjo2MDAwMDAwMDAwMDAsImRlbGV0ZSI6OTAwMDAwMDAwMDAwfSwic2NoZW1hX3ZlcnNpb24iOiIxIn0=",
          "dependencies": [
            "module.sonarQube.aws_vpc.sonarqube_vpc"
          ]
        }
      ]
    },
    {
      "module": "module.sonarQube",
      "mode": "managed",
      "type": "aws_security_group",
      "name": "sonarqube_sg",
      "provider": "module.sonarQube.provider[\"registry.terraform.io/hashicorp/aws\"]",
      "instances": [
        {
          "schema_version": 1,
          "attributes": {
            "arn": "arn:aws:ec2:ap-northeast-2:851077919242:security-group/sg-09f3d0728aefae274",
            "description": "sonarqube security group",
            "egress": [
              {
                "cidr_blocks": [
                  "0.0.0.0/0"
                ],
                "description": "",
                "from_port": 2049,
                "ipv6_cidr_blocks": [],
                "prefix_list_ids": [],
                "protocol": "tcp",
                "security_groups": [],
                "self": false,
                "to_port": 2049
              },
              {
                "cidr_blocks": [
                  "0.0.0.0/0"
                ],
                "description": "",
                "from_port": 443,
                "ipv6_cidr_blocks": [],
                "prefix_list_ids": [],
                "protocol": "tcp",
                "security_groups": [],
                "self": false,
                "to_port": 443
              },
              {
                "cidr_blocks": [
                  "0.0.0.0/0"
                ],
                "description": "",
                "from_port": 5432,
                "ipv6_cidr_blocks": [],
                "prefix_list_ids": [],
                "protocol": "tcp",
                "security_groups": [],
                "self": false,
                "to_port": 5432
              },
              {
                "cidr_blocks": [
                  "0.0.0.0/0"
                ],
                "description": "",
                "from_port": 80,
                "ipv6_cidr_blocks": [],
                "prefix_list_ids": [],
                "protocol": "tcp",
                "security_groups": [],
                "self": false,
                "to_port": 80
              },
              {
                "cidr_blocks": [
                  "0.0.0.0/0"
                ],
                "description": "",
                "from_port": 9000,
                "ipv6_cidr_blocks": [],
                "prefix_list_ids": [],
                "protocol": "tcp",
                "security_groups": [],
                "self": false,
                "to_port": 9000
              }
            ],
            "id": "sg-09f3d0728aefae274",
            "ingress": [
              {
                "cidr_blocks": [],
                "description": "TLS from VPC",
                "from_port": 9000,
                "ipv6_cidr_blocks": [],
                "prefix_list_ids": [],
                "protocol": "tcp",
                "security_groups": [
                  "sg-0803a00788298d67d"
                ],
                "self": false,
                "to_port": 9000
              }
            ],
            "name": "sonarqube_sg",
            "name_prefix": "",
            "owner_id": "851077919242",
            "revoke_rules_on_delete": false,
            "tags": {
              "Name": "sonarqube_sg_group"
            },
            "tags_all": {
              "Name": "sonarqube_sg_group"
            },
            "timeouts": null,
            "vpc_id": "vpc-0ea6bdcb1bed2e73e"
          },
          "sensitive_attributes": [],
          "private": "eyJlMmJmYjczMC1lY2FhLTExZTYtOGY4OC0zNDM2M2JjN2M0YzAiOnsiY3JlYXRlIjo2MDAwMDAwMDAwMDAsImRlbGV0ZSI6OTAwMDAwMDAwMDAwfSwic2NoZW1hX3ZlcnNpb24iOiIxIn0=",
          "dependencies": [
            "module.sonarQube.aws_security_group.sonarqube_lb",
            "module.sonarQube.aws_vpc.sonarqube_vpc"
          ]
        }
      ]
    },
    {
      "module": "module.sonarQube",
      "mode": "managed",
      "type": "aws_subnet",
      "name": "sonarqube_private_subnet_2a",
      "provider": "module.sonarQube.provider[\"registry.terraform.io/hashicorp/aws\"]",
      "instances": [
        {
          "schema_version": 1,
          "attributes": {
            "arn": "arn:aws:ec2:ap-northeast-2:851077919242:subnet/subnet-082fca2e31d12054a",
            "assign_ipv6_address_on_creation": false,
            "availability_zone": "ap-northeast-2a",
            "availability_zone_id": "apne2-az1",
            "cidr_block": "10.0.128.0/20",
            "customer_owned_ipv4_pool": "",
            "enable_dns64": false,
            "enable_lni_at_device_index": 0,
            "enable_resource_name_dns_a_record_on_launch": false,
            "enable_resource_name_dns_aaaa_record_on_launch": false,
            "id": "subnet-082fca2e31d12054a",
            "ipv6_cidr_block": "",
            "ipv6_cidr_block_association_id": "",
            "ipv6_native": false,
            "map_customer_owned_ip_on_launch": false,
            "map_public_ip_on_launch": false,
            "outpost_arn": "",
            "owner_id": "851077919242",
            "private_dns_hostname_type_on_launch": "ip-name",
            "tags": {
              "Name": "sonarqube_private_subnet_2a"
            },
            "tags_all": {
              "Name": "sonarqube_private_subnet_2a"
            },
            "timeouts": null,
            "vpc_id": "vpc-0ea6bdcb1bed2e73e"
          },
          "sensitive_attributes": [],
          "private": "eyJlMmJmYjczMC1lY2FhLTExZTYtOGY4OC0zNDM2M2JjN2M0YzAiOnsiY3JlYXRlIjo2MDAwMDAwMDAwMDAsImRlbGV0ZSI6MTIwMDAwMDAwMDAwMH0sInNjaGVtYV92ZXJzaW9uIjoiMSJ9",
          "dependencies": [
            "module.sonarQube.aws_vpc.sonarqube_vpc"
          ]
        }
      ]
    },
    {
      "module": "module.sonarQube",
      "mode": "managed",
      "type": "aws_subnet",
      "name": "sonarqube_private_subnet_2b",
      "provider": "module.sonarQube.provider[\"registry.terraform.io/hashicorp/aws\"]",
      "instances": [
        {
          "schema_version": 1,
          "attributes": {
            "arn": "arn:aws:ec2:ap-northeast-2:851077919242:subnet/subnet-0e2ca8bd3bf95365b",
            "assign_ipv6_address_on_creation": false,
            "availability_zone": "ap-northeast-2b",
            "availability_zone_id": "apne2-az2",
            "cidr_block": "10.0.144.0/20",
            "customer_owned_ipv4_pool": "",
            "enable_dns64": false,
            "enable_lni_at_device_index": 0,
            "enable_resource_name_dns_a_record_on_launch": false,
            "enable_resource_name_dns_aaaa_record_on_launch": false,
            "id": "subnet-0e2ca8bd3bf95365b",
            "ipv6_cidr_block": "",
            "ipv6_cidr_block_association_id": "",
            "ipv6_native": false,
            "map_customer_owned_ip_on_launch": false,
            "map_public_ip_on_launch": false,
            "outpost_arn": "",
            "owner_id": "851077919242",
            "private_dns_hostname_type_on_launch": "ip-name",
            "tags": {
              "Name": "sonarqube_private_subnet_2b"
            },
            "tags_all": {
              "Name": "sonarqube_private_subnet_2b"
            },
            "timeouts": null,
            "vpc_id": "vpc-0ea6bdcb1bed2e73e"
          },
          "sensitive_attributes": [],
          "private": "eyJlMmJmYjczMC1lY2FhLTExZTYtOGY4OC0zNDM2M2JjN2M0YzAiOnsiY3JlYXRlIjo2MDAwMDAwMDAwMDAsImRlbGV0ZSI6MTIwMDAwMDAwMDAwMH0sInNjaGVtYV92ZXJzaW9uIjoiMSJ9",
          "dependencies": [
            "module.sonarQube.aws_vpc.sonarqube_vpc"
          ]
        }
      ]
    },
    {
      "module": "module.sonarQube",
      "mode": "managed",
      "type": "aws_subnet",
      "name": "sonarqube_private_subnet_2c",
      "provider": "module.sonarQube.provider[\"registry.terraform.io/hashicorp/aws\"]",
      "instances": [
        {
          "schema_version": 1,
          "attributes": {
            "arn": "arn:aws:ec2:ap-northeast-2:851077919242:subnet/subnet-0bd12f60d8576a239",
            "assign_ipv6_address_on_creation": false,
            "availability_zone": "ap-northeast-2c",
            "availability_zone_id": "apne2-az3",
            "cidr_block": "10.0.160.0/20",
            "customer_owned_ipv4_pool": "",
            "enable_dns64": false,
            "enable_lni_at_device_index": 0,
            "enable_resource_name_dns_a_record_on_launch": false,
            "enable_resource_name_dns_aaaa_record_on_launch": false,
            "id": "subnet-0bd12f60d8576a239",
            "ipv6_cidr_block": "",
            "ipv6_cidr_block_association_id": "",
            "ipv6_native": false,
            "map_customer_owned_ip_on_launch": false,
            "map_public_ip_on_launch": false,
            "outpost_arn": "",
            "owner_id": "851077919242",
            "private_dns_hostname_type_on_launch": "ip-name",
            "tags": {
              "Name": "sonarqube_private_subnet_2c"
            },
            "tags_all": {
              "Name": "sonarqube_private_subnet_2c"
            },
            "timeouts": null,
            "vpc_id": "vpc-0ea6bdcb1bed2e73e"
          },
          "sensitive_attributes": [],
          "private": "eyJlMmJmYjczMC1lY2FhLTExZTYtOGY4OC0zNDM2M2JjN2M0YzAiOnsiY3JlYXRlIjo2MDAwMDAwMDAwMDAsImRlbGV0ZSI6MTIwMDAwMDAwMDAwMH0sInNjaGVtYV92ZXJzaW9uIjoiMSJ9",
          "dependencies": [
            "module.sonarQube.aws_vpc.sonarqube_vpc"
          ]
        }
      ]
    },
    {
      "module": "module.sonarQube",
      "mode": "managed",
      "type": "aws_subnet",
      "name": "sonarqube_public_subnet_2a",
      "provider": "module.sonarQube.provider[\"registry.terraform.io/hashicorp/aws\"]",
      "instances": [
        {
          "schema_version": 1,
          "attributes": {
            "arn": "arn:aws:ec2:ap-northeast-2:851077919242:subnet/subnet-0bedc269224b8a072",
            "assign_ipv6_address_on_creation": false,
            "availability_zone": "ap-northeast-2a",
            "availability_zone_id": "apne2-az1",
            "cidr_block": "10.0.0.0/20",
            "customer_owned_ipv4_pool": "",
            "enable_dns64": false,
            "enable_lni_at_device_index": 0,
            "enable_resource_name_dns_a_record_on_launch": false,
            "enable_resource_name_dns_aaaa_record_on_launch": false,
            "id": "subnet-0bedc269224b8a072",
            "ipv6_cidr_block": "",
            "ipv6_cidr_block_association_id": "",
            "ipv6_native": false,
            "map_customer_owned_ip_on_launch": false,
            "map_public_ip_on_launch": false,
            "outpost_arn": "",
            "owner_id": "851077919242",
            "private_dns_hostname_type_on_launch": "ip-name",
            "tags": {
              "Name": "sonarqube_public_subnet_2a"
            },
            "tags_all": {
              "Name": "sonarqube_public_subnet_2a"
            },
            "timeouts": null,
            "vpc_id": "vpc-0ea6bdcb1bed2e73e"
          },
          "sensitive_attributes": [],
          "private": "eyJlMmJmYjczMC1lY2FhLTExZTYtOGY4OC0zNDM2M2JjN2M0YzAiOnsiY3JlYXRlIjo2MDAwMDAwMDAwMDAsImRlbGV0ZSI6MTIwMDAwMDAwMDAwMH0sInNjaGVtYV92ZXJzaW9uIjoiMSJ9",
          "dependencies": [
            "module.sonarQube.aws_vpc.sonarqube_vpc"
          ]
        }
      ]
    },
    {
      "module": "module.sonarQube",
      "mode": "managed",
      "type": "aws_subnet",
      "name": "sonarqube_public_subnet_2b",
      "provider": "module.sonarQube.provider[\"registry.terraform.io/hashicorp/aws\"]",
      "instances": [
        {
          "schema_version": 1,
          "attributes": {
            "arn": "arn:aws:ec2:ap-northeast-2:851077919242:subnet/subnet-04d39ddb62b15d39b",
            "assign_ipv6_address_on_creation": false,
            "availability_zone": "ap-northeast-2b",
            "availability_zone_id": "apne2-az2",
            "cidr_block": "10.0.16.0/20",
            "customer_owned_ipv4_pool": "",
            "enable_dns64": false,
            "enable_lni_at_device_index": 0,
            "enable_resource_name_dns_a_record_on_launch": false,
            "enable_resource_name_dns_aaaa_record_on_launch": false,
            "id": "subnet-04d39ddb62b15d39b",
            "ipv6_cidr_block": "",
            "ipv6_cidr_block_association_id": "",
            "ipv6_native": false,
            "map_customer_owned_ip_on_launch": false,
            "map_public_ip_on_launch": false,
            "outpost_arn": "",
            "owner_id": "851077919242",
            "private_dns_hostname_type_on_launch": "ip-name",
            "tags": {
              "Name": "sonarqube_public_subnet_2b"
            },
            "tags_all": {
              "Name": "sonarqube_public_subnet_2b"
            },
            "timeouts": null,
            "vpc_id": "vpc-0ea6bdcb1bed2e73e"
          },
          "sensitive_attributes": [],
          "private": "eyJlMmJmYjczMC1lY2FhLTExZTYtOGY4OC0zNDM2M2JjN2M0YzAiOnsiY3JlYXRlIjo2MDAwMDAwMDAwMDAsImRlbGV0ZSI6MTIwMDAwMDAwMDAwMH0sInNjaGVtYV92ZXJzaW9uIjoiMSJ9",
          "dependencies": [
            "module.sonarQube.aws_vpc.sonarqube_vpc"
          ]
        }
      ]
    },
    {
      "module": "module.sonarQube",
      "mode": "managed",
      "type": "aws_subnet",
      "name": "sonarqube_public_subnet_2c",
      "provider": "module.sonarQube.provider[\"registry.terraform.io/hashicorp/aws\"]",
      "instances": [
        {
          "schema_version": 1,
          "attributes": {
            "arn": "arn:aws:ec2:ap-northeast-2:851077919242:subnet/subnet-008ce633310fcfdaf",
            "assign_ipv6_address_on_creation": false,
            "availability_zone": "ap-northeast-2c",
            "availability_zone_id": "apne2-az3",
            "cidr_block": "10.0.32.0/20",
            "customer_owned_ipv4_pool": "",
            "enable_dns64": false,
            "enable_lni_at_device_index": 0,
            "enable_resource_name_dns_a_record_on_launch": false,
            "enable_resource_name_dns_aaaa_record_on_launch": false,
            "id": "subnet-008ce633310fcfdaf",
            "ipv6_cidr_block": "",
            "ipv6_cidr_block_association_id": "",
            "ipv6_native": false,
            "map_customer_owned_ip_on_launch": false,
            "map_public_ip_on_launch": false,
            "outpost_arn": "",
            "owner_id": "851077919242",
            "private_dns_hostname_type_on_launch": "ip-name",
            "tags": {
              "Name": "sonarqube_public_subnet_2c"
            },
            "tags_all": {
              "Name": "sonarqube_public_subnet_2c"
            },
            "timeouts": null,
            "vpc_id": "vpc-0ea6bdcb1bed2e73e"
          },
          "sensitive_attributes": [],
          "private": "eyJlMmJmYjczMC1lY2FhLTExZTYtOGY4OC0zNDM2M2JjN2M0YzAiOnsiY3JlYXRlIjo2MDAwMDAwMDAwMDAsImRlbGV0ZSI6MTIwMDAwMDAwMDAwMH0sInNjaGVtYV92ZXJzaW9uIjoiMSJ9",
          "dependencies": [
            "module.sonarQube.aws_vpc.sonarqube_vpc"
          ]
        }
      ]
    },
    {
      "module": "module.sonarQube",
      "mode": "managed",
      "type": "aws_vpc",
      "name": "sonarqube_vpc",
      "provider": "module.sonarQube.provider[\"registry.terraform.io/hashicorp/aws\"]",
      "instances": [
        {
          "schema_version": 1,
          "attributes": {
            "arn": "arn:aws:ec2:ap-northeast-2:851077919242:vpc/vpc-0ea6bdcb1bed2e73e",
            "assign_generated_ipv6_cidr_block": false,
            "cidr_block": "10.0.0.0/16",
            "default_network_acl_id": "acl-0edbe6160407cc22d",
            "default_route_table_id": "rtb-0dcc622f7e1212116",
            "default_security_group_id": "sg-010bfae4ec3878cb9",
            "dhcp_options_id": "dopt-06b676052885e79d0",
            "enable_dns_hostnames": true,
            "enable_dns_support": true,
            "enable_network_address_usage_metrics": false,
            "id": "vpc-0ea6bdcb1bed2e73e",
            "instance_tenancy": "default",
            "ipv4_ipam_pool_id": null,
            "ipv4_netmask_length": null,
            "ipv6_association_id": "",
            "ipv6_cidr_block": "",
            "ipv6_cidr_block_network_border_group": "",
            "ipv6_ipam_pool_id": "",
            "ipv6_netmask_length": 0,
            "main_route_table_id": "rtb-0dcc622f7e1212116",
            "owner_id": "851077919242",
            "tags": {
              "Name": "sonarqube-vpc"
            },
            "tags_all": {
              "Name": "sonarqube-vpc"
            }
          },
          "sensitive_attributes": [],
          "private": "eyJzY2hlbWFfdmVyc2lvbiI6IjEifQ=="
        }
      ]
    },
    {
      "module": "module.sonarQube",
      "mode": "managed",
      "type": "aws_vpc_endpoint",
      "name": "s3",
      "provider": "module.sonarQube.provider[\"registry.terraform.io/hashicorp/aws\"]",
      "instances": [
        {
          "schema_version": 0,
          "attributes": {
            "arn": "arn:aws:ec2:ap-northeast-2:851077919242:vpc-endpoint/vpce-0bc96ed38c7fb9d2f",
            "auto_accept": null,
            "cidr_blocks": [
              "52.219.202.0/23",
              "52.219.144.0/22",
              "52.219.204.0/22",
              "3.5.144.0/23",
              "3.5.140.0/22",
              "52.219.148.0/23",
              "52.219.60.0/23",
              "3.5.184.0/21",
              "52.219.56.0/22"
            ],
            "dns_entry": [],
            "dns_options": [],
            "id": "vpce-0bc96ed38c7fb9d2f",
            "ip_address_type": "",
            "network_interface_ids": [],
            "owner_id": "851077919242",
            "policy": "{\"Statement\":[{\"Action\":\"*\",\"Effect\":\"Allow\",\"Principal\":\"*\",\"Resource\":\"*\"}],\"Version\":\"2008-10-17\"}",
            "prefix_list_id": "pl-78a54011",
            "private_dns_enabled": false,
            "requester_managed": false,
            "route_table_ids": [
              "rtb-030498e5bb7ecec06",
              "rtb-055208249307a8017",
              "rtb-0a489a44b5d33576f"
            ],
            "security_group_ids": [],
            "service_name": "com.amazonaws.ap-northeast-2.s3",
            "state": "available",
            "subnet_ids": [],
            "tags": {},
            "tags_all": {},
            "timeouts": null,
            "vpc_endpoint_type": "Gateway",
            "vpc_id": "vpc-0ea6bdcb1bed2e73e"
          },
          "sensitive_attributes": [],
          "private": "eyJlMmJmYjczMC1lY2FhLTExZTYtOGY4OC0zNDM2M2JjN2M0YzAiOnsiY3JlYXRlIjo2MDAwMDAwMDAwMDAsImRlbGV0ZSI6NjAwMDAwMDAwMDAwLCJ1cGRhdGUiOjYwMDAwMDAwMDAwMH19",
          "dependencies": [
            "module.sonarQube.aws_eip.sonarqube_eip",
            "module.sonarQube.aws_internet_gateway.sonarqube_igw",
            "module.sonarQube.aws_nat_gateway.sonarqube_nat",
            "module.sonarQube.aws_route_table.sonarqube_private_route_table_a",
            "module.sonarQube.aws_route_table.sonarqube_private_route_table_b",
            "module.sonarQube.aws_route_table.sonarqube_private_route_table_c",
            "module.sonarQube.aws_subnet.sonarqube_public_subnet_2a",
            "module.sonarQube.aws_vpc.sonarqube_vpc"
          ]
        }
      ]
    },
    {
      "module": "module.vote_service_sg",
      "mode": "managed",
      "type": "aws_security_group",
      "name": "this",
      "provider": "provider[\"registry.terraform.io/hashicorp/aws\"]",
      "instances": [
        {
          "index_key": 0,
          "schema_version": 1,
          "attributes": {
            "arn": "arn:aws:ec2:ap-northeast-2:851077919242:security-group/sg-0c26fbe9dff71cb4f",
            "description": "Web",
            "egress": [
              {
                "cidr_blocks": [
                  "0.0.0.0/0"
                ],
                "description": "all",
                "from_port": 0,
                "ipv6_cidr_blocks": [],
                "prefix_list_ids": [],
                "protocol": "-1",
                "security_groups": [],
                "self": false,
                "to_port": 0
              }
            ],
            "id": "sg-0c26fbe9dff71cb4f",
            "ingress": [
              {
                "cidr_blocks": [
                  "0.0.0.0/0"
                ],
                "description": "http",
                "from_port": 8080,
                "ipv6_cidr_blocks": [],
                "prefix_list_ids": [],
                "protocol": "tcp",
                "security_groups": [],
                "self": false,
                "to_port": 8080
              },
              {
                "cidr_blocks": [
                  "0.0.0.0/0"
                ],
                "description": "http",
                "from_port": 80,
                "ipv6_cidr_blocks": [],
                "prefix_list_ids": [],
                "protocol": "tcp",
                "security_groups": [],
                "self": false,
                "to_port": 80
              },
              {
                "cidr_blocks": [
                  "0.0.0.0/0"
                ],
                "description": "http",
                "from_port": 9090,
                "ipv6_cidr_blocks": [],
                "prefix_list_ids": [],
                "protocol": "tcp",
                "security_groups": [],
                "self": false,
                "to_port": 9090
              },
              {
                "cidr_blocks": [
                  "0.0.0.0/0"
                ],
                "description": "https",
                "from_port": 443,
                "ipv6_cidr_blocks": [],
                "prefix_list_ids": [],
                "protocol": "tcp",
                "security_groups": [],
                "self": false,
                "to_port": 443
              },
              {
                "cidr_blocks": [
                  "0.0.0.0/0"
                ],
                "description": "ssh",
                "from_port": 22,
                "ipv6_cidr_blocks": [],
                "prefix_list_ids": [],
                "protocol": "tcp",
                "security_groups": [],
                "self": false,
                "to_port": 22
              }
            ],
            "name": "whs-sg",
            "name_prefix": "",
            "owner_id": "851077919242",
            "revoke_rules_on_delete": false,
            "tags": {
              "Name": "whs-sg"
            },
            "tags_all": {
              "Name": "whs-sg"
            },
            "timeouts": {
              "create": "10m",
              "delete": "15m"
            },
            "vpc_id": "vpc-051f9def0d18ba34c"
          },
          "sensitive_attributes": [],
          "private": "eyJlMmJmYjczMC1lY2FhLTExZTYtOGY4OC0zNDM2M2JjN2M0YzAiOnsiY3JlYXRlIjo2MDAwMDAwMDAwMDAsImRlbGV0ZSI6OTAwMDAwMDAwMDAwfSwic2NoZW1hX3ZlcnNpb24iOiIxIn0=",
          "dependencies": [
            "module.vpc.aws_vpc.this"
          ]
        }
      ]
    },
    {
      "module": "module.vote_service_sg",
      "mode": "managed",
      "type": "aws_security_group_rule",
      "name": "egress_with_cidr_blocks",
      "provider": "provider[\"registry.terraform.io/hashicorp/aws\"]",
      "instances": [
        {
          "index_key": 0,
          "schema_version": 2,
          "attributes": {
            "cidr_blocks": [
              "0.0.0.0/0"
            ],
            "description": "all",
            "from_port": 0,
            "id": "sgrule-1605830494",
            "ipv6_cidr_blocks": null,
            "prefix_list_ids": [],
            "protocol": "-1",
            "security_group_id": "sg-0c26fbe9dff71cb4f",
            "security_group_rule_id": "sgr-0d4c349ea21f75566",
            "self": false,
            "source_security_group_id": null,
            "timeouts": null,
            "to_port": 0,
            "type": "egress"
          },
          "sensitive_attributes": [],
          "private": "eyJlMmJmYjczMC1lY2FhLTExZTYtOGY4OC0zNDM2M2JjN2M0YzAiOnsiY3JlYXRlIjozMDAwMDAwMDAwMDB9LCJzY2hlbWFfdmVyc2lvbiI6IjIifQ==",
          "dependencies": [
            "module.vote_service_sg.aws_security_group.this",
            "module.vote_service_sg.aws_security_group.this_name_prefix",
            "module.vpc.aws_vpc.this"
          ]
        }
      ]
    },
    {
      "module": "module.vote_service_sg",
      "mode": "managed",
      "type": "aws_security_group_rule",
      "name": "ingress_with_cidr_blocks",
      "provider": "provider[\"registry.terraform.io/hashicorp/aws\"]",
      "instances": [
        {
          "index_key": 0,
          "schema_version": 2,
          "attributes": {
            "cidr_blocks": [
              "0.0.0.0/0"
            ],
            "description": "https",
            "from_port": 443,
            "id": "sgrule-556953170",
            "ipv6_cidr_blocks": null,
            "prefix_list_ids": [],
            "protocol": "tcp",
            "security_group_id": "sg-0c26fbe9dff71cb4f",
            "security_group_rule_id": "sgr-03adbe6985a987bf2",
            "self": false,
            "source_security_group_id": null,
            "timeouts": null,
            "to_port": 443,
            "type": "ingress"
          },
          "sensitive_attributes": [],
          "private": "eyJlMmJmYjczMC1lY2FhLTExZTYtOGY4OC0zNDM2M2JjN2M0YzAiOnsiY3JlYXRlIjozMDAwMDAwMDAwMDB9LCJzY2hlbWFfdmVyc2lvbiI6IjIifQ==",
          "dependencies": [
            "module.vote_service_sg.aws_security_group.this",
            "module.vote_service_sg.aws_security_group.this_name_prefix",
            "module.vpc.aws_vpc.this"
          ]
        },
        {
          "index_key": 1,
          "schema_version": 2,
          "attributes": {
            "cidr_blocks": [
              "0.0.0.0/0"
            ],
            "description": "http",
            "from_port": 80,
            "id": "sgrule-3276071062",
            "ipv6_cidr_blocks": null,
            "prefix_list_ids": [],
            "protocol": "tcp",
            "security_group_id": "sg-0c26fbe9dff71cb4f",
            "security_group_rule_id": "sgr-0d8bf257c498baeae",
            "self": false,
            "source_security_group_id": null,
            "timeouts": null,
            "to_port": 80,
            "type": "ingress"
          },
          "sensitive_attributes": [],
          "private": "eyJlMmJmYjczMC1lY2FhLTExZTYtOGY4OC0zNDM2M2JjN2M0YzAiOnsiY3JlYXRlIjozMDAwMDAwMDAwMDB9LCJzY2hlbWFfdmVyc2lvbiI6IjIifQ==",
          "dependencies": [
            "module.vote_service_sg.aws_security_group.this",
            "module.vote_service_sg.aws_security_group.this_name_prefix",
            "module.vpc.aws_vpc.this"
          ]
        },
        {
          "index_key": 2,
          "schema_version": 2,
          "attributes": {
            "cidr_blocks": [
              "0.0.0.0/0"
            ],
            "description": "ssh",
            "from_port": 22,
            "id": "sgrule-1976483107",
            "ipv6_cidr_blocks": null,
            "prefix_list_ids": [],
            "protocol": "tcp",
            "security_group_id": "sg-0c26fbe9dff71cb4f",
            "security_group_rule_id": "sgr-09956790d31d03e63",
            "self": false,
            "source_security_group_id": null,
            "timeouts": null,
            "to_port": 22,
            "type": "ingress"
          },
          "sensitive_attributes": [],
          "private": "eyJlMmJmYjczMC1lY2FhLTExZTYtOGY4OC0zNDM2M2JjN2M0YzAiOnsiY3JlYXRlIjozMDAwMDAwMDAwMDB9LCJzY2hlbWFfdmVyc2lvbiI6IjIifQ==",
          "dependencies": [
            "module.vote_service_sg.aws_security_group.this",
            "module.vote_service_sg.aws_security_group.this_name_prefix",
            "module.vpc.aws_vpc.this"
          ]
        },
        {
          "index_key": 3,
          "schema_version": 2,
          "attributes": {
            "cidr_blocks": [
              "0.0.0.0/0"
            ],
            "description": "http",
            "from_port": 8080,
            "id": "sgrule-1921784647",
            "ipv6_cidr_blocks": null,
            "prefix_list_ids": [],
            "protocol": "tcp",
            "security_group_id": "sg-0c26fbe9dff71cb4f",
            "security_group_rule_id": "sgr-0a755148370b9bdec",
            "self": false,
            "source_security_group_id": null,
            "timeouts": null,
            "to_port": 8080,
            "type": "ingress"
          },
          "sensitive_attributes": [],
          "private": "eyJlMmJmYjczMC1lY2FhLTExZTYtOGY4OC0zNDM2M2JjN2M0YzAiOnsiY3JlYXRlIjozMDAwMDAwMDAwMDB9LCJzY2hlbWFfdmVyc2lvbiI6IjIifQ==",
          "dependencies": [
            "module.vote_service_sg.aws_security_group.this",
            "module.vote_service_sg.aws_security_group.this_name_prefix",
            "module.vpc.aws_vpc.this"
          ]
        },
        {
          "index_key": 4,
          "schema_version": 2,
          "attributes": {
            "cidr_blocks": [
              "0.0.0.0/0"
            ],
            "description": "http",
            "from_port": 9090,
            "id": "sgrule-1949398698",
            "ipv6_cidr_blocks": null,
            "prefix_list_ids": [],
            "protocol": "tcp",
            "security_group_id": "sg-0c26fbe9dff71cb4f",
            "security_group_rule_id": "sgr-0b8dda05f236b113d",
            "self": false,
            "source_security_group_id": null,
            "timeouts": null,
            "to_port": 9090,
            "type": "ingress"
          },
          "sensitive_attributes": [],
          "private": "eyJlMmJmYjczMC1lY2FhLTExZTYtOGY4OC0zNDM2M2JjN2M0YzAiOnsiY3JlYXRlIjozMDAwMDAwMDAwMDB9LCJzY2hlbWFfdmVyc2lvbiI6IjIifQ==",
          "dependencies": [
            "module.vote_service_sg.aws_security_group.this",
            "module.vote_service_sg.aws_security_group.this_name_prefix",
            "module.vpc.aws_vpc.this"
          ]
        }
      ]
    },
    {
      "module": "module.vpc",
      "mode": "managed",
      "type": "aws_default_network_acl",
      "name": "this",
      "provider": "provider[\"registry.terraform.io/hashicorp/aws\"]",
      "instances": [
        {
          "index_key": 0,
          "schema_version": 0,
          "attributes": {
            "arn": "arn:aws:ec2:ap-northeast-2:851077919242:network-acl/acl-071c41ef4ca8d5d7d",
            "default_network_acl_id": "acl-071c41ef4ca8d5d7d",
            "egress": [
              {
                "action": "allow",
                "cidr_block": "",
                "from_port": 0,
                "icmp_code": 0,
                "icmp_type": 0,
                "ipv6_cidr_block": "::/0",
                "protocol": "-1",
                "rule_no": 101,
                "to_port": 0
              },
              {
                "action": "allow",
                "cidr_block": "0.0.0.0/0",
                "from_port": 0,
                "icmp_code": 0,
                "icmp_type": 0,
                "ipv6_cidr_block": "",
                "protocol": "-1",
                "rule_no": 100,
                "to_port": 0
              }
            ],
            "id": "acl-071c41ef4ca8d5d7d",
            "ingress": [
              {
                "action": "allow",
                "cidr_block": "",
                "from_port": 0,
                "icmp_code": 0,
                "icmp_type": 0,
                "ipv6_cidr_block": "::/0",
                "protocol": "-1",
                "rule_no": 101,
                "to_port": 0
              },
              {
                "action": "allow",
                "cidr_block": "0.0.0.0/0",
                "from_port": 0,
                "icmp_code": 0,
                "icmp_type": 0,
                "ipv6_cidr_block": "",
                "protocol": "-1",
                "rule_no": 100,
                "to_port": 0
              }
            ],
            "owner_id": "851077919242",
            "subnet_ids": [
              "subnet-05107d1efeae642e8",
              "subnet-06dec37a6faf17965",
              "subnet-087fee5f404ffa5a0",
              "subnet-0d6087af3542c9f42"
            ],
            "tags": {
              "Environment": "dev",
              "Name": "whs-vpc-default",
              "Terraform": "true"
            },
            "tags_all": {
              "Environment": "dev",
              "Name": "whs-vpc-default",
              "Terraform": "true"
            },
            "vpc_id": "vpc-051f9def0d18ba34c"
          },
          "sensitive_attributes": [],
          "private": "bnVsbA==",
          "dependencies": [
            "module.vpc.aws_vpc.this"
          ]
        }
      ]
    },
    {
      "module": "module.vpc",
      "mode": "managed",
      "type": "aws_default_route_table",
      "name": "default",
      "provider": "provider[\"registry.terraform.io/hashicorp/aws\"]",
      "instances": [
        {
          "index_key": 0,
          "schema_version": 0,
          "attributes": {
            "arn": "arn:aws:ec2:ap-northeast-2:851077919242:route-table/rtb-0e469a0f1acc3e8fa",
            "default_route_table_id": "rtb-0e469a0f1acc3e8fa",
            "id": "rtb-0e469a0f1acc3e8fa",
            "owner_id": "851077919242",
            "propagating_vgws": [],
            "route": [],
            "tags": {
              "Environment": "dev",
              "Name": "whs-vpc-default",
              "Terraform": "true"
            },
            "tags_all": {
              "Environment": "dev",
              "Name": "whs-vpc-default",
              "Terraform": "true"
            },
            "timeouts": {
              "create": "5m",
              "update": "5m"
            },
            "vpc_id": "vpc-051f9def0d18ba34c"
          },
          "sensitive_attributes": [],
          "private": "eyJlMmJmYjczMC1lY2FhLTExZTYtOGY4OC0zNDM2M2JjN2M0YzAiOnsiY3JlYXRlIjozMDAwMDAwMDAwMDAsInVwZGF0ZSI6MzAwMDAwMDAwMDAwfX0=",
          "dependencies": [
            "module.vpc.aws_vpc.this"
          ]
        }
      ]
    },
    {
      "module": "module.vpc",
      "mode": "managed",
      "type": "aws_default_security_group",
      "name": "this",
      "provider": "provider[\"registry.terraform.io/hashicorp/aws\"]",
      "instances": [
        {
          "index_key": 0,
          "schema_version": 1,
          "attributes": {
            "arn": "arn:aws:ec2:ap-northeast-2:851077919242:security-group/sg-019f317a2bcc1dc7f",
            "description": "default VPC security group",
            "egress": [],
            "id": "sg-019f317a2bcc1dc7f",
            "ingress": [],
            "name": "default",
            "name_prefix": "",
            "owner_id": "851077919242",
            "revoke_rules_on_delete": false,
            "tags": {
              "Environment": "dev",
              "Name": "whs-vpc-default",
              "Terraform": "true"
            },
            "tags_all": {
              "Environment": "dev",
              "Name": "whs-vpc-default",
              "Terraform": "true"
            },
            "vpc_id": "vpc-051f9def0d18ba34c"
          },
          "sensitive_attributes": [],
          "private": "eyJzY2hlbWFfdmVyc2lvbiI6IjEifQ==",
          "dependencies": [
            "module.vpc.aws_vpc.this"
          ]
        }
      ]
    },
    {
      "module": "module.vpc",
      "mode": "managed",
      "type": "aws_eip",
      "name": "nat",
      "provider": "provider[\"registry.terraform.io/hashicorp/aws\"]",
      "instances": [
        {
          "index_key": 0,
          "schema_version": 0,
          "attributes": {
            "address": null,
            "allocation_id": "eipalloc-054772daee1a2739d",
            "associate_with_private_ip": null,
            "association_id": "eipassoc-04617746b75fc8be5",
            "carrier_ip": "",
            "customer_owned_ip": "",
            "customer_owned_ipv4_pool": "",
            "domain": "vpc",
            "id": "eipalloc-054772daee1a2739d",
            "instance": "",
            "network_border_group": "ap-northeast-2",
            "network_interface": "eni-0cd34d0455371075f",
            "private_dns": "ip-10-0-101-203.ap-northeast-2.compute.internal",
            "private_ip": "10.0.101.203",
            "public_dns": "ec2-43-203-62-191.ap-northeast-2.compute.amazonaws.com",
            "public_ip": "43.203.62.191",
            "public_ipv4_pool": "amazon",
            "tags": {
              "Environment": "dev",
              "Name": "whs-vpc-ap-northeast-2a",
              "Terraform": "true"
            },
            "tags_all": {
              "Environment": "dev",
              "Name": "whs-vpc-ap-northeast-2a",
              "Terraform": "true"
            },
            "timeouts": null,
            "vpc": true
          },
          "sensitive_attributes": [],
          "private": "eyJlMmJmYjczMC1lY2FhLTExZTYtOGY4OC0zNDM2M2JjN2M0YzAiOnsiZGVsZXRlIjoxODAwMDAwMDAwMDAsInJlYWQiOjkwMDAwMDAwMDAwMCwidXBkYXRlIjozMDAwMDAwMDAwMDB9fQ==",
          "dependencies": [
            "module.vpc.aws_internet_gateway.this",
            "module.vpc.aws_vpc.this",
            "module.vpc.aws_vpc_ipv4_cidr_block_association.this"
          ]
        },
        {
          "index_key": 1,
          "schema_version": 0,
          "attributes": {
            "address": null,
            "allocation_id": "eipalloc-0eb8506884fccdb7c",
            "associate_with_private_ip": null,
            "association_id": "eipassoc-0ad692c053547b8cc",
            "carrier_ip": "",
            "customer_owned_ip": "",
            "customer_owned_ipv4_pool": "",
            "domain": "vpc",
            "id": "eipalloc-0eb8506884fccdb7c",
            "instance": "",
            "network_border_group": "ap-northeast-2",
            "network_interface": "eni-0942d4ff75e474b9e",
            "private_dns": "ip-10-0-111-79.ap-northeast-2.compute.internal",
            "private_ip": "10.0.111.79",
            "public_dns": "ec2-13-124-165-194.ap-northeast-2.compute.amazonaws.com",
            "public_ip": "13.124.165.194",
            "public_ipv4_pool": "amazon",
            "tags": {
              "Environment": "dev",
              "Name": "whs-vpc-ap-northeast-2c",
              "Terraform": "true"
            },
            "tags_all": {
              "Environment": "dev",
              "Name": "whs-vpc-ap-northeast-2c",
              "Terraform": "true"
            },
            "timeouts": null,
            "vpc": true
          },
          "sensitive_attributes": [],
          "private": "eyJlMmJmYjczMC1lY2FhLTExZTYtOGY4OC0zNDM2M2JjN2M0YzAiOnsiZGVsZXRlIjoxODAwMDAwMDAwMDAsInJlYWQiOjkwMDAwMDAwMDAwMCwidXBkYXRlIjozMDAwMDAwMDAwMDB9fQ==",
          "dependencies": [
            "module.vpc.aws_internet_gateway.this",
            "module.vpc.aws_vpc.this",
            "module.vpc.aws_vpc_ipv4_cidr_block_association.this"
          ]
        }
      ]
    },
    {
      "module": "module.vpc",
      "mode": "managed",
      "type": "aws_internet_gateway",
      "name": "this",
      "provider": "provider[\"registry.terraform.io/hashicorp/aws\"]",
      "instances": [
        {
          "index_key": 0,
          "schema_version": 0,
          "attributes": {
            "arn": "arn:aws:ec2:ap-northeast-2:851077919242:internet-gateway/igw-05a88f3082688de90",
            "id": "igw-05a88f3082688de90",
            "owner_id": "851077919242",
            "tags": {
              "Environment": "dev",
              "Name": "whs-vpc",
              "Terraform": "true"
            },
            "tags_all": {
              "Environment": "dev",
              "Name": "whs-vpc",
              "Terraform": "true"
            },
            "timeouts": null,
            "vpc_id": "vpc-051f9def0d18ba34c"
          },
          "sensitive_attributes": [],
          "private": "eyJlMmJmYjczMC1lY2FhLTExZTYtOGY4OC0zNDM2M2JjN2M0YzAiOnsiY3JlYXRlIjoxMjAwMDAwMDAwMDAwLCJkZWxldGUiOjEyMDAwMDAwMDAwMDAsInVwZGF0ZSI6MTIwMDAwMDAwMDAwMH19",
          "dependencies": [
            "module.vpc.aws_vpc.this",
            "module.vpc.aws_vpc_ipv4_cidr_block_association.this"
          ]
        }
      ]
    },
    {
      "module": "module.vpc",
      "mode": "managed",
      "type": "aws_nat_gateway",
      "name": "this",
      "provider": "provider[\"registry.terraform.io/hashicorp/aws\"]",
      "instances": [
        {
          "index_key": 0,
          "schema_version": 0,
          "attributes": {
            "allocation_id": "eipalloc-054772daee1a2739d",
            "association_id": "eipassoc-04617746b75fc8be5",
            "connectivity_type": "public",
            "id": "nat-01683a21eac6e5e70",
            "network_interface_id": "eni-0cd34d0455371075f",
            "private_ip": "10.0.101.203",
            "public_ip": "43.203.62.191",
            "secondary_allocation_ids": [],
            "secondary_private_ip_address_count": 0,
            "secondary_private_ip_addresses": [],
            "subnet_id": "subnet-06dec37a6faf17965",
            "tags": {
              "Environment": "dev",
              "Name": "whs-vpc-ap-northeast-2a",
              "Terraform": "true"
            },
            "tags_all": {
              "Environment": "dev",
              "Name": "whs-vpc-ap-northeast-2a",
              "Terraform": "true"
            },
            "timeouts": null
          },
          "sensitive_attributes": [],
          "private": "eyJlMmJmYjczMC1lY2FhLTExZTYtOGY4OC0zNDM2M2JjN2M0YzAiOnsiY3JlYXRlIjo2MDAwMDAwMDAwMDAsImRlbGV0ZSI6MTgwMDAwMDAwMDAwMCwidXBkYXRlIjo2MDAwMDAwMDAwMDB9fQ==",
          "dependencies": [
            "module.vpc.aws_eip.nat",
            "module.vpc.aws_internet_gateway.this",
            "module.vpc.aws_subnet.public",
            "module.vpc.aws_vpc.this",
            "module.vpc.aws_vpc_ipv4_cidr_block_association.this"
          ]
        },
        {
          "index_key": 1,
          "schema_version": 0,
          "attributes": {
            "allocation_id": "eipalloc-0eb8506884fccdb7c",
            "association_id": "eipassoc-0ad692c053547b8cc",
            "connectivity_type": "public",
            "id": "nat-02db6b4ca622adf32",
            "network_interface_id": "eni-0942d4ff75e474b9e",
            "private_ip": "10.0.111.79",
            "public_ip": "13.124.165.194",
            "secondary_allocation_ids": [],
            "secondary_private_ip_address_count": 0,
            "secondary_private_ip_addresses": [],
            "subnet_id": "subnet-0d6087af3542c9f42",
            "tags": {
              "Environment": "dev",
              "Name": "whs-vpc-ap-northeast-2c",
              "Terraform": "true"
            },
            "tags_all": {
              "Environment": "dev",
              "Name": "whs-vpc-ap-northeast-2c",
              "Terraform": "true"
            },
            "timeouts": null
          },
          "sensitive_attributes": [],
          "private": "eyJlMmJmYjczMC1lY2FhLTExZTYtOGY4OC0zNDM2M2JjN2M0YzAiOnsiY3JlYXRlIjo2MDAwMDAwMDAwMDAsImRlbGV0ZSI6MTgwMDAwMDAwMDAwMCwidXBkYXRlIjo2MDAwMDAwMDAwMDB9fQ==",
          "dependencies": [
            "module.vpc.aws_eip.nat",
            "module.vpc.aws_internet_gateway.this",
            "module.vpc.aws_subnet.public",
            "module.vpc.aws_vpc.this",
            "module.vpc.aws_vpc_ipv4_cidr_block_association.this"
          ]
        }
      ]
    },
    {
      "module": "module.vpc",
      "mode": "managed",
      "type": "aws_route",
      "name": "private_nat_gateway",
      "provider": "provider[\"registry.terraform.io/hashicorp/aws\"]",
      "instances": [
        {
          "index_key": 0,
          "schema_version": 0,
          "attributes": {
            "carrier_gateway_id": "",
            "core_network_arn": "",
            "destination_cidr_block": "0.0.0.0/0",
            "destination_ipv6_cidr_block": "",
            "destination_prefix_list_id": "",
            "egress_only_gateway_id": "",
            "gateway_id": "",
            "id": "r-rtb-0922368b421999f3d1080289494",
            "instance_id": "",
            "instance_owner_id": "",
            "local_gateway_id": "",
            "nat_gateway_id": "nat-01683a21eac6e5e70",
            "network_interface_id": "",
            "origin": "CreateRoute",
            "route_table_id": "rtb-0922368b421999f3d",
            "state": "active",
            "timeouts": {
              "create": "5m",
              "delete": null,
              "update": null
            },
            "transit_gateway_id": "",
            "vpc_endpoint_id": "",
            "vpc_peering_connection_id": ""
          },
          "sensitive_attributes": [],
          "private": "eyJlMmJmYjczMC1lY2FhLTExZTYtOGY4OC0zNDM2M2JjN2M0YzAiOnsiY3JlYXRlIjozMDAwMDAwMDAwMDAsImRlbGV0ZSI6MzAwMDAwMDAwMDAwLCJ1cGRhdGUiOjEyMDAwMDAwMDAwMH19",
          "dependencies": [
            "module.vpc.aws_eip.nat",
            "module.vpc.aws_internet_gateway.this",
            "module.vpc.aws_nat_gateway.this",
            "module.vpc.aws_route_table.private",
            "module.vpc.aws_subnet.public",
            "module.vpc.aws_vpc.this",
            "module.vpc.aws_vpc_ipv4_cidr_block_association.this"
          ]
        },
        {
          "index_key": 1,
          "schema_version": 0,
          "attributes": {
            "carrier_gateway_id": "",
            "core_network_arn": "",
            "destination_cidr_block": "0.0.0.0/0",
            "destination_ipv6_cidr_block": "",
            "destination_prefix_list_id": "",
            "egress_only_gateway_id": "",
            "gateway_id": "",
            "id": "r-rtb-0278b7b1e9f05e87a1080289494",
            "instance_id": "",
            "instance_owner_id": "",
            "local_gateway_id": "",
            "nat_gateway_id": "nat-02db6b4ca622adf32",
            "network_interface_id": "",
            "origin": "CreateRoute",
            "route_table_id": "rtb-0278b7b1e9f05e87a",
            "state": "active",
            "timeouts": {
              "create": "5m",
              "delete": null,
              "update": null
            },
            "transit_gateway_id": "",
            "vpc_endpoint_id": "",
            "vpc_peering_connection_id": ""
          },
          "sensitive_attributes": [],
          "private": "eyJlMmJmYjczMC1lY2FhLTExZTYtOGY4OC0zNDM2M2JjN2M0YzAiOnsiY3JlYXRlIjozMDAwMDAwMDAwMDAsImRlbGV0ZSI6MzAwMDAwMDAwMDAwLCJ1cGRhdGUiOjEyMDAwMDAwMDAwMH19",
          "dependencies": [
            "module.vpc.aws_eip.nat",
            "module.vpc.aws_internet_gateway.this",
            "module.vpc.aws_nat_gateway.this",
            "module.vpc.aws_route_table.private",
            "module.vpc.aws_subnet.public",
            "module.vpc.aws_vpc.this",
            "module.vpc.aws_vpc_ipv4_cidr_block_association.this"
          ]
        }
      ]
    },
    {
      "module": "module.vpc",
      "mode": "managed",
      "type": "aws_route",
      "name": "public_internet_gateway",
      "provider": "provider[\"registry.terraform.io/hashicorp/aws\"]",
      "instances": [
        {
          "index_key": 0,
          "schema_version": 0,
          "attributes": {
            "carrier_gateway_id": "",
            "core_network_arn": "",
            "destination_cidr_block": "0.0.0.0/0",
            "destination_ipv6_cidr_block": "",
            "destination_prefix_list_id": "",
            "egress_only_gateway_id": "",
            "gateway_id": "igw-05a88f3082688de90",
            "id": "r-rtb-09a43233b9e8eb5171080289494",
            "instance_id": "",
            "instance_owner_id": "",
            "local_gateway_id": "",
            "nat_gateway_id": "",
            "network_interface_id": "",
            "origin": "CreateRoute",
            "route_table_id": "rtb-09a43233b9e8eb517",
            "state": "active",
            "timeouts": {
              "create": "5m",
              "delete": null,
              "update": null
            },
            "transit_gateway_id": "",
            "vpc_endpoint_id": "",
            "vpc_peering_connection_id": ""
          },
          "sensitive_attributes": [],
          "private": "eyJlMmJmYjczMC1lY2FhLTExZTYtOGY4OC0zNDM2M2JjN2M0YzAiOnsiY3JlYXRlIjozMDAwMDAwMDAwMDAsImRlbGV0ZSI6MzAwMDAwMDAwMDAwLCJ1cGRhdGUiOjEyMDAwMDAwMDAwMH19",
          "dependencies": [
            "module.vpc.aws_internet_gateway.this",
            "module.vpc.aws_route_table.public",
            "module.vpc.aws_vpc.this",
            "module.vpc.aws_vpc_ipv4_cidr_block_association.this"
          ]
        }
      ]
    },
    {
      "module": "module.vpc",
      "mode": "managed",
      "type": "aws_route_table",
      "name": "private",
      "provider": "provider[\"registry.terraform.io/hashicorp/aws\"]",
      "instances": [
        {
          "index_key": 0,
          "schema_version": 0,
          "attributes": {
            "arn": "arn:aws:ec2:ap-northeast-2:851077919242:route-table/rtb-0922368b421999f3d",
            "id": "rtb-0922368b421999f3d",
            "owner_id": "851077919242",
            "propagating_vgws": [],
            "route": [
              {
                "carrier_gateway_id": "",
                "cidr_block": "0.0.0.0/0",
                "core_network_arn": "",
                "destination_prefix_list_id": "",
                "egress_only_gateway_id": "",
                "gateway_id": "",
                "ipv6_cidr_block": "",
                "local_gateway_id": "",
                "nat_gateway_id": "nat-01683a21eac6e5e70",
                "network_interface_id": "",
                "transit_gateway_id": "",
                "vpc_endpoint_id": "",
                "vpc_peering_connection_id": ""
              }
            ],
            "tags": {
              "Environment": "dev",
              "Name": "whs-vpc-private-ap-northeast-2a",
              "Terraform": "true"
            },
            "tags_all": {
              "Environment": "dev",
              "Name": "whs-vpc-private-ap-northeast-2a",
              "Terraform": "true"
            },
            "timeouts": null,
            "vpc_id": "vpc-051f9def0d18ba34c"
          },
          "sensitive_attributes": [],
          "private": "eyJlMmJmYjczMC1lY2FhLTExZTYtOGY4OC0zNDM2M2JjN2M0YzAiOnsiY3JlYXRlIjozMDAwMDAwMDAwMDAsImRlbGV0ZSI6MzAwMDAwMDAwMDAwLCJ1cGRhdGUiOjEyMDAwMDAwMDAwMH19",
          "dependencies": [
            "module.vpc.aws_vpc.this",
            "module.vpc.aws_vpc_ipv4_cidr_block_association.this"
          ]
        },
        {
          "index_key": 1,
          "schema_version": 0,
          "attributes": {
            "arn": "arn:aws:ec2:ap-northeast-2:851077919242:route-table/rtb-0278b7b1e9f05e87a",
            "id": "rtb-0278b7b1e9f05e87a",
            "owner_id": "851077919242",
            "propagating_vgws": [],
            "route": [
              {
                "carrier_gateway_id": "",
                "cidr_block": "0.0.0.0/0",
                "core_network_arn": "",
                "destination_prefix_list_id": "",
                "egress_only_gateway_id": "",
                "gateway_id": "",
                "ipv6_cidr_block": "",
                "local_gateway_id": "",
                "nat_gateway_id": "nat-02db6b4ca622adf32",
                "network_interface_id": "",
                "transit_gateway_id": "",
                "vpc_endpoint_id": "",
                "vpc_peering_connection_id": ""
              }
            ],
            "tags": {
              "Environment": "dev",
              "Name": "whs-vpc-private-ap-northeast-2c",
              "Terraform": "true"
            },
            "tags_all": {
              "Environment": "dev",
              "Name": "whs-vpc-private-ap-northeast-2c",
              "Terraform": "true"
            },
            "timeouts": null,
            "vpc_id": "vpc-051f9def0d18ba34c"
          },
          "sensitive_attributes": [],
          "private": "eyJlMmJmYjczMC1lY2FhLTExZTYtOGY4OC0zNDM2M2JjN2M0YzAiOnsiY3JlYXRlIjozMDAwMDAwMDAwMDAsImRlbGV0ZSI6MzAwMDAwMDAwMDAwLCJ1cGRhdGUiOjEyMDAwMDAwMDAwMH19",
          "dependencies": [
            "module.vpc.aws_vpc.this",
            "module.vpc.aws_vpc_ipv4_cidr_block_association.this"
          ]
        }
      ]
    },
    {
      "module": "module.vpc",
      "mode": "managed",
      "type": "aws_route_table",
      "name": "public",
      "provider": "provider[\"registry.terraform.io/hashicorp/aws\"]",
      "instances": [
        {
          "index_key": 0,
          "schema_version": 0,
          "attributes": {
            "arn": "arn:aws:ec2:ap-northeast-2:851077919242:route-table/rtb-09a43233b9e8eb517",
            "id": "rtb-09a43233b9e8eb517",
            "owner_id": "851077919242",
            "propagating_vgws": [],
            "route": [
              {
                "carrier_gateway_id": "",
                "cidr_block": "0.0.0.0/0",
                "core_network_arn": "",
                "destination_prefix_list_id": "",
                "egress_only_gateway_id": "",
                "gateway_id": "igw-05a88f3082688de90",
                "ipv6_cidr_block": "",
                "local_gateway_id": "",
                "nat_gateway_id": "",
                "network_interface_id": "",
                "transit_gateway_id": "",
                "vpc_endpoint_id": "",
                "vpc_peering_connection_id": ""
              }
            ],
            "tags": {
              "Environment": "dev",
              "Name": "whs-vpc-public",
              "Terraform": "true"
            },
            "tags_all": {
              "Environment": "dev",
              "Name": "whs-vpc-public",
              "Terraform": "true"
            },
            "timeouts": null,
            "vpc_id": "vpc-051f9def0d18ba34c"
          },
          "sensitive_attributes": [],
          "private": "eyJlMmJmYjczMC1lY2FhLTExZTYtOGY4OC0zNDM2M2JjN2M0YzAiOnsiY3JlYXRlIjozMDAwMDAwMDAwMDAsImRlbGV0ZSI6MzAwMDAwMDAwMDAwLCJ1cGRhdGUiOjEyMDAwMDAwMDAwMH19",
          "dependencies": [
            "module.vpc.aws_vpc.this",
            "module.vpc.aws_vpc_ipv4_cidr_block_association.this"
          ]
        }
      ]
    },
    {
      "module": "module.vpc",
      "mode": "managed",
      "type": "aws_route_table_association",
      "name": "private",
      "provider": "provider[\"registry.terraform.io/hashicorp/aws\"]",
      "instances": [
        {
          "index_key": 0,
          "schema_version": 0,
          "attributes": {
            "gateway_id": "",
            "id": "rtbassoc-0ce932bc2d22c569e",
            "route_table_id": "rtb-0922368b421999f3d",
            "subnet_id": "subnet-05107d1efeae642e8",
            "timeouts": null
          },
          "sensitive_attributes": [],
          "private": "eyJlMmJmYjczMC1lY2FhLTExZTYtOGY4OC0zNDM2M2JjN2M0YzAiOnsiY3JlYXRlIjozMDAwMDAwMDAwMDAsImRlbGV0ZSI6MzAwMDAwMDAwMDAwLCJ1cGRhdGUiOjEyMDAwMDAwMDAwMH19",
          "dependencies": [
            "module.vpc.aws_route_table.private",
            "module.vpc.aws_subnet.private",
            "module.vpc.aws_vpc.this",
            "module.vpc.aws_vpc_ipv4_cidr_block_association.this"
          ]
        },
        {
          "index_key": 1,
          "schema_version": 0,
          "attributes": {
            "gateway_id": "",
            "id": "rtbassoc-09940742047654822",
            "route_table_id": "rtb-0278b7b1e9f05e87a",
            "subnet_id": "subnet-087fee5f404ffa5a0",
            "timeouts": null
          },
          "sensitive_attributes": [],
          "private": "eyJlMmJmYjczMC1lY2FhLTExZTYtOGY4OC0zNDM2M2JjN2M0YzAiOnsiY3JlYXRlIjozMDAwMDAwMDAwMDAsImRlbGV0ZSI6MzAwMDAwMDAwMDAwLCJ1cGRhdGUiOjEyMDAwMDAwMDAwMH19",
          "dependencies": [
            "module.vpc.aws_route_table.private",
            "module.vpc.aws_subnet.private",
            "module.vpc.aws_vpc.this",
            "module.vpc.aws_vpc_ipv4_cidr_block_association.this"
          ]
        }
      ]
    },
    {
      "module": "module.vpc",
      "mode": "managed",
      "type": "aws_route_table_association",
      "name": "public",
      "provider": "provider[\"registry.terraform.io/hashicorp/aws\"]",
      "instances": [
        {
          "index_key": 0,
          "schema_version": 0,
          "attributes": {
            "gateway_id": "",
            "id": "rtbassoc-0acfcd196c5ffb917",
            "route_table_id": "rtb-09a43233b9e8eb517",
            "subnet_id": "subnet-06dec37a6faf17965",
            "timeouts": null
          },
          "sensitive_attributes": [],
          "private": "eyJlMmJmYjczMC1lY2FhLTExZTYtOGY4OC0zNDM2M2JjN2M0YzAiOnsiY3JlYXRlIjozMDAwMDAwMDAwMDAsImRlbGV0ZSI6MzAwMDAwMDAwMDAwLCJ1cGRhdGUiOjEyMDAwMDAwMDAwMH19",
          "dependencies": [
            "module.vpc.aws_route_table.public",
            "module.vpc.aws_subnet.public",
            "module.vpc.aws_vpc.this",
            "module.vpc.aws_vpc_ipv4_cidr_block_association.this"
          ]
        },
        {
          "index_key": 1,
          "schema_version": 0,
          "attributes": {
            "gateway_id": "",
            "id": "rtbassoc-0fe6d876feb8d24f1",
            "route_table_id": "rtb-09a43233b9e8eb517",
            "subnet_id": "subnet-0d6087af3542c9f42",
            "timeouts": null
          },
          "sensitive_attributes": [],
          "private": "eyJlMmJmYjczMC1lY2FhLTExZTYtOGY4OC0zNDM2M2JjN2M0YzAiOnsiY3JlYXRlIjozMDAwMDAwMDAwMDAsImRlbGV0ZSI6MzAwMDAwMDAwMDAwLCJ1cGRhdGUiOjEyMDAwMDAwMDAwMH19",
          "dependencies": [
            "module.vpc.aws_route_table.public",
            "module.vpc.aws_subnet.public",
            "module.vpc.aws_vpc.this",
            "module.vpc.aws_vpc_ipv4_cidr_block_association.this"
          ]
        }
      ]
    },
    {
      "module": "module.vpc",
      "mode": "managed",
      "type": "aws_subnet",
      "name": "private",
      "provider": "provider[\"registry.terraform.io/hashicorp/aws\"]",
      "instances": [
        {
          "index_key": 0,
          "schema_version": 1,
          "attributes": {
            "arn": "arn:aws:ec2:ap-northeast-2:851077919242:subnet/subnet-05107d1efeae642e8",
            "assign_ipv6_address_on_creation": false,
            "availability_zone": "ap-northeast-2a",
            "availability_zone_id": "apne2-az1",
            "cidr_block": "10.0.1.0/24",
            "customer_owned_ipv4_pool": "",
            "enable_dns64": false,
            "enable_lni_at_device_index": 0,
            "enable_resource_name_dns_a_record_on_launch": false,
            "enable_resource_name_dns_aaaa_record_on_launch": false,
            "id": "subnet-05107d1efeae642e8",
            "ipv6_cidr_block": "",
            "ipv6_cidr_block_association_id": "",
            "ipv6_native": false,
            "map_customer_owned_ip_on_launch": false,
            "map_public_ip_on_launch": false,
            "outpost_arn": "",
            "owner_id": "851077919242",
            "private_dns_hostname_type_on_launch": "ip-name",
            "tags": {
              "Environment": "dev",
              "Name": "whs-vpc-private-ap-northeast-2a",
              "Terraform": "true"
            },
            "tags_all": {
              "Environment": "dev",
              "Name": "whs-vpc-private-ap-northeast-2a",
              "Terraform": "true"
            },
            "timeouts": null,
            "vpc_id": "vpc-051f9def0d18ba34c"
          },
          "sensitive_attributes": [],
          "private": "eyJlMmJmYjczMC1lY2FhLTExZTYtOGY4OC0zNDM2M2JjN2M0YzAiOnsiY3JlYXRlIjo2MDAwMDAwMDAwMDAsImRlbGV0ZSI6MTIwMDAwMDAwMDAwMH0sInNjaGVtYV92ZXJzaW9uIjoiMSJ9",
          "dependencies": [
            "module.vpc.aws_vpc.this",
            "module.vpc.aws_vpc_ipv4_cidr_block_association.this"
          ]
        },
        {
          "index_key": 1,
          "schema_version": 1,
          "attributes": {
            "arn": "arn:aws:ec2:ap-northeast-2:851077919242:subnet/subnet-087fee5f404ffa5a0",
            "assign_ipv6_address_on_creation": false,
            "availability_zone": "ap-northeast-2c",
            "availability_zone_id": "apne2-az3",
            "cidr_block": "10.0.10.0/24",
            "customer_owned_ipv4_pool": "",
            "enable_dns64": false,
            "enable_lni_at_device_index": 0,
            "enable_resource_name_dns_a_record_on_launch": false,
            "enable_resource_name_dns_aaaa_record_on_launch": false,
            "id": "subnet-087fee5f404ffa5a0",
            "ipv6_cidr_block": "",
            "ipv6_cidr_block_association_id": "",
            "ipv6_native": false,
            "map_customer_owned_ip_on_launch": false,
            "map_public_ip_on_launch": false,
            "outpost_arn": "",
            "owner_id": "851077919242",
            "private_dns_hostname_type_on_launch": "ip-name",
            "tags": {
              "Environment": "dev",
              "Name": "whs-vpc-private-ap-northeast-2c",
              "Terraform": "true"
            },
            "tags_all": {
              "Environment": "dev",
              "Name": "whs-vpc-private-ap-northeast-2c",
              "Terraform": "true"
            },
            "timeouts": null,
            "vpc_id": "vpc-051f9def0d18ba34c"
          },
          "sensitive_attributes": [],
          "private": "eyJlMmJmYjczMC1lY2FhLTExZTYtOGY4OC0zNDM2M2JjN2M0YzAiOnsiY3JlYXRlIjo2MDAwMDAwMDAwMDAsImRlbGV0ZSI6MTIwMDAwMDAwMDAwMH0sInNjaGVtYV92ZXJzaW9uIjoiMSJ9",
          "dependencies": [
            "module.vpc.aws_vpc.this",
            "module.vpc.aws_vpc_ipv4_cidr_block_association.this"
          ]
        }
      ]
    },
    {
      "module": "module.vpc",
      "mode": "managed",
      "type": "aws_subnet",
      "name": "public",
      "provider": "provider[\"registry.terraform.io/hashicorp/aws\"]",
      "instances": [
        {
          "index_key": 0,
          "schema_version": 1,
          "attributes": {
            "arn": "arn:aws:ec2:ap-northeast-2:851077919242:subnet/subnet-06dec37a6faf17965",
            "assign_ipv6_address_on_creation": false,
            "availability_zone": "ap-northeast-2a",
            "availability_zone_id": "apne2-az1",
            "cidr_block": "10.0.101.0/24",
            "customer_owned_ipv4_pool": "",
            "enable_dns64": false,
            "enable_lni_at_device_index": 0,
            "enable_resource_name_dns_a_record_on_launch": false,
            "enable_resource_name_dns_aaaa_record_on_launch": false,
            "id": "subnet-06dec37a6faf17965",
            "ipv6_cidr_block": "",
            "ipv6_cidr_block_association_id": "",
            "ipv6_native": false,
            "map_customer_owned_ip_on_launch": false,
            "map_public_ip_on_launch": true,
            "outpost_arn": "",
            "owner_id": "851077919242",
            "private_dns_hostname_type_on_launch": "ip-name",
            "tags": {
              "Environment": "dev",
              "Name": "whs-vpc-public-ap-northeast-2a",
              "Terraform": "true"
            },
            "tags_all": {
              "Environment": "dev",
              "Name": "whs-vpc-public-ap-northeast-2a",
              "Terraform": "true"
            },
            "timeouts": null,
            "vpc_id": "vpc-051f9def0d18ba34c"
          },
          "sensitive_attributes": [],
          "private": "eyJlMmJmYjczMC1lY2FhLTExZTYtOGY4OC0zNDM2M2JjN2M0YzAiOnsiY3JlYXRlIjo2MDAwMDAwMDAwMDAsImRlbGV0ZSI6MTIwMDAwMDAwMDAwMH0sInNjaGVtYV92ZXJzaW9uIjoiMSJ9",
          "dependencies": [
            "module.vpc.aws_vpc.this",
            "module.vpc.aws_vpc_ipv4_cidr_block_association.this"
          ]
        },
        {
          "index_key": 1,
          "schema_version": 1,
          "attributes": {
            "arn": "arn:aws:ec2:ap-northeast-2:851077919242:subnet/subnet-0d6087af3542c9f42",
            "assign_ipv6_address_on_creation": false,
            "availability_zone": "ap-northeast-2c",
            "availability_zone_id": "apne2-az3",
            "cidr_block": "10.0.111.0/24",
            "customer_owned_ipv4_pool": "",
            "enable_dns64": false,
            "enable_lni_at_device_index": 0,
            "enable_resource_name_dns_a_record_on_launch": false,
            "enable_resource_name_dns_aaaa_record_on_launch": false,
            "id": "subnet-0d6087af3542c9f42",
            "ipv6_cidr_block": "",
            "ipv6_cidr_block_association_id": "",
            "ipv6_native": false,
            "map_customer_owned_ip_on_launch": false,
            "map_public_ip_on_launch": true,
            "outpost_arn": "",
            "owner_id": "851077919242",
            "private_dns_hostname_type_on_launch": "ip-name",
            "tags": {
              "Environment": "dev",
              "Name": "whs-vpc-public-ap-northeast-2c",
              "Terraform": "true"
            },
            "tags_all": {
              "Environment": "dev",
              "Name": "whs-vpc-public-ap-northeast-2c",
              "Terraform": "true"
            },
            "timeouts": null,
            "vpc_id": "vpc-051f9def0d18ba34c"
          },
          "sensitive_attributes": [],
          "private": "eyJlMmJmYjczMC1lY2FhLTExZTYtOGY4OC0zNDM2M2JjN2M0YzAiOnsiY3JlYXRlIjo2MDAwMDAwMDAwMDAsImRlbGV0ZSI6MTIwMDAwMDAwMDAwMH0sInNjaGVtYV92ZXJzaW9uIjoiMSJ9",
          "dependencies": [
            "module.vpc.aws_vpc.this",
            "module.vpc.aws_vpc_ipv4_cidr_block_association.this"
          ]
        }
      ]
    },
    {
      "module": "module.vpc",
      "mode": "managed",
      "type": "aws_vpc",
      "name": "this",
      "provider": "provider[\"registry.terraform.io/hashicorp/aws\"]",
      "instances": [
        {
          "index_key": 0,
          "schema_version": 1,
          "attributes": {
            "arn": "arn:aws:ec2:ap-northeast-2:851077919242:vpc/vpc-051f9def0d18ba34c",
            "assign_generated_ipv6_cidr_block": false,
            "cidr_block": "10.0.0.0/16",
            "default_network_acl_id": "acl-071c41ef4ca8d5d7d",
            "default_route_table_id": "rtb-0e469a0f1acc3e8fa",
            "default_security_group_id": "sg-019f317a2bcc1dc7f",
            "dhcp_options_id": "dopt-06b676052885e79d0",
            "enable_dns_hostnames": true,
            "enable_dns_support": true,
            "enable_network_address_usage_metrics": false,
            "id": "vpc-051f9def0d18ba34c",
            "instance_tenancy": "default",
            "ipv4_ipam_pool_id": null,
            "ipv4_netmask_length": null,
            "ipv6_association_id": "",
            "ipv6_cidr_block": "",
            "ipv6_cidr_block_network_border_group": "",
            "ipv6_ipam_pool_id": "",
            "ipv6_netmask_length": 0,
            "main_route_table_id": "rtb-0e469a0f1acc3e8fa",
            "owner_id": "851077919242",
            "tags": {
              "Environment": "dev",
              "Name": "whs-vpc",
              "Terraform": "true"
            },
            "tags_all": {
              "Environment": "dev",
              "Name": "whs-vpc",
              "Terraform": "true"
            }
          },
          "sensitive_attributes": [],
          "private": "eyJzY2hlbWFfdmVyc2lvbiI6IjEifQ==",
          "create_before_destroy": true
        }
      ]
    },
    {
      "module": "module.vpc",
      "mode": "managed",
      "type": "aws_vpn_gateway",
      "name": "this",
      "provider": "provider[\"registry.terraform.io/hashicorp/aws\"]",
      "instances": [
        {
          "index_key": 0,
          "schema_version": 0,
          "attributes": {
            "amazon_side_asn": "64512",
            "arn": "arn:aws:ec2:ap-northeast-2:851077919242:vpn-gateway/vgw-061d7a869879146ad",
            "availability_zone": null,
            "id": "vgw-061d7a869879146ad",
            "tags": {
              "Environment": "dev",
              "Name": "whs-vpc",
              "Terraform": "true"
            },
            "tags_all": {
              "Environment": "dev",
              "Name": "whs-vpc",
              "Terraform": "true"
            },
            "vpc_id": "vpc-051f9def0d18ba34c"
          },
          "sensitive_attributes": [],
          "private": "bnVsbA==",
          "dependencies": [
            "module.vpc.aws_vpc.this",
            "module.vpc.aws_vpc_ipv4_cidr_block_association.this"
          ]
        }
      ]
    }
  ],
  "check_results": null
}
