{
  "version": 4,
  "terraform_version": "1.6.6",
  "serial": 160,
  "lineage": "29360f6a-4506-c0e8-595c-85eb1760ad99",
  "outputs": {
    "existing_guardduty_detector_id": {
      "value": "8cc607dbf43fc1c0842399b9145a8814",
      "type": "string"
    }
  },
  "resources": [
    {
      "mode": "data",
      "type": "aws_caller_identity",
      "name": "current",
      "provider": "provider[\"registry.terraform.io/hashicorp/aws\"]",
      "instances": [
        {
          "schema_version": 0,
          "attributes": {
            "account_id": "851077919242",
            "arn": "arn:aws:iam::851077919242:user/usn0190",
            "id": "851077919242",
            "user_id": "AIDA4MKBSOIFE373AHLQP"
          },
          "sensitive_attributes": []
        }
      ]
    },
    {
      "mode": "data",
      "type": "aws_guardduty_detector",
      "name": "existing",
      "provider": "provider[\"registry.terraform.io/hashicorp/aws\"]",
      "instances": [
        {
          "schema_version": 0,
          "attributes": {
            "features": [
              {
                "additional_configuration": [],
                "name": "CLOUD_TRAIL",
                "status": "ENABLED"
              },
              {
                "additional_configuration": [],
                "name": "DNS_LOGS",
                "status": "ENABLED"
              },
              {
                "additional_configuration": [],
                "name": "FLOW_LOGS",
                "status": "ENABLED"
              },
              {
                "additional_configuration": [],
                "name": "S3_DATA_EVENTS",
                "status": "ENABLED"
              },
              {
                "additional_configuration": [],
                "name": "EKS_AUDIT_LOGS",
                "status": "ENABLED"
              },
              {
                "additional_configuration": [],
                "name": "EBS_MALWARE_PROTECTION",
                "status": "ENABLED"
              },
              {
                "additional_configuration": [],
                "name": "RDS_LOGIN_EVENTS",
                "status": "ENABLED"
              },
              {
                "additional_configuration": [
                  {
                    "name": "EKS_ADDON_MANAGEMENT",
                    "status": "DISABLED"
                  }
                ],
                "name": "EKS_RUNTIME_MONITORING",
                "status": "ENABLED"
              },
              {
                "additional_configuration": [],
                "name": "LAMBDA_NETWORK_LOGS",
                "status": "ENABLED"
              },
              {
                "additional_configuration": [
                  {
                    "name": "EKS_ADDON_MANAGEMENT",
                    "status": "DISABLED"
                  },
                  {
                    "name": "ECS_FARGATE_AGENT_MANAGEMENT",
                    "status": "DISABLED"
                  }
                ],
                "name": "RUNTIME_MONITORING",
                "status": "DISABLED"
              }
            ],
            "finding_publishing_frequency": "SIX_HOURS",
            "id": "8cc607dbf43fc1c0842399b9145a8814",
            "service_role_arn": "arn:aws:iam::851077919242:role/aws-service-role/guardduty.amazonaws.com/AWSServiceRoleForAmazonGuardDuty",
            "status": "ENABLED"
          },
          "sensitive_attributes": []
        }
      ]
    },
    {
      "mode": "data",
      "type": "aws_iam_policy_document",
      "name": "bucket_pol",
      "provider": "provider[\"registry.terraform.io/hashicorp/aws\"]",
      "instances": [
        {
          "schema_version": 0,
          "attributes": {
            "id": "1231866048",
            "json": "{\n  \"Version\": \"2012-10-17\",\n  \"Statement\": [\n    {\n      \"Sid\": \"Allow PutObject\",\n      \"Effect\": \"Allow\",\n      \"Action\": \"s3:PutObject\",\n      \"Resource\": \"arn:aws:s3:::aws-gd-logs-bucket/*\",\n      \"Principal\": {\n        \"Service\": \"guardduty.amazonaws.com\"\n      }\n    },\n    {\n      \"Sid\": \"Allow GetBucketLocation\",\n      \"Effect\": \"Allow\",\n      \"Action\": \"s3:GetBucketLocation\",\n      \"Resource\": \"arn:aws:s3:::aws-gd-logs-bucket\",\n      \"Principal\": {\n        \"Service\": \"guardduty.amazonaws.com\"\n      }\n    }\n  ]\n}",
            "override_policy_documents": null,
            "policy_id": null,
            "source_policy_documents": null,
            "statement": [
              {
                "actions": [
                  "s3:PutObject"
                ],
                "condition": [],
                "effect": "Allow",
                "not_actions": [],
                "not_principals": [],
                "not_resources": [],
                "principals": [
                  {
                    "identifiers": [
                      "guardduty.amazonaws.com"
                    ],
                    "type": "Service"
                  }
                ],
                "resources": [
                  "arn:aws:s3:::aws-gd-logs-bucket/*"
                ],
                "sid": "Allow PutObject"
              },
              {
                "actions": [
                  "s3:GetBucketLocation"
                ],
                "condition": [],
                "effect": "Allow",
                "not_actions": [],
                "not_principals": [],
                "not_resources": [],
                "principals": [
                  {
                    "identifiers": [
                      "guardduty.amazonaws.com"
                    ],
                    "type": "Service"
                  }
                ],
                "resources": [
                  "arn:aws:s3:::aws-gd-logs-bucket"
                ],
                "sid": "Allow GetBucketLocation"
              }
            ],
            "version": "2012-10-17"
          },
          "sensitive_attributes": []
        }
      ]
    },
    {
      "mode": "data",
      "type": "aws_iam_policy_document",
      "name": "kms_pol",
      "provider": "provider[\"registry.terraform.io/hashicorp/aws\"]",
      "instances": [
        {
          "schema_version": 0,
          "attributes": {
            "id": "3662840192",
            "json": "{\n  \"Version\": \"2012-10-17\",\n  \"Statement\": [\n    {\n      \"Sid\": \"Allow GuardDuty to encrypt findings\",\n      \"Effect\": \"Allow\",\n      \"Action\": \"kms:GenerateDataKey\",\n      \"Resource\": \"arn:aws:kms:ap-northeast-2:851077919242:key/*\",\n      \"Principal\": {\n        \"Service\": \"guardduty.amazonaws.com\"\n      }\n    },\n    {\n      \"Sid\": \"Allow all users to modify/delete key (test only)\",\n      \"Effect\": \"Allow\",\n      \"Action\": \"kms:*\",\n      \"Resource\": \"arn:aws:kms:ap-northeast-2:851077919242:key/*\",\n      \"Principal\": {\n        \"AWS\": \"arn:aws:iam::851077919242:root\"\n      }\n    }\n  ]\n}",
            "override_policy_documents": null,
            "policy_id": null,
            "source_policy_documents": null,
            "statement": [
              {
                "actions": [
                  "kms:GenerateDataKey"
                ],
                "condition": [],
                "effect": "Allow",
                "not_actions": [],
                "not_principals": [],
                "not_resources": [],
                "principals": [
                  {
                    "identifiers": [
                      "guardduty.amazonaws.com"
                    ],
                    "type": "Service"
                  }
                ],
                "resources": [
                  "arn:aws:kms:ap-northeast-2:851077919242:key/*"
                ],
                "sid": "Allow GuardDuty to encrypt findings"
              },
              {
                "actions": [
                  "kms:*"
                ],
                "condition": [],
                "effect": "Allow",
                "not_actions": [],
                "not_principals": [],
                "not_resources": [],
                "principals": [
                  {
                    "identifiers": [
                      "arn:aws:iam::851077919242:root"
                    ],
                    "type": "AWS"
                  }
                ],
                "resources": [
                  "arn:aws:kms:ap-northeast-2:851077919242:key/*"
                ],
                "sid": "Allow all users to modify/delete key (test only)"
              }
            ],
            "version": "2012-10-17"
          },
          "sensitive_attributes": []
        }
      ]
    },
    {
      "mode": "data",
      "type": "aws_opensearch_domain",
      "name": "host_domain",
      "provider": "provider[\"registry.terraform.io/hashicorp/aws\"]",
      "instances": [
        {
          "schema_version": 0,
          "attributes": {
            "access_policies": "{\"Statement\":[{\"Action\":\"es:*\",\"Effect\":\"Allow\",\"Principal\":{\"AWS\":\"*\"},\"Resource\":\"arn:aws:es:ap-northeast-2:851077919242:domain/opensearch-siem/*\"},{\"Action\":\"es:ESHttpPost\",\"Effect\":\"Allow\",\"Principal\":{\"AWS\":\"arn:aws:iam::851077919242:role/s3lambdaaccess\"},\"Resource\":\"arn:aws:es:ap-northeast-2:851077919242:domain/opensearch-siem/*\"}],\"Version\":\"2012-10-17\"}",
            "advanced_options": {
              "indices.fielddata.cache.size": "20",
              "indices.query.bool.max_clause_count": "1024",
              "override_main_response_version": "false",
              "rest.action.multi.allow_explicit_index": "true"
            },
            "advanced_security_options": [
              {
                "anonymous_auth_enabled": false,
                "enabled": true,
                "internal_user_database_enabled": true
              }
            ],
            "arn": "arn:aws:es:ap-northeast-2:851077919242:domain/opensearch-siem",
            "auto_tune_options": [
              {
                "desired_state": "ENABLED",
                "maintenance_schedule": [],
                "rollback_on_disable": "NO_ROLLBACK"
              }
            ],
            "cluster_config": [
              {
                "cold_storage_options": [
                  {
                    "enabled": false
                  }
                ],
                "dedicated_master_count": 3,
                "dedicated_master_enabled": true,
                "dedicated_master_type": "m6g.large.search",
                "instance_count": 3,
                "instance_type": "m6g.large.search",
                "multi_az_with_standby_enabled": true,
                "warm_count": 0,
                "warm_enabled": false,
                "warm_type": "",
                "zone_awareness_config": [
                  {
                    "availability_zone_count": 3
                  }
                ],
                "zone_awareness_enabled": true
              }
            ],
            "cognito_options": [
              {
                "enabled": false,
                "identity_pool_id": "",
                "role_arn": "",
                "user_pool_id": ""
              }
            ],
            "created": true,
            "dashboard_endpoint": "search-opensearch-siem-f2odj3qmvfp5mf7kvr2s6p3acq.ap-northeast-2.es.amazonaws.com/_dashboards",
            "deleted": false,
            "domain_id": "851077919242/opensearch-siem",
            "domain_name": "opensearch-siem",
            "ebs_options": [
              {
                "ebs_enabled": true,
                "iops": 3000,
                "throughput": 125,
                "volume_size": 100,
                "volume_type": "gp3"
              }
            ],
            "encryption_at_rest": [
              {
                "enabled": true,
                "kms_key_id": "arn:aws:kms:ap-northeast-2:851077919242:key/70b52053-f8e9-4288-8401-83ba83e46029"
              }
            ],
            "endpoint": "search-opensearch-siem-f2odj3qmvfp5mf7kvr2s6p3acq.ap-northeast-2.es.amazonaws.com",
            "engine_version": "OpenSearch_2.11",
            "id": "arn:aws:es:ap-northeast-2:851077919242:domain/opensearch-siem",
            "kibana_endpoint": "search-opensearch-siem-f2odj3qmvfp5mf7kvr2s6p3acq.ap-northeast-2.es.amazonaws.com/_plugin/kibana/",
            "log_publishing_options": [],
            "node_to_node_encryption": [
              {
                "enabled": true
              }
            ],
            "off_peak_window_options": [
              {
                "enabled": true,
                "off_peak_window": [
                  {
                    "window_start_time": [
                      {
                        "hours": 0,
                        "minutes": 0
                      }
                    ]
                  }
                ]
              }
            ],
            "processing": false,
            "snapshot_options": [
              {
                "automated_snapshot_start_hour": 0
              }
            ],
            "software_update_options": [
              {
                "auto_software_update_enabled": false
              }
            ],
            "tags": {},
            "vpc_options": null
          },
          "sensitive_attributes": []
        }
      ]
    },
    {
      "mode": "data",
      "type": "aws_region",
      "name": "current",
      "provider": "provider[\"registry.terraform.io/hashicorp/aws\"]",
      "instances": [
        {
          "schema_version": 0,
          "attributes": {
            "description": "Asia Pacific (Seoul)",
            "endpoint": "ec2.ap-northeast-2.amazonaws.com",
            "id": "ap-northeast-2",
            "name": "ap-northeast-2"
          },
          "sensitive_attributes": []
        }
      ]
    },
    {
      "mode": "data",
      "type": "aws_s3_bucket",
      "name": "gd_bucket",
      "provider": "provider[\"registry.terraform.io/hashicorp/aws\"]",
      "instances": [
        {
          "schema_version": 0,
          "attributes": {
            "arn": "arn:aws:s3:::aws-gd-logs-bucket",
            "bucket": "aws-gd-logs-bucket",
            "bucket_domain_name": "aws-gd-logs-bucket.s3.amazonaws.com",
            "bucket_regional_domain_name": "aws-gd-logs-bucket.s3.ap-northeast-2.amazonaws.com",
            "hosted_zone_id": "Z3W03O7B5YMIYP",
            "id": "aws-gd-logs-bucket",
            "region": "ap-northeast-2",
            "website_domain": null,
            "website_endpoint": null
          },
          "sensitive_attributes": []
        }
      ]
    },
    {
      "mode": "managed",
      "type": "aws_guardduty_publishing_destination",
      "name": "test",
      "provider": "provider[\"registry.terraform.io/hashicorp/aws\"]",
      "instances": [
        {
          "schema_version": 0,
          "attributes": {
            "destination_arn": "arn:aws:s3:::aws-gd-logs-bucket",
            "destination_type": "S3",
            "detector_id": "8cc607dbf43fc1c0842399b9145a8814",
            "id": "8cc607dbf43fc1c0842399b9145a8814:bec667046605f18be3db362e63fa104d",
            "kms_key_arn": "arn:aws:kms:ap-northeast-2:851077919242:key/fa907121-b749-4521-bce2-39c19fbff35d"
          },
          "sensitive_attributes": [],
          "private": "bnVsbA==",
          "dependencies": [
            "aws_kms_key.tf_gd_key",
            "aws_s3_bucket.tf-gd-s3",
            "aws_s3_bucket_policy.gd_bucket_policy",
            "data.aws_caller_identity.current",
            "data.aws_guardduty_detector.existing",
            "data.aws_iam_policy_document.bucket_pol",
            "data.aws_iam_policy_document.kms_pol",
            "data.aws_region.current",
            "data.aws_s3_bucket.gd_bucket"
          ]
        }
      ]
    },
    {
      "mode": "managed",
      "type": "aws_iam_policy",
      "name": "lambda_s3_opensearch_policy",
      "provider": "provider[\"registry.terraform.io/hashicorp/aws\"]",
      "instances": [
        {
          "schema_version": 0,
          "attributes": {
            "arn": "arn:aws:iam::851077919242:policy/LambdaS3OpenSearchPolicy",
            "description": "IAM policy for Lambda to read S3 GuardDuty logs and write to OpenSearch",
            "id": "arn:aws:iam::851077919242:policy/LambdaS3OpenSearchPolicy",
            "name": "LambdaS3OpenSearchPolicy",
            "name_prefix": "",
            "path": "/",
            "policy": "{\"Statement\":[{\"Action\":[\"s3:GetObject\",\"s3:ListBucket\",\"s3:PutObject\"],\"Effect\":\"Allow\",\"Resource\":[\"arn:aws:s3:::guarddutys3logbucket\",\"arn:aws:s3:::guarddutys3logbucket/*\"]},{\"Action\":[\"es:ESHttpPost\",\"es:ESHttpPut\",\"es:ESHttpGet\"],\"Effect\":\"Allow\",\"Resource\":\"arn:aws:es:ap-northeast-2:851077919242:domain/opensearch-siem/*\"}],\"Version\":\"2012-10-17\"}",
            "policy_id": "ANPA4MKBSOIFIABWPIUFT",
            "tags": null,
            "tags_all": {}
          },
          "sensitive_attributes": [],
          "private": "bnVsbA==",
          "dependencies": [
            "data.aws_caller_identity.current",
            "data.aws_region.current"
          ]
        }
      ]
    },
    {
      "mode": "managed",
      "type": "aws_iam_role",
      "name": "s3lambdatoes_role",
      "provider": "provider[\"registry.terraform.io/hashicorp/aws\"]",
      "instances": [
        {
          "schema_version": 0,
          "attributes": {
            "arn": "arn:aws:iam::851077919242:role/s3lambdatoes",
            "assume_role_policy": "{\"Statement\":[{\"Action\":\"sts:AssumeRole\",\"Effect\":\"Allow\",\"Principal\":{\"Service\":\"lambda.amazonaws.com\"}}],\"Version\":\"2012-10-17\"}",
            "create_date": "2024-01-03T06:35:28Z",
            "description": "",
            "force_detach_policies": false,
            "id": "s3lambdatoes",
            "inline_policy": [],
            "managed_policy_arns": [],
            "max_session_duration": 3600,
            "name": "s3lambdatoes",
            "name_prefix": "",
            "path": "/",
            "permissions_boundary": "",
            "tags": null,
            "tags_all": {},
            "unique_id": "AROA4MKBSOIFPNXJS6MDK"
          },
          "sensitive_attributes": [],
          "private": "bnVsbA=="
        }
      ]
    },
    {
      "mode": "managed",
      "type": "aws_iam_role_policy_attachment",
      "name": "lambda_custom_policy",
      "provider": "provider[\"registry.terraform.io/hashicorp/aws\"]",
      "instances": [
        {
          "schema_version": 0,
          "attributes": {
            "id": "s3lambdatoes-20240103063529607200000001",
            "policy_arn": "arn:aws:iam::851077919242:policy/LambdaS3OpenSearchPolicy",
            "role": "s3lambdatoes"
          },
          "sensitive_attributes": [],
          "private": "bnVsbA==",
          "dependencies": [
            "aws_iam_policy.lambda_s3_opensearch_policy",
            "aws_iam_role.s3lambdatoes_role",
            "data.aws_caller_identity.current",
            "data.aws_region.current"
          ]
        }
      ]
    },
    {
      "mode": "managed",
      "type": "aws_kms_key",
      "name": "tf_gd_key",
      "provider": "provider[\"registry.terraform.io/hashicorp/aws\"]",
      "instances": [
        {
          "schema_version": 0,
          "attributes": {
            "arn": "arn:aws:kms:ap-northeast-2:851077919242:key/fa907121-b749-4521-bce2-39c19fbff35d",
            "bypass_policy_lockout_safety_check": false,
            "custom_key_store_id": "",
            "customer_master_key_spec": "SYMMETRIC_DEFAULT",
            "deletion_window_in_days": 7,
            "description": "Temporary key for AccTest of TF",
            "enable_key_rotation": false,
            "id": "fa907121-b749-4521-bce2-39c19fbff35d",
            "is_enabled": true,
            "key_id": "fa907121-b749-4521-bce2-39c19fbff35d",
            "key_usage": "ENCRYPT_DECRYPT",
            "multi_region": false,
            "policy": "{\"Statement\":[{\"Action\":\"kms:GenerateDataKey\",\"Effect\":\"Allow\",\"Principal\":{\"Service\":\"guardduty.amazonaws.com\"},\"Resource\":\"arn:aws:kms:ap-northeast-2:851077919242:key/*\",\"Sid\":\"Allow GuardDuty to encrypt findings\"},{\"Action\":\"kms:*\",\"Effect\":\"Allow\",\"Principal\":{\"AWS\":\"arn:aws:iam::851077919242:root\"},\"Resource\":\"arn:aws:kms:ap-northeast-2:851077919242:key/*\",\"Sid\":\"Allow all users to modify/delete key (test only)\"}],\"Version\":\"2012-10-17\"}",
            "tags": null,
            "tags_all": {},
            "timeouts": null
          },
          "sensitive_attributes": [],
          "private": "eyJlMmJmYjczMC1lY2FhLTExZTYtOGY4OC0zNDM2M2JjN2M0YzAiOnsiY3JlYXRlIjoxMjAwMDAwMDAwMDB9fQ==",
          "dependencies": [
            "data.aws_caller_identity.current",
            "data.aws_iam_policy_document.kms_pol",
            "data.aws_region.current"
          ]
        }
      ]
    },
    {
      "mode": "managed",
      "type": "aws_lambda_function",
      "name": "guardduty_lambda",
      "provider": "provider[\"registry.terraform.io/hashicorp/aws\"]",
      "instances": [
        {
          "schema_version": 0,
          "attributes": {
            "architectures": [
              "x86_64"
            ],
            "arn": "arn:aws:lambda:ap-northeast-2:851077919242:function:guardduty_lambda_function",
            "code_signing_config_arn": "",
            "dead_letter_config": [],
            "description": "",
            "environment": [
              {
                "variables": {
                  "ES_HOST": "search-opensearch-siem-f2odj3qmvfp5mf7kvr2s6p3acq.ap-northeast-2.es.amazonaws.com",
                  "INDEX": "guardduty-logs",
                  "REGION": "ap-northeast-2",
                  "SERVICE": "es"
                }
              }
            ],
            "ephemeral_storage": [
              {
                "size": 512
              }
            ],
            "file_system_config": [],
            "filename": "./guardduty_lambda.zip",
            "function_name": "guardduty_lambda_function",
            "handler": "lambda_function.lambda_handler",
            "id": "guardduty_lambda_function",
            "image_config": [],
            "image_uri": "",
            "invoke_arn": "arn:aws:apigateway:ap-northeast-2:lambda:path/2015-03-31/functions/arn:aws:lambda:ap-northeast-2:851077919242:function:guardduty_lambda_function/invocations",
            "kms_key_arn": "",
            "last_modified": "2024-01-03T06:35:37.561+0000",
            "layers": null,
            "memory_size": 128,
            "package_type": "Zip",
            "publish": false,
            "qualified_arn": "arn:aws:lambda:ap-northeast-2:851077919242:function:guardduty_lambda_function:$LATEST",
            "qualified_invoke_arn": "arn:aws:apigateway:ap-northeast-2:lambda:path/2015-03-31/functions/arn:aws:lambda:ap-northeast-2:851077919242:function:guardduty_lambda_function:$LATEST/invocations",
            "replace_security_groups_on_destroy": null,
            "replacement_security_group_ids": null,
            "reserved_concurrent_executions": -1,
            "role": "arn:aws:iam::851077919242:role/s3lambdatoes",
            "runtime": "python3.8",
            "s3_bucket": null,
            "s3_key": null,
            "s3_object_version": null,
            "signing_job_arn": "",
            "signing_profile_version_arn": "",
            "skip_destroy": false,
            "snap_start": [],
            "source_code_hash": "bMMhFJW8HxFZO3Dwo/acZYqD+zvS2dUeaP88y0gEpIs=",
            "source_code_size": 1086,
            "tags": null,
            "tags_all": {},
            "timeout": 3,
            "timeouts": null,
            "tracing_config": [
              {
                "mode": "PassThrough"
              }
            ],
            "version": "$LATEST",
            "vpc_config": []
          },
          "sensitive_attributes": [],
          "private": "eyJlMmJmYjczMC1lY2FhLTExZTYtOGY4OC0zNDM2M2JjN2M0YzAiOnsiY3JlYXRlIjo2MDAwMDAwMDAwMDAsImRlbGV0ZSI6NjAwMDAwMDAwMDAwLCJ1cGRhdGUiOjYwMDAwMDAwMDAwMH19",
          "dependencies": [
            "aws_iam_role.s3lambdatoes_role",
            "data.aws_opensearch_domain.host_domain"
          ]
        }
      ]
    },
    {
      "mode": "managed",
      "type": "aws_lambda_function",
      "name": "springtoes_lambda",
      "provider": "provider[\"registry.terraform.io/hashicorp/aws\"]",
      "instances": [
        {
          "schema_version": 0,
          "attributes": {
            "architectures": [
              "x86_64"
            ],
            "arn": "arn:aws:lambda:ap-northeast-2:851077919242:function:springtoes_lambda_function",
            "code_signing_config_arn": "",
            "dead_letter_config": [],
            "description": "",
            "environment": [
              {
                "variables": {
                  "ES_HOST": "search-opensearch-siem-f2odj3qmvfp5mf7kvr2s6p3acq.ap-northeast-2.es.amazonaws.com",
                  "INDEX": "spring-logs",
                  "REGION": "ap-northeast-2",
                  "SERVICE": "es"
                }
              }
            ],
            "ephemeral_storage": [
              {
                "size": 512
              }
            ],
            "file_system_config": [],
            "filename": "./spring_lambda.zip",
            "function_name": "springtoes_lambda_function",
            "handler": "lambda_function.lambda_handler",
            "id": "springtoes_lambda_function",
            "image_config": [],
            "image_uri": "",
            "invoke_arn": "arn:aws:apigateway:ap-northeast-2:lambda:path/2015-03-31/functions/arn:aws:lambda:ap-northeast-2:851077919242:function:springtoes_lambda_function/invocations",
            "kms_key_arn": "",
            "last_modified": "2024-01-03T06:35:43.200+0000",
            "layers": null,
            "memory_size": 128,
            "package_type": "Zip",
            "publish": false,
            "qualified_arn": "arn:aws:lambda:ap-northeast-2:851077919242:function:springtoes_lambda_function:$LATEST",
            "qualified_invoke_arn": "arn:aws:apigateway:ap-northeast-2:lambda:path/2015-03-31/functions/arn:aws:lambda:ap-northeast-2:851077919242:function:springtoes_lambda_function:$LATEST/invocations",
            "replace_security_groups_on_destroy": null,
            "replacement_security_group_ids": null,
            "reserved_concurrent_executions": -1,
            "role": "arn:aws:iam::851077919242:role/s3lambdatoes",
            "runtime": "python3.8",
            "s3_bucket": null,
            "s3_key": null,
            "s3_object_version": null,
            "signing_job_arn": "",
            "signing_profile_version_arn": "",
            "skip_destroy": false,
            "snap_start": [],
            "source_code_hash": "hpfhPLc/3FyjcIkFEEPeqi4k9XRo4hWuj5gD+tIew4g=",
            "source_code_size": 1033,
            "tags": null,
            "tags_all": {},
            "timeout": 3,
            "timeouts": null,
            "tracing_config": [
              {
                "mode": "PassThrough"
              }
            ],
            "version": "$LATEST",
            "vpc_config": []
          },
          "sensitive_attributes": [],
          "private": "eyJlMmJmYjczMC1lY2FhLTExZTYtOGY4OC0zNDM2M2JjN2M0YzAiOnsiY3JlYXRlIjo2MDAwMDAwMDAwMDAsImRlbGV0ZSI6NjAwMDAwMDAwMDAwLCJ1cGRhdGUiOjYwMDAwMDAwMDAwMH19",
          "dependencies": [
            "aws_iam_role.s3lambdatoes_role",
            "data.aws_opensearch_domain.host_domain"
          ]
        }
      ]
    },
    {
      "mode": "managed",
      "type": "aws_lambda_permission",
      "name": "s3_invoke",
      "provider": "provider[\"registry.terraform.io/hashicorp/aws\"]",
      "instances": [
        {
          "schema_version": 0,
          "attributes": {
            "action": "lambda:InvokeFunction",
            "event_source_token": null,
            "function_name": "guardduty_lambda_function",
            "function_url_auth_type": null,
            "id": "AllowS3Invocation",
            "principal": "s3.amazonaws.com",
            "principal_org_id": null,
            "qualifier": "",
            "source_account": null,
            "source_arn": "arn:aws:s3:::aws-gd-logs-bucket",
            "statement_id": "AllowS3Invocation",
            "statement_id_prefix": ""
          },
          "sensitive_attributes": [],
          "private": "bnVsbA==",
          "dependencies": [
            "aws_iam_role.s3lambdatoes_role",
            "aws_lambda_function.guardduty_lambda",
            "aws_s3_bucket.tf-gd-s3",
            "data.aws_opensearch_domain.host_domain",
            "data.aws_s3_bucket.gd_bucket"
          ]
        }
      ]
    },
    {
      "mode": "managed",
      "type": "aws_lambda_permission",
      "name": "spring_s3_invoke",
      "provider": "provider[\"registry.terraform.io/hashicorp/aws\"]",
      "instances": [
        {
          "schema_version": 0,
          "attributes": {
            "action": "lambda:InvokeFunction",
            "event_source_token": null,
            "function_name": "springtoes_lambda_function",
            "function_url_auth_type": null,
            "id": "AllowS3Invocation",
            "principal": "s3.amazonaws.com",
            "principal_org_id": null,
            "qualifier": "",
            "source_account": null,
            "source_arn": "arn:aws:s3:::pipeline-spring-server",
            "statement_id": "AllowS3Invocation",
            "statement_id_prefix": ""
          },
          "sensitive_attributes": [],
          "private": "bnVsbA==",
          "dependencies": [
            "aws_iam_role.s3lambdatoes_role",
            "aws_lambda_function.springtoes_lambda",
            "data.aws_opensearch_domain.host_domain"
          ]
        }
      ]
    },
    {
      "mode": "managed",
      "type": "aws_s3_bucket",
      "name": "tf-gd-s3",
      "provider": "provider[\"registry.terraform.io/hashicorp/aws\"]",
      "instances": [
        {
          "schema_version": 0,
          "attributes": {
            "acceleration_status": "",
            "acl": null,
            "arn": "arn:aws:s3:::aws-gd-logs-bucket",
            "bucket": "aws-gd-logs-bucket",
            "bucket_domain_name": "aws-gd-logs-bucket.s3.amazonaws.com",
            "bucket_prefix": "",
            "bucket_regional_domain_name": "aws-gd-logs-bucket.s3.ap-northeast-2.amazonaws.com",
            "cors_rule": [],
            "force_destroy": true,
            "grant": [
              {
                "id": "4489f6df8dce3bc190ee0b2e4c1c0166e22fdbc92c3949c291ccb151949bf99c",
                "permissions": [
                  "FULL_CONTROL"
                ],
                "type": "CanonicalUser",
                "uri": ""
              }
            ],
            "hosted_zone_id": "Z3W03O7B5YMIYP",
            "id": "aws-gd-logs-bucket",
            "lifecycle_rule": [],
            "logging": [],
            "object_lock_configuration": [],
            "object_lock_enabled": false,
            "policy": "",
            "region": "ap-northeast-2",
            "replication_configuration": [],
            "request_payer": "BucketOwner",
            "server_side_encryption_configuration": [
              {
                "rule": [
                  {
                    "apply_server_side_encryption_by_default": [
                      {
                        "kms_master_key_id": "",
                        "sse_algorithm": "AES256"
                      }
                    ],
                    "bucket_key_enabled": false
                  }
                ]
              }
            ],
            "tags": null,
            "tags_all": {},
            "timeouts": null,
            "versioning": [
              {
                "enabled": false,
                "mfa_delete": false
              }
            ],
            "website": [],
            "website_domain": null,
            "website_endpoint": null
          },
          "sensitive_attributes": [],
          "private": "eyJlMmJmYjczMC1lY2FhLTExZTYtOGY4OC0zNDM2M2JjN2M0YzAiOnsiY3JlYXRlIjoxMjAwMDAwMDAwMDAwLCJkZWxldGUiOjM2MDAwMDAwMDAwMDAsInJlYWQiOjEyMDAwMDAwMDAwMDAsInVwZGF0ZSI6MTIwMDAwMDAwMDAwMH19"
        }
      ]
    },
    {
      "mode": "managed",
      "type": "aws_s3_bucket_notification",
      "name": "s3_notification",
      "provider": "provider[\"registry.terraform.io/hashicorp/aws\"]",
      "instances": [
        {
          "schema_version": 0,
          "attributes": {
            "bucket": "aws-gd-logs-bucket",
            "eventbridge": false,
            "id": "aws-gd-logs-bucket",
            "lambda_function": [
              {
                "events": [
                  "s3:ObjectCreated:*"
                ],
                "filter_prefix": "",
                "filter_suffix": "",
                "id": "tf-s3-lambda-20240103063543078300000002",
                "lambda_function_arn": "arn:aws:lambda:ap-northeast-2:851077919242:function:guardduty_lambda_function"
              }
            ],
            "queue": [],
            "topic": []
          },
          "sensitive_attributes": [],
          "private": "bnVsbA==",
          "dependencies": [
            "aws_iam_role.s3lambdatoes_role",
            "aws_lambda_function.guardduty_lambda",
            "aws_s3_bucket.tf-gd-s3",
            "data.aws_opensearch_domain.host_domain",
            "data.aws_s3_bucket.gd_bucket"
          ]
        }
      ]
    },
    {
      "mode": "managed",
      "type": "aws_s3_bucket_notification",
      "name": "spring_s3_notification",
      "provider": "provider[\"registry.terraform.io/hashicorp/aws\"]",
      "instances": [
        {
          "schema_version": 0,
          "attributes": {
            "bucket": "pipeline-spring-server",
            "eventbridge": false,
            "id": "pipeline-spring-server",
            "lambda_function": [
              {
                "events": [
                  "s3:ObjectCreated:*"
                ],
                "filter_prefix": "",
                "filter_suffix": "",
                "id": "tf-s3-lambda-20240103063548787400000003",
                "lambda_function_arn": "arn:aws:lambda:ap-northeast-2:851077919242:function:springtoes_lambda_function"
              }
            ],
            "queue": [],
            "topic": []
          },
          "sensitive_attributes": [],
          "private": "bnVsbA==",
          "dependencies": [
            "aws_iam_role.s3lambdatoes_role",
            "aws_lambda_function.springtoes_lambda",
            "data.aws_opensearch_domain.host_domain"
          ]
        }
      ]
    },
    {
      "mode": "managed",
      "type": "aws_s3_bucket_policy",
      "name": "gd_bucket_policy",
      "provider": "provider[\"registry.terraform.io/hashicorp/aws\"]",
      "instances": [
        {
          "schema_version": 0,
          "attributes": {
            "bucket": "aws-gd-logs-bucket",
            "id": "aws-gd-logs-bucket",
            "policy": "{\"Statement\":[{\"Action\":\"s3:PutObject\",\"Effect\":\"Allow\",\"Principal\":{\"Service\":\"guardduty.amazonaws.com\"},\"Resource\":\"arn:aws:s3:::aws-gd-logs-bucket/*\",\"Sid\":\"Allow PutObject\"},{\"Action\":\"s3:GetBucketLocation\",\"Effect\":\"Allow\",\"Principal\":{\"Service\":\"guardduty.amazonaws.com\"},\"Resource\":\"arn:aws:s3:::aws-gd-logs-bucket\",\"Sid\":\"Allow GetBucketLocation\"}],\"Version\":\"2012-10-17\"}"
          },
          "sensitive_attributes": [],
          "private": "bnVsbA==",
          "dependencies": [
            "aws_s3_bucket.tf-gd-s3",
            "data.aws_iam_policy_document.bucket_pol",
            "data.aws_s3_bucket.gd_bucket"
          ]
        }
      ]
    }
  ],
  "check_results": null
}
