{
  "version": 4,
  "terraform_version": "1.6.6",
  "serial": 174,
  "lineage": "22b741c1-9d7d-a465-43c9-5ca21dd064a2",
  "outputs": {},
  "resources": [
    {
      "mode": "data",
      "type": "aws_caller_identity",
      "name": "current",
      "provider": "provider[\"registry.terraform.io/hashicorp/aws\"]",
      "instances": [
        {
          "schema_version": 0,
          "attributes": {
            "account_id": "851077919242",
            "arn": "arn:aws:iam::851077919242:user/whs-lina",
            "id": "851077919242",
            "user_id": "AIDA4MKBSOIFPQOPPX3HI"
          },
          "sensitive_attributes": []
        }
      ]
    },
    {
      "mode": "data",
      "type": "aws_guardduty_detector",
      "name": "existing",
      "provider": "provider[\"registry.terraform.io/hashicorp/aws\"]",
      "instances": [
        {
          "schema_version": 0,
          "attributes": {
            "features": [
              {
                "additional_configuration": [],
                "name": "CLOUD_TRAIL",
                "status": "ENABLED"
              },
              {
                "additional_configuration": [],
                "name": "DNS_LOGS",
                "status": "ENABLED"
              },
              {
                "additional_configuration": [],
                "name": "FLOW_LOGS",
                "status": "ENABLED"
              },
              {
                "additional_configuration": [],
                "name": "S3_DATA_EVENTS",
                "status": "ENABLED"
              },
              {
                "additional_configuration": [],
                "name": "EKS_AUDIT_LOGS",
                "status": "ENABLED"
              },
              {
                "additional_configuration": [],
                "name": "EBS_MALWARE_PROTECTION",
                "status": "ENABLED"
              },
              {
                "additional_configuration": [],
                "name": "RDS_LOGIN_EVENTS",
                "status": "ENABLED"
              },
              {
                "additional_configuration": [
                  {
                    "name": "EKS_ADDON_MANAGEMENT",
                    "status": "DISABLED"
                  }
                ],
                "name": "EKS_RUNTIME_MONITORING",
                "status": "ENABLED"
              },
              {
                "additional_configuration": [],
                "name": "LAMBDA_NETWORK_LOGS",
                "status": "ENABLED"
              },
              {
                "additional_configuration": [
                  {
                    "name": "EKS_ADDON_MANAGEMENT",
                    "status": "DISABLED"
                  },
                  {
                    "name": "ECS_FARGATE_AGENT_MANAGEMENT",
                    "status": "DISABLED"
                  }
                ],
                "name": "RUNTIME_MONITORING",
                "status": "DISABLED"
              }
            ],
            "finding_publishing_frequency": "FIFTEEN_MINUTES",
            "id": "8cc607dbf43fc1c0842399b9145a8814",
            "service_role_arn": "arn:aws:iam::851077919242:role/aws-service-role/guardduty.amazonaws.com/AWSServiceRoleForAmazonGuardDuty",
            "status": "ENABLED"
          },
          "sensitive_attributes": []
        }
      ]
    },
    {
      "mode": "data",
      "type": "aws_iam_policy_document",
      "name": "kms_pol",
      "provider": "provider[\"registry.terraform.io/hashicorp/aws\"]",
      "instances": [
        {
          "schema_version": 0,
          "attributes": {
            "id": "3662840192",
            "json": "{\n  \"Version\": \"2012-10-17\",\n  \"Statement\": [\n    {\n      \"Sid\": \"Allow GuardDuty to encrypt findings\",\n      \"Effect\": \"Allow\",\n      \"Action\": \"kms:GenerateDataKey\",\n      \"Resource\": \"arn:aws:kms:ap-northeast-2:851077919242:key/*\",\n      \"Principal\": {\n        \"Service\": \"guardduty.amazonaws.com\"\n      }\n    },\n    {\n      \"Sid\": \"Allow all users to modify/delete key (test only)\",\n      \"Effect\": \"Allow\",\n      \"Action\": \"kms:*\",\n      \"Resource\": \"arn:aws:kms:ap-northeast-2:851077919242:key/*\",\n      \"Principal\": {\n        \"AWS\": \"arn:aws:iam::851077919242:root\"\n      }\n    }\n  ]\n}",
            "override_policy_documents": null,
            "policy_id": null,
            "source_policy_documents": null,
            "statement": [
              {
                "actions": [
                  "kms:GenerateDataKey"
                ],
                "condition": [],
                "effect": "Allow",
                "not_actions": [],
                "not_principals": [],
                "not_resources": [],
                "principals": [
                  {
                    "identifiers": [
                      "guardduty.amazonaws.com"
                    ],
                    "type": "Service"
                  }
                ],
                "resources": [
                  "arn:aws:kms:ap-northeast-2:851077919242:key/*"
                ],
                "sid": "Allow GuardDuty to encrypt findings"
              },
              {
                "actions": [
                  "kms:*"
                ],
                "condition": [],
                "effect": "Allow",
                "not_actions": [],
                "not_principals": [],
                "not_resources": [],
                "principals": [
                  {
                    "identifiers": [
                      "arn:aws:iam::851077919242:root"
                    ],
                    "type": "AWS"
                  }
                ],
                "resources": [
                  "arn:aws:kms:ap-northeast-2:851077919242:key/*"
                ],
                "sid": "Allow all users to modify/delete key (test only)"
              }
            ],
            "version": "2012-10-17"
          },
          "sensitive_attributes": []
        }
      ]
    },
    {
      "mode": "data",
      "type": "aws_iam_policy_document",
      "name": "tf-cloudwatch-iam-policy",
      "provider": "provider[\"registry.terraform.io/hashicorp/aws\"]",
      "instances": [
        {
          "schema_version": 0,
          "attributes": {
            "id": "2850330546",
            "json": "{\n  \"Version\": \"2012-10-17\",\n  \"Statement\": [\n    {\n      \"Effect\": \"Allow\",\n      \"Action\": [\n        \"logs:PutLogEvents\",\n        \"logs:CreateLogStream\",\n        \"logs:CreateLogGroup\"\n      ],\n      \"Resource\": \"arn:aws:logs:*:*:log-group:*:*\"\n    }\n  ]\n}",
            "override_policy_documents": null,
            "policy_id": null,
            "source_policy_documents": null,
            "statement": [
              {
                "actions": [
                  "logs:CreateLogGroup",
                  "logs:CreateLogStream",
                  "logs:PutLogEvents"
                ],
                "condition": [],
                "effect": "Allow",
                "not_actions": [],
                "not_principals": [],
                "not_resources": [],
                "principals": [],
                "resources": [
                  "arn:aws:logs:*:*:log-group:*:*"
                ],
                "sid": ""
              }
            ],
            "version": "2012-10-17"
          },
          "sensitive_attributes": []
        }
      ]
    },
    {
      "mode": "data",
      "type": "aws_opensearch_domain",
      "name": "host_domain",
      "provider": "provider[\"registry.terraform.io/hashicorp/aws\"]",
      "instances": [
        {
          "schema_version": 0,
          "attributes": {
            "access_policies": null,
            "advanced_options": {
              "override_main_response_version": "false",
              "rest.action.multi.allow_explicit_index": "true"
            },
            "advanced_security_options": [
              {
                "anonymous_auth_enabled": false,
                "enabled": false,
                "internal_user_database_enabled": false
              }
            ],
            "arn": "arn:aws:es:ap-northeast-2:851077919242:domain/aws-opensearch-siem",
            "auto_tune_options": [
              {
                "desired_state": "ENABLED",
                "maintenance_schedule": [],
                "rollback_on_disable": "NO_ROLLBACK"
              }
            ],
            "cluster_config": [
              {
                "cold_storage_options": [
                  {
                    "enabled": false
                  }
                ],
                "dedicated_master_count": 0,
                "dedicated_master_enabled": false,
                "dedicated_master_type": "",
                "instance_count": 2,
                "instance_type": "m6g.large.search",
                "multi_az_with_standby_enabled": false,
                "warm_count": 0,
                "warm_enabled": false,
                "warm_type": "",
                "zone_awareness_config": [],
                "zone_awareness_enabled": false
              }
            ],
            "cognito_options": [
              {
                "enabled": false,
                "identity_pool_id": "",
                "role_arn": "",
                "user_pool_id": ""
              }
            ],
            "created": true,
            "dashboard_endpoint": "search-aws-opensearch-siem-zsod5tamjizdkowsq5es4hsb5e.ap-northeast-2.es.amazonaws.com/_dashboards",
            "deleted": false,
            "domain_id": "851077919242/aws-opensearch-siem",
            "domain_name": "aws-opensearch-siem",
            "ebs_options": [
              {
                "ebs_enabled": true,
                "iops": 3000,
                "throughput": 125,
                "volume_size": 35,
                "volume_type": "gp3"
              }
            ],
            "encryption_at_rest": [
              {
                "enabled": false,
                "kms_key_id": ""
              }
            ],
            "endpoint": "search-aws-opensearch-siem-zsod5tamjizdkowsq5es4hsb5e.ap-northeast-2.es.amazonaws.com",
            "engine_version": "OpenSearch_2.11",
            "id": "arn:aws:es:ap-northeast-2:851077919242:domain/aws-opensearch-siem",
            "kibana_endpoint": "search-aws-opensearch-siem-zsod5tamjizdkowsq5es4hsb5e.ap-northeast-2.es.amazonaws.com/_plugin/kibana/",
            "log_publishing_options": [],
            "node_to_node_encryption": [
              {
                "enabled": false
              }
            ],
            "off_peak_window_options": [
              {
                "enabled": true,
                "off_peak_window": [
                  {
                    "window_start_time": [
                      {
                        "hours": 13,
                        "minutes": 0
                      }
                    ]
                  }
                ]
              }
            ],
            "processing": false,
            "snapshot_options": [
              {
                "automated_snapshot_start_hour": 0
              }
            ],
            "software_update_options": [
              {
                "auto_software_update_enabled": false
              }
            ],
            "tags": {},
            "vpc_options": null
          },
          "sensitive_attributes": []
        }
      ]
    },
    {
      "mode": "data",
      "type": "aws_region",
      "name": "current",
      "provider": "provider[\"registry.terraform.io/hashicorp/aws\"]",
      "instances": [
        {
          "schema_version": 0,
          "attributes": {
            "description": "Asia Pacific (Seoul)",
            "endpoint": "ec2.ap-northeast-2.amazonaws.com",
            "id": "ap-northeast-2",
            "name": "ap-northeast-2"
          },
          "sensitive_attributes": []
        }
      ]
    },
    {
      "mode": "managed",
      "type": "aws_elasticsearch_domain",
      "name": "domain",
      "provider": "provider[\"registry.terraform.io/hashicorp/aws\"]",
      "instances": [
        {
          "schema_version": 0,
          "attributes": {
            "access_policies": null,
            "advanced_options": {},
            "advanced_security_options": [
              {
                "enabled": false,
                "internal_user_database_enabled": false,
                "master_user_options": []
              }
            ],
            "arn": "arn:aws:es:ap-northeast-2:851077919242:domain/aws-opensearch-siem",
            "auto_tune_options": [
              {
                "desired_state": "ENABLED",
                "maintenance_schedule": [],
                "rollback_on_disable": "NO_ROLLBACK"
              }
            ],
            "cluster_config": [
              {
                "cold_storage_options": [
                  {
                    "enabled": false
                  }
                ],
                "dedicated_master_count": 0,
                "dedicated_master_enabled": false,
                "dedicated_master_type": "",
                "instance_count": 2,
                "instance_type": "m6g.large.elasticsearch",
                "warm_count": 0,
                "warm_enabled": false,
                "warm_type": "",
                "zone_awareness_config": [],
                "zone_awareness_enabled": false
              }
            ],
            "cognito_options": [
              {
                "enabled": false,
                "identity_pool_id": "",
                "role_arn": "",
                "user_pool_id": ""
              }
            ],
            "domain_endpoint_options": [
              {
                "custom_endpoint": "",
                "custom_endpoint_certificate_arn": "",
                "custom_endpoint_enabled": false,
                "enforce_https": false,
                "tls_security_policy": "Policy-Min-TLS-1-0-2019-07"
              }
            ],
            "domain_id": "851077919242/aws-opensearch-siem",
            "domain_name": "aws-opensearch-siem",
            "ebs_options": [
              {
                "ebs_enabled": true,
                "iops": 3000,
                "throughput": 125,
                "volume_size": 35,
                "volume_type": "gp3"
              }
            ],
            "elasticsearch_version": "OpenSearch_2.11",
            "encrypt_at_rest": [
              {
                "enabled": false,
                "kms_key_id": ""
              }
            ],
            "endpoint": "search-aws-opensearch-siem-zsod5tamjizdkowsq5es4hsb5e.ap-northeast-2.es.amazonaws.com",
            "id": "arn:aws:es:ap-northeast-2:851077919242:domain/aws-opensearch-siem",
            "kibana_endpoint": "search-aws-opensearch-siem-zsod5tamjizdkowsq5es4hsb5e.ap-northeast-2.es.amazonaws.com/_plugin/kibana/",
            "log_publishing_options": [],
            "node_to_node_encryption": [
              {
                "enabled": false
              }
            ],
            "snapshot_options": [
              {
                "automated_snapshot_start_hour": 0
              }
            ],
            "tags": null,
            "tags_all": {},
            "timeouts": null,
            "vpc_options": []
          },
          "sensitive_attributes": [],
          "private": "eyJlMmJmYjczMC1lY2FhLTExZTYtOGY4OC0zNDM2M2JjN2M0YzAiOnsiY3JlYXRlIjozNjAwMDAwMDAwMDAwLCJkZWxldGUiOjU0MDAwMDAwMDAwMDAsInVwZGF0ZSI6MzYwMDAwMDAwMDAwMH19"
        }
      ]
    },
    {
      "mode": "managed",
      "type": "aws_elasticsearch_domain_policy",
      "name": "main",
      "provider": "provider[\"registry.terraform.io/hashicorp/aws\"]",
      "instances": [
        {
          "schema_version": 0,
          "attributes": {
            "access_policies": "{\"Statement\":[{\"Action\":\"es:*\",\"Condition\":{\"IpAddress\":{\"aws:SourceIp\":[\"/*PUT YOUR IP*/\"]}},\"Effect\":\"Allow\",\"Principal\":{\"AWS\":[\"*\"]},\"Resource\":\"arn:aws:es:ap-northeast-2:851077919242:domain/aws-opensearch-siem/*\"}],\"Version\":\"2012-10-17\"}",
            "domain_name": "aws-opensearch-siem",
            "id": "esd-policy-aws-opensearch-siem",
            "timeouts": null
          },
          "sensitive_attributes": [],
          "private": "eyJlMmJmYjczMC1lY2FhLTExZTYtOGY4OC0zNDM2M2JjN2M0YzAiOnsiZGVsZXRlIjozNjAwMDAwMDAwMDAwLCJ1cGRhdGUiOjM2MDAwMDAwMDAwMDB9fQ==",
          "dependencies": [
            "aws_elasticsearch_domain.domain"
          ]
        }
      ]
    },
    {
      "mode": "managed",
      "type": "aws_internet_gateway",
      "name": "tf-igw",
      "provider": "provider[\"registry.terraform.io/hashicorp/aws\"]",
      "instances": [
        {
          "schema_version": 0,
          "attributes": {
            "arn": "arn:aws:ec2:ap-northeast-2:851077919242:internet-gateway/igw-0ecadb3dba017af2a",
            "id": "igw-0ecadb3dba017af2a",
            "owner_id": "851077919242",
            "tags": null,
            "tags_all": {},
            "timeouts": null,
            "vpc_id": "vpc-06b6cea630aa07063"
          },
          "sensitive_attributes": [],
          "private": "eyJlMmJmYjczMC1lY2FhLTExZTYtOGY4OC0zNDM2M2JjN2M0YzAiOnsiY3JlYXRlIjoxMjAwMDAwMDAwMDAwLCJkZWxldGUiOjEyMDAwMDAwMDAwMDAsInVwZGF0ZSI6MTIwMDAwMDAwMDAwMH19",
          "dependencies": [
            "aws_vpc.tf-vpc"
          ]
        }
      ]
    },
    {
      "mode": "managed",
      "type": "aws_kms_key",
      "name": "tf_gd_key",
      "provider": "provider[\"registry.terraform.io/hashicorp/aws\"]",
      "instances": [
        {
          "schema_version": 0,
          "attributes": {
            "arn": "arn:aws:kms:ap-northeast-2:851077919242:key/1082f530-07b6-44a8-b087-05fe5dd091bd",
            "bypass_policy_lockout_safety_check": false,
            "custom_key_store_id": "",
            "customer_master_key_spec": "SYMMETRIC_DEFAULT",
            "deletion_window_in_days": 7,
            "description": "Temporary key for AccTest of TF",
            "enable_key_rotation": false,
            "id": "1082f530-07b6-44a8-b087-05fe5dd091bd",
            "is_enabled": true,
            "key_id": "1082f530-07b6-44a8-b087-05fe5dd091bd",
            "key_usage": "ENCRYPT_DECRYPT",
            "multi_region": false,
            "policy": "{\"Statement\":[{\"Action\":\"kms:GenerateDataKey\",\"Effect\":\"Allow\",\"Principal\":{\"Service\":\"guardduty.amazonaws.com\"},\"Resource\":\"arn:aws:kms:ap-northeast-2:851077919242:key/*\",\"Sid\":\"Allow GuardDuty to encrypt findings\"},{\"Action\":\"kms:*\",\"Effect\":\"Allow\",\"Principal\":{\"AWS\":\"arn:aws:iam::851077919242:root\"},\"Resource\":\"arn:aws:kms:ap-northeast-2:851077919242:key/*\",\"Sid\":\"Allow all users to modify/delete key (test only)\"}],\"Version\":\"2012-10-17\"}",
            "tags": null,
            "tags_all": {},
            "timeouts": null
          },
          "sensitive_attributes": [],
          "private": "eyJlMmJmYjczMC1lY2FhLTExZTYtOGY4OC0zNDM2M2JjN2M0YzAiOnsiY3JlYXRlIjoxMjAwMDAwMDAwMDB9fQ==",
          "dependencies": [
            "data.aws_caller_identity.current",
            "data.aws_iam_policy_document.kms_pol",
            "data.aws_region.current"
          ]
        }
      ]
    },
    {
      "mode": "managed",
      "type": "aws_lb",
      "name": "tf-alb",
      "provider": "provider[\"registry.terraform.io/hashicorp/aws\"]",
      "instances": [
        {
          "schema_version": 0,
          "attributes": {
            "access_logs": [
              {
                "bucket": "",
                "enabled": false,
                "prefix": ""
              }
            ],
            "arn": "arn:aws:elasticloadbalancing:ap-northeast-2:851077919242:loadbalancer/app/aws-alb/e7a4cfcf0fada5e4",
            "arn_suffix": "app/aws-alb/e7a4cfcf0fada5e4",
            "connection_logs": [
              {
                "bucket": "",
                "enabled": false,
                "prefix": ""
              }
            ],
            "customer_owned_ipv4_pool": "",
            "desync_mitigation_mode": "defensive",
            "dns_name": "aws-alb-243382842.ap-northeast-2.elb.amazonaws.com",
            "dns_record_client_routing_policy": null,
            "drop_invalid_header_fields": false,
            "enable_cross_zone_load_balancing": true,
            "enable_deletion_protection": false,
            "enable_http2": true,
            "enable_tls_version_and_cipher_suite_headers": false,
            "enable_waf_fail_open": false,
            "enable_xff_client_port": false,
            "enforce_security_group_inbound_rules_on_private_link_traffic": "",
            "id": "arn:aws:elasticloadbalancing:ap-northeast-2:851077919242:loadbalancer/app/aws-alb/e7a4cfcf0fada5e4",
            "idle_timeout": 60,
            "internal": false,
            "ip_address_type": "ipv4",
            "load_balancer_type": "application",
            "name": "aws-alb",
            "name_prefix": "",
            "preserve_host_header": false,
            "security_groups": [
              "sg-0b4c414d81f55c520"
            ],
            "subnet_mapping": [
              {
                "allocation_id": "",
                "ipv6_address": "",
                "outpost_id": "",
                "private_ipv4_address": "",
                "subnet_id": "subnet-02cd19140946bae3b"
              },
              {
                "allocation_id": "",
                "ipv6_address": "",
                "outpost_id": "",
                "private_ipv4_address": "",
                "subnet_id": "subnet-0a463cf6a37a1b723"
              }
            ],
            "subnets": [
              "subnet-02cd19140946bae3b",
              "subnet-0a463cf6a37a1b723"
            ],
            "tags": null,
            "tags_all": {},
            "timeouts": null,
            "vpc_id": "vpc-06b6cea630aa07063",
            "xff_header_processing_mode": "append",
            "zone_id": "ZWKZPGTI48KDX"
          },
          "sensitive_attributes": [],
          "private": "eyJlMmJmYjczMC1lY2FhLTExZTYtOGY4OC0zNDM2M2JjN2M0YzAiOnsiY3JlYXRlIjo2MDAwMDAwMDAwMDAsImRlbGV0ZSI6NjAwMDAwMDAwMDAwLCJ1cGRhdGUiOjYwMDAwMDAwMDAwMH19",
          "dependencies": [
            "aws_security_group.tf-lb-sg",
            "aws_subnet.tf-subnet",
            "aws_vpc.tf-vpc"
          ]
        }
      ]
    },
    {
      "mode": "managed",
      "type": "aws_route_table",
      "name": "public",
      "provider": "provider[\"registry.terraform.io/hashicorp/aws\"]",
      "instances": [
        {
          "schema_version": 0,
          "attributes": {
            "arn": "arn:aws:ec2:ap-northeast-2:851077919242:route-table/rtb-0bb87bb9e5608569c",
            "id": "rtb-0bb87bb9e5608569c",
            "owner_id": "851077919242",
            "propagating_vgws": [],
            "route": [
              {
                "carrier_gateway_id": "",
                "cidr_block": "0.0.0.0/0",
                "core_network_arn": "",
                "destination_prefix_list_id": "",
                "egress_only_gateway_id": "",
                "gateway_id": "igw-0ecadb3dba017af2a",
                "ipv6_cidr_block": "",
                "local_gateway_id": "",
                "nat_gateway_id": "",
                "network_interface_id": "",
                "transit_gateway_id": "",
                "vpc_endpoint_id": "",
                "vpc_peering_connection_id": ""
              }
            ],
            "tags": null,
            "tags_all": {},
            "timeouts": null,
            "vpc_id": "vpc-06b6cea630aa07063"
          },
          "sensitive_attributes": [],
          "private": "eyJlMmJmYjczMC1lY2FhLTExZTYtOGY4OC0zNDM2M2JjN2M0YzAiOnsiY3JlYXRlIjozMDAwMDAwMDAwMDAsImRlbGV0ZSI6MzAwMDAwMDAwMDAwLCJ1cGRhdGUiOjEyMDAwMDAwMDAwMH19",
          "dependencies": [
            "aws_internet_gateway.tf-igw",
            "aws_vpc.tf-vpc"
          ]
        }
      ]
    },
    {
      "mode": "managed",
      "type": "aws_route_table_association",
      "name": "tf-route-table-association",
      "provider": "provider[\"registry.terraform.io/hashicorp/aws\"]",
      "instances": [
        {
          "index_key": 0,
          "schema_version": 0,
          "attributes": {
            "gateway_id": "",
            "id": "rtbassoc-0be3fc83ea21fc32e",
            "route_table_id": "rtb-0bb87bb9e5608569c",
            "subnet_id": "subnet-02cd19140946bae3b",
            "timeouts": null
          },
          "sensitive_attributes": [],
          "private": "eyJlMmJmYjczMC1lY2FhLTExZTYtOGY4OC0zNDM2M2JjN2M0YzAiOnsiY3JlYXRlIjozMDAwMDAwMDAwMDAsImRlbGV0ZSI6MzAwMDAwMDAwMDAwLCJ1cGRhdGUiOjEyMDAwMDAwMDAwMH19",
          "dependencies": [
            "aws_internet_gateway.tf-igw",
            "aws_route_table.public",
            "aws_subnet.tf-subnet",
            "aws_vpc.tf-vpc"
          ]
        },
        {
          "index_key": 1,
          "schema_version": 0,
          "attributes": {
            "gateway_id": "",
            "id": "rtbassoc-0b0720306a22487b1",
            "route_table_id": "rtb-0bb87bb9e5608569c",
            "subnet_id": "subnet-0a463cf6a37a1b723",
            "timeouts": null
          },
          "sensitive_attributes": [],
          "private": "eyJlMmJmYjczMC1lY2FhLTExZTYtOGY4OC0zNDM2M2JjN2M0YzAiOnsiY3JlYXRlIjozMDAwMDAwMDAwMDAsImRlbGV0ZSI6MzAwMDAwMDAwMDAwLCJ1cGRhdGUiOjEyMDAwMDAwMDAwMH19",
          "dependencies": [
            "aws_internet_gateway.tf-igw",
            "aws_route_table.public",
            "aws_subnet.tf-subnet",
            "aws_vpc.tf-vpc"
          ]
        }
      ]
    },
    {
      "mode": "managed",
      "type": "aws_security_group",
      "name": "tf-lb-sg",
      "provider": "provider[\"registry.terraform.io/hashicorp/aws\"]",
      "instances": [
        {
          "schema_version": 1,
          "attributes": {
            "arn": "arn:aws:ec2:ap-northeast-2:851077919242:security-group/sg-0b4c414d81f55c520",
            "description": "Managed by Terraform",
            "egress": [
              {
                "cidr_blocks": [
                  "0.0.0.0/0"
                ],
                "description": "",
                "from_port": 0,
                "ipv6_cidr_blocks": [],
                "prefix_list_ids": [],
                "protocol": "-1",
                "security_groups": [],
                "self": false,
                "to_port": 0
              }
            ],
            "id": "sg-0b4c414d81f55c520",
            "ingress": [
              {
                "cidr_blocks": [
                  "0.0.0.0/0"
                ],
                "description": "",
                "from_port": 80,
                "ipv6_cidr_blocks": [],
                "prefix_list_ids": [],
                "protocol": "tcp",
                "security_groups": [],
                "self": false,
                "to_port": 80
              }
            ],
            "name": "aws-lb-sg",
            "name_prefix": "",
            "owner_id": "851077919242",
            "revoke_rules_on_delete": false,
            "tags": null,
            "tags_all": {},
            "timeouts": null,
            "vpc_id": "vpc-06b6cea630aa07063"
          },
          "sensitive_attributes": [],
          "private": "eyJlMmJmYjczMC1lY2FhLTExZTYtOGY4OC0zNDM2M2JjN2M0YzAiOnsiY3JlYXRlIjo2MDAwMDAwMDAwMDAsImRlbGV0ZSI6OTAwMDAwMDAwMDAwfSwic2NoZW1hX3ZlcnNpb24iOiIxIn0=",
          "dependencies": [
            "aws_vpc.tf-vpc"
          ]
        }
      ]
    },
    {
      "mode": "managed",
      "type": "aws_subnet",
      "name": "tf-subnet",
      "provider": "provider[\"registry.terraform.io/hashicorp/aws\"]",
      "instances": [
        {
          "index_key": 0,
          "schema_version": 1,
          "attributes": {
            "arn": "arn:aws:ec2:ap-northeast-2:851077919242:subnet/subnet-02cd19140946bae3b",
            "assign_ipv6_address_on_creation": false,
            "availability_zone": "ap-northeast-2a",
            "availability_zone_id": "apne2-az1",
            "cidr_block": "10.0.1.0/24",
            "customer_owned_ipv4_pool": "",
            "enable_dns64": false,
            "enable_lni_at_device_index": 0,
            "enable_resource_name_dns_a_record_on_launch": false,
            "enable_resource_name_dns_aaaa_record_on_launch": false,
            "id": "subnet-02cd19140946bae3b",
            "ipv6_cidr_block": "",
            "ipv6_cidr_block_association_id": "",
            "ipv6_native": false,
            "map_customer_owned_ip_on_launch": false,
            "map_public_ip_on_launch": true,
            "outpost_arn": "",
            "owner_id": "851077919242",
            "private_dns_hostname_type_on_launch": "ip-name",
            "tags": {
              "Name": "public_subnet_0"
            },
            "tags_all": {
              "Name": "public_subnet_0"
            },
            "timeouts": null,
            "vpc_id": "vpc-06b6cea630aa07063"
          },
          "sensitive_attributes": [],
          "private": "eyJlMmJmYjczMC1lY2FhLTExZTYtOGY4OC0zNDM2M2JjN2M0YzAiOnsiY3JlYXRlIjo2MDAwMDAwMDAwMDAsImRlbGV0ZSI6MTIwMDAwMDAwMDAwMH0sInNjaGVtYV92ZXJzaW9uIjoiMSJ9",
          "dependencies": [
            "aws_vpc.tf-vpc"
          ]
        },
        {
          "index_key": 1,
          "schema_version": 1,
          "attributes": {
            "arn": "arn:aws:ec2:ap-northeast-2:851077919242:subnet/subnet-0a463cf6a37a1b723",
            "assign_ipv6_address_on_creation": false,
            "availability_zone": "ap-northeast-2c",
            "availability_zone_id": "apne2-az3",
            "cidr_block": "10.0.2.0/24",
            "customer_owned_ipv4_pool": "",
            "enable_dns64": false,
            "enable_lni_at_device_index": 0,
            "enable_resource_name_dns_a_record_on_launch": false,
            "enable_resource_name_dns_aaaa_record_on_launch": false,
            "id": "subnet-0a463cf6a37a1b723",
            "ipv6_cidr_block": "",
            "ipv6_cidr_block_association_id": "",
            "ipv6_native": false,
            "map_customer_owned_ip_on_launch": false,
            "map_public_ip_on_launch": true,
            "outpost_arn": "",
            "owner_id": "851077919242",
            "private_dns_hostname_type_on_launch": "ip-name",
            "tags": {
              "Name": "public_subnet_1"
            },
            "tags_all": {
              "Name": "public_subnet_1"
            },
            "timeouts": null,
            "vpc_id": "vpc-06b6cea630aa07063"
          },
          "sensitive_attributes": [],
          "private": "eyJlMmJmYjczMC1lY2FhLTExZTYtOGY4OC0zNDM2M2JjN2M0YzAiOnsiY3JlYXRlIjo2MDAwMDAwMDAwMDAsImRlbGV0ZSI6MTIwMDAwMDAwMDAwMH0sInNjaGVtYV92ZXJzaW9uIjoiMSJ9",
          "dependencies": [
            "aws_vpc.tf-vpc"
          ]
        }
      ]
    },
    {
      "mode": "managed",
      "type": "aws_vpc",
      "name": "tf-vpc",
      "provider": "provider[\"registry.terraform.io/hashicorp/aws\"]",
      "instances": [
        {
          "schema_version": 1,
          "attributes": {
            "arn": "arn:aws:ec2:ap-northeast-2:851077919242:vpc/vpc-06b6cea630aa07063",
            "assign_generated_ipv6_cidr_block": false,
            "cidr_block": "10.0.0.0/16",
            "default_network_acl_id": "acl-0e8a4238796e34634",
            "default_route_table_id": "rtb-08c936398b8f385bf",
            "default_security_group_id": "sg-0e0d1a9f138071e64",
            "dhcp_options_id": "dopt-06b676052885e79d0",
            "enable_dns_hostnames": false,
            "enable_dns_support": true,
            "enable_network_address_usage_metrics": false,
            "id": "vpc-06b6cea630aa07063",
            "instance_tenancy": "default",
            "ipv4_ipam_pool_id": null,
            "ipv4_netmask_length": null,
            "ipv6_association_id": "",
            "ipv6_cidr_block": "",
            "ipv6_cidr_block_network_border_group": "",
            "ipv6_ipam_pool_id": "",
            "ipv6_netmask_length": 0,
            "main_route_table_id": "rtb-08c936398b8f385bf",
            "owner_id": "851077919242",
            "tags": null,
            "tags_all": {}
          },
          "sensitive_attributes": [],
          "private": "eyJzY2hlbWFfdmVyc2lvbiI6IjEifQ=="
        }
      ]
    },
    {
      "module": "module.deploy_test",
      "mode": "data",
      "type": "aws_caller_identity",
      "name": "current",
      "provider": "module.deploy_test.provider[\"registry.terraform.io/hashicorp/aws\"]",
      "instances": [
        {
          "schema_version": 0,
          "attributes": {
            "account_id": "851077919242",
            "arn": "arn:aws:iam::851077919242:user/whs-lina",
            "id": "851077919242",
            "user_id": "AIDA4MKBSOIFPQOPPX3HI"
          },
          "sensitive_attributes": []
        }
      ]
    },
    {
      "module": "module.deploy_test",
      "mode": "data",
      "type": "aws_region",
      "name": "current",
      "provider": "module.deploy_test.provider[\"registry.terraform.io/hashicorp/aws\"]",
      "instances": [
        {
          "schema_version": 0,
          "attributes": {
            "description": "Asia Pacific (Seoul)",
            "endpoint": "ec2.ap-northeast-2.amazonaws.com",
            "id": "ap-northeast-2",
            "name": "ap-northeast-2"
          },
          "sensitive_attributes": []
        }
      ]
    },
    {
      "module": "module.deploy_test",
      "mode": "managed",
      "type": "aws_iam_instance_profile",
      "name": "whs_ec2_role_iac",
      "provider": "module.deploy_test.provider[\"registry.terraform.io/hashicorp/aws\"]",
      "instances": [
        {
          "schema_version": 0,
          "attributes": {
            "arn": "arn:aws:iam::851077919242:instance-profile/whs_ec2_role_iac",
            "create_date": "2024-01-06T04:13:35Z",
            "id": "whs_ec2_role_iac",
            "name": "whs_ec2_role_iac",
            "name_prefix": "",
            "path": "/",
            "role": "whs_ec2_role_iac",
            "tags": null,
            "tags_all": {},
            "unique_id": "AIPA4MKBSOIFLJXRKSQAW"
          },
          "sensitive_attributes": [],
          "private": "bnVsbA==",
          "dependencies": [
            "module.deploy_test.aws_iam_role.whs_ec2_role_iac"
          ]
        }
      ]
    },
    {
      "module": "module.deploy_test",
      "mode": "managed",
      "type": "aws_iam_role",
      "name": "whs_ec2_role_iac",
      "provider": "module.deploy_test.provider[\"registry.terraform.io/hashicorp/aws\"]",
      "instances": [
        {
          "schema_version": 0,
          "attributes": {
            "arn": "arn:aws:iam::851077919242:role/whs_ec2_role_iac",
            "assume_role_policy": "{\"Statement\":[{\"Action\":\"sts:AssumeRole\",\"Effect\":\"Allow\",\"Principal\":{\"Service\":\"ec2.amazonaws.com\"}}],\"Version\":\"2012-10-17\"}",
            "create_date": "2024-01-06T04:13:28Z",
            "description": "",
            "force_detach_policies": false,
            "id": "whs_ec2_role_iac",
            "inline_policy": [],
            "managed_policy_arns": [],
            "max_session_duration": 3600,
            "name": "whs_ec2_role_iac",
            "name_prefix": "",
            "path": "/",
            "permissions_boundary": "",
            "tags": null,
            "tags_all": {},
            "unique_id": "AROA4MKBSOIFBGL5FSAEC"
          },
          "sensitive_attributes": [],
          "private": "bnVsbA=="
        }
      ]
    },
    {
      "module": "module.deploy_test",
      "mode": "managed",
      "type": "aws_iam_role_policy_attachment",
      "name": "admin_attachment",
      "provider": "module.deploy_test.provider[\"registry.terraform.io/hashicorp/aws\"]",
      "instances": [
        {
          "schema_version": 0,
          "attributes": {
            "id": "whs_ec2_role_iac-20240106041335691800000002",
            "policy_arn": "arn:aws:iam::aws:policy/AdministratorAccess",
            "role": "whs_ec2_role_iac"
          },
          "sensitive_attributes": [],
          "private": "bnVsbA==",
          "dependencies": [
            "module.deploy_test.aws_iam_role.whs_ec2_role_iac"
          ]
        }
      ]
    },
    {
      "module": "module.deploy_test",
      "mode": "managed",
      "type": "aws_iam_role_policy_attachment",
      "name": "ec2_readOnly_attachment",
      "provider": "module.deploy_test.provider[\"registry.terraform.io/hashicorp/aws\"]",
      "instances": [
        {
          "schema_version": 0,
          "attributes": {
            "id": "whs_ec2_role_iac-20240106041337062600000003",
            "policy_arn": "arn:aws:iam::aws:policy/AmazonEC2ReadOnlyAccess",
            "role": "whs_ec2_role_iac"
          },
          "sensitive_attributes": [],
          "private": "bnVsbA==",
          "dependencies": [
            "module.deploy_test.aws_iam_role.whs_ec2_role_iac"
          ]
        }
      ]
    },
    {
      "module": "module.deploy_test",
      "mode": "managed",
      "type": "aws_instance",
      "name": "ec2_instance",
      "provider": "module.deploy_test.provider[\"registry.terraform.io/hashicorp/aws\"]",
      "instances": [
        {
          "schema_version": 1,
          "attributes": {
            "ami": "ami-086cae3329a3f7d75",
            "arn": "arn:aws:ec2:ap-northeast-2:851077919242:instance/i-027a0d4757b6bd503",
            "associate_public_ip_address": true,
            "availability_zone": "ap-northeast-2a",
            "capacity_reservation_specification": [
              {
                "capacity_reservation_preference": "open",
                "capacity_reservation_target": []
              }
            ],
            "cpu_core_count": 2,
            "cpu_options": [
              {
                "amd_sev_snp": "",
                "core_count": 2,
                "threads_per_core": 1
              }
            ],
            "cpu_threads_per_core": 1,
            "credit_specification": [
              {
                "cpu_credits": "standard"
              }
            ],
            "disable_api_stop": false,
            "disable_api_termination": false,
            "ebs_block_device": [],
            "ebs_optimized": false,
            "enclave_options": [
              {
                "enabled": false
              }
            ],
            "ephemeral_block_device": [],
            "get_password_data": false,
            "hibernation": false,
            "host_id": "",
            "host_resource_group_arn": null,
            "iam_instance_profile": "whs_ec2_role_iac",
            "id": "i-027a0d4757b6bd503",
            "instance_initiated_shutdown_behavior": "stop",
            "instance_lifecycle": "",
            "instance_market_options": [],
            "instance_state": "running",
            "instance_type": "t2.medium",
            "ipv6_address_count": 0,
            "ipv6_addresses": [],
            "key_name": "whs-iac-pair",
            "launch_template": [],
            "maintenance_options": [
              {
                "auto_recovery": "default"
              }
            ],
            "metadata_options": [
              {
                "http_endpoint": "enabled",
                "http_protocol_ipv6": "disabled",
                "http_put_response_hop_limit": 1,
                "http_tokens": "optional",
                "instance_metadata_tags": "disabled"
              }
            ],
            "monitoring": true,
            "network_interface": [],
            "outpost_arn": "",
            "password_data": "",
            "placement_group": "",
            "placement_partition_number": 0,
            "primary_network_interface_id": "eni-052fa74d70aefc436",
            "private_dns": "ip-10-0-101-155.ap-northeast-2.compute.internal",
            "private_dns_name_options": [
              {
                "enable_resource_name_dns_a_record": false,
                "enable_resource_name_dns_aaaa_record": false,
                "hostname_type": "ip-name"
              }
            ],
            "private_ip": "10.0.101.155",
            "public_dns": "ec2-3-39-252-136.ap-northeast-2.compute.amazonaws.com",
            "public_ip": "3.39.252.136",
            "root_block_device": [
              {
                "delete_on_termination": true,
                "device_name": "/dev/sda1",
                "encrypted": false,
                "iops": 100,
                "kms_key_id": "",
                "tags": {},
                "throughput": 0,
                "volume_id": "vol-026015cfaf6486e9e",
                "volume_size": 8,
                "volume_type": "gp2"
              }
            ],
            "secondary_private_ips": [],
            "security_groups": [],
            "source_dest_check": true,
            "spot_instance_request_id": "",
            "subnet_id": "subnet-07c899d25317931cd",
            "tags": {
              "Environment": "dev",
              "Name": "deployByIac",
              "Terraform": "true"
            },
            "tags_all": {
              "Environment": "dev",
              "Name": "deployByIac",
              "Terraform": "true"
            },
            "tenancy": "default",
            "timeouts": null,
            "user_data": "1da53f6f1217ed9764126bd417b08fe34d3ac105",
            "user_data_base64": null,
            "user_data_replace_on_change": false,
            "volume_tags": null,
            "vpc_security_group_ids": [
              "sg-0c6ee3458788d5f24"
            ]
          },
          "sensitive_attributes": [],
          "private": "eyJlMmJmYjczMC1lY2FhLTExZTYtOGY4OC0zNDM2M2JjN2M0YzAiOnsiY3JlYXRlIjo2MDAwMDAwMDAwMDAsImRlbGV0ZSI6MTIwMDAwMDAwMDAwMCwidXBkYXRlIjo2MDAwMDAwMDAwMDB9LCJzY2hlbWFfdmVyc2lvbiI6IjEifQ==",
          "dependencies": [
            "module.deploy_test.aws_iam_instance_profile.whs_ec2_role_iac",
            "module.deploy_test.aws_iam_role.whs_ec2_role_iac",
            "module.deploy_test.module.vote_service_sg.aws_security_group.this",
            "module.deploy_test.module.vote_service_sg.aws_security_group.this_name_prefix",
            "module.deploy_test.module.vpc.aws_subnet.public",
            "module.deploy_test.module.vpc.aws_vpc.this",
            "module.deploy_test.module.vpc.aws_vpc_ipv4_cidr_block_association.this"
          ]
        }
      ]
    },
    {
      "module": "module.deploy_test",
      "mode": "managed",
      "type": "aws_key_pair",
      "name": "tf-key-pair",
      "provider": "module.deploy_test.provider[\"registry.terraform.io/hashicorp/aws\"]",
      "instances": [
        {
          "schema_version": 1,
          "attributes": {
            "arn": "arn:aws:ec2:ap-northeast-2:851077919242:key-pair/whs-iac-pair",
            "fingerprint": "1f:50:3b:f0:6e:6e:d8:ed:dd:68:84:2d:fa:d4:5c:8f",
            "id": "whs-iac-pair",
            "key_name": "whs-iac-pair",
            "key_name_prefix": "",
            "key_pair_id": "key-0f163097d02fd5f5d",
            "key_type": "rsa",
            "public_key": "ssh-rsa AAAAB3NzaC1yc2EAAAADAQABAAACAQDMTFZpDqJd3+dIhsT6RGp4Gh7JFgie9TB/60nrP1FHADkuNc9r1pdIZxIcxyy2bLC6+9YB+9Qg3QwrrpeOzyVR53z6u+c4TTRpYnVM/oiU5UlxYbsAKeeqZWnl4grKZnsk+f7f48t61EssoN/iFHDpn/qG3q5DFIw8gSFRxAVaZ1obI6gR1poz1pskMjv05kG9B4ihA0iR+CE6N174wZU7UhWqQyA2GMOabjiTkju1+klyeXNFXGBds1Hhj2IRuRh5FZt0KVCu2k5UXGZgZvykmyy+T0GJrIfVS9LrYo47C4zlBAtRXeFIotyfOa+JgVDmHgGgt19yu3upEv8AYL/gjbMOfRMtjNeK6l2RVimRa+XtzexiVC5aB5xWESxoGnqZXAsK/ogn/y7iOQ9F2QoclvkkD7awSS34KxUIALs454xS7vhZh8Pq0ZtEX6wK9nHsWnhKuQQpWMSjyKrBiM6kc5xaKDHbAXw+sIZfOR2+h5rBOW+mIwYyGOB+mZz5YoxLUnnDa+cXk6M4Z0Ou+9sq9HGTTzjkUFAWDO7Cw9KyebduvKMeLwVDQTx9PRfDc/gCtjiG9fSWl1dlmeltMe0a89u1GdgRFAX+WZm5RozUC4Yvu787CuC5Vy4eVXH9wSu9eBsGbkCjC8fwamOKY2cVLj9wheCRBXFzRIy/YsxlOQ==",
            "tags": null,
            "tags_all": {}
          },
          "sensitive_attributes": [],
          "private": "eyJzY2hlbWFfdmVyc2lvbiI6IjEifQ==",
          "dependencies": [
            "module.deploy_test.tls_private_key.rsa"
          ]
        }
      ]
    },
    {
      "module": "module.deploy_test",
      "mode": "managed",
      "type": "local_file",
      "name": "tf-key",
      "provider": "provider[\"registry.terraform.io/hashicorp/local\"]",
      "instances": [
        {
          "schema_version": 0,
          "attributes": {
            "content": "-----BEGIN RSA PRIVATE KEY-----\nMIIJKQIBAAKCAgEAzExWaQ6iXd/nSIbE+kRqeBoeyRYInvUwf+tJ6z9RRwA5LjXP\na9aXSGcSHMcstmywuvvWAfvUIN0MK66Xjs8lUed8+rvnOE00aWJ1TP6IlOVJcWG7\nACnnqmVp5eIKymZ7JPn+3+PLetRLLKDf4hRw6Z/6ht6uQxSMPIEhUcQFWmdaGyOo\nEdaaM9abJDI79OZBvQeIoQNIkfghOjde+MGVO1IVqkMgNhjDmm44k5I7tfpJcnlz\nRVxgXbNR4Y9iEbkYeRWbdClQrtpOVFxmYGb8pJssvk9BiayH1UvS62KOOwuM5QQL\nUV3hSKLcnzmviYFQ5h4BoLdfcrt7qRL/AGC/4I2zDn0TLYzXiupdkVYpkWvl7c3s\nYlQuWgecVhEsaBp6mVwLCv6IJ/8u4jkPRdkKHJb5JA+2sEkt+CsVCAC7OOeMUu74\nWYfD6tGbRF+sCvZx7Fp4SrkEKVjEo8iqwYjOpHOcWigx2wF8PrCGXzkdvoeawTlv\npiMGMhjgfpmc+WKMS1J5w2vnF5OjOGdDrvvbKvRxk0845FBQFgzuwsPSsnm3bryj\nHi8FQ0E8fT0Xw3P4ArY4hvX0lpdXZZnpbTHtGvPbtRnYERQF/lmZuUaM1AuGL7u/\nOwrguVcuHlVx/cErvXgbBm5AowvH8GpjimNnFS4/cIXgkQVxc0SMv2LMZTkCAwEA\nAQKCAgEAr+ywoGkksnfj31WGfAi8Mk4z4m9h3xg+unjvv29X2y87DiryQeeZgJSZ\nSUTOoQy5p1rDsBOeWOpg16DSC/0fIweXXQbAFoCNOI67eiDZlnZXpxZEhOCRCO+p\noHblWeOj+XR54Wx0xYHYdkbWZAW8McI8ZzWMlGE2XcfI3HNTNMU5F5O94BaP1UHh\neOr1LG+3fkLlidmc/W3RlyMlWkrA6kNGOsbxDwSGNA7kE1fiqVMtOjGRbNIefbG0\nOetRxPdCNsq/gekt/FQrDYQ/+JXWyxyBDCSNyDNVCPzxVRcaaYgJvRCdemTAYd80\n4rw3B87ezjpapn4h6FfAJhkgk7+8meUE9xchuX9K7eDuUdTU181Ypm7u3jTAtdfe\n/dhAk+yKy+fCCBJb8rswFWOj2+kB633r5YEK2FYDys2dN8RM2msus11Rh5WhXB2f\nRUk+shE1Fb9aZO03wOkemA0vn577YVqQ/vBzk/7z6G3oALf54U7h6ZCA0xt0blze\n4u6NJE7WqZz/BP4AnxL8O/qam4X1Z2ufCkUI1uXYuwcWKdvhLUaxH5yqAU9gwHJn\nN5p8kqiQVOiU90AbQbRVjpknYEz2kob4pfoFyScLrijFQT2r6sevy9N6nWUUCLnz\nW6xVMSz4HVuKF1AXmbFUJu0xmtSKBGNEsScboylWAaFPgm3ZtJ0CggEBAOtC4iRs\nmA3dwH4mMnJIBJaGW5uLx2M+xQiKxvGwwi9XBzRNhs6RwPj30wlRHEsjHm+XaUO3\ndd3WxV6yE6np33gZeLgHlsgn/wISKyVT0dZ4b1tv5TN/7gWEpN/tUQxBReWf9MjH\ntQpd86a16Jv+6Z/63cLIex+204kKojgY6RZzli8HAuK3dp8YEa0sFa7iEBtUE+oA\n93mNa4RP9c255ucxmsLPA7ggGnYBFhFnDdbjimGILAMW4iFADgrXWyiz57TCgkna\neTn3mvecWhGq40nS//OdhHgnHAz3kSbZWbtBnXRlJN5sc9QsaNvxSIqaWnuZoRyl\nJPnZZytU26GNKS8CggEBAN5OtroX75743CoWN3qiQPb+V+Uev4gkIY+tuSr3exd+\nvxDIbTpYg+x6QX+n4fEp/p8tIW7akKKCW0leG6pinh4fjURgjRR+va/P7CrmIvGA\nJl3X1dpgZAUbdLg2mhp1Aiu4qe9rElgHrIbHp99SzTCWlTCKM6A6Y+wZtH4AuTBY\nHxnWdShqzrtTwWXwSaED8v41yhjYvO3XnWb4UEUwkr5YWMdGP2j0hQqKaOsfDmG4\nKlvNXW8nyCQideXyppXw9F4rqTjgpHQ/JZWM/gKKCTxYziOUTpm48s+QKmmRPpII\nG5kKNacmWXaNbOL3fn/owRQ3XsKa6YaKyJk5eC1s7hcCggEAa2bSVKya0iG9Qhnw\nB8onBgz6f01VzlIWo2qvniEC1ZfWeyM1etKBlWeWGXfFAexbdbha3wY/MfJdknib\nj4NseKiwOtuEE4Zm3awrtFPKxS2gMM8phNRPdodyuaPez0hxP35BwvOhC8WOeTos\noiLCxz1Axi6+PuE5OyP2oMOGjbBhDMEXqSb2aXUUhMlOcNNVZRSCLt8YG47bWcEj\nRzMqXbuAmpTlbsaBLgQa7gDtCYBBaXtAFHz66REUGBDu1esjyZrO3iZ2F2eZgJcJ\na21nbAl+vdnYYv3/yU+wHVs2os02s6+FIGHEk0Ve7aH+awBCdJDTQ3+FHOcKOXb4\n+Yy3EwKCAQEAwYI1DqH9RB0N0FjMbCRGdnmJWvi78i65RA8NarhH3njGqj48zhf0\npej5kLw7MajDah1nx83bLopYGfIgFN2JE2GVn1qIE7oLNbnAssrmyd8qBm/1SAS1\nq7htjliBJdyKSjKRQcWrDxOG+z9aAkxaLhw1uy3hqGyLRB5P/Yp1qP5b/CqwisEG\nOQu8Ahb6kH0WjG+X/q7TLhmMevBVNxUD90qB5NxiH+MQ188Javj6lNcxj/2ggjxX\nvBR/Ge1xUn2OyVYqFEd+/21kMtyq0t0DExOeRFw5Wxghy8mLEZ+LnqQOGdZIQ7pf\nD5IloR+cbozVXNqh0rXz5thxqubalHgIewKCAQB/cAws+K6to8R7ePs7nMwxtjKf\nwIf/Pl4i6YjpiprH6y6Caq9NmXD/FdWUjlHGgQd9JcW4Od/fwOLwtgX5rSqJkRAC\nMGzRQAkqAN42vzJFLGmUrH29obzjhW1KY1pZazpeCO43oSaZSXPXzYknlw0zMIOI\nCCRnBzjmGQw13RSX9lmsgMaUytRffFYOUbuBMsI8Ul7lEy3jAs/TNC1m6MKGEJ/g\n/CorHf/fKqTShHubAGyeehZMI+viQ49OlHJrRcEiXsMQeJkSM8IDeBJG4FjUNf7Y\nn+3K02Qcbc4GOp3HbhicjCo1WdGyoi3GVAKRlUhn1QvFDD9Nh17IFtkR8TiI\n-----END RSA PRIVATE KEY-----\n",
            "content_base64": null,
            "content_base64sha256": "eijj0WvQlT8mYkwihNLetEBE9M6yqFF+VOBW7iQDOxs=",
            "content_base64sha512": "sZ0QJbYzNX9nc2qGSouaat5TvCAB4sis9fOdjjN6/A+D0VRJ6sPUDDqbCw5tSXW7QiNDC6bnKkgcwYpiTeTl+g==",
            "content_md5": "f629aac51b505600b516ef368e27868d",
            "content_sha1": "11e59c45a0f5e8710b304b18c5d0eaf7330cdd4f",
            "content_sha256": "7a28e3d16bd0953f26624c2284d2deb44044f4ceb2a8517e54e056ee24033b1b",
            "content_sha512": "b19d1025b633357f67736a864a8b9a6ade53bc2001e2c8acf5f39d8e337afc0f83d15449eac3d40c3a9b0b0e6d4975bb4223430ba6e72a481cc18a624de4e5fa",
            "directory_permission": "0777",
            "file_permission": "0777",
            "filename": "whs-iac-pair",
            "id": "11e59c45a0f5e8710b304b18c5d0eaf7330cdd4f",
            "sensitive_content": null,
            "source": null
          },
          "sensitive_attributes": [
            [
              {
                "type": "get_attr",
                "value": "content"
              }
            ]
          ],
          "dependencies": [
            "module.deploy_test.tls_private_key.rsa"
          ]
        }
      ]
    },
    {
      "module": "module.deploy_test",
      "mode": "managed",
      "type": "tls_private_key",
      "name": "rsa",
      "provider": "provider[\"registry.terraform.io/hashicorp/tls\"]",
      "instances": [
        {
          "schema_version": 1,
          "attributes": {
            "algorithm": "RSA",
            "ecdsa_curve": "P224",
            "id": "19ab6618c4e8e5c4469e33dacac58542555625a6",
            "private_key_openssh": "-----BEGIN OPENSSH PRIVATE KEY-----\nb3BlbnNzaC1rZXktdjEAAAAABG5vbmUAAAAEbm9uZQAAAAAAAAABAAACFwAAAAdz\nc2gtcnNhAAAAAwEAAQAAAgEAzExWaQ6iXd/nSIbE+kRqeBoeyRYInvUwf+tJ6z9R\nRwA5LjXPa9aXSGcSHMcstmywuvvWAfvUIN0MK66Xjs8lUed8+rvnOE00aWJ1TP6I\nlOVJcWG7ACnnqmVp5eIKymZ7JPn+3+PLetRLLKDf4hRw6Z/6ht6uQxSMPIEhUcQF\nWmdaGyOoEdaaM9abJDI79OZBvQeIoQNIkfghOjde+MGVO1IVqkMgNhjDmm44k5I7\ntfpJcnlzRVxgXbNR4Y9iEbkYeRWbdClQrtpOVFxmYGb8pJssvk9BiayH1UvS62KO\nOwuM5QQLUV3hSKLcnzmviYFQ5h4BoLdfcrt7qRL/AGC/4I2zDn0TLYzXiupdkVYp\nkWvl7c3sYlQuWgecVhEsaBp6mVwLCv6IJ/8u4jkPRdkKHJb5JA+2sEkt+CsVCAC7\nOOeMUu74WYfD6tGbRF+sCvZx7Fp4SrkEKVjEo8iqwYjOpHOcWigx2wF8PrCGXzkd\nvoeawTlvpiMGMhjgfpmc+WKMS1J5w2vnF5OjOGdDrvvbKvRxk0845FBQFgzuwsPS\nsnm3bryjHi8FQ0E8fT0Xw3P4ArY4hvX0lpdXZZnpbTHtGvPbtRnYERQF/lmZuUaM\n1AuGL7u/OwrguVcuHlVx/cErvXgbBm5AowvH8GpjimNnFS4/cIXgkQVxc0SMv2LM\nZTkAAAc4Xrj3vV64970AAAAHc3NoLXJzYQAAAgEAzExWaQ6iXd/nSIbE+kRqeBoe\nyRYInvUwf+tJ6z9RRwA5LjXPa9aXSGcSHMcstmywuvvWAfvUIN0MK66Xjs8lUed8\n+rvnOE00aWJ1TP6IlOVJcWG7ACnnqmVp5eIKymZ7JPn+3+PLetRLLKDf4hRw6Z/6\nht6uQxSMPIEhUcQFWmdaGyOoEdaaM9abJDI79OZBvQeIoQNIkfghOjde+MGVO1IV\nqkMgNhjDmm44k5I7tfpJcnlzRVxgXbNR4Y9iEbkYeRWbdClQrtpOVFxmYGb8pJss\nvk9BiayH1UvS62KOOwuM5QQLUV3hSKLcnzmviYFQ5h4BoLdfcrt7qRL/AGC/4I2z\nDn0TLYzXiupdkVYpkWvl7c3sYlQuWgecVhEsaBp6mVwLCv6IJ/8u4jkPRdkKHJb5\nJA+2sEkt+CsVCAC7OOeMUu74WYfD6tGbRF+sCvZx7Fp4SrkEKVjEo8iqwYjOpHOc\nWigx2wF8PrCGXzkdvoeawTlvpiMGMhjgfpmc+WKMS1J5w2vnF5OjOGdDrvvbKvRx\nk0845FBQFgzuwsPSsnm3bryjHi8FQ0E8fT0Xw3P4ArY4hvX0lpdXZZnpbTHtGvPb\ntRnYERQF/lmZuUaM1AuGL7u/OwrguVcuHlVx/cErvXgbBm5AowvH8GpjimNnFS4/\ncIXgkQVxc0SMv2LMZTkAAAADAQABAAACAQCv7LCgaSSyd+PfVYZ8CLwyTjPib2Hf\nGD66eO+/b1fbLzsOKvJB55mAlJlJRM6hDLmnWsOwE55Y6mDXoNIL/R8jB5ddBsAW\ngI04jrt6INmWdlenFkSE4JEI76mgduVZ46P5dHnhbHTFgdh2RtZkBbwxwjxnNYyU\nYTZdx8jcc1M0xTkXk73gFo/VQeF46vUsb7d+QuWJ2Zz9bdGXIyVaSsDqQ0Y6xvEP\nBIY0DuQTV+KpUy06MZFs0h59sbQ561HE90I2yr+B6S38VCsNhD/4ldbLHIEMJI3I\nM1UI/PFVFxppiAm9EJ16ZMBh3zTivDcHzt7OOlqmfiHoV8AmGSCTv7yZ5QT3FyG5\nf0rt4O5R1NTXzVimbu7eNMC119792ECT7IrL58IIElvyuzAVY6Pb6QHrfevlgQrY\nVgPKzZ03xEzaay6zXVGHlaFcHZ9FST6yETUVv1pk7TfA6R6YDS+fnvthWpD+8HOT\n/vPobegAt/nhTuHpkIDTG3RuXN7i7o0kTtapnP8E/gCfEvw7+pqbhfVna58KRQjW\n5di7BxYp2+EtRrEfnKoBT2DAcmc3mnySqJBU6JT3QBtBtFWOmSdgTPaShvil+gXJ\nJwuuKMVBPavqx6/L03qdZRQIufNbrFUxLPgdW4oXUBeZsVQm7TGa1IoEY0SxJxuj\nKVYBoU+Cbdm0nQAAAQB/cAws+K6to8R7ePs7nMwxtjKfwIf/Pl4i6YjpiprH6y6C\naq9NmXD/FdWUjlHGgQd9JcW4Od/fwOLwtgX5rSqJkRACMGzRQAkqAN42vzJFLGmU\nrH29obzjhW1KY1pZazpeCO43oSaZSXPXzYknlw0zMIOICCRnBzjmGQw13RSX9lms\ngMaUytRffFYOUbuBMsI8Ul7lEy3jAs/TNC1m6MKGEJ/g/CorHf/fKqTShHubAGye\nehZMI+viQ49OlHJrRcEiXsMQeJkSM8IDeBJG4FjUNf7Yn+3K02Qcbc4GOp3Hbhic\njCo1WdGyoi3GVAKRlUhn1QvFDD9Nh17IFtkR8TiIAAABAQDrQuIkbJgN3cB+JjJy\nSASWhlubi8djPsUIisbxsMIvVwc0TYbOkcD499MJURxLIx5vl2lDt3Xd1sVeshOp\n6d94GXi4B5bIJ/8CEislU9HWeG9bb+Uzf+4FhKTf7VEMQUXln/TIx7UKXfOmteib\n/umf+t3CyHsfttOJCqI4GOkWc5YvBwLit3afGBGtLBWu4hAbVBPqAPd5jWuET/XN\nuebnMZrCzwO4IBp2ARYRZw3W44phiCwDFuIhQA4K11sos+e0woJJ2nk595r3nFoR\nquNJ0v/znYR4JxwM95Em2Vm7QZ10ZSTebHPULGjb8UiKmlp7maEcpST52WcrVNuh\njSkvAAABAQDeTra6F++e+NwqFjd6okD2/lflHr+IJCGPrbkq93sXfr8QyG06WIPs\nekF/p+HxKf6fLSFu2pCigltJXhuqYp4eH41EYI0Ufr2vz+wq5iLxgCZd19XaYGQF\nG3S4NpoadQIruKnvaxJYB6yGx6ffUs0wlpUwijOgOmPsGbR+ALkwWB8Z1nUoas67\nU8Fl8EmhA/L+NcoY2Lzt151m+FBFMJK+WFjHRj9o9IUKimjrHw5huCpbzV1vJ8gk\nInXl8qaV8PReK6k44KR0PyWVjP4Cigk8WM4jlE6ZuPLPkCppkT6SCBuZCjWnJll2\njWzi935/6MEUN17CmumGisiZOXgtbO4XAAAAAAEC\n-----END OPENSSH PRIVATE KEY-----\n",
            "private_key_pem": "-----BEGIN RSA PRIVATE KEY-----\nMIIJKQIBAAKCAgEAzExWaQ6iXd/nSIbE+kRqeBoeyRYInvUwf+tJ6z9RRwA5LjXP\na9aXSGcSHMcstmywuvvWAfvUIN0MK66Xjs8lUed8+rvnOE00aWJ1TP6IlOVJcWG7\nACnnqmVp5eIKymZ7JPn+3+PLetRLLKDf4hRw6Z/6ht6uQxSMPIEhUcQFWmdaGyOo\nEdaaM9abJDI79OZBvQeIoQNIkfghOjde+MGVO1IVqkMgNhjDmm44k5I7tfpJcnlz\nRVxgXbNR4Y9iEbkYeRWbdClQrtpOVFxmYGb8pJssvk9BiayH1UvS62KOOwuM5QQL\nUV3hSKLcnzmviYFQ5h4BoLdfcrt7qRL/AGC/4I2zDn0TLYzXiupdkVYpkWvl7c3s\nYlQuWgecVhEsaBp6mVwLCv6IJ/8u4jkPRdkKHJb5JA+2sEkt+CsVCAC7OOeMUu74\nWYfD6tGbRF+sCvZx7Fp4SrkEKVjEo8iqwYjOpHOcWigx2wF8PrCGXzkdvoeawTlv\npiMGMhjgfpmc+WKMS1J5w2vnF5OjOGdDrvvbKvRxk0845FBQFgzuwsPSsnm3bryj\nHi8FQ0E8fT0Xw3P4ArY4hvX0lpdXZZnpbTHtGvPbtRnYERQF/lmZuUaM1AuGL7u/\nOwrguVcuHlVx/cErvXgbBm5AowvH8GpjimNnFS4/cIXgkQVxc0SMv2LMZTkCAwEA\nAQKCAgEAr+ywoGkksnfj31WGfAi8Mk4z4m9h3xg+unjvv29X2y87DiryQeeZgJSZ\nSUTOoQy5p1rDsBOeWOpg16DSC/0fIweXXQbAFoCNOI67eiDZlnZXpxZEhOCRCO+p\noHblWeOj+XR54Wx0xYHYdkbWZAW8McI8ZzWMlGE2XcfI3HNTNMU5F5O94BaP1UHh\neOr1LG+3fkLlidmc/W3RlyMlWkrA6kNGOsbxDwSGNA7kE1fiqVMtOjGRbNIefbG0\nOetRxPdCNsq/gekt/FQrDYQ/+JXWyxyBDCSNyDNVCPzxVRcaaYgJvRCdemTAYd80\n4rw3B87ezjpapn4h6FfAJhkgk7+8meUE9xchuX9K7eDuUdTU181Ypm7u3jTAtdfe\n/dhAk+yKy+fCCBJb8rswFWOj2+kB633r5YEK2FYDys2dN8RM2msus11Rh5WhXB2f\nRUk+shE1Fb9aZO03wOkemA0vn577YVqQ/vBzk/7z6G3oALf54U7h6ZCA0xt0blze\n4u6NJE7WqZz/BP4AnxL8O/qam4X1Z2ufCkUI1uXYuwcWKdvhLUaxH5yqAU9gwHJn\nN5p8kqiQVOiU90AbQbRVjpknYEz2kob4pfoFyScLrijFQT2r6sevy9N6nWUUCLnz\nW6xVMSz4HVuKF1AXmbFUJu0xmtSKBGNEsScboylWAaFPgm3ZtJ0CggEBAOtC4iRs\nmA3dwH4mMnJIBJaGW5uLx2M+xQiKxvGwwi9XBzRNhs6RwPj30wlRHEsjHm+XaUO3\ndd3WxV6yE6np33gZeLgHlsgn/wISKyVT0dZ4b1tv5TN/7gWEpN/tUQxBReWf9MjH\ntQpd86a16Jv+6Z/63cLIex+204kKojgY6RZzli8HAuK3dp8YEa0sFa7iEBtUE+oA\n93mNa4RP9c255ucxmsLPA7ggGnYBFhFnDdbjimGILAMW4iFADgrXWyiz57TCgkna\neTn3mvecWhGq40nS//OdhHgnHAz3kSbZWbtBnXRlJN5sc9QsaNvxSIqaWnuZoRyl\nJPnZZytU26GNKS8CggEBAN5OtroX75743CoWN3qiQPb+V+Uev4gkIY+tuSr3exd+\nvxDIbTpYg+x6QX+n4fEp/p8tIW7akKKCW0leG6pinh4fjURgjRR+va/P7CrmIvGA\nJl3X1dpgZAUbdLg2mhp1Aiu4qe9rElgHrIbHp99SzTCWlTCKM6A6Y+wZtH4AuTBY\nHxnWdShqzrtTwWXwSaED8v41yhjYvO3XnWb4UEUwkr5YWMdGP2j0hQqKaOsfDmG4\nKlvNXW8nyCQideXyppXw9F4rqTjgpHQ/JZWM/gKKCTxYziOUTpm48s+QKmmRPpII\nG5kKNacmWXaNbOL3fn/owRQ3XsKa6YaKyJk5eC1s7hcCggEAa2bSVKya0iG9Qhnw\nB8onBgz6f01VzlIWo2qvniEC1ZfWeyM1etKBlWeWGXfFAexbdbha3wY/MfJdknib\nj4NseKiwOtuEE4Zm3awrtFPKxS2gMM8phNRPdodyuaPez0hxP35BwvOhC8WOeTos\noiLCxz1Axi6+PuE5OyP2oMOGjbBhDMEXqSb2aXUUhMlOcNNVZRSCLt8YG47bWcEj\nRzMqXbuAmpTlbsaBLgQa7gDtCYBBaXtAFHz66REUGBDu1esjyZrO3iZ2F2eZgJcJ\na21nbAl+vdnYYv3/yU+wHVs2os02s6+FIGHEk0Ve7aH+awBCdJDTQ3+FHOcKOXb4\n+Yy3EwKCAQEAwYI1DqH9RB0N0FjMbCRGdnmJWvi78i65RA8NarhH3njGqj48zhf0\npej5kLw7MajDah1nx83bLopYGfIgFN2JE2GVn1qIE7oLNbnAssrmyd8qBm/1SAS1\nq7htjliBJdyKSjKRQcWrDxOG+z9aAkxaLhw1uy3hqGyLRB5P/Yp1qP5b/CqwisEG\nOQu8Ahb6kH0WjG+X/q7TLhmMevBVNxUD90qB5NxiH+MQ188Javj6lNcxj/2ggjxX\nvBR/Ge1xUn2OyVYqFEd+/21kMtyq0t0DExOeRFw5Wxghy8mLEZ+LnqQOGdZIQ7pf\nD5IloR+cbozVXNqh0rXz5thxqubalHgIewKCAQB/cAws+K6to8R7ePs7nMwxtjKf\nwIf/Pl4i6YjpiprH6y6Caq9NmXD/FdWUjlHGgQd9JcW4Od/fwOLwtgX5rSqJkRAC\nMGzRQAkqAN42vzJFLGmUrH29obzjhW1KY1pZazpeCO43oSaZSXPXzYknlw0zMIOI\nCCRnBzjmGQw13RSX9lmsgMaUytRffFYOUbuBMsI8Ul7lEy3jAs/TNC1m6MKGEJ/g\n/CorHf/fKqTShHubAGyeehZMI+viQ49OlHJrRcEiXsMQeJkSM8IDeBJG4FjUNf7Y\nn+3K02Qcbc4GOp3HbhicjCo1WdGyoi3GVAKRlUhn1QvFDD9Nh17IFtkR8TiI\n-----END RSA PRIVATE KEY-----\n",
            "private_key_pem_pkcs8": "-----BEGIN PRIVATE KEY-----\nMIIJQwIBADANBgkqhkiG9w0BAQEFAASCCS0wggkpAgEAAoICAQDMTFZpDqJd3+dI\nhsT6RGp4Gh7JFgie9TB/60nrP1FHADkuNc9r1pdIZxIcxyy2bLC6+9YB+9Qg3Qwr\nrpeOzyVR53z6u+c4TTRpYnVM/oiU5UlxYbsAKeeqZWnl4grKZnsk+f7f48t61Ess\noN/iFHDpn/qG3q5DFIw8gSFRxAVaZ1obI6gR1poz1pskMjv05kG9B4ihA0iR+CE6\nN174wZU7UhWqQyA2GMOabjiTkju1+klyeXNFXGBds1Hhj2IRuRh5FZt0KVCu2k5U\nXGZgZvykmyy+T0GJrIfVS9LrYo47C4zlBAtRXeFIotyfOa+JgVDmHgGgt19yu3up\nEv8AYL/gjbMOfRMtjNeK6l2RVimRa+XtzexiVC5aB5xWESxoGnqZXAsK/ogn/y7i\nOQ9F2QoclvkkD7awSS34KxUIALs454xS7vhZh8Pq0ZtEX6wK9nHsWnhKuQQpWMSj\nyKrBiM6kc5xaKDHbAXw+sIZfOR2+h5rBOW+mIwYyGOB+mZz5YoxLUnnDa+cXk6M4\nZ0Ou+9sq9HGTTzjkUFAWDO7Cw9KyebduvKMeLwVDQTx9PRfDc/gCtjiG9fSWl1dl\nmeltMe0a89u1GdgRFAX+WZm5RozUC4Yvu787CuC5Vy4eVXH9wSu9eBsGbkCjC8fw\namOKY2cVLj9wheCRBXFzRIy/YsxlOQIDAQABAoICAQCv7LCgaSSyd+PfVYZ8CLwy\nTjPib2HfGD66eO+/b1fbLzsOKvJB55mAlJlJRM6hDLmnWsOwE55Y6mDXoNIL/R8j\nB5ddBsAWgI04jrt6INmWdlenFkSE4JEI76mgduVZ46P5dHnhbHTFgdh2RtZkBbwx\nwjxnNYyUYTZdx8jcc1M0xTkXk73gFo/VQeF46vUsb7d+QuWJ2Zz9bdGXIyVaSsDq\nQ0Y6xvEPBIY0DuQTV+KpUy06MZFs0h59sbQ561HE90I2yr+B6S38VCsNhD/4ldbL\nHIEMJI3IM1UI/PFVFxppiAm9EJ16ZMBh3zTivDcHzt7OOlqmfiHoV8AmGSCTv7yZ\n5QT3FyG5f0rt4O5R1NTXzVimbu7eNMC119792ECT7IrL58IIElvyuzAVY6Pb6QHr\nfevlgQrYVgPKzZ03xEzaay6zXVGHlaFcHZ9FST6yETUVv1pk7TfA6R6YDS+fnvth\nWpD+8HOT/vPobegAt/nhTuHpkIDTG3RuXN7i7o0kTtapnP8E/gCfEvw7+pqbhfVn\na58KRQjW5di7BxYp2+EtRrEfnKoBT2DAcmc3mnySqJBU6JT3QBtBtFWOmSdgTPaS\nhvil+gXJJwuuKMVBPavqx6/L03qdZRQIufNbrFUxLPgdW4oXUBeZsVQm7TGa1IoE\nY0SxJxujKVYBoU+Cbdm0nQKCAQEA60LiJGyYDd3AfiYyckgEloZbm4vHYz7FCIrG\n8bDCL1cHNE2GzpHA+PfTCVEcSyMeb5dpQ7d13dbFXrITqenfeBl4uAeWyCf/AhIr\nJVPR1nhvW2/lM3/uBYSk3+1RDEFF5Z/0yMe1Cl3zprXom/7pn/rdwsh7H7bTiQqi\nOBjpFnOWLwcC4rd2nxgRrSwVruIQG1QT6gD3eY1rhE/1zbnm5zGaws8DuCAadgEW\nEWcN1uOKYYgsAxbiIUAOCtdbKLPntMKCSdp5Ofea95xaEarjSdL/852EeCccDPeR\nJtlZu0GddGUk3mxz1Cxo2/FIippae5mhHKUk+dlnK1TboY0pLwKCAQEA3k62uhfv\nnvjcKhY3eqJA9v5X5R6/iCQhj625Kvd7F36/EMhtOliD7HpBf6fh8Sn+ny0hbtqQ\nooJbSV4bqmKeHh+NRGCNFH69r8/sKuYi8YAmXdfV2mBkBRt0uDaaGnUCK7ip72sS\nWAeshsen31LNMJaVMIozoDpj7Bm0fgC5MFgfGdZ1KGrOu1PBZfBJoQPy/jXKGNi8\n7dedZvhQRTCSvlhYx0Y/aPSFCopo6x8OYbgqW81dbyfIJCJ15fKmlfD0XiupOOCk\ndD8llYz+AooJPFjOI5ROmbjyz5AqaZE+kggbmQo1pyZZdo1s4vd+f+jBFDdewprp\nhorImTl4LWzuFwKCAQBrZtJUrJrSIb1CGfAHyicGDPp/TVXOUhajaq+eIQLVl9Z7\nIzV60oGVZ5YZd8UB7Ft1uFrfBj8x8l2SeJuPg2x4qLA624QThmbdrCu0U8rFLaAw\nzymE1E92h3K5o97PSHE/fkHC86ELxY55OiyiIsLHPUDGLr4+4Tk7I/agw4aNsGEM\nwRepJvZpdRSEyU5w01VlFIIu3xgbjttZwSNHMypdu4CalOVuxoEuBBruAO0JgEFp\ne0AUfPrpERQYEO7V6yPJms7eJnYXZ5mAlwlrbWdsCX692dhi/f/JT7AdWzaizTaz\nr4UgYcSTRV7tof5rAEJ0kNNDf4Uc5wo5dvj5jLcTAoIBAQDBgjUOof1EHQ3QWMxs\nJEZ2eYla+LvyLrlEDw1quEfeeMaqPjzOF/Sl6PmQvDsxqMNqHWfHzdsuilgZ8iAU\n3YkTYZWfWogTugs1ucCyyubJ3yoGb/VIBLWruG2OWIEl3IpKMpFBxasPE4b7P1oC\nTFouHDW7LeGobItEHk/9inWo/lv8KrCKwQY5C7wCFvqQfRaMb5f+rtMuGYx68FU3\nFQP3SoHk3GIf4xDXzwlq+PqU1zGP/aCCPFe8FH8Z7XFSfY7JVioUR37/bWQy3KrS\n3QMTE55EXDlbGCHLyYsRn4uepA4Z1khDul8PkiWhH5xujNVc2qHStfPm2HGq5tqU\neAh7AoIBAH9wDCz4rq2jxHt4+zuczDG2Mp/Ah/8+XiLpiOmKmsfrLoJqr02ZcP8V\n1ZSOUcaBB30lxbg539/A4vC2BfmtKomREAIwbNFACSoA3ja/MkUsaZSsfb2hvOOF\nbUpjWllrOl4I7jehJplJc9fNiSeXDTMwg4gIJGcHOOYZDDXdFJf2WayAxpTK1F98\nVg5Ru4EywjxSXuUTLeMCz9M0LWbowoYQn+D8Kisd/98qpNKEe5sAbJ56Fkwj6+JD\nj06UcmtFwSJewxB4mRIzwgN4EkbgWNQ1/tif7crTZBxtzgY6ncduGJyMKjVZ0bKi\nLcZUApGVSGfVC8UMP02HXsgW2RHxOIg=\n-----END PRIVATE KEY-----\n",
            "public_key_fingerprint_md5": "6b:7d:0e:68:89:ec:05:87:01:f0:7a:6f:f6:04:f3:73",
            "public_key_fingerprint_sha256": "SHA256:vSdCH378vNszQJrSfyTMRF9Blz4QgOiHxg1ROkP6QE0",
            "public_key_openssh": "ssh-rsa AAAAB3NzaC1yc2EAAAADAQABAAACAQDMTFZpDqJd3+dIhsT6RGp4Gh7JFgie9TB/60nrP1FHADkuNc9r1pdIZxIcxyy2bLC6+9YB+9Qg3QwrrpeOzyVR53z6u+c4TTRpYnVM/oiU5UlxYbsAKeeqZWnl4grKZnsk+f7f48t61EssoN/iFHDpn/qG3q5DFIw8gSFRxAVaZ1obI6gR1poz1pskMjv05kG9B4ihA0iR+CE6N174wZU7UhWqQyA2GMOabjiTkju1+klyeXNFXGBds1Hhj2IRuRh5FZt0KVCu2k5UXGZgZvykmyy+T0GJrIfVS9LrYo47C4zlBAtRXeFIotyfOa+JgVDmHgGgt19yu3upEv8AYL/gjbMOfRMtjNeK6l2RVimRa+XtzexiVC5aB5xWESxoGnqZXAsK/ogn/y7iOQ9F2QoclvkkD7awSS34KxUIALs454xS7vhZh8Pq0ZtEX6wK9nHsWnhKuQQpWMSjyKrBiM6kc5xaKDHbAXw+sIZfOR2+h5rBOW+mIwYyGOB+mZz5YoxLUnnDa+cXk6M4Z0Ou+9sq9HGTTzjkUFAWDO7Cw9KyebduvKMeLwVDQTx9PRfDc/gCtjiG9fSWl1dlmeltMe0a89u1GdgRFAX+WZm5RozUC4Yvu787CuC5Vy4eVXH9wSu9eBsGbkCjC8fwamOKY2cVLj9wheCRBXFzRIy/YsxlOQ==\n",
            "public_key_pem": "-----BEGIN PUBLIC KEY-----\nMIICIjANBgkqhkiG9w0BAQEFAAOCAg8AMIICCgKCAgEAzExWaQ6iXd/nSIbE+kRq\neBoeyRYInvUwf+tJ6z9RRwA5LjXPa9aXSGcSHMcstmywuvvWAfvUIN0MK66Xjs8l\nUed8+rvnOE00aWJ1TP6IlOVJcWG7ACnnqmVp5eIKymZ7JPn+3+PLetRLLKDf4hRw\n6Z/6ht6uQxSMPIEhUcQFWmdaGyOoEdaaM9abJDI79OZBvQeIoQNIkfghOjde+MGV\nO1IVqkMgNhjDmm44k5I7tfpJcnlzRVxgXbNR4Y9iEbkYeRWbdClQrtpOVFxmYGb8\npJssvk9BiayH1UvS62KOOwuM5QQLUV3hSKLcnzmviYFQ5h4BoLdfcrt7qRL/AGC/\n4I2zDn0TLYzXiupdkVYpkWvl7c3sYlQuWgecVhEsaBp6mVwLCv6IJ/8u4jkPRdkK\nHJb5JA+2sEkt+CsVCAC7OOeMUu74WYfD6tGbRF+sCvZx7Fp4SrkEKVjEo8iqwYjO\npHOcWigx2wF8PrCGXzkdvoeawTlvpiMGMhjgfpmc+WKMS1J5w2vnF5OjOGdDrvvb\nKvRxk0845FBQFgzuwsPSsnm3bryjHi8FQ0E8fT0Xw3P4ArY4hvX0lpdXZZnpbTHt\nGvPbtRnYERQF/lmZuUaM1AuGL7u/OwrguVcuHlVx/cErvXgbBm5AowvH8GpjimNn\nFS4/cIXgkQVxc0SMv2LMZTkCAwEAAQ==\n-----END PUBLIC KEY-----\n",
            "rsa_bits": 4096
          },
          "sensitive_attributes": []
        }
      ]
    },
    {
      "module": "module.deploy_test.module.btlabz-arch-ref-ec2-codedeploy-module",
      "mode": "managed",
      "type": "aws_codedeploy_app",
      "name": "main",
      "provider": "module.deploy_test.provider[\"registry.terraform.io/hashicorp/aws\"]",
      "instances": [
        {
          "schema_version": 0,
          "attributes": {
            "application_id": "a06853ad-d116-493b-834e-1c86a1f32433",
            "arn": "arn:aws:codedeploy:ap-northeast-2:851077919242:application:webGoat",
            "compute_platform": "Server",
            "github_account_name": "",
            "id": "a06853ad-d116-493b-834e-1c86a1f32433:webGoat",
            "linked_to_github": false,
            "name": "webGoat",
            "tags": null,
            "tags_all": {}
          },
          "sensitive_attributes": [],
          "private": "bnVsbA=="
        }
      ]
    },
    {
      "module": "module.deploy_test.module.btlabz-arch-ref-ec2-codedeploy-module",
      "mode": "managed",
      "type": "aws_codedeploy_deployment_config",
      "name": "main",
      "provider": "module.deploy_test.provider[\"registry.terraform.io/hashicorp/aws\"]",
      "instances": [
        {
          "schema_version": 0,
          "attributes": {
            "compute_platform": "Server",
            "deployment_config_id": "da2640e7-8f9a-4e62-a4f0-e1f343ce1d9a",
            "deployment_config_name": "webGoat",
            "id": "webGoat",
            "minimum_healthy_hosts": [
              {
                "type": "HOST_COUNT",
                "value": 1
              }
            ],
            "traffic_routing_config": []
          },
          "sensitive_attributes": [],
          "private": "bnVsbA=="
        }
      ]
    },
    {
      "module": "module.deploy_test.module.btlabz-arch-ref-ec2-codedeploy-module",
      "mode": "managed",
      "type": "aws_codedeploy_deployment_group",
      "name": "main",
      "provider": "module.deploy_test.provider[\"registry.terraform.io/hashicorp/aws\"]",
      "instances": [
        {
          "schema_version": 0,
          "attributes": {
            "alarm_configuration": [],
            "app_name": "webGoat",
            "arn": "arn:aws:codedeploy:ap-northeast-2:851077919242:deploymentgroup:webGoat/webGoat",
            "auto_rollback_configuration": [
              {
                "enabled": true,
                "events": [
                  "DEPLOYMENT_FAILURE"
                ]
              }
            ],
            "autoscaling_groups": null,
            "blue_green_deployment_config": [],
            "compute_platform": "Server",
            "deployment_config_name": "CodeDeployDefault.OneAtATime",
            "deployment_group_id": "94b619cc-77fc-4df6-adce-57f2d6b85d43",
            "deployment_group_name": "webGoat",
            "deployment_style": [
              {
                "deployment_option": "WITHOUT_TRAFFIC_CONTROL",
                "deployment_type": "IN_PLACE"
              }
            ],
            "ec2_tag_filter": [],
            "ec2_tag_set": [
              {
                "ec2_tag_filter": [
                  {
                    "key": "Environment",
                    "type": "KEY_AND_VALUE",
                    "value": "dev"
                  },
                  {
                    "key": "Name",
                    "type": "KEY_AND_VALUE",
                    "value": "deployByIac"
                  }
                ]
              }
            ],
            "ecs_service": [],
            "id": "94b619cc-77fc-4df6-adce-57f2d6b85d43",
            "load_balancer_info": [],
            "on_premises_instance_tag_filter": [],
            "outdated_instances_strategy": "UPDATE",
            "service_role_arn": "arn:aws:iam::851077919242:role/whs-pipeline-from-IaC-codepipeline-role",
            "tags": null,
            "tags_all": {},
            "trigger_configuration": []
          },
          "sensitive_attributes": [],
          "private": "bnVsbA==",
          "dependencies": [
            "module.deploy_test.data.aws_caller_identity.current",
            "module.deploy_test.data.aws_region.current",
            "module.deploy_test.module.btlabz-arch-ref-ec2-codedeploy-module.aws_codedeploy_app.main",
            "module.deploy_test.module.codepipeline_iam_role.aws_iam_role.codepipeline_role",
            "module.deploy_test.module.codepipeline_iam_role.data.aws_iam_role.existing_codepipeline_role"
          ]
        }
      ]
    },
    {
      "module": "module.deploy_test.module.codebuild_terraform",
      "mode": "managed",
      "type": "aws_codebuild_project",
      "name": "terraform_codebuild_project",
      "provider": "module.deploy_test.provider[\"registry.terraform.io/hashicorp/aws\"]",
      "instances": [
        {
          "index_key": 0,
          "schema_version": 0,
          "attributes": {
            "arn": "arn:aws:codebuild:ap-northeast-2:851077919242:project/whs-pipeline-from-IaC-build",
            "artifacts": [
              {
                "artifact_identifier": "",
                "bucket_owner_access": "",
                "encryption_disabled": false,
                "location": "",
                "name": "whs-pipeline-from-IaC-build",
                "namespace_type": "",
                "override_artifact_name": false,
                "packaging": "NONE",
                "path": "",
                "type": "CODEPIPELINE"
              }
            ],
            "badge_enabled": false,
            "badge_url": "",
            "build_batch_config": [],
            "build_timeout": 60,
            "cache": [
              {
                "location": "",
                "modes": [],
                "type": "NO_CACHE"
              }
            ],
            "concurrent_build_limit": 0,
            "description": "",
            "encryption_key": "arn:aws:kms:ap-northeast-2:851077919242:key/9420f589-7979-4fa4-87d9-76f7274a4570",
            "environment": [
              {
                "certificate": "",
                "compute_type": "BUILD_GENERAL1_LARGE",
                "environment_variable": [],
                "image": "aws/codebuild/amazonlinux2-x86_64-standard:5.0",
                "image_pull_credentials_type": "CODEBUILD",
                "privileged_mode": true,
                "registry_credential": [],
                "type": "LINUX_CONTAINER"
              }
            ],
            "file_system_locations": [],
            "id": "arn:aws:codebuild:ap-northeast-2:851077919242:project/whs-pipeline-from-IaC-build",
            "logs_config": [
              {
                "cloudwatch_logs": [
                  {
                    "group_name": "",
                    "status": "ENABLED",
                    "stream_name": ""
                  }
                ],
                "s3_logs": [
                  {
                    "bucket_owner_access": "",
                    "encryption_disabled": false,
                    "location": "",
                    "status": "DISABLED"
                  }
                ]
              }
            ],
            "name": "whs-pipeline-from-IaC-build",
            "project_visibility": "PRIVATE",
            "public_project_alias": "",
            "queued_timeout": 480,
            "resource_access_role": "",
            "secondary_artifacts": [],
            "secondary_source_version": [],
            "secondary_sources": [],
            "service_role": "arn:aws:iam::851077919242:role/whs-pipeline-from-IaC-codepipeline-role",
            "source": [
              {
                "build_status_config": [],
                "buildspec": "./buildspec_build.yml",
                "git_clone_depth": 0,
                "git_submodules_config": [],
                "insecure_ssl": false,
                "location": "",
                "report_build_status": false,
                "type": "CODEPIPELINE"
              }
            ],
            "source_version": "",
            "tags": {
              "Account_ID": "851077919242",
              "Environment": "dev",
              "Project_Name": "whs-pipeline-from-IaC",
              "Region": "ap-northeast-2"
            },
            "tags_all": {
              "Account_ID": "851077919242",
              "Environment": "dev",
              "Project_Name": "whs-pipeline-from-IaC",
              "Region": "ap-northeast-2"
            },
            "vpc_config": []
          },
          "sensitive_attributes": [],
          "private": "bnVsbA==",
          "dependencies": [
            "module.deploy_test.aws_iam_instance_profile.whs_ec2_role_iac",
            "module.deploy_test.aws_iam_role.whs_ec2_role_iac",
            "module.deploy_test.data.aws_caller_identity.current",
            "module.deploy_test.data.aws_region.current",
            "module.deploy_test.module.codecommit_infrastructure_source_repo.aws_codecommit_approval_rule_template.source_repository_approval",
            "module.deploy_test.module.codecommit_infrastructure_source_repo.aws_codecommit_approval_rule_template_association.source_repository_approval_association",
            "module.deploy_test.module.codecommit_infrastructure_source_repo.aws_codecommit_repository.source_repository",
            "module.deploy_test.module.codecommit_infrastructure_source_repo.data.aws_codecommit_repository.existing_repository",
            "module.deploy_test.module.codepipeline_iam_role.aws_iam_role.codepipeline_role",
            "module.deploy_test.module.codepipeline_iam_role.data.aws_iam_role.existing_codepipeline_role",
            "module.deploy_test.module.codepipeline_kms.aws_kms_key.encryption_key",
            "module.deploy_test.module.codepipeline_kms.data.aws_caller_identity.current",
            "module.deploy_test.module.codepipeline_kms.data.aws_iam_policy_document.kms_key_policy_doc",
            "module.deploy_test.module.sonarQube.aws_lb.sonarqube_lb",
            "module.deploy_test.module.sonarQube.aws_security_group.sonarqube_lb",
            "module.deploy_test.module.sonarQube.aws_subnet.sonarqube_public_subnet_2a",
            "module.deploy_test.module.sonarQube.aws_subnet.sonarqube_public_subnet_2b",
            "module.deploy_test.module.sonarQube.aws_subnet.sonarqube_public_subnet_2c",
            "module.deploy_test.module.sonarQube.aws_vpc.sonarqube_vpc"
          ]
        },
        {
          "index_key": 1,
          "schema_version": 0,
          "attributes": {
            "arn": "arn:aws:codebuild:ap-northeast-2:851077919242:project/whs-pipeline-from-IaC-sca",
            "artifacts": [
              {
                "artifact_identifier": "",
                "bucket_owner_access": "",
                "encryption_disabled": false,
                "location": "",
                "name": "whs-pipeline-from-IaC-sca",
                "namespace_type": "",
                "override_artifact_name": false,
                "packaging": "NONE",
                "path": "",
                "type": "CODEPIPELINE"
              }
            ],
            "badge_enabled": false,
            "badge_url": "",
            "build_batch_config": [],
            "build_timeout": 60,
            "cache": [
              {
                "location": "",
                "modes": [],
                "type": "NO_CACHE"
              }
            ],
            "concurrent_build_limit": 0,
            "description": "",
            "encryption_key": "arn:aws:kms:ap-northeast-2:851077919242:key/9420f589-7979-4fa4-87d9-76f7274a4570",
            "environment": [
              {
                "certificate": "",
                "compute_type": "BUILD_GENERAL1_LARGE",
                "environment_variable": [],
                "image": "aws/codebuild/amazonlinux2-x86_64-standard:5.0",
                "image_pull_credentials_type": "CODEBUILD",
                "privileged_mode": true,
                "registry_credential": [],
                "type": "LINUX_CONTAINER"
              }
            ],
            "file_system_locations": [],
            "id": "arn:aws:codebuild:ap-northeast-2:851077919242:project/whs-pipeline-from-IaC-sca",
            "logs_config": [
              {
                "cloudwatch_logs": [
                  {
                    "group_name": "",
                    "status": "ENABLED",
                    "stream_name": ""
                  }
                ],
                "s3_logs": [
                  {
                    "bucket_owner_access": "",
                    "encryption_disabled": false,
                    "location": "",
                    "status": "DISABLED"
                  }
                ]
              }
            ],
            "name": "whs-pipeline-from-IaC-sca",
            "project_visibility": "PRIVATE",
            "public_project_alias": "",
            "queued_timeout": 480,
            "resource_access_role": "",
            "secondary_artifacts": [],
            "secondary_source_version": [],
            "secondary_sources": [],
            "service_role": "arn:aws:iam::851077919242:role/whs-pipeline-from-IaC-codepipeline-role",
            "source": [
              {
                "build_status_config": [],
                "buildspec": "./buildspec_sca.yml",
                "git_clone_depth": 0,
                "git_submodules_config": [],
                "insecure_ssl": false,
                "location": "",
                "report_build_status": false,
                "type": "CODEPIPELINE"
              }
            ],
            "source_version": "",
            "tags": {
              "Account_ID": "851077919242",
              "Environment": "dev",
              "Project_Name": "whs-pipeline-from-IaC",
              "Region": "ap-northeast-2"
            },
            "tags_all": {
              "Account_ID": "851077919242",
              "Environment": "dev",
              "Project_Name": "whs-pipeline-from-IaC",
              "Region": "ap-northeast-2"
            },
            "vpc_config": []
          },
          "sensitive_attributes": [],
          "private": "bnVsbA==",
          "dependencies": [
            "module.deploy_test.aws_iam_instance_profile.whs_ec2_role_iac",
            "module.deploy_test.aws_iam_role.whs_ec2_role_iac",
            "module.deploy_test.data.aws_caller_identity.current",
            "module.deploy_test.data.aws_region.current",
            "module.deploy_test.module.codecommit_infrastructure_source_repo.aws_codecommit_approval_rule_template.source_repository_approval",
            "module.deploy_test.module.codecommit_infrastructure_source_repo.aws_codecommit_approval_rule_template_association.source_repository_approval_association",
            "module.deploy_test.module.codecommit_infrastructure_source_repo.aws_codecommit_repository.source_repository",
            "module.deploy_test.module.codecommit_infrastructure_source_repo.data.aws_codecommit_repository.existing_repository",
            "module.deploy_test.module.codepipeline_iam_role.aws_iam_role.codepipeline_role",
            "module.deploy_test.module.codepipeline_iam_role.data.aws_iam_role.existing_codepipeline_role",
            "module.deploy_test.module.codepipeline_kms.aws_kms_key.encryption_key",
            "module.deploy_test.module.codepipeline_kms.data.aws_caller_identity.current",
            "module.deploy_test.module.codepipeline_kms.data.aws_iam_policy_document.kms_key_policy_doc",
            "module.deploy_test.module.sonarQube.aws_lb.sonarqube_lb",
            "module.deploy_test.module.sonarQube.aws_security_group.sonarqube_lb",
            "module.deploy_test.module.sonarQube.aws_subnet.sonarqube_public_subnet_2a",
            "module.deploy_test.module.sonarQube.aws_subnet.sonarqube_public_subnet_2b",
            "module.deploy_test.module.sonarQube.aws_subnet.sonarqube_public_subnet_2c",
            "module.deploy_test.module.sonarQube.aws_vpc.sonarqube_vpc"
          ]
        },
        {
          "index_key": 2,
          "schema_version": 0,
          "attributes": {
            "arn": "arn:aws:codebuild:ap-northeast-2:851077919242:project/whs-pipeline-from-IaC-sast",
            "artifacts": [
              {
                "artifact_identifier": "",
                "bucket_owner_access": "",
                "encryption_disabled": false,
                "location": "",
                "name": "whs-pipeline-from-IaC-sast",
                "namespace_type": "",
                "override_artifact_name": false,
                "packaging": "NONE",
                "path": "",
                "type": "CODEPIPELINE"
              }
            ],
            "badge_enabled": false,
            "badge_url": "",
            "build_batch_config": [],
            "build_timeout": 60,
            "cache": [
              {
                "location": "",
                "modes": [],
                "type": "NO_CACHE"
              }
            ],
            "concurrent_build_limit": 0,
            "description": "",
            "encryption_key": "arn:aws:kms:ap-northeast-2:851077919242:key/9420f589-7979-4fa4-87d9-76f7274a4570",
            "environment": [
              {
                "certificate": "",
                "compute_type": "BUILD_GENERAL1_LARGE",
                "environment_variable": [
                  {
                    "name": "SONAR_QUBE_KEY",
                    "type": "PLAINTEXT",
                    "value": "sqp_6a10b0f08fd566a8d6ec8b9802dfd6c06aaac0b6"
                  },
                  {
                    "name": "SONAR_QUBE_PROJECT",
                    "type": "PLAINTEXT",
                    "value": "sonarqube"
                  },
                  {
                    "name": "SONAR_QUBE_URL",
                    "type": "PLAINTEXT",
                    "value": "http://sonarqube-lb-1329279861.ap-northeast-2.elb.amazonaws.com:9000"
                  }
                ],
                "image": "aws/codebuild/amazonlinux2-x86_64-standard:5.0",
                "image_pull_credentials_type": "CODEBUILD",
                "privileged_mode": true,
                "registry_credential": [],
                "type": "LINUX_CONTAINER"
              }
            ],
            "file_system_locations": [],
            "id": "arn:aws:codebuild:ap-northeast-2:851077919242:project/whs-pipeline-from-IaC-sast",
            "logs_config": [
              {
                "cloudwatch_logs": [
                  {
                    "group_name": "",
                    "status": "ENABLED",
                    "stream_name": ""
                  }
                ],
                "s3_logs": [
                  {
                    "bucket_owner_access": "",
                    "encryption_disabled": false,
                    "location": "",
                    "status": "DISABLED"
                  }
                ]
              }
            ],
            "name": "whs-pipeline-from-IaC-sast",
            "project_visibility": "PRIVATE",
            "public_project_alias": "",
            "queued_timeout": 480,
            "resource_access_role": "",
            "secondary_artifacts": [],
            "secondary_source_version": [],
            "secondary_sources": [],
            "service_role": "arn:aws:iam::851077919242:role/whs-pipeline-from-IaC-codepipeline-role",
            "source": [
              {
                "build_status_config": [],
                "buildspec": "./buildspec_sast.yml",
                "git_clone_depth": 0,
                "git_submodules_config": [],
                "insecure_ssl": false,
                "location": "",
                "report_build_status": false,
                "type": "CODEPIPELINE"
              }
            ],
            "source_version": "",
            "tags": {
              "Account_ID": "851077919242",
              "Environment": "dev",
              "Project_Name": "whs-pipeline-from-IaC",
              "Region": "ap-northeast-2"
            },
            "tags_all": {
              "Account_ID": "851077919242",
              "Environment": "dev",
              "Project_Name": "whs-pipeline-from-IaC",
              "Region": "ap-northeast-2"
            },
            "vpc_config": []
          },
          "sensitive_attributes": [],
          "private": "bnVsbA==",
          "dependencies": [
            "module.deploy_test.aws_iam_instance_profile.whs_ec2_role_iac",
            "module.deploy_test.aws_iam_role.whs_ec2_role_iac",
            "module.deploy_test.data.aws_caller_identity.current",
            "module.deploy_test.data.aws_region.current",
            "module.deploy_test.module.codecommit_infrastructure_source_repo.aws_codecommit_approval_rule_template.source_repository_approval",
            "module.deploy_test.module.codecommit_infrastructure_source_repo.aws_codecommit_approval_rule_template_association.source_repository_approval_association",
            "module.deploy_test.module.codecommit_infrastructure_source_repo.aws_codecommit_repository.source_repository",
            "module.deploy_test.module.codecommit_infrastructure_source_repo.data.aws_codecommit_repository.existing_repository",
            "module.deploy_test.module.codepipeline_iam_role.aws_iam_role.codepipeline_role",
            "module.deploy_test.module.codepipeline_iam_role.data.aws_iam_role.existing_codepipeline_role",
            "module.deploy_test.module.codepipeline_kms.aws_kms_key.encryption_key",
            "module.deploy_test.module.codepipeline_kms.data.aws_caller_identity.current",
            "module.deploy_test.module.codepipeline_kms.data.aws_iam_policy_document.kms_key_policy_doc",
            "module.deploy_test.module.sonarQube.aws_lb.sonarqube_lb",
            "module.deploy_test.module.sonarQube.aws_security_group.sonarqube_lb",
            "module.deploy_test.module.sonarQube.aws_subnet.sonarqube_public_subnet_2a",
            "module.deploy_test.module.sonarQube.aws_subnet.sonarqube_public_subnet_2b",
            "module.deploy_test.module.sonarQube.aws_subnet.sonarqube_public_subnet_2c",
            "module.deploy_test.module.sonarQube.aws_vpc.sonarqube_vpc"
          ]
        },
        {
          "index_key": 3,
          "schema_version": 0,
          "attributes": {
            "arn": "arn:aws:codebuild:ap-northeast-2:851077919242:project/whs-pipeline-from-IaC-dast",
            "artifacts": [
              {
                "artifact_identifier": "",
                "bucket_owner_access": "",
                "encryption_disabled": false,
                "location": "",
                "name": "whs-pipeline-from-IaC-dast",
                "namespace_type": "",
                "override_artifact_name": false,
                "packaging": "NONE",
                "path": "",
                "type": "CODEPIPELINE"
              }
            ],
            "badge_enabled": false,
            "badge_url": "",
            "build_batch_config": [],
            "build_timeout": 60,
            "cache": [
              {
                "location": "",
                "modes": [],
                "type": "NO_CACHE"
              }
            ],
            "concurrent_build_limit": 0,
            "description": "",
            "encryption_key": "arn:aws:kms:ap-northeast-2:851077919242:key/9420f589-7979-4fa4-87d9-76f7274a4570",
            "environment": [
              {
                "certificate": "",
                "compute_type": "BUILD_GENERAL1_LARGE",
                "environment_variable": [],
                "image": "aws/codebuild/amazonlinux2-x86_64-standard:5.0",
                "image_pull_credentials_type": "CODEBUILD",
                "privileged_mode": true,
                "registry_credential": [],
                "type": "LINUX_CONTAINER"
              }
            ],
            "file_system_locations": [],
            "id": "arn:aws:codebuild:ap-northeast-2:851077919242:project/whs-pipeline-from-IaC-dast",
            "logs_config": [
              {
                "cloudwatch_logs": [
                  {
                    "group_name": "",
                    "status": "ENABLED",
                    "stream_name": ""
                  }
                ],
                "s3_logs": [
                  {
                    "bucket_owner_access": "",
                    "encryption_disabled": false,
                    "location": "",
                    "status": "DISABLED"
                  }
                ]
              }
            ],
            "name": "whs-pipeline-from-IaC-dast",
            "project_visibility": "PRIVATE",
            "public_project_alias": "",
            "queued_timeout": 480,
            "resource_access_role": "",
            "secondary_artifacts": [],
            "secondary_source_version": [],
            "secondary_sources": [],
            "service_role": "arn:aws:iam::851077919242:role/whs-pipeline-from-IaC-codepipeline-role",
            "source": [
              {
                "build_status_config": [],
                "buildspec": "./buildspec_dast.yml",
                "git_clone_depth": 0,
                "git_submodules_config": [],
                "insecure_ssl": false,
                "location": "",
                "report_build_status": false,
                "type": "CODEPIPELINE"
              }
            ],
            "source_version": "",
            "tags": {
              "Account_ID": "851077919242",
              "Environment": "dev",
              "Project_Name": "whs-pipeline-from-IaC",
              "Region": "ap-northeast-2"
            },
            "tags_all": {
              "Account_ID": "851077919242",
              "Environment": "dev",
              "Project_Name": "whs-pipeline-from-IaC",
              "Region": "ap-northeast-2"
            },
            "vpc_config": []
          },
          "sensitive_attributes": [],
          "private": "bnVsbA==",
          "dependencies": [
            "module.deploy_test.aws_iam_instance_profile.whs_ec2_role_iac",
            "module.deploy_test.aws_iam_role.whs_ec2_role_iac",
            "module.deploy_test.data.aws_caller_identity.current",
            "module.deploy_test.data.aws_region.current",
            "module.deploy_test.module.codecommit_infrastructure_source_repo.aws_codecommit_approval_rule_template.source_repository_approval",
            "module.deploy_test.module.codecommit_infrastructure_source_repo.aws_codecommit_approval_rule_template_association.source_repository_approval_association",
            "module.deploy_test.module.codecommit_infrastructure_source_repo.aws_codecommit_repository.source_repository",
            "module.deploy_test.module.codecommit_infrastructure_source_repo.data.aws_codecommit_repository.existing_repository",
            "module.deploy_test.module.codepipeline_iam_role.aws_iam_role.codepipeline_role",
            "module.deploy_test.module.codepipeline_iam_role.data.aws_iam_role.existing_codepipeline_role",
            "module.deploy_test.module.codepipeline_kms.aws_kms_key.encryption_key",
            "module.deploy_test.module.codepipeline_kms.data.aws_caller_identity.current",
            "module.deploy_test.module.codepipeline_kms.data.aws_iam_policy_document.kms_key_policy_doc",
            "module.deploy_test.module.sonarQube.aws_lb.sonarqube_lb",
            "module.deploy_test.module.sonarQube.aws_security_group.sonarqube_lb",
            "module.deploy_test.module.sonarQube.aws_subnet.sonarqube_public_subnet_2a",
            "module.deploy_test.module.sonarQube.aws_subnet.sonarqube_public_subnet_2b",
            "module.deploy_test.module.sonarQube.aws_subnet.sonarqube_public_subnet_2c",
            "module.deploy_test.module.sonarQube.aws_vpc.sonarqube_vpc"
          ]
        }
      ]
    },
    {
      "module": "module.deploy_test.module.codecommit_infrastructure_source_repo",
      "mode": "data",
      "type": "aws_codecommit_repository",
      "name": "existing_repository",
      "provider": "module.deploy_test.provider[\"registry.terraform.io/hashicorp/aws\"]",
      "instances": []
    },
    {
      "module": "module.deploy_test.module.codecommit_infrastructure_source_repo",
      "mode": "managed",
      "type": "aws_codecommit_approval_rule_template",
      "name": "source_repository_approval",
      "provider": "module.deploy_test.provider[\"registry.terraform.io/hashicorp/aws\"]",
      "instances": [
        {
          "index_key": 0,
          "schema_version": 0,
          "attributes": {
            "approval_rule_template_id": "51a1b9b1-ebe3-47c5-9ce0-bd199f0736fd",
            "content": "{\"Version\":\"2018-11-08\",\"DestinationReferences\":[\"refs/heads/master\"],\"Statements\":[{\"Type\":\"Approvers\",\"NumberOfApprovalsNeeded\":2,\"ApprovalPoolMembers\":[\"arn:aws:sts::851077919242:assumed-role/CodeCommitReview/\"]}]}",
            "creation_date": "2024-01-06T04:13:28Z",
            "description": "Approval rule template for enabling approval process",
            "id": "whs-repo-from-IaC-master-Rule",
            "last_modified_date": "2024-01-06T04:13:28Z",
            "last_modified_user": "arn:aws:iam::851077919242:user/whs-lina",
            "name": "whs-repo-from-IaC-master-Rule",
            "rule_content_sha256": "1ff732fb7f8c5eb74d803a6d2e9a98675670f3a097873bd1f3113e45cf4fbb8c"
          },
          "sensitive_attributes": [],
          "private": "bnVsbA=="
        }
      ]
    },
    {
      "module": "module.deploy_test.module.codecommit_infrastructure_source_repo",
      "mode": "managed",
      "type": "aws_codecommit_approval_rule_template_association",
      "name": "source_repository_approval_association",
      "provider": "module.deploy_test.provider[\"registry.terraform.io/hashicorp/aws\"]",
      "instances": [
        {
          "index_key": 0,
          "schema_version": 0,
          "attributes": {
            "approval_rule_template_name": "whs-repo-from-IaC-master-Rule",
            "id": "whs-repo-from-IaC-master-Rule,whs-repo-from-IaC",
            "repository_name": "whs-repo-from-IaC"
          },
          "sensitive_attributes": [],
          "private": "bnVsbA==",
          "dependencies": [
            "module.deploy_test.data.aws_caller_identity.current",
            "module.deploy_test.data.aws_region.current",
            "module.deploy_test.module.codecommit_infrastructure_source_repo.aws_codecommit_approval_rule_template.source_repository_approval",
            "module.deploy_test.module.codecommit_infrastructure_source_repo.aws_codecommit_repository.source_repository"
          ]
        }
      ]
    },
    {
      "module": "module.deploy_test.module.codecommit_infrastructure_source_repo",
      "mode": "managed",
      "type": "aws_codecommit_repository",
      "name": "source_repository",
      "provider": "module.deploy_test.provider[\"registry.terraform.io/hashicorp/aws\"]",
      "instances": [
        {
          "index_key": 0,
          "schema_version": 0,
          "attributes": {
            "arn": "arn:aws:codecommit:ap-northeast-2:851077919242:whs-repo-from-IaC",
            "clone_url_http": "https://git-codecommit.ap-northeast-2.amazonaws.com/v1/repos/whs-repo-from-IaC",
            "clone_url_ssh": "ssh://git-codecommit.ap-northeast-2.amazonaws.com/v1/repos/whs-repo-from-IaC",
            "default_branch": "master",
            "description": "Code Repository for hosting the terraform code and pipeline configuration files",
            "id": "whs-repo-from-IaC",
            "repository_id": "a8e7ac55-a31a-4dde-a386-b694188609f7",
            "repository_name": "whs-repo-from-IaC",
            "tags": {
              "Account_ID": "851077919242",
              "Environment": "dev",
              "Project_Name": "whs-pipeline-from-IaC",
              "Region": "ap-northeast-2"
            },
            "tags_all": {
              "Account_ID": "851077919242",
              "Environment": "dev",
              "Project_Name": "whs-pipeline-from-IaC",
              "Region": "ap-northeast-2"
            }
          },
          "sensitive_attributes": [],
          "private": "bnVsbA==",
          "dependencies": [
            "module.deploy_test.data.aws_caller_identity.current",
            "module.deploy_test.data.aws_region.current"
          ]
        }
      ]
    },
    {
      "module": "module.deploy_test.module.codepipeline_iam_role",
      "mode": "data",
      "type": "aws_caller_identity",
      "name": "current",
      "provider": "module.deploy_test.provider[\"registry.terraform.io/hashicorp/aws\"]",
      "instances": [
        {
          "schema_version": 0,
          "attributes": {
            "account_id": "851077919242",
            "arn": "arn:aws:iam::851077919242:user/whs-lina",
            "id": "851077919242",
            "user_id": "AIDA4MKBSOIFPQOPPX3HI"
          },
          "sensitive_attributes": []
        }
      ]
    },
    {
      "module": "module.deploy_test.module.codepipeline_iam_role",
      "mode": "data",
      "type": "aws_iam_role",
      "name": "existing_codepipeline_role",
      "provider": "module.deploy_test.provider[\"registry.terraform.io/hashicorp/aws\"]",
      "instances": []
    },
    {
      "module": "module.deploy_test.module.codepipeline_iam_role",
      "mode": "data",
      "type": "aws_partition",
      "name": "current",
      "provider": "module.deploy_test.provider[\"registry.terraform.io/hashicorp/aws\"]",
      "instances": [
        {
          "schema_version": 0,
          "attributes": {
            "dns_suffix": "amazonaws.com",
            "id": "aws",
            "partition": "aws",
            "reverse_dns_prefix": "com.amazonaws"
          },
          "sensitive_attributes": []
        }
      ]
    },
    {
      "module": "module.deploy_test.module.codepipeline_iam_role",
      "mode": "data",
      "type": "aws_region",
      "name": "current",
      "provider": "module.deploy_test.provider[\"registry.terraform.io/hashicorp/aws\"]",
      "instances": [
        {
          "schema_version": 0,
          "attributes": {
            "description": "Asia Pacific (Seoul)",
            "endpoint": "ec2.ap-northeast-2.amazonaws.com",
            "id": "ap-northeast-2",
            "name": "ap-northeast-2"
          },
          "sensitive_attributes": []
        }
      ]
    },
    {
      "module": "module.deploy_test.module.codepipeline_iam_role",
      "mode": "managed",
      "type": "aws_iam_role",
      "name": "codepipeline_role",
      "provider": "module.deploy_test.provider[\"registry.terraform.io/hashicorp/aws\"]",
      "instances": [
        {
          "index_key": 0,
          "schema_version": 0,
          "attributes": {
            "arn": "arn:aws:iam::851077919242:role/whs-pipeline-from-IaC-codepipeline-role",
            "assume_role_policy": "{\"Statement\":[{\"Action\":\"sts:AssumeRole\",\"Effect\":\"Allow\",\"Principal\":{\"Service\":\"codepipeline.amazonaws.com\"}},{\"Action\":\"sts:AssumeRole\",\"Effect\":\"Allow\",\"Principal\":{\"Service\":\"codebuild.amazonaws.com\"}},{\"Action\":\"sts:AssumeRole\",\"Effect\":\"Allow\",\"Principal\":{\"Service\":\"codedeploy.amazonaws.com\"}}],\"Version\":\"2012-10-17\"}",
            "create_date": "2024-01-06T04:13:34Z",
            "description": "",
            "force_detach_policies": false,
            "id": "whs-pipeline-from-IaC-codepipeline-role",
            "inline_policy": [],
            "managed_policy_arns": [],
            "max_session_duration": 3600,
            "name": "whs-pipeline-from-IaC-codepipeline-role",
            "name_prefix": "",
            "path": "/",
            "permissions_boundary": "",
            "tags": {
              "Account_ID": "851077919242",
              "Environment": "dev",
              "Project_Name": "whs-pipeline-from-IaC",
              "Region": "ap-northeast-2"
            },
            "tags_all": {
              "Account_ID": "851077919242",
              "Environment": "dev",
              "Project_Name": "whs-pipeline-from-IaC",
              "Region": "ap-northeast-2"
            },
            "unique_id": "AROA4MKBSOIFDYIPNJHYE"
          },
          "sensitive_attributes": [],
          "private": "bnVsbA==",
          "dependencies": [
            "module.deploy_test.data.aws_caller_identity.current",
            "module.deploy_test.data.aws_region.current"
          ]
        }
      ]
    },
    {
      "module": "module.deploy_test.module.codepipeline_iam_role",
      "mode": "managed",
      "type": "aws_iam_role_policy_attachment",
      "name": "admin_attachment",
      "provider": "module.deploy_test.provider[\"registry.terraform.io/hashicorp/aws\"]",
      "instances": [
        {
          "schema_version": 0,
          "attributes": {
            "id": "whs-pipeline-from-IaC-codepipeline-role-20240106041339996800000006",
            "policy_arn": "arn:aws:iam::aws:policy/AdministratorAccess",
            "role": "whs-pipeline-from-IaC-codepipeline-role"
          },
          "sensitive_attributes": [],
          "private": "bnVsbA==",
          "dependencies": [
            "module.deploy_test.data.aws_caller_identity.current",
            "module.deploy_test.data.aws_region.current",
            "module.deploy_test.module.codepipeline_iam_role.aws_iam_role.codepipeline_role"
          ]
        }
      ]
    },
    {
      "module": "module.deploy_test.module.codepipeline_iam_role",
      "mode": "managed",
      "type": "aws_iam_role_policy_attachment",
      "name": "codedeploy_ec2_instance_attachment",
      "provider": "module.deploy_test.provider[\"registry.terraform.io/hashicorp/aws\"]",
      "instances": [
        {
          "schema_version": 0,
          "attributes": {
            "id": "whs-pipeline-from-IaC-codepipeline-role-20240106041339729500000005",
            "policy_arn": "arn:aws:iam::aws:policy/service-role/AmazonEC2RoleforAWSCodeDeploy",
            "role": "whs-pipeline-from-IaC-codepipeline-role"
          },
          "sensitive_attributes": [],
          "private": "bnVsbA==",
          "dependencies": [
            "module.deploy_test.data.aws_caller_identity.current",
            "module.deploy_test.data.aws_region.current",
            "module.deploy_test.module.codepipeline_iam_role.aws_iam_role.codepipeline_role"
          ]
        }
      ]
    },
    {
      "module": "module.deploy_test.module.codepipeline_iam_role",
      "mode": "managed",
      "type": "aws_iam_role_policy_attachment",
      "name": "codedeploy_full_access_attachment",
      "provider": "module.deploy_test.provider[\"registry.terraform.io/hashicorp/aws\"]",
      "instances": [
        {
          "schema_version": 0,
          "attributes": {
            "id": "whs-pipeline-from-IaC-codepipeline-role-20240106041340043500000007",
            "policy_arn": "arn:aws:iam::aws:policy/AWSCodeDeployFullAccess",
            "role": "whs-pipeline-from-IaC-codepipeline-role"
          },
          "sensitive_attributes": [],
          "private": "bnVsbA==",
          "dependencies": [
            "module.deploy_test.data.aws_caller_identity.current",
            "module.deploy_test.data.aws_region.current",
            "module.deploy_test.module.codepipeline_iam_role.aws_iam_role.codepipeline_role"
          ]
        }
      ]
    },
    {
      "module": "module.deploy_test.module.codepipeline_iam_role",
      "mode": "managed",
      "type": "aws_iam_role_policy_attachment",
      "name": "codedeploy_role_attachment",
      "provider": "module.deploy_test.provider[\"registry.terraform.io/hashicorp/aws\"]",
      "instances": [
        {
          "schema_version": 0,
          "attributes": {
            "id": "whs-pipeline-from-IaC-codepipeline-role-20240106041339729100000004",
            "policy_arn": "arn:aws:iam::aws:policy/service-role/AWSCodeDeployRole",
            "role": "whs-pipeline-from-IaC-codepipeline-role"
          },
          "sensitive_attributes": [],
          "private": "bnVsbA==",
          "dependencies": [
            "module.deploy_test.data.aws_caller_identity.current",
            "module.deploy_test.data.aws_region.current",
            "module.deploy_test.module.codepipeline_iam_role.aws_iam_role.codepipeline_role"
          ]
        }
      ]
    },
    {
      "module": "module.deploy_test.module.codepipeline_kms",
      "mode": "data",
      "type": "aws_caller_identity",
      "name": "current",
      "provider": "module.deploy_test.provider[\"registry.terraform.io/hashicorp/aws\"]",
      "instances": [
        {
          "schema_version": 0,
          "attributes": {
            "account_id": "851077919242",
            "arn": "arn:aws:iam::851077919242:user/whs-lina",
            "id": "851077919242",
            "user_id": "AIDA4MKBSOIFPQOPPX3HI"
          },
          "sensitive_attributes": []
        }
      ]
    },
    {
      "module": "module.deploy_test.module.codepipeline_kms",
      "mode": "data",
      "type": "aws_iam_policy_document",
      "name": "kms_key_policy_doc",
      "provider": "module.deploy_test.provider[\"registry.terraform.io/hashicorp/aws\"]",
      "instances": [
        {
          "schema_version": 0,
          "attributes": {
            "id": "235097417",
            "json": "{\n  \"Version\": \"2012-10-17\",\n  \"Statement\": [\n    {\n      \"Sid\": \"Enable IAM User Permissions\",\n      \"Effect\": \"Allow\",\n      \"Action\": \"kms:*\",\n      \"Resource\": \"*\",\n      \"Principal\": {\n        \"AWS\": \"arn:aws:iam::851077919242:root\"\n      }\n    },\n    {\n      \"Sid\": \"Allow access for Key Administrators\",\n      \"Effect\": \"Allow\",\n      \"Action\": \"kms:*\",\n      \"Resource\": \"*\",\n      \"Principal\": {\n        \"AWS\": \"arn:aws:iam::851077919242:role/whs-pipeline-from-IaC-codepipeline-role\"\n      }\n    },\n    {\n      \"Sid\": \"Allow use of the key\",\n      \"Effect\": \"Allow\",\n      \"Action\": [\n        \"kms:ReEncrypt*\",\n        \"kms:GenerateDataKey*\",\n        \"kms:Encrypt\",\n        \"kms:DescribeKey\",\n        \"kms:Decrypt\"\n      ],\n      \"Resource\": \"*\",\n      \"Principal\": {\n        \"AWS\": \"arn:aws:iam::851077919242:role/whs-pipeline-from-IaC-codepipeline-role\"\n      }\n    },\n    {\n      \"Sid\": \"Allow attachment of persistent resources\",\n      \"Effect\": \"Allow\",\n      \"Action\": [\n        \"kms:RevokeGrant\",\n        \"kms:ListGrants\",\n        \"kms:CreateGrant\"\n      ],\n      \"Resource\": \"*\",\n      \"Principal\": {\n        \"AWS\": \"arn:aws:iam::851077919242:role/whs-pipeline-from-IaC-codepipeline-role\"\n      },\n      \"Condition\": {\n        \"Bool\": {\n          \"kms:GrantIsForAWSResource\": \"true\"\n        }\n      }\n    },\n    {\n      \"Sid\": \"Allow decryption for EC2 instances\",\n      \"Effect\": \"Allow\",\n      \"Action\": \"kms:Decrypt\",\n      \"Resource\": \"*\",\n      \"Principal\": {\n        \"AWS\": \"arn:aws:iam::851077919242:role/whs_ec2_role_iac\"\n      }\n    }\n  ]\n}",
            "override_policy_documents": null,
            "policy_id": null,
            "source_policy_documents": null,
            "statement": [
              {
                "actions": [
                  "kms:*"
                ],
                "condition": [],
                "effect": "Allow",
                "not_actions": [],
                "not_principals": [],
                "not_resources": [],
                "principals": [
                  {
                    "identifiers": [
                      "arn:aws:iam::851077919242:root"
                    ],
                    "type": "AWS"
                  }
                ],
                "resources": [
                  "*"
                ],
                "sid": "Enable IAM User Permissions"
              },
              {
                "actions": [
                  "kms:*"
                ],
                "condition": [],
                "effect": "Allow",
                "not_actions": [],
                "not_principals": [],
                "not_resources": [],
                "principals": [
                  {
                    "identifiers": [
                      "arn:aws:iam::851077919242:role/whs-pipeline-from-IaC-codepipeline-role"
                    ],
                    "type": "AWS"
                  }
                ],
                "resources": [
                  "*"
                ],
                "sid": "Allow access for Key Administrators"
              },
              {
                "actions": [
                  "kms:Decrypt",
                  "kms:DescribeKey",
                  "kms:Encrypt",
                  "kms:GenerateDataKey*",
                  "kms:ReEncrypt*"
                ],
                "condition": [],
                "effect": "Allow",
                "not_actions": [],
                "not_principals": [],
                "not_resources": [],
                "principals": [
                  {
                    "identifiers": [
                      "arn:aws:iam::851077919242:role/whs-pipeline-from-IaC-codepipeline-role"
                    ],
                    "type": "AWS"
                  }
                ],
                "resources": [
                  "*"
                ],
                "sid": "Allow use of the key"
              },
              {
                "actions": [
                  "kms:CreateGrant",
                  "kms:ListGrants",
                  "kms:RevokeGrant"
                ],
                "condition": [
                  {
                    "test": "Bool",
                    "values": [
                      "true"
                    ],
                    "variable": "kms:GrantIsForAWSResource"
                  }
                ],
                "effect": "Allow",
                "not_actions": [],
                "not_principals": [],
                "not_resources": [],
                "principals": [
                  {
                    "identifiers": [
                      "arn:aws:iam::851077919242:role/whs-pipeline-from-IaC-codepipeline-role"
                    ],
                    "type": "AWS"
                  }
                ],
                "resources": [
                  "*"
                ],
                "sid": "Allow attachment of persistent resources"
              },
              {
                "actions": [
                  "kms:Decrypt"
                ],
                "condition": [],
                "effect": "Allow",
                "not_actions": [],
                "not_principals": [],
                "not_resources": [],
                "principals": [
                  {
                    "identifiers": [
                      "arn:aws:iam::851077919242:role/whs_ec2_role_iac"
                    ],
                    "type": "AWS"
                  }
                ],
                "resources": [
                  "*"
                ],
                "sid": "Allow decryption for EC2 instances"
              }
            ],
            "version": "2012-10-17"
          },
          "sensitive_attributes": []
        }
      ]
    },
    {
      "module": "module.deploy_test.module.codepipeline_kms",
      "mode": "data",
      "type": "aws_region",
      "name": "current",
      "provider": "module.deploy_test.provider[\"registry.terraform.io/hashicorp/aws\"]",
      "instances": [
        {
          "schema_version": 0,
          "attributes": {
            "description": "Asia Pacific (Seoul)",
            "endpoint": "ec2.ap-northeast-2.amazonaws.com",
            "id": "ap-northeast-2",
            "name": "ap-northeast-2"
          },
          "sensitive_attributes": []
        }
      ]
    },
    {
      "module": "module.deploy_test.module.codepipeline_kms",
      "mode": "managed",
      "type": "aws_kms_key",
      "name": "encryption_key",
      "provider": "module.deploy_test.provider[\"registry.terraform.io/hashicorp/aws\"]",
      "instances": [
        {
          "schema_version": 0,
          "attributes": {
            "arn": "arn:aws:kms:ap-northeast-2:851077919242:key/9420f589-7979-4fa4-87d9-76f7274a4570",
            "bypass_policy_lockout_safety_check": false,
            "custom_key_store_id": "",
            "customer_master_key_spec": "SYMMETRIC_DEFAULT",
            "deletion_window_in_days": 10,
            "description": "This key is used to encrypt bucket objects",
            "enable_key_rotation": true,
            "id": "9420f589-7979-4fa4-87d9-76f7274a4570",
            "is_enabled": true,
            "key_id": "9420f589-7979-4fa4-87d9-76f7274a4570",
            "key_usage": "ENCRYPT_DECRYPT",
            "multi_region": false,
            "policy": "{\"Statement\":[{\"Action\":\"kms:*\",\"Effect\":\"Allow\",\"Principal\":{\"AWS\":\"arn:aws:iam::851077919242:root\"},\"Resource\":\"*\",\"Sid\":\"Enable IAM User Permissions\"},{\"Action\":\"kms:*\",\"Effect\":\"Allow\",\"Principal\":{\"AWS\":\"arn:aws:iam::851077919242:role/whs-pipeline-from-IaC-codepipeline-role\"},\"Resource\":\"*\",\"Sid\":\"Allow access for Key Administrators\"},{\"Action\":[\"kms:ReEncrypt*\",\"kms:GenerateDataKey*\",\"kms:Encrypt\",\"kms:DescribeKey\",\"kms:Decrypt\"],\"Effect\":\"Allow\",\"Principal\":{\"AWS\":\"arn:aws:iam::851077919242:role/whs-pipeline-from-IaC-codepipeline-role\"},\"Resource\":\"*\",\"Sid\":\"Allow use of the key\"},{\"Action\":[\"kms:RevokeGrant\",\"kms:ListGrants\",\"kms:CreateGrant\"],\"Condition\":{\"Bool\":{\"kms:GrantIsForAWSResource\":\"true\"}},\"Effect\":\"Allow\",\"Principal\":{\"AWS\":\"arn:aws:iam::851077919242:role/whs-pipeline-from-IaC-codepipeline-role\"},\"Resource\":\"*\",\"Sid\":\"Allow attachment of persistent resources\"},{\"Action\":\"kms:Decrypt\",\"Effect\":\"Allow\",\"Principal\":{\"AWS\":\"arn:aws:iam::851077919242:role/whs_ec2_role_iac\"},\"Resource\":\"*\",\"Sid\":\"Allow decryption for EC2 instances\"}],\"Version\":\"2012-10-17\"}",
            "tags": {
              "Account_ID": "851077919242",
              "Environment": "dev",
              "Project_Name": "whs-pipeline-from-IaC",
              "Region": "ap-northeast-2"
            },
            "tags_all": {
              "Account_ID": "851077919242",
              "Environment": "dev",
              "Project_Name": "whs-pipeline-from-IaC",
              "Region": "ap-northeast-2"
            },
            "timeouts": null
          },
          "sensitive_attributes": [],
          "private": "eyJlMmJmYjczMC1lY2FhLTExZTYtOGY4OC0zNDM2M2JjN2M0YzAiOnsiY3JlYXRlIjoxMjAwMDAwMDAwMDB9fQ==",
          "dependencies": [
            "module.deploy_test.aws_iam_instance_profile.whs_ec2_role_iac",
            "module.deploy_test.aws_iam_role.whs_ec2_role_iac",
            "module.deploy_test.data.aws_caller_identity.current",
            "module.deploy_test.data.aws_region.current",
            "module.deploy_test.module.codepipeline_iam_role.aws_iam_role.codepipeline_role",
            "module.deploy_test.module.codepipeline_iam_role.data.aws_iam_role.existing_codepipeline_role",
            "module.deploy_test.module.codepipeline_kms.data.aws_caller_identity.current",
            "module.deploy_test.module.codepipeline_kms.data.aws_iam_policy_document.kms_key_policy_doc"
          ]
        }
      ]
    },
    {
      "module": "module.deploy_test.module.codepipeline_terraform",
      "mode": "managed",
      "type": "aws_codepipeline",
      "name": "terraform_pipeline",
      "provider": "module.deploy_test.provider[\"registry.terraform.io/hashicorp/aws\"]",
      "instances": [
        {
          "schema_version": 0,
          "attributes": {
            "arn": "arn:aws:codepipeline:ap-northeast-2:851077919242:whs-pipeline-from-IaC-pipeline",
            "artifact_store": [
              {
                "encryption_key": [
                  {
                    "id": "arn:aws:kms:ap-northeast-2:851077919242:key/9420f589-7979-4fa4-87d9-76f7274a4570",
                    "type": "KMS"
                  }
                ],
                "location": "whs-pipeline-from-iac20240106041333791600000001",
                "region": "",
                "type": "S3"
              }
            ],
            "id": "whs-pipeline-from-IaC-pipeline",
            "name": "whs-pipeline-from-IaC-pipeline",
            "role_arn": "arn:aws:iam::851077919242:role/whs-pipeline-from-IaC-codepipeline-role",
            "stage": [
              {
                "action": [
                  {
                    "category": "Source",
                    "configuration": {
                      "BranchName": "master",
                      "PollForSourceChanges": "true",
                      "RepositoryName": "whs-repo-from-IaC"
                    },
                    "input_artifacts": null,
                    "name": "Download-Source",
                    "namespace": "SourceVariables",
                    "output_artifacts": [
                      "SourceOutput"
                    ],
                    "owner": "AWS",
                    "provider": "CodeCommit",
                    "region": "",
                    "role_arn": "",
                    "run_order": 1,
                    "version": "1"
                  }
                ],
                "name": "Source"
              },
              {
                "action": [
                  {
                    "category": "Build",
                    "configuration": {
                      "ProjectName": "whs-pipeline-from-IaC-build"
                    },
                    "input_artifacts": [
                      "SourceOutput"
                    ],
                    "name": "Action-build",
                    "namespace": "",
                    "output_artifacts": [
                      "BuildOutput"
                    ],
                    "owner": "AWS",
                    "provider": "CodeBuild",
                    "region": "",
                    "role_arn": "",
                    "run_order": 2,
                    "version": "1"
                  }
                ],
                "name": "Stage-build"
              },
              {
                "action": [
                  {
                    "category": "Test",
                    "configuration": {
                      "ProjectName": "whs-pipeline-from-IaC-sca"
                    },
                    "input_artifacts": [
                      "BuildOutput"
                    ],
                    "name": "Action-sca",
                    "namespace": "",
                    "output_artifacts": [
                      "ScaOutput"
                    ],
                    "owner": "AWS",
                    "provider": "CodeBuild",
                    "region": "",
                    "role_arn": "",
                    "run_order": 3,
                    "version": "1"
                  }
                ],
                "name": "Stage-sca"
              },
              {
                "action": [
                  {
                    "category": "Test",
                    "configuration": {
                      "ProjectName": "whs-pipeline-from-IaC-sast"
                    },
                    "input_artifacts": [
                      "BuildOutput"
                    ],
                    "name": "Action-sast",
                    "namespace": "",
                    "output_artifacts": [
                      "SastOutput"
                    ],
                    "owner": "AWS",
                    "provider": "CodeBuild",
                    "region": "",
                    "role_arn": "",
                    "run_order": 4,
                    "version": "1"
                  }
                ],
                "name": "Stage-sast"
              },
              {
                "action": [
                  {
                    "category": "Test",
                    "configuration": {
                      "ProjectName": "whs-pipeline-from-IaC-dast"
                    },
                    "input_artifacts": [
                      "BuildOutput"
                    ],
                    "name": "Action-dast",
                    "namespace": "",
                    "output_artifacts": [
                      "DastOutput"
                    ],
                    "owner": "AWS",
                    "provider": "CodeBuild",
                    "region": "",
                    "role_arn": "",
                    "run_order": 5,
                    "version": "1"
                  }
                ],
                "name": "Stage-dast"
              },
              {
                "action": [
                  {
                    "category": "Deploy",
                    "configuration": {
                      "ApplicationName": "webGoat",
                      "DeploymentGroupName": "webGoat"
                    },
                    "input_artifacts": [
                      "BuildOutput"
                    ],
                    "name": "DeployAction",
                    "namespace": "",
                    "output_artifacts": null,
                    "owner": "AWS",
                    "provider": "CodeDeploy",
                    "region": "",
                    "role_arn": "",
                    "run_order": 1,
                    "version": "1"
                  }
                ],
                "name": "Deploy"
              }
            ],
            "tags": {
              "Account_ID": "851077919242",
              "Environment": "dev",
              "Project_Name": "whs-pipeline-from-IaC",
              "Region": "ap-northeast-2"
            },
            "tags_all": {
              "Account_ID": "851077919242",
              "Environment": "dev",
              "Project_Name": "whs-pipeline-from-IaC",
              "Region": "ap-northeast-2"
            }
          },
          "sensitive_attributes": [],
          "private": "bnVsbA==",
          "dependencies": [
            "module.deploy_test.aws_iam_instance_profile.whs_ec2_role_iac",
            "module.deploy_test.aws_iam_role.whs_ec2_role_iac",
            "module.deploy_test.data.aws_caller_identity.current",
            "module.deploy_test.data.aws_region.current",
            "module.deploy_test.module.codebuild_terraform.aws_codebuild_project.terraform_codebuild_project",
            "module.deploy_test.module.codecommit_infrastructure_source_repo.aws_codecommit_approval_rule_template.source_repository_approval",
            "module.deploy_test.module.codecommit_infrastructure_source_repo.aws_codecommit_approval_rule_template_association.source_repository_approval_association",
            "module.deploy_test.module.codecommit_infrastructure_source_repo.aws_codecommit_repository.source_repository",
            "module.deploy_test.module.codecommit_infrastructure_source_repo.data.aws_codecommit_repository.existing_repository",
            "module.deploy_test.module.codepipeline_iam_role.aws_iam_role.codepipeline_role",
            "module.deploy_test.module.codepipeline_iam_role.data.aws_iam_role.existing_codepipeline_role",
            "module.deploy_test.module.codepipeline_kms.aws_kms_key.encryption_key",
            "module.deploy_test.module.codepipeline_kms.data.aws_caller_identity.current",
            "module.deploy_test.module.codepipeline_kms.data.aws_iam_policy_document.kms_key_policy_doc",
            "module.deploy_test.module.s3_artifacts_bucket.aws_iam_policy.replication_s3_policy",
            "module.deploy_test.module.s3_artifacts_bucket.aws_iam_role.replication_s3_role",
            "module.deploy_test.module.s3_artifacts_bucket.aws_iam_role_policy_attachment.replication_s3_role_attach",
            "module.deploy_test.module.s3_artifacts_bucket.aws_s3_bucket.codepipeline_bucket",
            "module.deploy_test.module.s3_artifacts_bucket.aws_s3_bucket.replication_bucket",
            "module.deploy_test.module.s3_artifacts_bucket.aws_s3_bucket_acl.codepipeline_bucket_acl",
            "module.deploy_test.module.s3_artifacts_bucket.aws_s3_bucket_acl.replication_bucket_acl",
            "module.deploy_test.module.s3_artifacts_bucket.aws_s3_bucket_logging.codepipeline_bucket_logging",
            "module.deploy_test.module.s3_artifacts_bucket.aws_s3_bucket_logging.replication_bucket_logging",
            "module.deploy_test.module.s3_artifacts_bucket.aws_s3_bucket_ownership_controls.codepipeline_bucket_acl_ownership",
            "module.deploy_test.module.s3_artifacts_bucket.aws_s3_bucket_ownership_controls.replication_bucket_acl_ownership",
            "module.deploy_test.module.s3_artifacts_bucket.aws_s3_bucket_policy.bucket_policy_codepipeline_bucket",
            "module.deploy_test.module.s3_artifacts_bucket.aws_s3_bucket_policy.bucket_policy_replication_bucket",
            "module.deploy_test.module.s3_artifacts_bucket.aws_s3_bucket_public_access_block.codepipeline_bucket_access",
            "module.deploy_test.module.s3_artifacts_bucket.aws_s3_bucket_public_access_block.replication_bucket_access",
            "module.deploy_test.module.s3_artifacts_bucket.aws_s3_bucket_replication_configuration.replication_config",
            "module.deploy_test.module.s3_artifacts_bucket.aws_s3_bucket_server_side_encryption_configuration.codepipeline_bucket_encryption",
            "module.deploy_test.module.s3_artifacts_bucket.aws_s3_bucket_server_side_encryption_configuration.replication_bucket_encryption",
            "module.deploy_test.module.s3_artifacts_bucket.aws_s3_bucket_versioning.codepipeline_bucket_versioning",
            "module.deploy_test.module.s3_artifacts_bucket.aws_s3_bucket_versioning.replication_bucket_versioning",
            "module.deploy_test.module.s3_artifacts_bucket.data.aws_iam_policy_document.bucket_policy_doc_codepipeline_bucket",
            "module.deploy_test.module.s3_artifacts_bucket.data.aws_iam_policy_document.bucket_policy_doc_replication_bucket",
            "module.deploy_test.module.sonarQube.aws_lb.sonarqube_lb",
            "module.deploy_test.module.sonarQube.aws_security_group.sonarqube_lb",
            "module.deploy_test.module.sonarQube.aws_subnet.sonarqube_public_subnet_2a",
            "module.deploy_test.module.sonarQube.aws_subnet.sonarqube_public_subnet_2b",
            "module.deploy_test.module.sonarQube.aws_subnet.sonarqube_public_subnet_2c",
            "module.deploy_test.module.sonarQube.aws_vpc.sonarqube_vpc"
          ]
        }
      ]
    },
    {
      "module": "module.deploy_test.module.lambda_function_existing_package_local",
      "mode": "data",
      "type": "aws_arn",
      "name": "log_group_arn",
      "provider": "module.deploy_test.provider[\"registry.terraform.io/hashicorp/aws\"]",
      "instances": []
    },
    {
      "module": "module.deploy_test.module.lambda_function_existing_package_local",
      "mode": "data",
      "type": "aws_caller_identity",
      "name": "current",
      "provider": "module.deploy_test.provider[\"registry.terraform.io/hashicorp/aws\"]",
      "instances": [
        {
          "schema_version": 0,
          "attributes": {
            "account_id": "851077919242",
            "arn": "arn:aws:iam::851077919242:user/whs-lina",
            "id": "851077919242",
            "user_id": "AIDA4MKBSOIFPQOPPX3HI"
          },
          "sensitive_attributes": []
        }
      ]
    },
    {
      "module": "module.deploy_test.module.lambda_function_existing_package_local",
      "mode": "data",
      "type": "aws_cloudwatch_log_group",
      "name": "lambda",
      "provider": "module.deploy_test.provider[\"registry.terraform.io/hashicorp/aws\"]",
      "instances": []
    },
    {
      "module": "module.deploy_test.module.lambda_function_existing_package_local",
      "mode": "data",
      "type": "aws_iam_policy",
      "name": "tracing",
      "provider": "module.deploy_test.provider[\"registry.terraform.io/hashicorp/aws\"]",
      "instances": []
    },
    {
      "module": "module.deploy_test.module.lambda_function_existing_package_local",
      "mode": "data",
      "type": "aws_iam_policy",
      "name": "vpc",
      "provider": "module.deploy_test.provider[\"registry.terraform.io/hashicorp/aws\"]",
      "instances": []
    },
    {
      "module": "module.deploy_test.module.lambda_function_existing_package_local",
      "mode": "data",
      "type": "aws_iam_policy_document",
      "name": "additional_inline",
      "provider": "module.deploy_test.provider[\"registry.terraform.io/hashicorp/aws\"]",
      "instances": []
    },
    {
      "module": "module.deploy_test.module.lambda_function_existing_package_local",
      "mode": "data",
      "type": "aws_iam_policy_document",
      "name": "assume_role",
      "provider": "module.deploy_test.provider[\"registry.terraform.io/hashicorp/aws\"]",
      "instances": [
        {
          "index_key": 0,
          "schema_version": 0,
          "attributes": {
            "id": "2690255455",
            "json": "{\n  \"Version\": \"2012-10-17\",\n  \"Statement\": [\n    {\n      \"Effect\": \"Allow\",\n      \"Action\": \"sts:AssumeRole\",\n      \"Principal\": {\n        \"Service\": \"lambda.amazonaws.com\"\n      }\n    }\n  ]\n}",
            "override_policy_documents": null,
            "policy_id": null,
            "source_policy_documents": null,
            "statement": [
              {
                "actions": [
                  "sts:AssumeRole"
                ],
                "condition": [],
                "effect": "Allow",
                "not_actions": [],
                "not_principals": [],
                "not_resources": [],
                "principals": [
                  {
                    "identifiers": [
                      "lambda.amazonaws.com"
                    ],
                    "type": "Service"
                  }
                ],
                "resources": [],
                "sid": ""
              }
            ],
            "version": "2012-10-17"
          },
          "sensitive_attributes": []
        }
      ]
    },
    {
      "module": "module.deploy_test.module.lambda_function_existing_package_local",
      "mode": "data",
      "type": "aws_iam_policy_document",
      "name": "async",
      "provider": "module.deploy_test.provider[\"registry.terraform.io/hashicorp/aws\"]",
      "instances": []
    },
    {
      "module": "module.deploy_test.module.lambda_function_existing_package_local",
      "mode": "data",
      "type": "aws_iam_policy_document",
      "name": "dead_letter",
      "provider": "module.deploy_test.provider[\"registry.terraform.io/hashicorp/aws\"]",
      "instances": []
    },
    {
      "module": "module.deploy_test.module.lambda_function_existing_package_local",
      "mode": "data",
      "type": "aws_iam_policy_document",
      "name": "logs",
      "provider": "module.deploy_test.provider[\"registry.terraform.io/hashicorp/aws\"]",
      "instances": [
        {
          "index_key": 0,
          "schema_version": 0,
          "attributes": {
            "id": "3301254713",
            "json": "{\n  \"Version\": \"2012-10-17\",\n  \"Statement\": [\n    {\n      \"Effect\": \"Allow\",\n      \"Action\": [\n        \"logs:PutLogEvents\",\n        \"logs:CreateLogStream\",\n        \"logs:CreateLogGroup\"\n      ],\n      \"Resource\": [\n        \"arn:aws:logs:ap-northeast-2:851077919242:log-group:/aws/lambda/ImportVulToSecurityHub_test:*:*\",\n        \"arn:aws:logs:ap-northeast-2:851077919242:log-group:/aws/lambda/ImportVulToSecurityHub_test:*\"\n      ]\n    }\n  ]\n}",
            "override_policy_documents": null,
            "policy_id": null,
            "source_policy_documents": null,
            "statement": [
              {
                "actions": [
                  "logs:CreateLogGroup",
                  "logs:CreateLogStream",
                  "logs:PutLogEvents"
                ],
                "condition": [],
                "effect": "Allow",
                "not_actions": [],
                "not_principals": [],
                "not_resources": [],
                "principals": [],
                "resources": [
                  "arn:aws:logs:ap-northeast-2:851077919242:log-group:/aws/lambda/ImportVulToSecurityHub_test:*",
                  "arn:aws:logs:ap-northeast-2:851077919242:log-group:/aws/lambda/ImportVulToSecurityHub_test:*:*"
                ],
                "sid": ""
              }
            ],
            "version": "2012-10-17"
          },
          "sensitive_attributes": []
        }
      ]
    },
    {
      "module": "module.deploy_test.module.lambda_function_existing_package_local",
      "mode": "data",
      "type": "aws_partition",
      "name": "current",
      "provider": "module.deploy_test.provider[\"registry.terraform.io/hashicorp/aws\"]",
      "instances": [
        {
          "schema_version": 0,
          "attributes": {
            "dns_suffix": "amazonaws.com",
            "id": "aws",
            "partition": "aws",
            "reverse_dns_prefix": "com.amazonaws"
          },
          "sensitive_attributes": []
        }
      ]
    },
    {
      "module": "module.deploy_test.module.lambda_function_existing_package_local",
      "mode": "data",
      "type": "aws_region",
      "name": "current",
      "provider": "module.deploy_test.provider[\"registry.terraform.io/hashicorp/aws\"]",
      "instances": [
        {
          "schema_version": 0,
          "attributes": {
            "description": "Asia Pacific (Seoul)",
            "endpoint": "ec2.ap-northeast-2.amazonaws.com",
            "id": "ap-northeast-2",
            "name": "ap-northeast-2"
          },
          "sensitive_attributes": []
        }
      ]
    },
    {
      "module": "module.deploy_test.module.lambda_function_existing_package_local",
      "mode": "data",
      "type": "external",
      "name": "archive_prepare",
      "provider": "provider[\"registry.terraform.io/hashicorp/external\"]",
      "instances": []
    },
    {
      "module": "module.deploy_test.module.lambda_function_existing_package_local",
      "mode": "managed",
      "type": "aws_cloudwatch_log_group",
      "name": "lambda",
      "provider": "module.deploy_test.provider[\"registry.terraform.io/hashicorp/aws\"]",
      "instances": [
        {
          "index_key": 0,
          "schema_version": 0,
          "attributes": {
            "arn": "arn:aws:logs:ap-northeast-2:851077919242:log-group:/aws/lambda/ImportVulToSecurityHub_test",
            "id": "/aws/lambda/ImportVulToSecurityHub_test",
            "kms_key_id": "",
            "log_group_class": "STANDARD",
            "name": "/aws/lambda/ImportVulToSecurityHub_test",
            "name_prefix": "",
            "retention_in_days": 0,
            "skip_destroy": false,
            "tags": null,
            "tags_all": {}
          },
          "sensitive_attributes": [],
          "private": "bnVsbA=="
        }
      ]
    },
    {
      "module": "module.deploy_test.module.lambda_function_existing_package_local",
      "mode": "managed",
      "type": "aws_iam_policy",
      "name": "additional_inline",
      "provider": "module.deploy_test.provider[\"registry.terraform.io/hashicorp/aws\"]",
      "instances": []
    },
    {
      "module": "module.deploy_test.module.lambda_function_existing_package_local",
      "mode": "managed",
      "type": "aws_iam_policy",
      "name": "additional_json",
      "provider": "module.deploy_test.provider[\"registry.terraform.io/hashicorp/aws\"]",
      "instances": []
    },
    {
      "module": "module.deploy_test.module.lambda_function_existing_package_local",
      "mode": "managed",
      "type": "aws_iam_policy",
      "name": "additional_jsons",
      "provider": "module.deploy_test.provider[\"registry.terraform.io/hashicorp/aws\"]",
      "instances": []
    },
    {
      "module": "module.deploy_test.module.lambda_function_existing_package_local",
      "mode": "managed",
      "type": "aws_iam_policy",
      "name": "async",
      "provider": "module.deploy_test.provider[\"registry.terraform.io/hashicorp/aws\"]",
      "instances": []
    },
    {
      "module": "module.deploy_test.module.lambda_function_existing_package_local",
      "mode": "managed",
      "type": "aws_iam_policy",
      "name": "dead_letter",
      "provider": "module.deploy_test.provider[\"registry.terraform.io/hashicorp/aws\"]",
      "instances": []
    },
    {
      "module": "module.deploy_test.module.lambda_function_existing_package_local",
      "mode": "managed",
      "type": "aws_iam_policy",
      "name": "logs",
      "provider": "module.deploy_test.provider[\"registry.terraform.io/hashicorp/aws\"]",
      "instances": [
        {
          "index_key": 0,
          "schema_version": 0,
          "attributes": {
            "arn": "arn:aws:iam::851077919242:policy/ImportVulToSecurityHub_test-logs",
            "description": "",
            "id": "arn:aws:iam::851077919242:policy/ImportVulToSecurityHub_test-logs",
            "name": "ImportVulToSecurityHub_test-logs",
            "name_prefix": "",
            "path": "/",
            "policy": "{\"Statement\":[{\"Action\":[\"logs:PutLogEvents\",\"logs:CreateLogStream\",\"logs:CreateLogGroup\"],\"Effect\":\"Allow\",\"Resource\":[\"arn:aws:logs:ap-northeast-2:851077919242:log-group:/aws/lambda/ImportVulToSecurityHub_test:*:*\",\"arn:aws:logs:ap-northeast-2:851077919242:log-group:/aws/lambda/ImportVulToSecurityHub_test:*\"]}],\"Version\":\"2012-10-17\"}",
            "policy_id": "ANPA4MKBSOIFEYXZWZOC6",
            "tags": null,
            "tags_all": {}
          },
          "sensitive_attributes": [],
          "private": "bnVsbA==",
          "dependencies": [
            "module.deploy_test.module.lambda_function_existing_package_local.aws_cloudwatch_log_group.lambda",
            "module.deploy_test.module.lambda_function_existing_package_local.data.aws_arn.log_group_arn",
            "module.deploy_test.module.lambda_function_existing_package_local.data.aws_cloudwatch_log_group.lambda",
            "module.deploy_test.module.lambda_function_existing_package_local.data.aws_iam_policy_document.logs"
          ]
        }
      ]
    },
    {
      "module": "module.deploy_test.module.lambda_function_existing_package_local",
      "mode": "managed",
      "type": "aws_iam_policy",
      "name": "tracing",
      "provider": "module.deploy_test.provider[\"registry.terraform.io/hashicorp/aws\"]",
      "instances": []
    },
    {
      "module": "module.deploy_test.module.lambda_function_existing_package_local",
      "mode": "managed",
      "type": "aws_iam_policy",
      "name": "vpc",
      "provider": "module.deploy_test.provider[\"registry.terraform.io/hashicorp/aws\"]",
      "instances": []
    },
    {
      "module": "module.deploy_test.module.lambda_function_existing_package_local",
      "mode": "managed",
      "type": "aws_iam_role",
      "name": "lambda",
      "provider": "module.deploy_test.provider[\"registry.terraform.io/hashicorp/aws\"]",
      "instances": [
        {
          "index_key": 0,
          "schema_version": 0,
          "attributes": {
            "arn": "arn:aws:iam::851077919242:role/ImportVulToSecurityHub_test",
            "assume_role_policy": "{\"Statement\":[{\"Action\":\"sts:AssumeRole\",\"Effect\":\"Allow\",\"Principal\":{\"Service\":\"lambda.amazonaws.com\"}}],\"Version\":\"2012-10-17\"}",
            "create_date": "2024-01-06T04:13:29Z",
            "description": "",
            "force_detach_policies": true,
            "id": "ImportVulToSecurityHub_test",
            "inline_policy": [],
            "managed_policy_arns": [],
            "max_session_duration": 3600,
            "name": "ImportVulToSecurityHub_test",
            "name_prefix": "",
            "path": "/",
            "permissions_boundary": "",
            "tags": null,
            "tags_all": {},
            "unique_id": "AROA4MKBSOIFAURSVGYCF"
          },
          "sensitive_attributes": [],
          "private": "bnVsbA==",
          "dependencies": [
            "module.deploy_test.module.lambda_function_existing_package_local.data.aws_iam_policy_document.assume_role"
          ]
        }
      ]
    },
    {
      "module": "module.deploy_test.module.lambda_function_existing_package_local",
      "mode": "managed",
      "type": "aws_iam_role_policy_attachment",
      "name": "additional_inline",
      "provider": "module.deploy_test.provider[\"registry.terraform.io/hashicorp/aws\"]",
      "instances": []
    },
    {
      "module": "module.deploy_test.module.lambda_function_existing_package_local",
      "mode": "managed",
      "type": "aws_iam_role_policy_attachment",
      "name": "additional_json",
      "provider": "module.deploy_test.provider[\"registry.terraform.io/hashicorp/aws\"]",
      "instances": []
    },
    {
      "module": "module.deploy_test.module.lambda_function_existing_package_local",
      "mode": "managed",
      "type": "aws_iam_role_policy_attachment",
      "name": "additional_jsons",
      "provider": "module.deploy_test.provider[\"registry.terraform.io/hashicorp/aws\"]",
      "instances": []
    },
    {
      "module": "module.deploy_test.module.lambda_function_existing_package_local",
      "mode": "managed",
      "type": "aws_iam_role_policy_attachment",
      "name": "additional_many",
      "provider": "module.deploy_test.provider[\"registry.terraform.io/hashicorp/aws\"]",
      "instances": []
    },
    {
      "module": "module.deploy_test.module.lambda_function_existing_package_local",
      "mode": "managed",
      "type": "aws_iam_role_policy_attachment",
      "name": "additional_one",
      "provider": "module.deploy_test.provider[\"registry.terraform.io/hashicorp/aws\"]",
      "instances": []
    },
    {
      "module": "module.deploy_test.module.lambda_function_existing_package_local",
      "mode": "managed",
      "type": "aws_iam_role_policy_attachment",
      "name": "async",
      "provider": "module.deploy_test.provider[\"registry.terraform.io/hashicorp/aws\"]",
      "instances": []
    },
    {
      "module": "module.deploy_test.module.lambda_function_existing_package_local",
      "mode": "managed",
      "type": "aws_iam_role_policy_attachment",
      "name": "dead_letter",
      "provider": "module.deploy_test.provider[\"registry.terraform.io/hashicorp/aws\"]",
      "instances": []
    },
    {
      "module": "module.deploy_test.module.lambda_function_existing_package_local",
      "mode": "managed",
      "type": "aws_iam_role_policy_attachment",
      "name": "logs",
      "provider": "module.deploy_test.provider[\"registry.terraform.io/hashicorp/aws\"]",
      "instances": [
        {
          "index_key": 0,
          "schema_version": 0,
          "attributes": {
            "id": "ImportVulToSecurityHub_test-20240106041345903800000009",
            "policy_arn": "arn:aws:iam::851077919242:policy/ImportVulToSecurityHub_test-logs",
            "role": "ImportVulToSecurityHub_test"
          },
          "sensitive_attributes": [],
          "private": "bnVsbA==",
          "dependencies": [
            "module.deploy_test.module.lambda_function_existing_package_local.aws_cloudwatch_log_group.lambda",
            "module.deploy_test.module.lambda_function_existing_package_local.aws_iam_policy.logs",
            "module.deploy_test.module.lambda_function_existing_package_local.aws_iam_role.lambda",
            "module.deploy_test.module.lambda_function_existing_package_local.data.aws_arn.log_group_arn",
            "module.deploy_test.module.lambda_function_existing_package_local.data.aws_cloudwatch_log_group.lambda",
            "module.deploy_test.module.lambda_function_existing_package_local.data.aws_iam_policy_document.assume_role",
            "module.deploy_test.module.lambda_function_existing_package_local.data.aws_iam_policy_document.logs"
          ]
        }
      ]
    },
    {
      "module": "module.deploy_test.module.lambda_function_existing_package_local",
      "mode": "managed",
      "type": "aws_iam_role_policy_attachment",
      "name": "tracing",
      "provider": "module.deploy_test.provider[\"registry.terraform.io/hashicorp/aws\"]",
      "instances": []
    },
    {
      "module": "module.deploy_test.module.lambda_function_existing_package_local",
      "mode": "managed",
      "type": "aws_iam_role_policy_attachment",
      "name": "vpc",
      "provider": "module.deploy_test.provider[\"registry.terraform.io/hashicorp/aws\"]",
      "instances": []
    },
    {
      "module": "module.deploy_test.module.lambda_function_existing_package_local",
      "mode": "managed",
      "type": "aws_s3_object",
      "name": "lambda_package",
      "provider": "module.deploy_test.provider[\"registry.terraform.io/hashicorp/aws\"]",
      "instances": []
    },
    {
      "module": "module.deploy_test.module.lambda_function_existing_package_local",
      "mode": "managed",
      "type": "local_file",
      "name": "archive_plan",
      "provider": "provider[\"registry.terraform.io/hashicorp/local\"]",
      "instances": []
    },
    {
      "module": "module.deploy_test.module.lambda_function_existing_package_local",
      "mode": "managed",
      "type": "null_resource",
      "name": "archive",
      "provider": "provider[\"registry.terraform.io/hashicorp/null\"]",
      "instances": []
    },
    {
      "module": "module.deploy_test.module.owasp-zap",
      "mode": "data",
      "type": "aws_iam_policy",
      "name": "ec2_role_for_aws_code_deploy",
      "provider": "module.deploy_test.module.owasp-zap.provider[\"registry.terraform.io/hashicorp/aws\"]",
      "instances": [
        {
          "schema_version": 0,
          "attributes": {
            "arn": "arn:aws:iam::aws:policy/service-role/AmazonEC2RoleforAWSCodeDeploy",
            "description": "Provides EC2 access to S3 bucket to download revision. This role is needed by the CodeDeploy agent on EC2 instances.",
            "id": "arn:aws:iam::aws:policy/service-role/AmazonEC2RoleforAWSCodeDeploy",
            "name": "AmazonEC2RoleforAWSCodeDeploy",
            "path": "/service-role/",
            "path_prefix": null,
            "policy": "{\n  \"Version\": \"2012-10-17\",\n  \"Statement\": [\n    {\n      \"Action\": [\n        \"s3:GetObject\",\n        \"s3:GetObjectVersion\",\n        \"s3:ListBucket\"\n      ],\n      \"Effect\": \"Allow\",\n      \"Resource\": \"*\"\n    }\n  ]\n}",
            "policy_id": "ANPAIAZKXZ27TAJ4PVWGK",
            "tags": {}
          },
          "sensitive_attributes": []
        }
      ]
    },
    {
      "module": "module.deploy_test.module.owasp-zap",
      "mode": "data",
      "type": "aws_iam_policy",
      "name": "ec2_role_for_ssm",
      "provider": "module.deploy_test.module.owasp-zap.provider[\"registry.terraform.io/hashicorp/aws\"]",
      "instances": [
        {
          "schema_version": 0,
          "attributes": {
            "arn": "arn:aws:iam::aws:policy/service-role/AmazonEC2RoleforSSM",
            "description": "This policy will soon be deprecated. Please use AmazonSSMManagedInstanceCore policy to enable AWS Systems Manager service core functionality on EC2 instances. For more information see https://docs.aws.amazon.com/systems-manager/latest/userguide/setup-instance-profile.html",
            "id": "arn:aws:iam::aws:policy/service-role/AmazonEC2RoleforSSM",
            "name": "AmazonEC2RoleforSSM",
            "path": "/service-role/",
            "path_prefix": null,
            "policy": "{\n    \"Version\": \"2012-10-17\",\n    \"Statement\": [\n        {\n            \"Effect\": \"Allow\",\n            \"Action\": [\n                \"ssm:DescribeAssociation\",\n                \"ssm:GetDeployablePatchSnapshotForInstance\",\n                \"ssm:GetDocument\",\n                \"ssm:DescribeDocument\",\n                \"ssm:GetManifest\",\n                \"ssm:GetParameters\",\n                \"ssm:ListAssociations\",\n                \"ssm:ListInstanceAssociations\",\n                \"ssm:PutInventory\",\n                \"ssm:PutComplianceItems\",\n                \"ssm:PutConfigurePackageResult\",\n                \"ssm:UpdateAssociationStatus\",\n                \"ssm:UpdateInstanceAssociationStatus\",\n                \"ssm:UpdateInstanceInformation\"\n            ],\n            \"Resource\": \"*\"\n        },\n        {\n            \"Effect\": \"Allow\",\n            \"Action\": [\n                \"ssmmessages:CreateControlChannel\",\n                \"ssmmessages:CreateDataChannel\",\n                \"ssmmessages:OpenControlChannel\",\n                \"ssmmessages:OpenDataChannel\"         \n            ],\n            \"Resource\": \"*\"\n        },\n        {\n            \"Effect\": \"Allow\",\n            \"Action\": [\n                \"ec2messages:AcknowledgeMessage\",\n                \"ec2messages:DeleteMessage\",\n                \"ec2messages:FailMessage\",\n                \"ec2messages:GetEndpoint\",\n                \"ec2messages:GetMessages\",\n                \"ec2messages:SendReply\"\n            ],\n            \"Resource\": \"*\"\n        },\n        {\n            \"Effect\": \"Allow\",\n            \"Action\": [\n                \"cloudwatch:PutMetricData\"\n            ],\n            \"Resource\": \"*\"\n        },\n        {\n            \"Effect\": \"Allow\",\n            \"Action\": [\n                \"ec2:DescribeInstanceStatus\"\n            ],\n            \"Resource\": \"*\"\n        },\n        {\n            \"Effect\": \"Allow\",\n            \"Action\": [\n                \"ds:CreateComputer\",\n                \"ds:DescribeDirectories\"\n            ],\n            \"Resource\": \"*\"\n        },\n        {\n            \"Effect\": \"Allow\",\n            \"Action\": [\n                \"logs:CreateLogGroup\",\n                \"logs:CreateLogStream\",\n                \"logs:DescribeLogGroups\",\n                \"logs:DescribeLogStreams\",\n                \"logs:PutLogEvents\"\n            ],\n            \"Resource\": \"*\"\n        },\n        {\n            \"Effect\": \"Allow\",\n            \"Action\": [\n                \"s3:GetBucketLocation\",\n                \"s3:PutObject\",\n                \"s3:GetObject\",\n                \"s3:GetEncryptionConfiguration\",\n                \"s3:AbortMultipartUpload\",\n                \"s3:ListMultipartUploadParts\",\n                \"s3:ListBucket\",\n                \"s3:ListBucketMultipartUploads\"\n            ],\n            \"Resource\": \"*\"\n        }\n    ]\n}",
            "policy_id": "ANPAI6TL3SMY22S4KMMX6",
            "tags": {}
          },
          "sensitive_attributes": []
        }
      ]
    },
    {
      "module": "module.deploy_test.module.owasp-zap",
      "mode": "data",
      "type": "aws_iam_policy",
      "name": "s3_access_policy",
      "provider": "module.deploy_test.module.owasp-zap.provider[\"registry.terraform.io/hashicorp/aws\"]",
      "instances": [
        {
          "schema_version": 0,
          "attributes": {
            "arn": "arn:aws:iam::851077919242:policy/S3AccessPolicy",
            "description": "Allow S3 access for CodeBuild",
            "id": "arn:aws:iam::851077919242:policy/S3AccessPolicy",
            "name": "S3AccessPolicy",
            "path": "/",
            "path_prefix": null,
            "policy": "{\"Statement\":[{\"Action\":[\"s3:GetObject\",\"s3:GetObjectVersion\",\"s3:ListBucket\"],\"Effect\":\"Allow\",\"Resource\":[\"*\",\"arn:aws:s3:::codebuild-test-hbucket\",\"arn:aws:s3:::codebuild-test-hbucket/*\"],\"Sid\":\"Statement1\"}],\"Version\":\"2012-10-17\"}",
            "policy_id": "ANPA4MKBSOIFPR5PJLDOQ",
            "tags": {}
          },
          "sensitive_attributes": []
        }
      ]
    },
    {
      "module": "module.deploy_test.module.owasp-zap",
      "mode": "data",
      "type": "aws_iam_policy",
      "name": "ssm_full_access",
      "provider": "module.deploy_test.module.owasp-zap.provider[\"registry.terraform.io/hashicorp/aws\"]",
      "instances": [
        {
          "schema_version": 0,
          "attributes": {
            "arn": "arn:aws:iam::aws:policy/AmazonSSMFullAccess",
            "description": "Provides full access to Amazon SSM.",
            "id": "arn:aws:iam::aws:policy/AmazonSSMFullAccess",
            "name": "AmazonSSMFullAccess",
            "path": "/",
            "path_prefix": null,
            "policy": "{\n  \"Version\": \"2012-10-17\",\n  \"Statement\": [\n    {\n      \"Effect\": \"Allow\",\n      \"Action\": [\n        \"cloudwatch:PutMetricData\",\n        \"ds:CreateComputer\",\n        \"ds:DescribeDirectories\",\n        \"ec2:DescribeInstanceStatus\",\n        \"logs:*\",\n        \"ssm:*\",\n        \"ec2messages:*\"\n      ],\n      \"Resource\": \"*\"\n    },\n    {\n      \"Effect\": \"Allow\",\n      \"Action\": \"iam:CreateServiceLinkedRole\",\n      \"Resource\": \"arn:aws:iam::*:role/aws-service-role/ssm.amazonaws.com/AWSServiceRoleForAmazonSSM*\",\n      \"Condition\": {\n        \"StringLike\": {\n          \"iam:AWSServiceName\": \"ssm.amazonaws.com\"\n        }\n      }\n    },\n    {\n      \"Effect\": \"Allow\",\n      \"Action\": [\n        \"iam:DeleteServiceLinkedRole\",\n        \"iam:GetServiceLinkedRoleDeletionStatus\"\n      ],\n      \"Resource\": \"arn:aws:iam::*:role/aws-service-role/ssm.amazonaws.com/AWSServiceRoleForAmazonSSM*\"\n    },\n    {\n      \"Effect\": \"Allow\",\n      \"Action\": [\n         \"ssmmessages:CreateControlChannel\",\n         \"ssmmessages:CreateDataChannel\",\n         \"ssmmessages:OpenControlChannel\",\n         \"ssmmessages:OpenDataChannel\"\n      ],\n      \"Resource\": \"*\"\n    }\n  ]\n}",
            "policy_id": "ANPAJA7V6HI4ISQFMDYAG",
            "tags": {}
          },
          "sensitive_attributes": []
        }
      ]
    },
    {
      "module": "module.deploy_test.module.owasp-zap",
      "mode": "data",
      "type": "aws_iam_policy",
      "name": "ssm_managed_instance_core",
      "provider": "module.deploy_test.module.owasp-zap.provider[\"registry.terraform.io/hashicorp/aws\"]",
      "instances": [
        {
          "schema_version": 0,
          "attributes": {
            "arn": "arn:aws:iam::aws:policy/AmazonSSMManagedInstanceCore",
            "description": "The policy for Amazon EC2 Role to enable AWS Systems Manager service core functionality.",
            "id": "arn:aws:iam::aws:policy/AmazonSSMManagedInstanceCore",
            "name": "AmazonSSMManagedInstanceCore",
            "path": "/",
            "path_prefix": null,
            "policy": "{\n    \"Version\": \"2012-10-17\",\n    \"Statement\": [\n        {\n            \"Effect\": \"Allow\",\n            \"Action\": [\n                \"ssm:DescribeAssociation\",\n                \"ssm:GetDeployablePatchSnapshotForInstance\",\n                \"ssm:GetDocument\",\n                \"ssm:DescribeDocument\",\n                \"ssm:GetManifest\",\n                \"ssm:GetParameter\",\n                \"ssm:GetParameters\",\n                \"ssm:ListAssociations\",\n                \"ssm:ListInstanceAssociations\",\n                \"ssm:PutInventory\",\n                \"ssm:PutComplianceItems\",\n                \"ssm:PutConfigurePackageResult\",\n                \"ssm:UpdateAssociationStatus\",\n                \"ssm:UpdateInstanceAssociationStatus\",\n                \"ssm:UpdateInstanceInformation\"\n            ],\n            \"Resource\": \"*\"\n        },\n        {\n            \"Effect\": \"Allow\",\n            \"Action\": [\n                \"ssmmessages:CreateControlChannel\",\n                \"ssmmessages:CreateDataChannel\",\n                \"ssmmessages:OpenControlChannel\",\n                \"ssmmessages:OpenDataChannel\"\n            ],\n            \"Resource\": \"*\"\n        },\n        {\n            \"Effect\": \"Allow\",\n            \"Action\": [\n                \"ec2messages:AcknowledgeMessage\",\n                \"ec2messages:DeleteMessage\",\n                \"ec2messages:FailMessage\",\n                \"ec2messages:GetEndpoint\",\n                \"ec2messages:GetMessages\",\n                \"ec2messages:SendReply\"\n            ],\n            \"Resource\": \"*\"\n        }\n    ]\n}",
            "policy_id": "ANPAIXSHM2BNB2D3AXXRU",
            "tags": {}
          },
          "sensitive_attributes": []
        }
      ]
    },
    {
      "module": "module.deploy_test.module.owasp-zap",
      "mode": "data",
      "type": "aws_instance",
      "name": "zap_instance_id",
      "provider": "module.deploy_test.module.owasp-zap.provider[\"registry.terraform.io/hashicorp/aws\"]",
      "instances": [
        {
          "schema_version": 0,
          "attributes": {
            "ami": "ami-05e02e6210658716f",
            "arn": "arn:aws:ec2:ap-northeast-2:851077919242:instance/i-04b673a5b9872fd45",
            "associate_public_ip_address": true,
            "availability_zone": "ap-northeast-2c",
            "credit_specification": [
              {
                "cpu_credits": "standard"
              }
            ],
            "disable_api_stop": false,
            "disable_api_termination": false,
            "ebs_block_device": [],
            "ebs_optimized": false,
            "enclave_options": [
              {
                "enabled": false
              }
            ],
            "ephemeral_block_device": [],
            "filter": null,
            "get_password_data": false,
            "get_user_data": false,
            "host_id": "",
            "host_resource_group_arn": "",
            "iam_instance_profile": "zap-terraform-service-role",
            "id": "i-04b673a5b9872fd45",
            "instance_id": "i-04b673a5b9872fd45",
            "instance_state": "running",
            "instance_tags": null,
            "instance_type": "t2.medium",
            "ipv6_addresses": [],
            "key_name": "wasp-zap",
            "maintenance_options": [
              {
                "auto_recovery": "default"
              }
            ],
            "metadata_options": [
              {
                "http_endpoint": "enabled",
                "http_protocol_ipv6": "disabled",
                "http_put_response_hop_limit": 1,
                "http_tokens": "required",
                "instance_metadata_tags": "disabled"
              }
            ],
            "monitoring": false,
            "network_interface_id": "eni-0c19b69e598a013b8",
            "outpost_arn": "",
            "password_data": null,
            "placement_group": "",
            "placement_partition_number": 0,
            "private_dns": "ip-10-0-111-164.ap-northeast-2.compute.internal",
            "private_dns_name_options": [
              {
                "enable_resource_name_dns_a_record": false,
                "enable_resource_name_dns_aaaa_record": false,
                "hostname_type": "ip-name"
              }
            ],
            "private_ip": "10.0.111.164",
            "public_dns": "ec2-13-124-75-117.ap-northeast-2.compute.amazonaws.com",
            "public_ip": "13.124.75.117",
            "root_block_device": [
              {
                "delete_on_termination": true,
                "device_name": "/dev/xvda",
                "encrypted": false,
                "iops": 100,
                "kms_key_id": "",
                "tags": {},
                "throughput": 0,
                "volume_id": "vol-0e68b3530337610df",
                "volume_size": 8,
                "volume_type": "gp2"
              }
            ],
            "secondary_private_ips": [],
            "security_groups": [],
            "source_dest_check": true,
            "subnet_id": "subnet-04671c5079f29f2d2",
            "tags": {
              "Name": "ZapTestInstance"
            },
            "tenancy": "default",
            "timeouts": null,
            "user_data": null,
            "user_data_base64": null,
            "vpc_security_group_ids": [
              "sg-0fb14ea7ae750fda1"
            ]
          },
          "sensitive_attributes": []
        }
      ]
    },
    {
      "module": "module.deploy_test.module.owasp-zap",
      "mode": "managed",
      "type": "aws_eip",
      "name": "elasticip",
      "provider": "module.deploy_test.module.owasp-zap.provider[\"registry.terraform.io/hashicorp/aws\"]",
      "instances": [
        {
          "schema_version": 0,
          "attributes": {
            "address": null,
            "allocation_id": "eipalloc-0299b45c5e2b3416e",
            "associate_with_private_ip": null,
            "association_id": "eipassoc-06d4227fa0cfac7a2",
            "carrier_ip": "",
            "customer_owned_ip": "",
            "customer_owned_ipv4_pool": "",
            "domain": "vpc",
            "id": "eipalloc-0299b45c5e2b3416e",
            "instance": "i-04b673a5b9872fd45",
            "network_border_group": "ap-northeast-2",
            "network_interface": "eni-0c19b69e598a013b8",
            "private_dns": "ip-10-0-111-164.ap-northeast-2.compute.internal",
            "private_ip": "10.0.111.164",
            "public_dns": "ec2-43-200-168-186.ap-northeast-2.compute.amazonaws.com",
            "public_ip": "43.200.168.186",
            "public_ipv4_pool": "amazon",
            "tags": null,
            "tags_all": {},
            "timeouts": null,
            "vpc": true
          },
          "sensitive_attributes": [],
          "private": "eyJlMmJmYjczMC1lY2FhLTExZTYtOGY4OC0zNDM2M2JjN2M0YzAiOnsiZGVsZXRlIjoxODAwMDAwMDAwMDAsInJlYWQiOjkwMDAwMDAwMDAwMCwidXBkYXRlIjozMDAwMDAwMDAwMDB9fQ==",
          "dependencies": [
            "module.deploy_test.module.owasp-zap.aws_iam_instance_profile.zap_instance_profile",
            "module.deploy_test.module.owasp-zap.aws_iam_role.service_role",
            "module.deploy_test.module.owasp-zap.aws_instance.zap_instance",
            "module.deploy_test.module.owasp-zap.aws_security_group.zap_sg",
            "module.deploy_test.module.vpc.aws_subnet.public",
            "module.deploy_test.module.vpc.aws_vpc.this",
            "module.deploy_test.module.vpc.aws_vpc_ipv4_cidr_block_association.this"
          ]
        }
      ]
    },
    {
      "module": "module.deploy_test.module.owasp-zap",
      "mode": "managed",
      "type": "aws_iam_instance_profile",
      "name": "zap_instance_profile",
      "provider": "module.deploy_test.module.owasp-zap.provider[\"registry.terraform.io/hashicorp/aws\"]",
      "instances": [
        {
          "schema_version": 0,
          "attributes": {
            "arn": "arn:aws:iam::851077919242:instance-profile/zap-terraform-service-role",
            "create_date": "2024-01-06T04:13:38Z",
            "id": "zap-terraform-service-role",
            "name": "zap-terraform-service-role",
            "name_prefix": "",
            "path": "/",
            "role": "zap-terraform-service-role",
            "tags": null,
            "tags_all": {},
            "unique_id": "AIPA4MKBSOIFCRHFBHVM3"
          },
          "sensitive_attributes": [],
          "private": "bnVsbA==",
          "dependencies": [
            "module.deploy_test.module.owasp-zap.aws_iam_role.service_role"
          ]
        }
      ]
    },
    {
      "module": "module.deploy_test.module.owasp-zap",
      "mode": "managed",
      "type": "aws_iam_policy",
      "name": "code_deploy_policy",
      "provider": "module.deploy_test.module.owasp-zap.provider[\"registry.terraform.io/hashicorp/aws\"]",
      "instances": [
        {
          "schema_version": 0,
          "attributes": {
            "arn": "arn:aws:iam::851077919242:policy/CodeDeployPolicy",
            "description": "Policy for AWS CodeDeploy",
            "id": "arn:aws:iam::851077919242:policy/CodeDeployPolicy",
            "name": "CodeDeployPolicy",
            "name_prefix": "",
            "path": "/",
            "policy": "{\"Statement\":[{\"Action\":[\"s3:GetObject\",\"s3:GetObjectVersion\",\"s3:ListBucket\"],\"Effect\":\"Allow\",\"Resource\":\"*\"}],\"Version\":\"2012-10-17\"}",
            "policy_id": "ANPA4MKBSOIFKV53LOE42",
            "tags": null,
            "tags_all": {}
          },
          "sensitive_attributes": [],
          "private": "bnVsbA=="
        }
      ]
    },
    {
      "module": "module.deploy_test.module.owasp-zap",
      "mode": "managed",
      "type": "aws_iam_policy",
      "name": "s3_access_policy",
      "provider": "module.deploy_test.module.owasp-zap.provider[\"registry.terraform.io/hashicorp/aws\"]",
      "instances": [
        {
          "schema_version": 0,
          "attributes": {
            "arn": "arn:aws:iam::851077919242:policy/S3AccessPolicy",
            "description": "Allow S3 access for CodeBuild",
            "id": "arn:aws:iam::851077919242:policy/S3AccessPolicy",
            "name": "S3AccessPolicy",
            "name_prefix": "",
            "path": "/",
            "policy": "{\"Statement\":[{\"Action\":[\"s3:GetObject\",\"s3:GetObjectVersion\",\"s3:ListBucket\"],\"Effect\":\"Allow\",\"Resource\":[\"*\",\"arn:aws:s3:::codebuild-test-hbucket\",\"arn:aws:s3:::codebuild-test-hbucket/*\"],\"Sid\":\"Statement1\"}],\"Version\":\"2012-10-17\"}",
            "policy_id": "ANPA4MKBSOIFPR5PJLDOQ",
            "tags": null,
            "tags_all": {}
          },
          "sensitive_attributes": [],
          "private": "bnVsbA=="
        }
      ]
    },
    {
      "module": "module.deploy_test.module.owasp-zap",
      "mode": "managed",
      "type": "aws_iam_policy",
      "name": "ssm_policy",
      "provider": "module.deploy_test.module.owasp-zap.provider[\"registry.terraform.io/hashicorp/aws\"]",
      "instances": [
        {
          "schema_version": 0,
          "attributes": {
            "arn": "arn:aws:iam::851077919242:policy/SSMPolicy",
            "description": "Policy for AWS Systems Manager (SSM)",
            "id": "arn:aws:iam::851077919242:policy/SSMPolicy",
            "name": "SSMPolicy",
            "name_prefix": "",
            "path": "/",
            "policy": "{\"Statement\":[{\"Action\":[\"ssm:DescribeAssociation\",\"ssm:GetDeployablePatchSnapshotForInstance\",\"ssm:GetDocument\",\"ssm:DescribeDocument\",\"ssm:GetManifest\",\"ssm:GetParameters\",\"ssm:ListAssociations\",\"ssm:ListInstanceAssociations\",\"ssm:PutInventory\",\"ssm:PutComplianceItems\",\"ssm:PutConfigurePackageResult\",\"ssm:UpdateAssociationStatus\",\"ssm:UpdateInstanceAssociationStatus\",\"ssm:UpdateInstanceInformation\"],\"Effect\":\"Allow\",\"Resource\":\"*\"},{\"Action\":[\"ssmmessages:CreateControlChannel\",\"ssmmessages:CreateDataChannel\",\"ssmmessages:OpenControlChannel\",\"ssmmessages:OpenDataChannel\"],\"Effect\":\"Allow\",\"Resource\":\"*\"},{\"Action\":[\"ec2messages:AcknowledgeMessage\",\"ec2messages:DeleteMessage\",\"ec2messages:FailMessage\",\"ec2messages:GetEndpoint\",\"ec2messages:GetMessages\",\"ec2messages:SendReply\"],\"Effect\":\"Allow\",\"Resource\":\"*\"},{\"Action\":[\"cloudwatch:PutMetricData\"],\"Effect\":\"Allow\",\"Resource\":\"*\"},{\"Action\":[\"ec2:DescribeInstanceStatus\"],\"Effect\":\"Allow\",\"Resource\":\"*\"},{\"Action\":[\"ds:CreateComputer\",\"ds:DescribeDirectories\"],\"Effect\":\"Allow\",\"Resource\":\"*\"},{\"Action\":[\"logs:CreateLogGroup\",\"logs:CreateLogStream\",\"logs:DescribeLogGroups\",\"logs:DescribeLogStreams\",\"logs:PutLogEvents\"],\"Effect\":\"Allow\",\"Resource\":\"*\"},{\"Action\":[\"s3:GetBucketLocation\",\"s3:PutObject\",\"s3:GetObject\",\"s3:GetEncryptionConfiguration\",\"s3:AbortMultipartUpload\",\"s3:ListMultipartUploadParts\",\"s3:ListBucket\",\"s3:ListBucketMultipartUploads\"],\"Effect\":\"Allow\",\"Resource\":\"*\"}],\"Version\":\"2012-10-17\"}",
            "policy_id": "ANPA4MKBSOIFABMZS3FNL",
            "tags": null,
            "tags_all": {}
          },
          "sensitive_attributes": [],
          "private": "bnVsbA=="
        }
      ]
    },
    {
      "module": "module.deploy_test.module.owasp-zap",
      "mode": "managed",
      "type": "aws_iam_role",
      "name": "service_role",
      "provider": "module.deploy_test.module.owasp-zap.provider[\"registry.terraform.io/hashicorp/aws\"]",
      "instances": [
        {
          "schema_version": 0,
          "attributes": {
            "arn": "arn:aws:iam::851077919242:role/zap-terraform-service-role",
            "assume_role_policy": "{\"Statement\":[{\"Action\":\"sts:AssumeRole\",\"Effect\":\"Allow\",\"Principal\":{\"Service\":\"ec2.amazonaws.com\"}}],\"Version\":\"2012-10-17\"}",
            "create_date": "2024-01-06T04:13:31Z",
            "description": "",
            "force_detach_policies": false,
            "id": "zap-terraform-service-role",
            "inline_policy": [],
            "managed_policy_arns": [],
            "max_session_duration": 3600,
            "name": "zap-terraform-service-role",
            "name_prefix": "",
            "path": "/",
            "permissions_boundary": "",
            "tags": null,
            "tags_all": {},
            "unique_id": "AROA4MKBSOIFKDZPDQ2U3"
          },
          "sensitive_attributes": [],
          "private": "bnVsbA=="
        }
      ]
    },
    {
      "module": "module.deploy_test.module.owasp-zap",
      "mode": "managed",
      "type": "aws_iam_role_policy_attachment",
      "name": "code_deploy_attachment",
      "provider": "module.deploy_test.module.owasp-zap.provider[\"registry.terraform.io/hashicorp/aws\"]",
      "instances": [
        {
          "schema_version": 0,
          "attributes": {
            "id": "zap-terraform-service-role-20240106041339153800000004",
            "policy_arn": "arn:aws:iam::aws:policy/service-role/AmazonEC2RoleforAWSCodeDeploy",
            "role": "zap-terraform-service-role"
          },
          "sensitive_attributes": [],
          "private": "bnVsbA==",
          "dependencies": [
            "module.deploy_test.module.owasp-zap.aws_iam_role.service_role",
            "module.deploy_test.module.owasp-zap.data.aws_iam_policy.ec2_role_for_aws_code_deploy"
          ]
        }
      ]
    },
    {
      "module": "module.deploy_test.module.owasp-zap",
      "mode": "managed",
      "type": "aws_iam_role_policy_attachment",
      "name": "s3_access_policy_attachment",
      "provider": "module.deploy_test.module.owasp-zap.provider[\"registry.terraform.io/hashicorp/aws\"]",
      "instances": [
        {
          "schema_version": 0,
          "attributes": {
            "id": "zap-terraform-service-role-20240106041340727200000005",
            "policy_arn": "arn:aws:iam::851077919242:policy/S3AccessPolicy",
            "role": "zap-terraform-service-role"
          },
          "sensitive_attributes": [],
          "private": "bnVsbA==",
          "dependencies": [
            "module.deploy_test.module.owasp-zap.aws_iam_policy.s3_access_policy",
            "module.deploy_test.module.owasp-zap.aws_iam_role.service_role",
            "module.deploy_test.module.owasp-zap.data.aws_iam_policy.s3_access_policy"
          ]
        }
      ]
    },
    {
      "module": "module.deploy_test.module.owasp-zap",
      "mode": "managed",
      "type": "aws_iam_role_policy_attachment",
      "name": "ssm_attachment",
      "provider": "module.deploy_test.module.owasp-zap.provider[\"registry.terraform.io/hashicorp/aws\"]",
      "instances": [
        {
          "schema_version": 0,
          "attributes": {
            "id": "zap-terraform-service-role-20240106041338641300000002",
            "policy_arn": "arn:aws:iam::aws:policy/service-role/AmazonEC2RoleforSSM",
            "role": "zap-terraform-service-role"
          },
          "sensitive_attributes": [],
          "private": "bnVsbA==",
          "dependencies": [
            "module.deploy_test.module.owasp-zap.aws_iam_role.service_role",
            "module.deploy_test.module.owasp-zap.data.aws_iam_policy.ec2_role_for_ssm"
          ]
        }
      ]
    },
    {
      "module": "module.deploy_test.module.owasp-zap",
      "mode": "managed",
      "type": "aws_iam_role_policy_attachment",
      "name": "ssm_full_access_attachment",
      "provider": "module.deploy_test.module.owasp-zap.provider[\"registry.terraform.io/hashicorp/aws\"]",
      "instances": [
        {
          "schema_version": 0,
          "attributes": {
            "id": "zap-terraform-service-role-20240106041338596900000001",
            "policy_arn": "arn:aws:iam::aws:policy/AmazonSSMFullAccess",
            "role": "zap-terraform-service-role"
          },
          "sensitive_attributes": [],
          "private": "bnVsbA==",
          "dependencies": [
            "module.deploy_test.module.owasp-zap.aws_iam_role.service_role",
            "module.deploy_test.module.owasp-zap.data.aws_iam_policy.ssm_full_access"
          ]
        }
      ]
    },
    {
      "module": "module.deploy_test.module.owasp-zap",
      "mode": "managed",
      "type": "aws_iam_role_policy_attachment",
      "name": "ssm_managed_instance_core_attachment",
      "provider": "module.deploy_test.module.owasp-zap.provider[\"registry.terraform.io/hashicorp/aws\"]",
      "instances": [
        {
          "schema_version": 0,
          "attributes": {
            "id": "zap-terraform-service-role-20240106041339083900000003",
            "policy_arn": "arn:aws:iam::aws:policy/AmazonSSMManagedInstanceCore",
            "role": "zap-terraform-service-role"
          },
          "sensitive_attributes": [],
          "private": "bnVsbA==",
          "dependencies": [
            "module.deploy_test.module.owasp-zap.aws_iam_role.service_role",
            "module.deploy_test.module.owasp-zap.data.aws_iam_policy.ssm_managed_instance_core"
          ]
        }
      ]
    },
    {
      "module": "module.deploy_test.module.owasp-zap",
      "mode": "managed",
      "type": "aws_instance",
      "name": "zap_instance",
      "provider": "module.deploy_test.module.owasp-zap.provider[\"registry.terraform.io/hashicorp/aws\"]",
      "instances": [
        {
          "schema_version": 1,
          "attributes": {
            "ami": "ami-05e02e6210658716f",
            "arn": "arn:aws:ec2:ap-northeast-2:851077919242:instance/i-04b673a5b9872fd45",
            "associate_public_ip_address": true,
            "availability_zone": "ap-northeast-2c",
            "capacity_reservation_specification": [
              {
                "capacity_reservation_preference": "open",
                "capacity_reservation_target": []
              }
            ],
            "cpu_core_count": 2,
            "cpu_options": [
              {
                "amd_sev_snp": "",
                "core_count": 2,
                "threads_per_core": 1
              }
            ],
            "cpu_threads_per_core": 1,
            "credit_specification": [
              {
                "cpu_credits": "standard"
              }
            ],
            "disable_api_stop": false,
            "disable_api_termination": false,
            "ebs_block_device": [],
            "ebs_optimized": false,
            "enclave_options": [
              {
                "enabled": false
              }
            ],
            "ephemeral_block_device": [],
            "get_password_data": false,
            "hibernation": false,
            "host_id": "",
            "host_resource_group_arn": null,
            "iam_instance_profile": "zap-terraform-service-role",
            "id": "i-04b673a5b9872fd45",
            "instance_initiated_shutdown_behavior": "stop",
            "instance_lifecycle": "",
            "instance_market_options": [],
            "instance_state": "running",
            "instance_type": "t2.medium",
            "ipv6_address_count": 0,
            "ipv6_addresses": [],
            "key_name": "wasp-zap",
            "launch_template": [],
            "maintenance_options": [
              {
                "auto_recovery": "default"
              }
            ],
            "metadata_options": [
              {
                "http_endpoint": "enabled",
                "http_protocol_ipv6": "disabled",
                "http_put_response_hop_limit": 1,
                "http_tokens": "required",
                "instance_metadata_tags": "disabled"
              }
            ],
            "monitoring": false,
            "network_interface": [],
            "outpost_arn": "",
            "password_data": "",
            "placement_group": "",
            "placement_partition_number": 0,
            "primary_network_interface_id": "eni-0c19b69e598a013b8",
            "private_dns": "ip-10-0-111-164.ap-northeast-2.compute.internal",
            "private_dns_name_options": [
              {
                "enable_resource_name_dns_a_record": false,
                "enable_resource_name_dns_aaaa_record": false,
                "hostname_type": "ip-name"
              }
            ],
            "private_ip": "10.0.111.164",
            "public_dns": "ec2-13-124-75-117.ap-northeast-2.compute.amazonaws.com",
            "public_ip": "13.124.75.117",
            "root_block_device": [
              {
                "delete_on_termination": true,
                "device_name": "/dev/xvda",
                "encrypted": false,
                "iops": 100,
                "kms_key_id": "",
                "tags": {},
                "throughput": 0,
                "volume_id": "vol-0e68b3530337610df",
                "volume_size": 8,
                "volume_type": "gp2"
              }
            ],
            "secondary_private_ips": [],
            "security_groups": [],
            "source_dest_check": true,
            "spot_instance_request_id": "",
            "subnet_id": "subnet-04671c5079f29f2d2",
            "tags": {
              "Name": "ZapTestInstance"
            },
            "tags_all": {
              "Name": "ZapTestInstance"
            },
            "tenancy": "default",
            "timeouts": null,
            "user_data": null,
            "user_data_base64": null,
            "user_data_replace_on_change": false,
            "volume_tags": null,
            "vpc_security_group_ids": [
              "sg-0fb14ea7ae750fda1"
            ]
          },
          "sensitive_attributes": [],
          "private": "eyJlMmJmYjczMC1lY2FhLTExZTYtOGY4OC0zNDM2M2JjN2M0YzAiOnsiY3JlYXRlIjo2MDAwMDAwMDAwMDAsImRlbGV0ZSI6MTIwMDAwMDAwMDAwMCwidXBkYXRlIjo2MDAwMDAwMDAwMDB9LCJzY2hlbWFfdmVyc2lvbiI6IjEifQ==",
          "dependencies": [
            "module.deploy_test.module.owasp-zap.aws_iam_instance_profile.zap_instance_profile",
            "module.deploy_test.module.owasp-zap.aws_iam_role.service_role",
            "module.deploy_test.module.owasp-zap.aws_security_group.zap_sg",
            "module.deploy_test.module.vpc.aws_subnet.public",
            "module.deploy_test.module.vpc.aws_vpc.this",
            "module.deploy_test.module.vpc.aws_vpc_ipv4_cidr_block_association.this"
          ]
        }
      ]
    },
    {
      "module": "module.deploy_test.module.owasp-zap",
      "mode": "managed",
      "type": "aws_security_group",
      "name": "zap_sg",
      "provider": "module.deploy_test.module.owasp-zap.provider[\"registry.terraform.io/hashicorp/aws\"]",
      "instances": [
        {
          "schema_version": 1,
          "attributes": {
            "arn": "arn:aws:ec2:ap-northeast-2:851077919242:security-group/sg-0fb14ea7ae750fda1",
            "description": "ZAP security group",
            "egress": [
              {
                "cidr_blocks": [
                  "0.0.0.0/0"
                ],
                "description": "",
                "from_port": 0,
                "ipv6_cidr_blocks": [],
                "prefix_list_ids": [],
                "protocol": "-1",
                "security_groups": [],
                "self": false,
                "to_port": 0
              }
            ],
            "id": "sg-0fb14ea7ae750fda1",
            "ingress": [
              {
                "cidr_blocks": [
                  "0.0.0.0/0"
                ],
                "description": "",
                "from_port": 22,
                "ipv6_cidr_blocks": [],
                "prefix_list_ids": [],
                "protocol": "tcp",
                "security_groups": [],
                "self": false,
                "to_port": 22
              },
              {
                "cidr_blocks": [
                  "0.0.0.0/0"
                ],
                "description": "",
                "from_port": 80,
                "ipv6_cidr_blocks": [],
                "prefix_list_ids": [],
                "protocol": "tcp",
                "security_groups": [],
                "self": false,
                "to_port": 80
              },
              {
                "cidr_blocks": [
                  "0.0.0.0/0"
                ],
                "description": "ZAP CLI",
                "from_port": 8090,
                "ipv6_cidr_blocks": [],
                "prefix_list_ids": [],
                "protocol": "tcp",
                "security_groups": [],
                "self": false,
                "to_port": 8090
              },
              {
                "cidr_blocks": [
                  "0.0.0.0/0"
                ],
                "description": "tcp",
                "from_port": 8080,
                "ipv6_cidr_blocks": [],
                "prefix_list_ids": [],
                "protocol": "tcp",
                "security_groups": [],
                "self": false,
                "to_port": 8080
              }
            ],
            "name": "terraform-20240106041346097000000006",
            "name_prefix": "terraform-",
            "owner_id": "851077919242",
            "revoke_rules_on_delete": false,
            "tags": {
              "Name": "zap_sg_group"
            },
            "tags_all": {
              "Name": "zap_sg_group"
            },
            "timeouts": null,
            "vpc_id": "vpc-08ecc4587902cc479"
          },
          "sensitive_attributes": [],
          "private": "eyJlMmJmYjczMC1lY2FhLTExZTYtOGY4OC0zNDM2M2JjN2M0YzAiOnsiY3JlYXRlIjo2MDAwMDAwMDAwMDAsImRlbGV0ZSI6OTAwMDAwMDAwMDAwfSwic2NoZW1hX3ZlcnNpb24iOiIxIn0=",
          "dependencies": [
            "module.deploy_test.module.vpc.aws_vpc.this"
          ]
        }
      ]
    },
    {
      "module": "module.deploy_test.module.s3_artifacts_bucket",
      "mode": "data",
      "type": "aws_iam_policy_document",
      "name": "bucket_policy_doc_codepipeline_bucket",
      "provider": "module.deploy_test.provider[\"registry.terraform.io/hashicorp/aws\"]",
      "instances": [
        {
          "schema_version": 0,
          "attributes": {
            "id": "238347573",
            "json": "{\n  \"Version\": \"2012-10-17\",\n  \"Statement\": [\n    {\n      \"Effect\": \"Allow\",\n      \"Action\": [\n        \"s3:RestoreObject\",\n        \"s3:ReplicateObject\",\n        \"s3:PutObjectVersionTagging\",\n        \"s3:PutObjectTagging\",\n        \"s3:PutObjectAcl\",\n        \"s3:PutObject\",\n        \"s3:List*\",\n        \"s3:Get*\"\n      ],\n      \"Resource\": [\n        \"arn:aws:s3:::whs-pipeline-from-iac20240106041333791600000001/*\",\n        \"arn:aws:s3:::whs-pipeline-from-iac20240106041333791600000001\"\n      ],\n      \"Principal\": {\n        \"AWS\": \"arn:aws:iam::851077919242:role/whs-pipeline-from-IaC-codepipeline-role\"\n      }\n    }\n  ]\n}",
            "override_policy_documents": null,
            "policy_id": null,
            "source_policy_documents": null,
            "statement": [
              {
                "actions": [
                  "s3:Get*",
                  "s3:List*",
                  "s3:PutObject",
                  "s3:PutObjectAcl",
                  "s3:PutObjectTagging",
                  "s3:PutObjectVersionTagging",
                  "s3:ReplicateObject",
                  "s3:RestoreObject"
                ],
                "condition": [],
                "effect": "Allow",
                "not_actions": [],
                "not_principals": [],
                "not_resources": [],
                "principals": [
                  {
                    "identifiers": [
                      "arn:aws:iam::851077919242:role/whs-pipeline-from-IaC-codepipeline-role"
                    ],
                    "type": "AWS"
                  }
                ],
                "resources": [
                  "arn:aws:s3:::whs-pipeline-from-iac20240106041333791600000001",
                  "arn:aws:s3:::whs-pipeline-from-iac20240106041333791600000001/*"
                ],
                "sid": ""
              }
            ],
            "version": "2012-10-17"
          },
          "sensitive_attributes": []
        }
      ]
    },
    {
      "module": "module.deploy_test.module.s3_artifacts_bucket",
      "mode": "data",
      "type": "aws_iam_policy_document",
      "name": "bucket_policy_doc_replication_bucket",
      "provider": "module.deploy_test.module.s3_artifacts_bucket.provider[\"registry.terraform.io/hashicorp/aws\"].replication",
      "instances": [
        {
          "schema_version": 0,
          "attributes": {
            "id": "2048248650",
            "json": "{\n  \"Version\": \"2012-10-17\",\n  \"Statement\": [\n    {\n      \"Effect\": \"Allow\",\n      \"Action\": [\n        \"s3:RestoreObject\",\n        \"s3:ReplicateObject\",\n        \"s3:PutObjectVersionTagging\",\n        \"s3:PutObjectTagging\",\n        \"s3:PutObjectAcl\",\n        \"s3:PutObject\",\n        \"s3:List*\",\n        \"s3:Get*\"\n      ],\n      \"Resource\": [\n        \"arn:aws:s3:::whs-pipeline-from-iac-rpl20240106041330066900000001/*\",\n        \"arn:aws:s3:::whs-pipeline-from-iac-rpl20240106041330066900000001\"\n      ],\n      \"Principal\": {\n        \"AWS\": \"arn:aws:iam::851077919242:role/whs-pipeline-from-IaC-codepipeline-role\"\n      }\n    }\n  ]\n}",
            "override_policy_documents": null,
            "policy_id": null,
            "source_policy_documents": null,
            "statement": [
              {
                "actions": [
                  "s3:Get*",
                  "s3:List*",
                  "s3:PutObject",
                  "s3:PutObjectAcl",
                  "s3:PutObjectTagging",
                  "s3:PutObjectVersionTagging",
                  "s3:ReplicateObject",
                  "s3:RestoreObject"
                ],
                "condition": [],
                "effect": "Allow",
                "not_actions": [],
                "not_principals": [],
                "not_resources": [],
                "principals": [
                  {
                    "identifiers": [
                      "arn:aws:iam::851077919242:role/whs-pipeline-from-IaC-codepipeline-role"
                    ],
                    "type": "AWS"
                  }
                ],
                "resources": [
                  "arn:aws:s3:::whs-pipeline-from-iac-rpl20240106041330066900000001",
                  "arn:aws:s3:::whs-pipeline-from-iac-rpl20240106041330066900000001/*"
                ],
                "sid": ""
              }
            ],
            "version": "2012-10-17"
          },
          "sensitive_attributes": []
        }
      ]
    },
    {
      "module": "module.deploy_test.module.s3_artifacts_bucket",
      "mode": "managed",
      "type": "aws_iam_policy",
      "name": "replication_s3_policy",
      "provider": "module.deploy_test.provider[\"registry.terraform.io/hashicorp/aws\"]",
      "instances": [
        {
          "schema_version": 0,
          "attributes": {
            "arn": "arn:aws:iam::851077919242:policy/whs-pipeline-from-IaC-replication-policy",
            "description": "",
            "id": "arn:aws:iam::851077919242:policy/whs-pipeline-from-IaC-replication-policy",
            "name": "whs-pipeline-from-IaC-replication-policy",
            "name_prefix": "",
            "path": "/",
            "policy": "{\"Statement\":[{\"Action\":[\"s3:GetReplicationConfiguration\",\"s3:ListBucket\"],\"Effect\":\"Allow\",\"Resource\":[\"arn:aws:s3:::whs-pipeline-from-iac20240106041333791600000001\"]},{\"Action\":[\"s3:GetObjectVersionForReplication\",\"s3:GetObjectVersionAcl\",\"s3:GetObjectVersionTagging\"],\"Effect\":\"Allow\",\"Resource\":[\"arn:aws:s3:::whs-pipeline-from-iac20240106041333791600000001/*\"]},{\"Action\":[\"s3:ReplicateObject\",\"s3:ReplicateDelete\",\"s3:ReplicateTags\"],\"Effect\":\"Allow\",\"Resource\":\"arn:aws:s3:::whs-pipeline-from-iac-rpl20240106041330066900000001/*\"}],\"Version\":\"2012-10-17\"}",
            "policy_id": "ANPA4MKBSOIFAT3OGVFFM",
            "tags": null,
            "tags_all": {}
          },
          "sensitive_attributes": [],
          "private": "bnVsbA==",
          "dependencies": [
            "module.deploy_test.data.aws_caller_identity.current",
            "module.deploy_test.data.aws_region.current",
            "module.deploy_test.module.s3_artifacts_bucket.aws_s3_bucket.codepipeline_bucket",
            "module.deploy_test.module.s3_artifacts_bucket.aws_s3_bucket.replication_bucket"
          ]
        }
      ]
    },
    {
      "module": "module.deploy_test.module.s3_artifacts_bucket",
      "mode": "managed",
      "type": "aws_iam_role",
      "name": "replication_s3_role",
      "provider": "module.deploy_test.provider[\"registry.terraform.io/hashicorp/aws\"]",
      "instances": [
        {
          "schema_version": 0,
          "attributes": {
            "arn": "arn:aws:iam::851077919242:role/whs-pipeline-from-IaC-replication-role",
            "assume_role_policy": "{\"Statement\":[{\"Action\":\"sts:AssumeRole\",\"Effect\":\"Allow\",\"Principal\":{\"Service\":\"s3.amazonaws.com\"},\"Sid\":\"\"}],\"Version\":\"2012-10-17\"}",
            "create_date": "2024-01-06T04:13:29Z",
            "description": "",
            "force_detach_policies": false,
            "id": "whs-pipeline-from-IaC-replication-role",
            "inline_policy": [],
            "managed_policy_arns": [],
            "max_session_duration": 3600,
            "name": "whs-pipeline-from-IaC-replication-role",
            "name_prefix": "",
            "path": "/",
            "permissions_boundary": "",
            "tags": null,
            "tags_all": {},
            "unique_id": "AROA4MKBSOIFCWKIVXNYG"
          },
          "sensitive_attributes": [],
          "private": "bnVsbA=="
        }
      ]
    },
    {
      "module": "module.deploy_test.module.s3_artifacts_bucket",
      "mode": "managed",
      "type": "aws_iam_role_policy_attachment",
      "name": "replication_s3_role_attach",
      "provider": "module.deploy_test.provider[\"registry.terraform.io/hashicorp/aws\"]",
      "instances": [
        {
          "schema_version": 0,
          "attributes": {
            "id": "whs-pipeline-from-IaC-replication-role-20240106041343744500000008",
            "policy_arn": "arn:aws:iam::851077919242:policy/whs-pipeline-from-IaC-replication-policy",
            "role": "whs-pipeline-from-IaC-replication-role"
          },
          "sensitive_attributes": [],
          "private": "bnVsbA==",
          "dependencies": [
            "module.deploy_test.data.aws_caller_identity.current",
            "module.deploy_test.data.aws_region.current",
            "module.deploy_test.module.s3_artifacts_bucket.aws_iam_policy.replication_s3_policy",
            "module.deploy_test.module.s3_artifacts_bucket.aws_iam_role.replication_s3_role",
            "module.deploy_test.module.s3_artifacts_bucket.aws_s3_bucket.codepipeline_bucket",
            "module.deploy_test.module.s3_artifacts_bucket.aws_s3_bucket.replication_bucket"
          ]
        }
      ]
    },
    {
      "module": "module.deploy_test.module.s3_artifacts_bucket",
      "mode": "managed",
      "type": "aws_s3_bucket",
      "name": "codepipeline_bucket",
      "provider": "module.deploy_test.provider[\"registry.terraform.io/hashicorp/aws\"]",
      "instances": [
        {
          "schema_version": 0,
          "attributes": {
            "acceleration_status": "",
            "acl": null,
            "arn": "arn:aws:s3:::whs-pipeline-from-iac20240106041333791600000001",
            "bucket": "whs-pipeline-from-iac20240106041333791600000001",
            "bucket_domain_name": "whs-pipeline-from-iac20240106041333791600000001.s3.amazonaws.com",
            "bucket_prefix": "whs-pipeline-from-iac",
            "bucket_regional_domain_name": "whs-pipeline-from-iac20240106041333791600000001.s3.ap-northeast-2.amazonaws.com",
            "cors_rule": [],
            "force_destroy": true,
            "grant": [
              {
                "id": "4489f6df8dce3bc190ee0b2e4c1c0166e22fdbc92c3949c291ccb151949bf99c",
                "permissions": [
                  "FULL_CONTROL"
                ],
                "type": "CanonicalUser",
                "uri": ""
              }
            ],
            "hosted_zone_id": "Z3W03O7B5YMIYP",
            "id": "whs-pipeline-from-iac20240106041333791600000001",
            "lifecycle_rule": [],
            "logging": [],
            "object_lock_configuration": [],
            "object_lock_enabled": false,
            "policy": "",
            "region": "ap-northeast-2",
            "replication_configuration": [],
            "request_payer": "BucketOwner",
            "server_side_encryption_configuration": [
              {
                "rule": [
                  {
                    "apply_server_side_encryption_by_default": [
                      {
                        "kms_master_key_id": "",
                        "sse_algorithm": "AES256"
                      }
                    ],
                    "bucket_key_enabled": false
                  }
                ]
              }
            ],
            "tags": {
              "Account_ID": "851077919242",
              "Environment": "dev",
              "Project_Name": "whs-pipeline-from-IaC",
              "Region": "ap-northeast-2"
            },
            "tags_all": {
              "Account_ID": "851077919242",
              "Environment": "dev",
              "Project_Name": "whs-pipeline-from-IaC",
              "Region": "ap-northeast-2"
            },
            "timeouts": null,
            "versioning": [
              {
                "enabled": false,
                "mfa_delete": false
              }
            ],
            "website": [],
            "website_domain": null,
            "website_endpoint": null
          },
          "sensitive_attributes": [],
          "private": "eyJlMmJmYjczMC1lY2FhLTExZTYtOGY4OC0zNDM2M2JjN2M0YzAiOnsiY3JlYXRlIjoxMjAwMDAwMDAwMDAwLCJkZWxldGUiOjM2MDAwMDAwMDAwMDAsInJlYWQiOjEyMDAwMDAwMDAwMDAsInVwZGF0ZSI6MTIwMDAwMDAwMDAwMH19",
          "dependencies": [
            "module.deploy_test.data.aws_caller_identity.current",
            "module.deploy_test.data.aws_region.current"
          ]
        }
      ]
    },
    {
      "module": "module.deploy_test.module.s3_artifacts_bucket",
      "mode": "managed",
      "type": "aws_s3_bucket",
      "name": "replication_bucket",
      "provider": "module.deploy_test.module.s3_artifacts_bucket.provider[\"registry.terraform.io/hashicorp/aws\"].replication",
      "instances": [
        {
          "schema_version": 0,
          "attributes": {
            "acceleration_status": "",
            "acl": null,
            "arn": "arn:aws:s3:::whs-pipeline-from-iac-rpl20240106041330066900000001",
            "bucket": "whs-pipeline-from-iac-rpl20240106041330066900000001",
            "bucket_domain_name": "whs-pipeline-from-iac-rpl20240106041330066900000001.s3.amazonaws.com",
            "bucket_prefix": "whs-pipeline-from-iac-rpl",
            "bucket_regional_domain_name": "whs-pipeline-from-iac-rpl20240106041330066900000001.s3.ap-northeast-2.amazonaws.com",
            "cors_rule": [],
            "force_destroy": false,
            "grant": [
              {
                "id": "4489f6df8dce3bc190ee0b2e4c1c0166e22fdbc92c3949c291ccb151949bf99c",
                "permissions": [
                  "FULL_CONTROL"
                ],
                "type": "CanonicalUser",
                "uri": ""
              }
            ],
            "hosted_zone_id": "Z3W03O7B5YMIYP",
            "id": "whs-pipeline-from-iac-rpl20240106041330066900000001",
            "lifecycle_rule": [],
            "logging": [],
            "object_lock_configuration": [],
            "object_lock_enabled": false,
            "policy": "",
            "region": "ap-northeast-2",
            "replication_configuration": [],
            "request_payer": "BucketOwner",
            "server_side_encryption_configuration": [
              {
                "rule": [
                  {
                    "apply_server_side_encryption_by_default": [
                      {
                        "kms_master_key_id": "",
                        "sse_algorithm": "AES256"
                      }
                    ],
                    "bucket_key_enabled": false
                  }
                ]
              }
            ],
            "tags": null,
            "tags_all": {},
            "timeouts": null,
            "versioning": [
              {
                "enabled": false,
                "mfa_delete": false
              }
            ],
            "website": [],
            "website_domain": null,
            "website_endpoint": null
          },
          "sensitive_attributes": [],
          "private": "eyJlMmJmYjczMC1lY2FhLTExZTYtOGY4OC0zNDM2M2JjN2M0YzAiOnsiY3JlYXRlIjoxMjAwMDAwMDAwMDAwLCJkZWxldGUiOjM2MDAwMDAwMDAwMDAsInJlYWQiOjEyMDAwMDAwMDAwMDAsInVwZGF0ZSI6MTIwMDAwMDAwMDAwMH19"
        }
      ]
    },
    {
      "module": "module.deploy_test.module.s3_artifacts_bucket",
      "mode": "managed",
      "type": "aws_s3_bucket_acl",
      "name": "codepipeline_bucket_acl",
      "provider": "module.deploy_test.provider[\"registry.terraform.io/hashicorp/aws\"]",
      "instances": [
        {
          "schema_version": 0,
          "attributes": {
            "access_control_policy": [
              {
                "grant": [
                  {
                    "grantee": [
                      {
                        "display_name": "",
                        "email_address": "",
                        "id": "4489f6df8dce3bc190ee0b2e4c1c0166e22fdbc92c3949c291ccb151949bf99c",
                        "type": "CanonicalUser",
                        "uri": ""
                      }
                    ],
                    "permission": "FULL_CONTROL"
                  }
                ],
                "owner": [
                  {
                    "display_name": "",
                    "id": "4489f6df8dce3bc190ee0b2e4c1c0166e22fdbc92c3949c291ccb151949bf99c"
                  }
                ]
              }
            ],
            "acl": "private",
            "bucket": "whs-pipeline-from-iac20240106041333791600000001",
            "expected_bucket_owner": "",
            "id": "whs-pipeline-from-iac20240106041333791600000001,private"
          },
          "sensitive_attributes": [],
          "private": "bnVsbA==",
          "dependencies": [
            "module.deploy_test.data.aws_caller_identity.current",
            "module.deploy_test.data.aws_region.current",
            "module.deploy_test.module.s3_artifacts_bucket.aws_s3_bucket.codepipeline_bucket",
            "module.deploy_test.module.s3_artifacts_bucket.aws_s3_bucket_ownership_controls.codepipeline_bucket_acl_ownership"
          ]
        }
      ]
    },
    {
      "module": "module.deploy_test.module.s3_artifacts_bucket",
      "mode": "managed",
      "type": "aws_s3_bucket_acl",
      "name": "replication_bucket_acl",
      "provider": "module.deploy_test.module.s3_artifacts_bucket.provider[\"registry.terraform.io/hashicorp/aws\"].replication",
      "instances": [
        {
          "schema_version": 0,
          "attributes": {
            "access_control_policy": [
              {
                "grant": [
                  {
                    "grantee": [
                      {
                        "display_name": "",
                        "email_address": "",
                        "id": "4489f6df8dce3bc190ee0b2e4c1c0166e22fdbc92c3949c291ccb151949bf99c",
                        "type": "CanonicalUser",
                        "uri": ""
                      }
                    ],
                    "permission": "FULL_CONTROL"
                  }
                ],
                "owner": [
                  {
                    "display_name": "",
                    "id": "4489f6df8dce3bc190ee0b2e4c1c0166e22fdbc92c3949c291ccb151949bf99c"
                  }
                ]
              }
            ],
            "acl": "private",
            "bucket": "whs-pipeline-from-iac-rpl20240106041330066900000001",
            "expected_bucket_owner": "",
            "id": "whs-pipeline-from-iac-rpl20240106041330066900000001,private"
          },
          "sensitive_attributes": [],
          "private": "bnVsbA==",
          "dependencies": [
            "module.deploy_test.module.s3_artifacts_bucket.aws_s3_bucket.replication_bucket",
            "module.deploy_test.module.s3_artifacts_bucket.aws_s3_bucket_ownership_controls.replication_bucket_acl_ownership"
          ]
        }
      ]
    },
    {
      "module": "module.deploy_test.module.s3_artifacts_bucket",
      "mode": "managed",
      "type": "aws_s3_bucket_logging",
      "name": "codepipeline_bucket_logging",
      "provider": "module.deploy_test.provider[\"registry.terraform.io/hashicorp/aws\"]",
      "instances": [
        {
          "schema_version": 0,
          "attributes": {
            "bucket": "whs-pipeline-from-iac20240106041333791600000001",
            "expected_bucket_owner": "",
            "id": "whs-pipeline-from-iac20240106041333791600000001",
            "target_bucket": "whs-pipeline-from-iac20240106041333791600000001",
            "target_grant": [],
            "target_object_key_format": [],
            "target_prefix": "log/"
          },
          "sensitive_attributes": [],
          "private": "bnVsbA==",
          "dependencies": [
            "module.deploy_test.data.aws_caller_identity.current",
            "module.deploy_test.data.aws_region.current",
            "module.deploy_test.module.s3_artifacts_bucket.aws_s3_bucket.codepipeline_bucket"
          ]
        }
      ]
    },
    {
      "module": "module.deploy_test.module.s3_artifacts_bucket",
      "mode": "managed",
      "type": "aws_s3_bucket_logging",
      "name": "replication_bucket_logging",
      "provider": "module.deploy_test.module.s3_artifacts_bucket.provider[\"registry.terraform.io/hashicorp/aws\"].replication",
      "instances": [
        {
          "schema_version": 0,
          "attributes": {
            "bucket": "whs-pipeline-from-iac-rpl20240106041330066900000001",
            "expected_bucket_owner": "",
            "id": "whs-pipeline-from-iac-rpl20240106041330066900000001",
            "target_bucket": "whs-pipeline-from-iac-rpl20240106041330066900000001",
            "target_grant": [],
            "target_object_key_format": [],
            "target_prefix": "log/"
          },
          "sensitive_attributes": [],
          "private": "bnVsbA==",
          "dependencies": [
            "module.deploy_test.module.s3_artifacts_bucket.aws_s3_bucket.replication_bucket"
          ]
        }
      ]
    },
    {
      "module": "module.deploy_test.module.s3_artifacts_bucket",
      "mode": "managed",
      "type": "aws_s3_bucket_ownership_controls",
      "name": "codepipeline_bucket_acl_ownership",
      "provider": "module.deploy_test.provider[\"registry.terraform.io/hashicorp/aws\"]",
      "instances": [
        {
          "schema_version": 0,
          "attributes": {
            "bucket": "whs-pipeline-from-iac20240106041333791600000001",
            "id": "whs-pipeline-from-iac20240106041333791600000001",
            "rule": [
              {
                "object_ownership": "ObjectWriter"
              }
            ]
          },
          "sensitive_attributes": [],
          "private": "bnVsbA==",
          "dependencies": [
            "module.deploy_test.data.aws_caller_identity.current",
            "module.deploy_test.data.aws_region.current",
            "module.deploy_test.module.s3_artifacts_bucket.aws_s3_bucket.codepipeline_bucket"
          ]
        }
      ]
    },
    {
      "module": "module.deploy_test.module.s3_artifacts_bucket",
      "mode": "managed",
      "type": "aws_s3_bucket_ownership_controls",
      "name": "replication_bucket_acl_ownership",
      "provider": "module.deploy_test.provider[\"registry.terraform.io/hashicorp/aws\"]",
      "instances": [
        {
          "schema_version": 0,
          "attributes": {
            "bucket": "whs-pipeline-from-iac-rpl20240106041330066900000001",
            "id": "whs-pipeline-from-iac-rpl20240106041330066900000001",
            "rule": [
              {
                "object_ownership": "ObjectWriter"
              }
            ]
          },
          "sensitive_attributes": [],
          "private": "bnVsbA==",
          "dependencies": [
            "module.deploy_test.module.s3_artifacts_bucket.aws_s3_bucket.replication_bucket"
          ]
        }
      ]
    },
    {
      "module": "module.deploy_test.module.s3_artifacts_bucket",
      "mode": "managed",
      "type": "aws_s3_bucket_policy",
      "name": "bucket_policy_codepipeline_bucket",
      "provider": "module.deploy_test.provider[\"registry.terraform.io/hashicorp/aws\"]",
      "instances": [
        {
          "schema_version": 0,
          "attributes": {
            "bucket": "whs-pipeline-from-iac20240106041333791600000001",
            "id": "whs-pipeline-from-iac20240106041333791600000001",
            "policy": "{\"Statement\":[{\"Action\":[\"s3:RestoreObject\",\"s3:ReplicateObject\",\"s3:PutObjectVersionTagging\",\"s3:PutObjectTagging\",\"s3:PutObjectAcl\",\"s3:PutObject\",\"s3:List*\",\"s3:Get*\"],\"Effect\":\"Allow\",\"Principal\":{\"AWS\":\"arn:aws:iam::851077919242:role/whs-pipeline-from-IaC-codepipeline-role\"},\"Resource\":[\"arn:aws:s3:::whs-pipeline-from-iac20240106041333791600000001/*\",\"arn:aws:s3:::whs-pipeline-from-iac20240106041333791600000001\"]}],\"Version\":\"2012-10-17\"}"
          },
          "sensitive_attributes": [],
          "private": "bnVsbA==",
          "dependencies": [
            "module.deploy_test.data.aws_caller_identity.current",
            "module.deploy_test.data.aws_region.current",
            "module.deploy_test.module.codepipeline_iam_role.aws_iam_role.codepipeline_role",
            "module.deploy_test.module.codepipeline_iam_role.data.aws_iam_role.existing_codepipeline_role",
            "module.deploy_test.module.s3_artifacts_bucket.aws_s3_bucket.codepipeline_bucket",
            "module.deploy_test.module.s3_artifacts_bucket.data.aws_iam_policy_document.bucket_policy_doc_codepipeline_bucket"
          ]
        }
      ]
    },
    {
      "module": "module.deploy_test.module.s3_artifacts_bucket",
      "mode": "managed",
      "type": "aws_s3_bucket_policy",
      "name": "bucket_policy_replication_bucket",
      "provider": "module.deploy_test.module.s3_artifacts_bucket.provider[\"registry.terraform.io/hashicorp/aws\"].replication",
      "instances": [
        {
          "schema_version": 0,
          "attributes": {
            "bucket": "whs-pipeline-from-iac-rpl20240106041330066900000001",
            "id": "whs-pipeline-from-iac-rpl20240106041330066900000001",
            "policy": "{\"Statement\":[{\"Action\":[\"s3:RestoreObject\",\"s3:ReplicateObject\",\"s3:PutObjectVersionTagging\",\"s3:PutObjectTagging\",\"s3:PutObjectAcl\",\"s3:PutObject\",\"s3:List*\",\"s3:Get*\"],\"Effect\":\"Allow\",\"Principal\":{\"AWS\":\"arn:aws:iam::851077919242:role/whs-pipeline-from-IaC-codepipeline-role\"},\"Resource\":[\"arn:aws:s3:::whs-pipeline-from-iac-rpl20240106041330066900000001/*\",\"arn:aws:s3:::whs-pipeline-from-iac-rpl20240106041330066900000001\"]}],\"Version\":\"2012-10-17\"}"
          },
          "sensitive_attributes": [],
          "private": "bnVsbA==",
          "dependencies": [
            "module.deploy_test.data.aws_caller_identity.current",
            "module.deploy_test.data.aws_region.current",
            "module.deploy_test.module.codepipeline_iam_role.aws_iam_role.codepipeline_role",
            "module.deploy_test.module.codepipeline_iam_role.data.aws_iam_role.existing_codepipeline_role",
            "module.deploy_test.module.s3_artifacts_bucket.aws_s3_bucket.replication_bucket",
            "module.deploy_test.module.s3_artifacts_bucket.data.aws_iam_policy_document.bucket_policy_doc_replication_bucket"
          ]
        }
      ]
    },
    {
      "module": "module.deploy_test.module.s3_artifacts_bucket",
      "mode": "managed",
      "type": "aws_s3_bucket_public_access_block",
      "name": "codepipeline_bucket_access",
      "provider": "module.deploy_test.provider[\"registry.terraform.io/hashicorp/aws\"]",
      "instances": [
        {
          "schema_version": 0,
          "attributes": {
            "block_public_acls": true,
            "block_public_policy": true,
            "bucket": "whs-pipeline-from-iac20240106041333791600000001",
            "id": "whs-pipeline-from-iac20240106041333791600000001",
            "ignore_public_acls": true,
            "restrict_public_buckets": true
          },
          "sensitive_attributes": [],
          "private": "bnVsbA==",
          "dependencies": [
            "module.deploy_test.data.aws_caller_identity.current",
            "module.deploy_test.data.aws_region.current",
            "module.deploy_test.module.s3_artifacts_bucket.aws_s3_bucket.codepipeline_bucket"
          ]
        }
      ]
    },
    {
      "module": "module.deploy_test.module.s3_artifacts_bucket",
      "mode": "managed",
      "type": "aws_s3_bucket_public_access_block",
      "name": "replication_bucket_access",
      "provider": "module.deploy_test.module.s3_artifacts_bucket.provider[\"registry.terraform.io/hashicorp/aws\"].replication",
      "instances": [
        {
          "schema_version": 0,
          "attributes": {
            "block_public_acls": true,
            "block_public_policy": true,
            "bucket": "whs-pipeline-from-iac-rpl20240106041330066900000001",
            "id": "whs-pipeline-from-iac-rpl20240106041330066900000001",
            "ignore_public_acls": true,
            "restrict_public_buckets": true
          },
          "sensitive_attributes": [],
          "private": "bnVsbA==",
          "dependencies": [
            "module.deploy_test.module.s3_artifacts_bucket.aws_s3_bucket.replication_bucket"
          ]
        }
      ]
    },
    {
      "module": "module.deploy_test.module.s3_artifacts_bucket",
      "mode": "managed",
      "type": "aws_s3_bucket_replication_configuration",
      "name": "replication_config",
      "provider": "module.deploy_test.provider[\"registry.terraform.io/hashicorp/aws\"]",
      "instances": [
        {
          "schema_version": 0,
          "attributes": {
            "bucket": "whs-pipeline-from-iac20240106041333791600000001",
            "id": "whs-pipeline-from-iac20240106041333791600000001",
            "role": "arn:aws:iam::851077919242:role/whs-pipeline-from-IaC-replication-role",
            "rule": [
              {
                "delete_marker_replication": [
                  {
                    "status": "Enabled"
                  }
                ],
                "destination": [
                  {
                    "access_control_translation": [],
                    "account": "",
                    "bucket": "arn:aws:s3:::whs-pipeline-from-iac-rpl20240106041330066900000001",
                    "encryption_configuration": [],
                    "metrics": [],
                    "replication_time": [],
                    "storage_class": "STANDARD"
                  }
                ],
                "existing_object_replication": [],
                "filter": [
                  {
                    "and": [],
                    "prefix": "",
                    "tag": []
                  }
                ],
                "id": "whs-pipeline-from-IaC-replication-rule",
                "prefix": "",
                "priority": 0,
                "source_selection_criteria": [],
                "status": "Enabled"
              }
            ],
            "token": null
          },
          "sensitive_attributes": [],
          "private": "bnVsbA==",
          "dependencies": [
            "module.deploy_test.data.aws_caller_identity.current",
            "module.deploy_test.data.aws_region.current",
            "module.deploy_test.module.s3_artifacts_bucket.aws_iam_role.replication_s3_role",
            "module.deploy_test.module.s3_artifacts_bucket.aws_s3_bucket.codepipeline_bucket",
            "module.deploy_test.module.s3_artifacts_bucket.aws_s3_bucket.replication_bucket",
            "module.deploy_test.module.s3_artifacts_bucket.aws_s3_bucket_versioning.codepipeline_bucket_versioning"
          ]
        }
      ]
    },
    {
      "module": "module.deploy_test.module.s3_artifacts_bucket",
      "mode": "managed",
      "type": "aws_s3_bucket_server_side_encryption_configuration",
      "name": "codepipeline_bucket_encryption",
      "provider": "module.deploy_test.provider[\"registry.terraform.io/hashicorp/aws\"]",
      "instances": [
        {
          "schema_version": 0,
          "attributes": {
            "bucket": "whs-pipeline-from-iac20240106041333791600000001",
            "expected_bucket_owner": "",
            "id": "whs-pipeline-from-iac20240106041333791600000001",
            "rule": [
              {
                "apply_server_side_encryption_by_default": [
                  {
                    "kms_master_key_id": "arn:aws:kms:ap-northeast-2:851077919242:key/9420f589-7979-4fa4-87d9-76f7274a4570",
                    "sse_algorithm": "aws:kms"
                  }
                ],
                "bucket_key_enabled": null
              }
            ]
          },
          "sensitive_attributes": [],
          "private": "bnVsbA==",
          "dependencies": [
            "module.deploy_test.aws_iam_instance_profile.whs_ec2_role_iac",
            "module.deploy_test.aws_iam_role.whs_ec2_role_iac",
            "module.deploy_test.data.aws_caller_identity.current",
            "module.deploy_test.data.aws_region.current",
            "module.deploy_test.module.codepipeline_iam_role.aws_iam_role.codepipeline_role",
            "module.deploy_test.module.codepipeline_iam_role.data.aws_iam_role.existing_codepipeline_role",
            "module.deploy_test.module.codepipeline_kms.aws_kms_key.encryption_key",
            "module.deploy_test.module.codepipeline_kms.data.aws_caller_identity.current",
            "module.deploy_test.module.codepipeline_kms.data.aws_iam_policy_document.kms_key_policy_doc",
            "module.deploy_test.module.s3_artifacts_bucket.aws_s3_bucket.codepipeline_bucket"
          ]
        }
      ]
    },
    {
      "module": "module.deploy_test.module.s3_artifacts_bucket",
      "mode": "managed",
      "type": "aws_s3_bucket_server_side_encryption_configuration",
      "name": "replication_bucket_encryption",
      "provider": "module.deploy_test.module.s3_artifacts_bucket.provider[\"registry.terraform.io/hashicorp/aws\"].replication",
      "instances": [
        {
          "schema_version": 0,
          "attributes": {
            "bucket": "whs-pipeline-from-iac-rpl20240106041330066900000001",
            "expected_bucket_owner": "",
            "id": "whs-pipeline-from-iac-rpl20240106041330066900000001",
            "rule": [
              {
                "apply_server_side_encryption_by_default": [
                  {
                    "kms_master_key_id": "arn:aws:kms:ap-northeast-2:851077919242:key/9420f589-7979-4fa4-87d9-76f7274a4570",
                    "sse_algorithm": "aws:kms"
                  }
                ],
                "bucket_key_enabled": null
              }
            ]
          },
          "sensitive_attributes": [],
          "private": "bnVsbA==",
          "dependencies": [
            "module.deploy_test.aws_iam_instance_profile.whs_ec2_role_iac",
            "module.deploy_test.aws_iam_role.whs_ec2_role_iac",
            "module.deploy_test.data.aws_caller_identity.current",
            "module.deploy_test.data.aws_region.current",
            "module.deploy_test.module.codepipeline_iam_role.aws_iam_role.codepipeline_role",
            "module.deploy_test.module.codepipeline_iam_role.data.aws_iam_role.existing_codepipeline_role",
            "module.deploy_test.module.codepipeline_kms.aws_kms_key.encryption_key",
            "module.deploy_test.module.codepipeline_kms.data.aws_caller_identity.current",
            "module.deploy_test.module.codepipeline_kms.data.aws_iam_policy_document.kms_key_policy_doc",
            "module.deploy_test.module.s3_artifacts_bucket.aws_s3_bucket.replication_bucket"
          ]
        }
      ]
    },
    {
      "module": "module.deploy_test.module.s3_artifacts_bucket",
      "mode": "managed",
      "type": "aws_s3_bucket_versioning",
      "name": "codepipeline_bucket_versioning",
      "provider": "module.deploy_test.provider[\"registry.terraform.io/hashicorp/aws\"]",
      "instances": [
        {
          "schema_version": 0,
          "attributes": {
            "bucket": "whs-pipeline-from-iac20240106041333791600000001",
            "expected_bucket_owner": "",
            "id": "whs-pipeline-from-iac20240106041333791600000001",
            "mfa": null,
            "versioning_configuration": [
              {
                "mfa_delete": "",
                "status": "Enabled"
              }
            ]
          },
          "sensitive_attributes": [],
          "private": "bnVsbA==",
          "dependencies": [
            "module.deploy_test.data.aws_caller_identity.current",
            "module.deploy_test.data.aws_region.current",
            "module.deploy_test.module.s3_artifacts_bucket.aws_s3_bucket.codepipeline_bucket"
          ]
        }
      ]
    },
    {
      "module": "module.deploy_test.module.s3_artifacts_bucket",
      "mode": "managed",
      "type": "aws_s3_bucket_versioning",
      "name": "replication_bucket_versioning",
      "provider": "module.deploy_test.module.s3_artifacts_bucket.provider[\"registry.terraform.io/hashicorp/aws\"].replication",
      "instances": [
        {
          "schema_version": 0,
          "attributes": {
            "bucket": "whs-pipeline-from-iac-rpl20240106041330066900000001",
            "expected_bucket_owner": "",
            "id": "whs-pipeline-from-iac-rpl20240106041330066900000001",
            "mfa": null,
            "versioning_configuration": [
              {
                "mfa_delete": "",
                "status": "Enabled"
              }
            ]
          },
          "sensitive_attributes": [],
          "private": "bnVsbA==",
          "dependencies": [
            "module.deploy_test.module.s3_artifacts_bucket.aws_s3_bucket.replication_bucket"
          ]
        }
      ]
    },
    {
      "module": "module.deploy_test.module.sonarQube",
      "mode": "data",
      "type": "aws_secretsmanager_secret",
      "name": "cluster_secret",
      "provider": "module.deploy_test.module.sonarQube.provider[\"registry.terraform.io/hashicorp/aws\"]",
      "instances": [
        {
          "schema_version": 0,
          "attributes": {
            "arn": "arn:aws:secretsmanager:ap-northeast-2:851077919242:secret:rds!cluster-fe312e39-0b67-4295-a38f-879c315790e4-CuT1op",
            "description": "Secret associated with primary RDS DB cluster: arn:aws:rds:ap-northeast-2:851077919242:cluster:sonarqube1",
            "id": "arn:aws:secretsmanager:ap-northeast-2:851077919242:secret:rds!cluster-fe312e39-0b67-4295-a38f-879c315790e4-CuT1op",
            "kms_key_id": "arn:aws:kms:ap-northeast-2:851077919242:key/7b344466-414c-4105-a703-e21b5f6a0215",
            "name": "rds!cluster-fe312e39-0b67-4295-a38f-879c315790e4",
            "policy": "",
            "tags": {}
          },
          "sensitive_attributes": []
        }
      ]
    },
    {
      "module": "module.deploy_test.module.sonarQube",
      "mode": "managed",
      "type": "aws_db_subnet_group",
      "name": "sonarqube_subnet_group",
      "provider": "module.deploy_test.module.sonarQube.provider[\"registry.terraform.io/hashicorp/aws\"]",
      "instances": [
        {
          "schema_version": 0,
          "attributes": {
            "arn": "arn:aws:rds:ap-northeast-2:851077919242:subgrp:sonarqube_subnet_group",
            "description": "Managed by Terraform",
            "id": "sonarqube_subnet_group",
            "name": "sonarqube_subnet_group",
            "name_prefix": "",
            "subnet_ids": [
              "subnet-033a829f30c62aade",
              "subnet-086b052850e9bb90b",
              "subnet-0e7bf49eca2c0fd32"
            ],
            "supported_network_types": [
              "IPV4"
            ],
            "tags": {
              "Name": "sonarqube_subnet_group"
            },
            "tags_all": {
              "Name": "sonarqube_subnet_group"
            },
            "vpc_id": "vpc-031cddd00c029bd3c"
          },
          "sensitive_attributes": [],
          "private": "bnVsbA==",
          "dependencies": [
            "module.deploy_test.module.sonarQube.aws_subnet.sonarqube_private_subnet_2a",
            "module.deploy_test.module.sonarQube.aws_subnet.sonarqube_private_subnet_2b",
            "module.deploy_test.module.sonarQube.aws_subnet.sonarqube_private_subnet_2c",
            "module.deploy_test.module.sonarQube.aws_vpc.sonarqube_vpc"
          ]
        }
      ]
    },
    {
      "module": "module.deploy_test.module.sonarQube",
      "mode": "managed",
      "type": "aws_ecr_repository",
      "name": "sonarqube",
      "provider": "module.deploy_test.module.sonarQube.provider[\"registry.terraform.io/hashicorp/aws\"]",
      "instances": [
        {
          "schema_version": 0,
          "attributes": {
            "arn": "arn:aws:ecr:ap-northeast-2:851077919242:repository/sonarqube1",
            "encryption_configuration": [
              {
                "encryption_type": "KMS",
                "kms_key": "arn:aws:kms:ap-northeast-2:851077919242:key/7b344466-414c-4105-a703-e21b5f6a0215"
              }
            ],
            "force_delete": null,
            "id": "sonarqube1",
            "image_scanning_configuration": [
              {
                "scan_on_push": true
              }
            ],
            "image_tag_mutability": "MUTABLE",
            "name": "sonarqube1",
            "registry_id": "851077919242",
            "repository_url": "851077919242.dkr.ecr.ap-northeast-2.amazonaws.com/sonarqube1",
            "tags": null,
            "tags_all": {},
            "timeouts": null
          },
          "sensitive_attributes": [],
          "private": "eyJlMmJmYjczMC1lY2FhLTExZTYtOGY4OC0zNDM2M2JjN2M0YzAiOnsiZGVsZXRlIjoxMjAwMDAwMDAwMDAwfX0=",
          "dependencies": [
            "module.deploy_test.module.sonarQube.aws_kms_key.sonarqube_key"
          ]
        }
      ]
    },
    {
      "module": "module.deploy_test.module.sonarQube",
      "mode": "managed",
      "type": "aws_ecs_cluster",
      "name": "sonarqube",
      "provider": "module.deploy_test.module.sonarQube.provider[\"registry.terraform.io/hashicorp/aws\"]",
      "instances": [
        {
          "schema_version": 0,
          "attributes": {
            "arn": "arn:aws:ecs:ap-northeast-2:851077919242:cluster/sonarqube2",
            "configuration": [],
            "id": "arn:aws:ecs:ap-northeast-2:851077919242:cluster/sonarqube2",
            "name": "sonarqube2",
            "service_connect_defaults": [],
            "setting": [
              {
                "name": "containerInsights",
                "value": "disabled"
              }
            ],
            "tags": null,
            "tags_all": {}
          },
          "sensitive_attributes": [],
          "private": "bnVsbA=="
        }
      ]
    },
    {
      "module": "module.deploy_test.module.sonarQube",
      "mode": "managed",
      "type": "aws_ecs_service",
      "name": "sonarqube",
      "provider": "module.deploy_test.module.sonarQube.provider[\"registry.terraform.io/hashicorp/aws\"]",
      "instances": [
        {
          "schema_version": 0,
          "attributes": {
            "alarms": [],
            "capacity_provider_strategy": [],
            "cluster": "arn:aws:ecs:ap-northeast-2:851077919242:cluster/sonarqube2",
            "deployment_circuit_breaker": [
              {
                "enable": true,
                "rollback": true
              }
            ],
            "deployment_controller": [
              {
                "type": "ECS"
              }
            ],
            "deployment_maximum_percent": 200,
            "deployment_minimum_healthy_percent": 100,
            "desired_count": 1,
            "enable_ecs_managed_tags": false,
            "enable_execute_command": false,
            "force_new_deployment": null,
            "health_check_grace_period_seconds": 0,
            "iam_role": "/aws-service-role/ecs.amazonaws.com/AWSServiceRoleForECS",
            "id": "arn:aws:ecs:ap-northeast-2:851077919242:service/sonarqube2/sonarqube",
            "launch_type": "FARGATE",
            "load_balancer": [
              {
                "container_name": "sonarqube",
                "container_port": 9000,
                "elb_name": "",
                "target_group_arn": "arn:aws:elasticloadbalancing:ap-northeast-2:851077919242:targetgroup/sonarqube-tg/77e6f6b27d6c793c"
              }
            ],
            "name": "sonarqube",
            "network_configuration": [
              {
                "assign_public_ip": false,
                "security_groups": [
                  "sg-029a0006c6622af18"
                ],
                "subnets": [
                  "subnet-033a829f30c62aade",
                  "subnet-086b052850e9bb90b",
                  "subnet-0e7bf49eca2c0fd32"
                ]
              }
            ],
            "ordered_placement_strategy": [],
            "placement_constraints": [],
            "platform_version": "LATEST",
            "propagate_tags": "NONE",
            "scheduling_strategy": "REPLICA",
            "service_connect_configuration": [],
            "service_registries": [],
            "tags": null,
            "tags_all": {},
            "task_definition": "arn:aws:ecs:ap-northeast-2:851077919242:task-definition/sonarqube:33",
            "timeouts": null,
            "triggers": {},
            "wait_for_steady_state": false
          },
          "sensitive_attributes": [],
          "private": "eyJlMmJmYjczMC1lY2FhLTExZTYtOGY4OC0zNDM2M2JjN2M0YzAiOnsiY3JlYXRlIjoxMjAwMDAwMDAwMDAwLCJkZWxldGUiOjEyMDAwMDAwMDAwMDAsInVwZGF0ZSI6MTIwMDAwMDAwMDAwMH19",
          "dependencies": [
            "module.deploy_test.module.sonarQube.aws_db_subnet_group.sonarqube_subnet_group",
            "module.deploy_test.module.sonarQube.aws_ecr_repository.sonarqube",
            "module.deploy_test.module.sonarQube.aws_ecs_cluster.sonarqube",
            "module.deploy_test.module.sonarQube.aws_ecs_task_definition.sonarqube",
            "module.deploy_test.module.sonarQube.aws_efs_access_point.sonarqube_data",
            "module.deploy_test.module.sonarQube.aws_efs_access_point.sonarqube_extensions",
            "module.deploy_test.module.sonarQube.aws_efs_access_point.sonarqube_logs",
            "module.deploy_test.module.sonarQube.aws_efs_file_system.sonarqube_efs",
            "module.deploy_test.module.sonarQube.aws_iam_role.SonarQubeTaskExecutionRole",
            "module.deploy_test.module.sonarQube.aws_iam_role.SonarQubeTaskRole",
            "module.deploy_test.module.sonarQube.aws_kms_key.sonarqube_key",
            "module.deploy_test.module.sonarQube.aws_lb_target_group.sonarqube",
            "module.deploy_test.module.sonarQube.aws_rds_cluster.sonarqube_db",
            "module.deploy_test.module.sonarQube.aws_security_group.sonarqube_db",
            "module.deploy_test.module.sonarQube.aws_security_group.sonarqube_lb",
            "module.deploy_test.module.sonarQube.aws_security_group.sonarqube_sg",
            "module.deploy_test.module.sonarQube.aws_subnet.sonarqube_private_subnet_2a",
            "module.deploy_test.module.sonarQube.aws_subnet.sonarqube_private_subnet_2b",
            "module.deploy_test.module.sonarQube.aws_subnet.sonarqube_private_subnet_2c",
            "module.deploy_test.module.sonarQube.aws_vpc.sonarqube_vpc",
            "module.deploy_test.module.sonarQube.data.aws_secretsmanager_secret.cluster_secret"
          ]
        }
      ]
    },
    {
      "module": "module.deploy_test.module.sonarQube",
      "mode": "managed",
      "type": "aws_ecs_task_definition",
      "name": "sonarqube",
      "provider": "module.deploy_test.module.sonarQube.provider[\"registry.terraform.io/hashicorp/aws\"]",
      "instances": [
        {
          "schema_version": 1,
          "attributes": {
            "arn": "arn:aws:ecs:ap-northeast-2:851077919242:task-definition/sonarqube:33",
            "arn_without_revision": "arn:aws:ecs:ap-northeast-2:851077919242:task-definition/sonarqube",
            "container_definitions": "[{\"cpu\":0,\"environment\":[{\"name\":\"SONAR_JDBC_URL\",\"value\":\"jdbc:postgresql://sonarqube1.cluster-cvprv5ijkr8y.ap-northeast-2.rds.amazonaws.com:5432/sonarqube\"},{\"name\":\"SONAR_JDBC_USERNAME\",\"value\":\"sonarqube\"},{\"name\":\"SONAR_SEARCH_JAVAADDITIONALOPTS\",\"value\":\"-Dnode.store.allow_mmap=false,-Ddiscovery.type=single-node\"}],\"essential\":true,\"image\":\"851077919242.dkr.ecr.ap-northeast-2.amazonaws.com/sonarqube1:latest\",\"logConfiguration\":{\"logDriver\":\"awslogs\",\"options\":{\"awslogs-create-group\":\"true\",\"awslogs-group\":\"/ecs/sonarqube\",\"awslogs-region\":\"ap-northeast-2\",\"awslogs-stream-prefix\":\"ecs\"}},\"mountPoints\":[{\"containerPath\":\"/opt/sonarqube/data\",\"readOnly\":false,\"sourceVolume\":\"sonarqube_data\"},{\"containerPath\":\"/opt/sonarqube/extensions\",\"readOnly\":false,\"sourceVolume\":\"sonarqube_extensions\"},{\"containerPath\":\"/opt/sonarqube/logs\",\"readOnly\":false,\"sourceVolume\":\"sonarqube_logs\"}],\"name\":\"sonarqube\",\"portMappings\":[{\"appProtocol\":\"http\",\"containerPort\":9000,\"hostPort\":9000,\"name\":\"sonarqube-9000-tcp\",\"protocol\":\"tcp\"}],\"secrets\":[{\"name\":\"SONAR_JDBC_PASSWORD\",\"valueFrom\":\"arn:aws:secretsmanager:ap-northeast-2:851077919242:secret:rds!cluster-fe312e39-0b67-4295-a38f-879c315790e4-CuT1op:password::\"}],\"ulimits\":[{\"hardLimit\":65535,\"name\":\"nofile\",\"softLimit\":65535}],\"volumesFrom\":[]}]",
            "cpu": "1024",
            "ephemeral_storage": [],
            "execution_role_arn": "arn:aws:iam::851077919242:role/SonarQubeTaskExecutionRole1",
            "family": "sonarqube",
            "id": "sonarqube",
            "inference_accelerator": [],
            "ipc_mode": "",
            "memory": "3072",
            "network_mode": "awsvpc",
            "pid_mode": "",
            "placement_constraints": [],
            "proxy_configuration": [],
            "requires_compatibilities": [
              "FARGATE"
            ],
            "revision": 33,
            "runtime_platform": [
              {
                "cpu_architecture": "X86_64",
                "operating_system_family": "LINUX"
              }
            ],
            "skip_destroy": false,
            "tags": null,
            "tags_all": {},
            "task_role_arn": "arn:aws:iam::851077919242:role/SonarQubeTaskRole1",
            "volume": [
              {
                "docker_volume_configuration": [],
                "efs_volume_configuration": [
                  {
                    "authorization_config": [
                      {
                        "access_point_id": "fsap-0c3d2b6e2aa08a610",
                        "iam": "DISABLED"
                      }
                    ],
                    "file_system_id": "fs-0c8e4b55ed58c0ce3",
                    "root_directory": "/",
                    "transit_encryption": "ENABLED",
                    "transit_encryption_port": 0
                  }
                ],
                "fsx_windows_file_server_volume_configuration": [],
                "host_path": "",
                "name": "sonarqube_logs"
              },
              {
                "docker_volume_configuration": [],
                "efs_volume_configuration": [
                  {
                    "authorization_config": [
                      {
                        "access_point_id": "fsap-0ca7fad49eeb82afc",
                        "iam": "DISABLED"
                      }
                    ],
                    "file_system_id": "fs-0c8e4b55ed58c0ce3",
                    "root_directory": "/",
                    "transit_encryption": "ENABLED",
                    "transit_encryption_port": 0
                  }
                ],
                "fsx_windows_file_server_volume_configuration": [],
                "host_path": "",
                "name": "sonarqube_extensions"
              },
              {
                "docker_volume_configuration": [],
                "efs_volume_configuration": [
                  {
                    "authorization_config": [
                      {
                        "access_point_id": "fsap-0e2604b5762c16f7c",
                        "iam": "DISABLED"
                      }
                    ],
                    "file_system_id": "fs-0c8e4b55ed58c0ce3",
                    "root_directory": "/",
                    "transit_encryption": "ENABLED",
                    "transit_encryption_port": 0
                  }
                ],
                "fsx_windows_file_server_volume_configuration": [],
                "host_path": "",
                "name": "sonarqube_data"
              }
            ]
          },
          "sensitive_attributes": [],
          "private": "eyJzY2hlbWFfdmVyc2lvbiI6IjEifQ==",
          "dependencies": [
            "module.deploy_test.module.sonarQube.aws_db_subnet_group.sonarqube_subnet_group",
            "module.deploy_test.module.sonarQube.aws_ecr_repository.sonarqube",
            "module.deploy_test.module.sonarQube.aws_efs_access_point.sonarqube_data",
            "module.deploy_test.module.sonarQube.aws_efs_access_point.sonarqube_extensions",
            "module.deploy_test.module.sonarQube.aws_efs_access_point.sonarqube_logs",
            "module.deploy_test.module.sonarQube.aws_efs_file_system.sonarqube_efs",
            "module.deploy_test.module.sonarQube.aws_iam_role.SonarQubeTaskExecutionRole",
            "module.deploy_test.module.sonarQube.aws_iam_role.SonarQubeTaskRole",
            "module.deploy_test.module.sonarQube.aws_kms_key.sonarqube_key",
            "module.deploy_test.module.sonarQube.aws_rds_cluster.sonarqube_db",
            "module.deploy_test.module.sonarQube.aws_security_group.sonarqube_db",
            "module.deploy_test.module.sonarQube.aws_security_group.sonarqube_lb",
            "module.deploy_test.module.sonarQube.aws_security_group.sonarqube_sg",
            "module.deploy_test.module.sonarQube.aws_subnet.sonarqube_private_subnet_2a",
            "module.deploy_test.module.sonarQube.aws_subnet.sonarqube_private_subnet_2b",
            "module.deploy_test.module.sonarQube.aws_subnet.sonarqube_private_subnet_2c",
            "module.deploy_test.module.sonarQube.aws_vpc.sonarqube_vpc",
            "module.deploy_test.module.sonarQube.data.aws_secretsmanager_secret.cluster_secret"
          ]
        }
      ]
    },
    {
      "module": "module.deploy_test.module.sonarQube",
      "mode": "managed",
      "type": "aws_efs_access_point",
      "name": "sonarqube_data",
      "provider": "module.deploy_test.module.sonarQube.provider[\"registry.terraform.io/hashicorp/aws\"]",
      "instances": [
        {
          "schema_version": 0,
          "attributes": {
            "arn": "arn:aws:elasticfilesystem:ap-northeast-2:851077919242:access-point/fsap-0e2604b5762c16f7c",
            "file_system_arn": "arn:aws:elasticfilesystem:ap-northeast-2:851077919242:file-system/fs-0c8e4b55ed58c0ce3",
            "file_system_id": "fs-0c8e4b55ed58c0ce3",
            "id": "fsap-0e2604b5762c16f7c",
            "owner_id": "851077919242",
            "posix_user": [
              {
                "gid": 1000,
                "secondary_gids": null,
                "uid": 1000
              }
            ],
            "root_directory": [
              {
                "creation_info": [
                  {
                    "owner_gid": 1000,
                    "owner_uid": 1000,
                    "permissions": "755"
                  }
                ],
                "path": "/sonarqube_data"
              }
            ],
            "tags": null,
            "tags_all": {}
          },
          "sensitive_attributes": [],
          "private": "bnVsbA==",
          "dependencies": [
            "module.deploy_test.module.sonarQube.aws_efs_file_system.sonarqube_efs",
            "module.deploy_test.module.sonarQube.aws_kms_key.sonarqube_key"
          ]
        }
      ]
    },
    {
      "module": "module.deploy_test.module.sonarQube",
      "mode": "managed",
      "type": "aws_efs_access_point",
      "name": "sonarqube_extensions",
      "provider": "module.deploy_test.module.sonarQube.provider[\"registry.terraform.io/hashicorp/aws\"]",
      "instances": [
        {
          "schema_version": 0,
          "attributes": {
            "arn": "arn:aws:elasticfilesystem:ap-northeast-2:851077919242:access-point/fsap-0ca7fad49eeb82afc",
            "file_system_arn": "arn:aws:elasticfilesystem:ap-northeast-2:851077919242:file-system/fs-0c8e4b55ed58c0ce3",
            "file_system_id": "fs-0c8e4b55ed58c0ce3",
            "id": "fsap-0ca7fad49eeb82afc",
            "owner_id": "851077919242",
            "posix_user": [
              {
                "gid": 1000,
                "secondary_gids": null,
                "uid": 1000
              }
            ],
            "root_directory": [
              {
                "creation_info": [
                  {
                    "owner_gid": 1000,
                    "owner_uid": 1000,
                    "permissions": "755"
                  }
                ],
                "path": "/sonarqube_extensions"
              }
            ],
            "tags": null,
            "tags_all": {}
          },
          "sensitive_attributes": [],
          "private": "bnVsbA==",
          "dependencies": [
            "module.deploy_test.module.sonarQube.aws_efs_file_system.sonarqube_efs",
            "module.deploy_test.module.sonarQube.aws_kms_key.sonarqube_key"
          ]
        }
      ]
    },
    {
      "module": "module.deploy_test.module.sonarQube",
      "mode": "managed",
      "type": "aws_efs_access_point",
      "name": "sonarqube_logs",
      "provider": "module.deploy_test.module.sonarQube.provider[\"registry.terraform.io/hashicorp/aws\"]",
      "instances": [
        {
          "schema_version": 0,
          "attributes": {
            "arn": "arn:aws:elasticfilesystem:ap-northeast-2:851077919242:access-point/fsap-0c3d2b6e2aa08a610",
            "file_system_arn": "arn:aws:elasticfilesystem:ap-northeast-2:851077919242:file-system/fs-0c8e4b55ed58c0ce3",
            "file_system_id": "fs-0c8e4b55ed58c0ce3",
            "id": "fsap-0c3d2b6e2aa08a610",
            "owner_id": "851077919242",
            "posix_user": [
              {
                "gid": 1000,
                "secondary_gids": null,
                "uid": 1000
              }
            ],
            "root_directory": [
              {
                "creation_info": [
                  {
                    "owner_gid": 1000,
                    "owner_uid": 1000,
                    "permissions": "755"
                  }
                ],
                "path": "/sonarqube_logs"
              }
            ],
            "tags": null,
            "tags_all": {}
          },
          "sensitive_attributes": [],
          "private": "bnVsbA==",
          "dependencies": [
            "module.deploy_test.module.sonarQube.aws_efs_file_system.sonarqube_efs",
            "module.deploy_test.module.sonarQube.aws_kms_key.sonarqube_key"
          ]
        }
      ]
    },
    {
      "module": "module.deploy_test.module.sonarQube",
      "mode": "managed",
      "type": "aws_efs_file_system",
      "name": "sonarqube_efs",
      "provider": "module.deploy_test.module.sonarQube.provider[\"registry.terraform.io/hashicorp/aws\"]",
      "instances": [
        {
          "schema_version": 0,
          "attributes": {
            "arn": "arn:aws:elasticfilesystem:ap-northeast-2:851077919242:file-system/fs-0c8e4b55ed58c0ce3",
            "availability_zone_id": "",
            "availability_zone_name": "",
            "creation_token": "sonarqube-efs",
            "dns_name": "fs-0c8e4b55ed58c0ce3.efs.ap-northeast-2.amazonaws.com",
            "encrypted": true,
            "id": "fs-0c8e4b55ed58c0ce3",
            "kms_key_id": "arn:aws:kms:ap-northeast-2:851077919242:key/7b344466-414c-4105-a703-e21b5f6a0215",
            "lifecycle_policy": [
              {
                "transition_to_ia": "AFTER_30_DAYS",
                "transition_to_primary_storage_class": ""
              }
            ],
            "name": "",
            "number_of_mount_targets": 0,
            "owner_id": "851077919242",
            "performance_mode": "generalPurpose",
            "provisioned_throughput_in_mibps": 0,
            "size_in_bytes": [
              {
                "value": 6144,
                "value_in_ia": 0,
                "value_in_standard": 6144
              }
            ],
            "tags": null,
            "tags_all": {},
            "throughput_mode": "bursting"
          },
          "sensitive_attributes": [],
          "private": "bnVsbA==",
          "dependencies": [
            "module.deploy_test.module.sonarQube.aws_kms_key.sonarqube_key"
          ]
        }
      ]
    },
    {
      "module": "module.deploy_test.module.sonarQube",
      "mode": "managed",
      "type": "aws_efs_mount_target",
      "name": "data",
      "provider": "module.deploy_test.module.sonarQube.provider[\"registry.terraform.io/hashicorp/aws\"]",
      "instances": [
        {
          "schema_version": 0,
          "attributes": {
            "availability_zone_id": "apne2-az1",
            "availability_zone_name": "ap-northeast-2a",
            "dns_name": "fs-0c8e4b55ed58c0ce3.efs.ap-northeast-2.amazonaws.com",
            "file_system_arn": "arn:aws:elasticfilesystem:ap-northeast-2:851077919242:file-system/fs-0c8e4b55ed58c0ce3",
            "file_system_id": "fs-0c8e4b55ed58c0ce3",
            "id": "fsmt-02544d5524cfd3a9e",
            "ip_address": "10.0.136.31",
            "mount_target_dns_name": "ap-northeast-2a.fs-0c8e4b55ed58c0ce3.efs.ap-northeast-2.amazonaws.com",
            "network_interface_id": "eni-09cedad6cced8d593",
            "owner_id": "851077919242",
            "security_groups": [
              "sg-09408b0a953ee432e"
            ],
            "subnet_id": "subnet-0e7bf49eca2c0fd32",
            "timeouts": null
          },
          "sensitive_attributes": [],
          "private": "eyJlMmJmYjczMC1lY2FhLTExZTYtOGY4OC0zNDM2M2JjN2M0YzAiOnsiY3JlYXRlIjoxODAwMDAwMDAwMDAwLCJkZWxldGUiOjYwMDAwMDAwMDAwMH19",
          "dependencies": [
            "module.deploy_test.module.sonarQube.aws_efs_file_system.sonarqube_efs",
            "module.deploy_test.module.sonarQube.aws_kms_key.sonarqube_key",
            "module.deploy_test.module.sonarQube.aws_security_group.sonarqube_default",
            "module.deploy_test.module.sonarQube.aws_security_group.sonarqube_lb",
            "module.deploy_test.module.sonarQube.aws_security_group.sonarqube_sg",
            "module.deploy_test.module.sonarQube.aws_subnet.sonarqube_private_subnet_2a",
            "module.deploy_test.module.sonarQube.aws_vpc.sonarqube_vpc"
          ]
        }
      ]
    },
    {
      "module": "module.deploy_test.module.sonarQube",
      "mode": "managed",
      "type": "aws_efs_mount_target",
      "name": "extensions",
      "provider": "module.deploy_test.module.sonarQube.provider[\"registry.terraform.io/hashicorp/aws\"]",
      "instances": [
        {
          "schema_version": 0,
          "attributes": {
            "availability_zone_id": "apne2-az2",
            "availability_zone_name": "ap-northeast-2b",
            "dns_name": "fs-0c8e4b55ed58c0ce3.efs.ap-northeast-2.amazonaws.com",
            "file_system_arn": "arn:aws:elasticfilesystem:ap-northeast-2:851077919242:file-system/fs-0c8e4b55ed58c0ce3",
            "file_system_id": "fs-0c8e4b55ed58c0ce3",
            "id": "fsmt-0aa73f5c8d03acf84",
            "ip_address": "10.0.158.196",
            "mount_target_dns_name": "ap-northeast-2b.fs-0c8e4b55ed58c0ce3.efs.ap-northeast-2.amazonaws.com",
            "network_interface_id": "eni-074790866be5edfed",
            "owner_id": "851077919242",
            "security_groups": [
              "sg-09408b0a953ee432e"
            ],
            "subnet_id": "subnet-033a829f30c62aade",
            "timeouts": null
          },
          "sensitive_attributes": [],
          "private": "eyJlMmJmYjczMC1lY2FhLTExZTYtOGY4OC0zNDM2M2JjN2M0YzAiOnsiY3JlYXRlIjoxODAwMDAwMDAwMDAwLCJkZWxldGUiOjYwMDAwMDAwMDAwMH19",
          "dependencies": [
            "module.deploy_test.module.sonarQube.aws_efs_file_system.sonarqube_efs",
            "module.deploy_test.module.sonarQube.aws_kms_key.sonarqube_key",
            "module.deploy_test.module.sonarQube.aws_security_group.sonarqube_default",
            "module.deploy_test.module.sonarQube.aws_security_group.sonarqube_lb",
            "module.deploy_test.module.sonarQube.aws_security_group.sonarqube_sg",
            "module.deploy_test.module.sonarQube.aws_subnet.sonarqube_private_subnet_2b",
            "module.deploy_test.module.sonarQube.aws_vpc.sonarqube_vpc"
          ]
        }
      ]
    },
    {
      "module": "module.deploy_test.module.sonarQube",
      "mode": "managed",
      "type": "aws_efs_mount_target",
      "name": "logs",
      "provider": "module.deploy_test.module.sonarQube.provider[\"registry.terraform.io/hashicorp/aws\"]",
      "instances": [
        {
          "schema_version": 0,
          "attributes": {
            "availability_zone_id": "apne2-az3",
            "availability_zone_name": "ap-northeast-2c",
            "dns_name": "fs-0c8e4b55ed58c0ce3.efs.ap-northeast-2.amazonaws.com",
            "file_system_arn": "arn:aws:elasticfilesystem:ap-northeast-2:851077919242:file-system/fs-0c8e4b55ed58c0ce3",
            "file_system_id": "fs-0c8e4b55ed58c0ce3",
            "id": "fsmt-0d7befad1b0111f2e",
            "ip_address": "10.0.173.120",
            "mount_target_dns_name": "ap-northeast-2c.fs-0c8e4b55ed58c0ce3.efs.ap-northeast-2.amazonaws.com",
            "network_interface_id": "eni-09d4a3d5cc5daf913",
            "owner_id": "851077919242",
            "security_groups": [
              "sg-09408b0a953ee432e"
            ],
            "subnet_id": "subnet-086b052850e9bb90b",
            "timeouts": null
          },
          "sensitive_attributes": [],
          "private": "eyJlMmJmYjczMC1lY2FhLTExZTYtOGY4OC0zNDM2M2JjN2M0YzAiOnsiY3JlYXRlIjoxODAwMDAwMDAwMDAwLCJkZWxldGUiOjYwMDAwMDAwMDAwMH19",
          "dependencies": [
            "module.deploy_test.module.sonarQube.aws_efs_file_system.sonarqube_efs",
            "module.deploy_test.module.sonarQube.aws_kms_key.sonarqube_key",
            "module.deploy_test.module.sonarQube.aws_security_group.sonarqube_default",
            "module.deploy_test.module.sonarQube.aws_security_group.sonarqube_lb",
            "module.deploy_test.module.sonarQube.aws_security_group.sonarqube_sg",
            "module.deploy_test.module.sonarQube.aws_subnet.sonarqube_private_subnet_2c",
            "module.deploy_test.module.sonarQube.aws_vpc.sonarqube_vpc"
          ]
        }
      ]
    },
    {
      "module": "module.deploy_test.module.sonarQube",
      "mode": "managed",
      "type": "aws_eip",
      "name": "sonarqube_eip",
      "provider": "module.deploy_test.module.sonarQube.provider[\"registry.terraform.io/hashicorp/aws\"]",
      "instances": [
        {
          "schema_version": 0,
          "attributes": {
            "address": null,
            "allocation_id": "eipalloc-011dffba1ff32233d",
            "associate_with_private_ip": null,
            "association_id": "",
            "carrier_ip": "",
            "customer_owned_ip": "",
            "customer_owned_ipv4_pool": "",
            "domain": "vpc",
            "id": "eipalloc-011dffba1ff32233d",
            "instance": "",
            "network_border_group": "ap-northeast-2",
            "network_interface": "",
            "private_dns": null,
            "private_ip": "",
            "public_dns": "ec2-43-203-51-33.ap-northeast-2.compute.amazonaws.com",
            "public_ip": "43.203.51.33",
            "public_ipv4_pool": "amazon",
            "tags": null,
            "tags_all": {},
            "timeouts": null,
            "vpc": true
          },
          "sensitive_attributes": [],
          "private": "eyJlMmJmYjczMC1lY2FhLTExZTYtOGY4OC0zNDM2M2JjN2M0YzAiOnsiZGVsZXRlIjoxODAwMDAwMDAwMDAsInJlYWQiOjkwMDAwMDAwMDAwMCwidXBkYXRlIjozMDAwMDAwMDAwMDB9fQ=="
        }
      ]
    },
    {
      "module": "module.deploy_test.module.sonarQube",
      "mode": "managed",
      "type": "aws_iam_role",
      "name": "SonarQubeTaskExecutionRole",
      "provider": "module.deploy_test.module.sonarQube.provider[\"registry.terraform.io/hashicorp/aws\"]",
      "instances": [
        {
          "schema_version": 0,
          "attributes": {
            "arn": "arn:aws:iam::851077919242:role/SonarQubeTaskExecutionRole1",
            "assume_role_policy": "{\"Statement\":[{\"Action\":\"sts:AssumeRole\",\"Effect\":\"Allow\",\"Principal\":{\"Service\":\"ecs-tasks.amazonaws.com\"},\"Sid\":\"\"}],\"Version\":\"2012-10-17\"}",
            "create_date": "2024-01-06T04:15:20Z",
            "description": "",
            "force_detach_policies": false,
            "id": "SonarQubeTaskExecutionRole1",
            "inline_policy": [
              {
                "name": "sonarqube-task",
                "policy": "{\"Version\":\"2012-10-17\",\"Statement\":[{\"Action\":[\"kms:Decrypt\",\"secretsmanager:GetSecretValue\"],\"Effect\":\"Allow\",\"Resource\":[\"arn:aws:kms:ap-northeast-2:851077919242:key/7b344466-414c-4105-a703-e21b5f6a0215\",\"arn:aws:secretsmanager:ap-northeast-2:851077919242:secret:rds!cluster-fe312e39-0b67-4295-a38f-879c315790e4-CuT1op\"]}]}"
              }
            ],
            "managed_policy_arns": [
              "arn:aws:iam::aws:policy/AWSOpsWorksCloudWatchLogs",
              "arn:aws:iam::aws:policy/AmazonEC2ContainerRegistryReadOnly"
            ],
            "max_session_duration": 3600,
            "name": "SonarQubeTaskExecutionRole1",
            "name_prefix": "",
            "path": "/",
            "permissions_boundary": "",
            "tags": null,
            "tags_all": {},
            "unique_id": "AROA4MKBSOIFFNQWWCTXG"
          },
          "sensitive_attributes": [],
          "private": "bnVsbA==",
          "dependencies": [
            "module.deploy_test.module.sonarQube.aws_db_subnet_group.sonarqube_subnet_group",
            "module.deploy_test.module.sonarQube.aws_kms_key.sonarqube_key",
            "module.deploy_test.module.sonarQube.aws_rds_cluster.sonarqube_db",
            "module.deploy_test.module.sonarQube.aws_security_group.sonarqube_db",
            "module.deploy_test.module.sonarQube.aws_security_group.sonarqube_lb",
            "module.deploy_test.module.sonarQube.aws_security_group.sonarqube_sg",
            "module.deploy_test.module.sonarQube.aws_subnet.sonarqube_private_subnet_2a",
            "module.deploy_test.module.sonarQube.aws_subnet.sonarqube_private_subnet_2b",
            "module.deploy_test.module.sonarQube.aws_subnet.sonarqube_private_subnet_2c",
            "module.deploy_test.module.sonarQube.aws_vpc.sonarqube_vpc",
            "module.deploy_test.module.sonarQube.data.aws_secretsmanager_secret.cluster_secret"
          ]
        }
      ]
    },
    {
      "module": "module.deploy_test.module.sonarQube",
      "mode": "managed",
      "type": "aws_iam_role",
      "name": "SonarQubeTaskRole",
      "provider": "module.deploy_test.module.sonarQube.provider[\"registry.terraform.io/hashicorp/aws\"]",
      "instances": [
        {
          "schema_version": 0,
          "attributes": {
            "arn": "arn:aws:iam::851077919242:role/SonarQubeTaskRole1",
            "assume_role_policy": "{\"Statement\":[{\"Action\":\"sts:AssumeRole\",\"Effect\":\"Allow\",\"Principal\":{\"Service\":\"ecs-tasks.amazonaws.com\"},\"Sid\":\"\"}],\"Version\":\"2012-10-17\"}",
            "create_date": "2024-01-06T04:13:28Z",
            "description": "",
            "force_detach_policies": false,
            "id": "SonarQubeTaskRole1",
            "inline_policy": [],
            "managed_policy_arns": [],
            "max_session_duration": 3600,
            "name": "SonarQubeTaskRole1",
            "name_prefix": "",
            "path": "/",
            "permissions_boundary": "",
            "tags": null,
            "tags_all": {},
            "unique_id": "AROA4MKBSOIFHKVZILXUE"
          },
          "sensitive_attributes": [],
          "private": "bnVsbA=="
        }
      ]
    },
    {
      "module": "module.deploy_test.module.sonarQube",
      "mode": "managed",
      "type": "aws_internet_gateway",
      "name": "sonarqube_igw",
      "provider": "module.deploy_test.module.sonarQube.provider[\"registry.terraform.io/hashicorp/aws\"]",
      "instances": [
        {
          "schema_version": 0,
          "attributes": {
            "arn": "arn:aws:ec2:ap-northeast-2:851077919242:internet-gateway/igw-018fee3e48270c9b5",
            "id": "igw-018fee3e48270c9b5",
            "owner_id": "851077919242",
            "tags": {
              "Name": "sonarqube_igw"
            },
            "tags_all": {
              "Name": "sonarqube_igw"
            },
            "timeouts": null,
            "vpc_id": "vpc-031cddd00c029bd3c"
          },
          "sensitive_attributes": [],
          "private": "eyJlMmJmYjczMC1lY2FhLTExZTYtOGY4OC0zNDM2M2JjN2M0YzAiOnsiY3JlYXRlIjoxMjAwMDAwMDAwMDAwLCJkZWxldGUiOjEyMDAwMDAwMDAwMDAsInVwZGF0ZSI6MTIwMDAwMDAwMDAwMH19",
          "dependencies": [
            "module.deploy_test.module.sonarQube.aws_vpc.sonarqube_vpc"
          ]
        }
      ]
    },
    {
      "module": "module.deploy_test.module.sonarQube",
      "mode": "managed",
      "type": "aws_kms_key",
      "name": "sonarqube_key",
      "provider": "module.deploy_test.module.sonarQube.provider[\"registry.terraform.io/hashicorp/aws\"]",
      "instances": [
        {
          "schema_version": 0,
          "attributes": {
            "arn": "arn:aws:kms:ap-northeast-2:851077919242:key/7b344466-414c-4105-a703-e21b5f6a0215",
            "bypass_policy_lockout_safety_check": false,
            "custom_key_store_id": "",
            "customer_master_key_spec": "SYMMETRIC_DEFAULT",
            "deletion_window_in_days": null,
            "description": "sonarqube_key",
            "enable_key_rotation": false,
            "id": "7b344466-414c-4105-a703-e21b5f6a0215",
            "is_enabled": true,
            "key_id": "7b344466-414c-4105-a703-e21b5f6a0215",
            "key_usage": "ENCRYPT_DECRYPT",
            "multi_region": false,
            "policy": "{\"Id\":\"key-default-1\",\"Statement\":[{\"Action\":\"kms:*\",\"Effect\":\"Allow\",\"Principal\":{\"AWS\":\"arn:aws:iam::851077919242:root\"},\"Resource\":\"*\",\"Sid\":\"Enable IAM User Permissions\"}],\"Version\":\"2012-10-17\"}",
            "tags": null,
            "tags_all": {},
            "timeouts": null
          },
          "sensitive_attributes": [],
          "private": "eyJlMmJmYjczMC1lY2FhLTExZTYtOGY4OC0zNDM2M2JjN2M0YzAiOnsiY3JlYXRlIjoxMjAwMDAwMDAwMDB9fQ=="
        }
      ]
    },
    {
      "module": "module.deploy_test.module.sonarQube",
      "mode": "managed",
      "type": "aws_kms_key_policy",
      "name": "sonarqube_key",
      "provider": "module.deploy_test.module.sonarQube.provider[\"registry.terraform.io/hashicorp/aws\"]",
      "instances": [
        {
          "schema_version": 0,
          "attributes": {
            "bypass_policy_lockout_safety_check": false,
            "id": "7b344466-414c-4105-a703-e21b5f6a0215",
            "key_id": "7b344466-414c-4105-a703-e21b5f6a0215",
            "policy": "{\"Id\":\"sonarqube-policy\",\"Statement\":[{\"Action\":\"kms:*\",\"Effect\":\"Allow\",\"Principal\":{\"AWS\":\"arn:aws:iam::851077919242:root\"},\"Resource\":\"*\",\"Sid\":\"\"},{\"Action\":[\"kms:Create*\",\"kms:Describe*\",\"kms:Enable*\",\"kms:List*\",\"kms:Put*\",\"kms:Update*\",\"kms:Revoke*\",\"kms:Disable*\",\"kms:Get*\",\"kms:Delete*\",\"kms:TagResource\",\"kms:UntagResource\",\"kms:ScheduleKeyDeletion\",\"kms:CancelKeyDeletion\"],\"Effect\":\"Allow\",\"Principal\":{\"AWS\":\"arn:aws:iam::851077919242:user/jth0809\"},\"Resource\":\"*\",\"Sid\":\"Allow access for Key Administrators\"},{\"Action\":[\"kms:Encrypt\",\"kms:Decrypt\",\"kms:ReEncrypt*\",\"kms:GenerateDataKey*\",\"kms:DescribeKey\"],\"Effect\":\"Allow\",\"Principal\":{\"AWS\":\"arn:aws:iam::851077919242:role/SonarQubeTaskExecutionRole1\"},\"Resource\":\"*\",\"Sid\":\"Allow use of the key\"},{\"Action\":[\"kms:CreateGrant\",\"kms:ListGrants\",\"kms:RevokeGrant\"],\"Condition\":{\"Bool\":{\"kms:GrantIsForAWSResource\":\"true\"}},\"Effect\":\"Allow\",\"Principal\":{\"AWS\":\"arn:aws:iam::851077919242:role/SonarQubeTaskExecutionRole1\"},\"Resource\":\"*\",\"Sid\":\"Allow attachment of persistent resources\"}],\"Version\":\"2012-10-17\"}"
          },
          "sensitive_attributes": [],
          "private": "bnVsbA==",
          "dependencies": [
            "module.deploy_test.module.sonarQube.aws_db_subnet_group.sonarqube_subnet_group",
            "module.deploy_test.module.sonarQube.aws_iam_role.SonarQubeTaskExecutionRole",
            "module.deploy_test.module.sonarQube.aws_kms_key.sonarqube_key",
            "module.deploy_test.module.sonarQube.aws_rds_cluster.sonarqube_db",
            "module.deploy_test.module.sonarQube.aws_security_group.sonarqube_db",
            "module.deploy_test.module.sonarQube.aws_security_group.sonarqube_lb",
            "module.deploy_test.module.sonarQube.aws_security_group.sonarqube_sg",
            "module.deploy_test.module.sonarQube.aws_subnet.sonarqube_private_subnet_2a",
            "module.deploy_test.module.sonarQube.aws_subnet.sonarqube_private_subnet_2b",
            "module.deploy_test.module.sonarQube.aws_subnet.sonarqube_private_subnet_2c",
            "module.deploy_test.module.sonarQube.aws_vpc.sonarqube_vpc",
            "module.deploy_test.module.sonarQube.data.aws_secretsmanager_secret.cluster_secret"
          ]
        }
      ]
    },
    {
      "module": "module.deploy_test.module.sonarQube",
      "mode": "managed",
      "type": "aws_lb",
      "name": "sonarqube_lb",
      "provider": "module.deploy_test.module.sonarQube.provider[\"registry.terraform.io/hashicorp/aws\"]",
      "instances": [
        {
          "schema_version": 0,
          "attributes": {
            "access_logs": [
              {
                "bucket": "",
                "enabled": false,
                "prefix": ""
              }
            ],
            "arn": "arn:aws:elasticloadbalancing:ap-northeast-2:851077919242:loadbalancer/app/sonarqube-lb/ed97e838bb3cc2f2",
            "arn_suffix": "app/sonarqube-lb/ed97e838bb3cc2f2",
            "connection_logs": [
              {
                "bucket": "",
                "enabled": false,
                "prefix": ""
              }
            ],
            "customer_owned_ipv4_pool": "",
            "desync_mitigation_mode": "defensive",
            "dns_name": "sonarqube-lb-1329279861.ap-northeast-2.elb.amazonaws.com",
            "dns_record_client_routing_policy": null,
            "drop_invalid_header_fields": false,
            "enable_cross_zone_load_balancing": true,
            "enable_deletion_protection": false,
            "enable_http2": true,
            "enable_tls_version_and_cipher_suite_headers": false,
            "enable_waf_fail_open": false,
            "enable_xff_client_port": false,
            "enforce_security_group_inbound_rules_on_private_link_traffic": "",
            "id": "arn:aws:elasticloadbalancing:ap-northeast-2:851077919242:loadbalancer/app/sonarqube-lb/ed97e838bb3cc2f2",
            "idle_timeout": 60,
            "internal": false,
            "ip_address_type": "ipv4",
            "load_balancer_type": "application",
            "name": "sonarqube-lb",
            "name_prefix": "",
            "preserve_host_header": false,
            "security_groups": [
              "sg-09c4f1d5cce27dfec"
            ],
            "subnet_mapping": [
              {
                "allocation_id": "",
                "ipv6_address": "",
                "outpost_id": "",
                "private_ipv4_address": "",
                "subnet_id": "subnet-000a1432bd675528b"
              },
              {
                "allocation_id": "",
                "ipv6_address": "",
                "outpost_id": "",
                "private_ipv4_address": "",
                "subnet_id": "subnet-04e040a35d65541b4"
              },
              {
                "allocation_id": "",
                "ipv6_address": "",
                "outpost_id": "",
                "private_ipv4_address": "",
                "subnet_id": "subnet-059f1838402abf1b3"
              }
            ],
            "subnets": [
              "subnet-000a1432bd675528b",
              "subnet-04e040a35d65541b4",
              "subnet-059f1838402abf1b3"
            ],
            "tags": {
              "Environment": "sonarqube"
            },
            "tags_all": {
              "Environment": "sonarqube"
            },
            "timeouts": null,
            "vpc_id": "vpc-031cddd00c029bd3c",
            "xff_header_processing_mode": "append",
            "zone_id": "ZWKZPGTI48KDX"
          },
          "sensitive_attributes": [],
          "private": "eyJlMmJmYjczMC1lY2FhLTExZTYtOGY4OC0zNDM2M2JjN2M0YzAiOnsiY3JlYXRlIjo2MDAwMDAwMDAwMDAsImRlbGV0ZSI6NjAwMDAwMDAwMDAwLCJ1cGRhdGUiOjYwMDAwMDAwMDAwMH19",
          "dependencies": [
            "module.deploy_test.module.sonarQube.aws_security_group.sonarqube_lb",
            "module.deploy_test.module.sonarQube.aws_subnet.sonarqube_public_subnet_2a",
            "module.deploy_test.module.sonarQube.aws_subnet.sonarqube_public_subnet_2b",
            "module.deploy_test.module.sonarQube.aws_subnet.sonarqube_public_subnet_2c",
            "module.deploy_test.module.sonarQube.aws_vpc.sonarqube_vpc"
          ]
        }
      ]
    },
    {
      "module": "module.deploy_test.module.sonarQube",
      "mode": "managed",
      "type": "aws_lb_listener",
      "name": "sonarqube_listener",
      "provider": "module.deploy_test.module.sonarQube.provider[\"registry.terraform.io/hashicorp/aws\"]",
      "instances": [
        {
          "schema_version": 0,
          "attributes": {
            "alpn_policy": null,
            "arn": "arn:aws:elasticloadbalancing:ap-northeast-2:851077919242:listener/app/sonarqube-lb/ed97e838bb3cc2f2/138eb717ae5ca3ae",
            "certificate_arn": null,
            "default_action": [
              {
                "authenticate_cognito": [],
                "authenticate_oidc": [],
                "fixed_response": [],
                "forward": [],
                "order": 1,
                "redirect": [],
                "target_group_arn": "arn:aws:elasticloadbalancing:ap-northeast-2:851077919242:targetgroup/sonarqube-tg/77e6f6b27d6c793c",
                "type": "forward"
              }
            ],
            "id": "arn:aws:elasticloadbalancing:ap-northeast-2:851077919242:listener/app/sonarqube-lb/ed97e838bb3cc2f2/138eb717ae5ca3ae",
            "load_balancer_arn": "arn:aws:elasticloadbalancing:ap-northeast-2:851077919242:loadbalancer/app/sonarqube-lb/ed97e838bb3cc2f2",
            "mutual_authentication": [],
            "port": 9000,
            "protocol": "HTTP",
            "ssl_policy": "",
            "tags": null,
            "tags_all": {},
            "timeouts": null
          },
          "sensitive_attributes": [],
          "private": "eyJlMmJmYjczMC1lY2FhLTExZTYtOGY4OC0zNDM2M2JjN2M0YzAiOnsiY3JlYXRlIjozMDAwMDAwMDAwMDAsInVwZGF0ZSI6MzAwMDAwMDAwMDAwfX0=",
          "dependencies": [
            "module.deploy_test.module.sonarQube.aws_lb.sonarqube_lb",
            "module.deploy_test.module.sonarQube.aws_lb_target_group.sonarqube",
            "module.deploy_test.module.sonarQube.aws_security_group.sonarqube_lb",
            "module.deploy_test.module.sonarQube.aws_subnet.sonarqube_public_subnet_2a",
            "module.deploy_test.module.sonarQube.aws_subnet.sonarqube_public_subnet_2b",
            "module.deploy_test.module.sonarQube.aws_subnet.sonarqube_public_subnet_2c",
            "module.deploy_test.module.sonarQube.aws_vpc.sonarqube_vpc"
          ]
        }
      ]
    },
    {
      "module": "module.deploy_test.module.sonarQube",
      "mode": "managed",
      "type": "aws_lb_target_group",
      "name": "sonarqube",
      "provider": "module.deploy_test.module.sonarQube.provider[\"registry.terraform.io/hashicorp/aws\"]",
      "instances": [
        {
          "schema_version": 0,
          "attributes": {
            "arn": "arn:aws:elasticloadbalancing:ap-northeast-2:851077919242:targetgroup/sonarqube-tg/77e6f6b27d6c793c",
            "arn_suffix": "targetgroup/sonarqube-tg/77e6f6b27d6c793c",
            "connection_termination": null,
            "deregistration_delay": "300",
            "health_check": [
              {
                "enabled": true,
                "healthy_threshold": 5,
                "interval": 30,
                "matcher": "200",
                "path": "/",
                "port": "traffic-port",
                "protocol": "HTTP",
                "timeout": 5,
                "unhealthy_threshold": 2
              }
            ],
            "id": "arn:aws:elasticloadbalancing:ap-northeast-2:851077919242:targetgroup/sonarqube-tg/77e6f6b27d6c793c",
            "ip_address_type": "ipv4",
            "lambda_multi_value_headers_enabled": false,
            "load_balancing_algorithm_type": "round_robin",
            "load_balancing_cross_zone_enabled": "use_load_balancer_configuration",
            "name": "sonarqube-tg",
            "name_prefix": "",
            "port": 9000,
            "preserve_client_ip": null,
            "protocol": "HTTP",
            "protocol_version": "HTTP1",
            "proxy_protocol_v2": false,
            "slow_start": 0,
            "stickiness": [
              {
                "cookie_duration": 86400,
                "cookie_name": "",
                "enabled": false,
                "type": "lb_cookie"
              }
            ],
            "tags": null,
            "tags_all": {},
            "target_failover": [
              {
                "on_deregistration": null,
                "on_unhealthy": null
              }
            ],
            "target_health_state": [
              {
                "enable_unhealthy_connection_termination": null
              }
            ],
            "target_type": "ip",
            "vpc_id": "vpc-031cddd00c029bd3c"
          },
          "sensitive_attributes": [],
          "private": "bnVsbA==",
          "dependencies": [
            "module.deploy_test.module.sonarQube.aws_vpc.sonarqube_vpc"
          ]
        }
      ]
    },
    {
      "module": "module.deploy_test.module.sonarQube",
      "mode": "managed",
      "type": "aws_nat_gateway",
      "name": "sonarqube_nat",
      "provider": "module.deploy_test.module.sonarQube.provider[\"registry.terraform.io/hashicorp/aws\"]",
      "instances": [
        {
          "schema_version": 0,
          "attributes": {
            "allocation_id": "eipalloc-011dffba1ff32233d",
            "association_id": "eipassoc-0a5b9ba682cf96709",
            "connectivity_type": "public",
            "id": "nat-0b010920c8511cfb8",
            "network_interface_id": "eni-0423b90fb49a18948",
            "private_ip": "10.0.8.117",
            "public_ip": "43.203.51.33",
            "secondary_allocation_ids": null,
            "secondary_private_ip_address_count": 0,
            "secondary_private_ip_addresses": [],
            "subnet_id": "subnet-000a1432bd675528b",
            "tags": {
              "Name": "sonarqube_nat"
            },
            "tags_all": {
              "Name": "sonarqube_nat"
            },
            "timeouts": null
          },
          "sensitive_attributes": [],
          "private": "eyJlMmJmYjczMC1lY2FhLTExZTYtOGY4OC0zNDM2M2JjN2M0YzAiOnsiY3JlYXRlIjo2MDAwMDAwMDAwMDAsImRlbGV0ZSI6MTgwMDAwMDAwMDAwMCwidXBkYXRlIjo2MDAwMDAwMDAwMDB9fQ==",
          "dependencies": [
            "module.deploy_test.module.sonarQube.aws_eip.sonarqube_eip",
            "module.deploy_test.module.sonarQube.aws_internet_gateway.sonarqube_igw",
            "module.deploy_test.module.sonarQube.aws_subnet.sonarqube_public_subnet_2a",
            "module.deploy_test.module.sonarQube.aws_vpc.sonarqube_vpc"
          ]
        }
      ]
    },
    {
      "module": "module.deploy_test.module.sonarQube",
      "mode": "managed",
      "type": "aws_rds_cluster",
      "name": "sonarqube_db",
      "provider": "module.deploy_test.module.sonarQube.provider[\"registry.terraform.io/hashicorp/aws\"]",
      "instances": [
        {
          "schema_version": 1,
          "attributes": {
            "allocated_storage": 1,
            "allow_major_version_upgrade": null,
            "apply_immediately": null,
            "arn": "arn:aws:rds:ap-northeast-2:851077919242:cluster:sonarqube1",
            "availability_zones": [
              "ap-northeast-2a",
              "ap-northeast-2b",
              "ap-northeast-2c"
            ],
            "backtrack_window": 0,
            "backup_retention_period": 5,
            "cluster_identifier": "sonarqube1",
            "cluster_identifier_prefix": "",
            "cluster_members": [],
            "cluster_resource_id": "cluster-3PQJUERZT4USILWAUHHOCXC7PQ",
            "copy_tags_to_snapshot": false,
            "database_name": "sonarqube",
            "db_cluster_instance_class": "",
            "db_cluster_parameter_group_name": "default.aurora-postgresql15",
            "db_instance_parameter_group_name": null,
            "db_subnet_group_name": "sonarqube_subnet_group",
            "db_system_id": "",
            "delete_automated_backups": true,
            "deletion_protection": false,
            "enable_global_write_forwarding": false,
            "enable_http_endpoint": false,
            "enabled_cloudwatch_logs_exports": null,
            "endpoint": "sonarqube1.cluster-cvprv5ijkr8y.ap-northeast-2.rds.amazonaws.com",
            "engine": "aurora-postgresql",
            "engine_mode": "provisioned",
            "engine_version": "15.3",
            "engine_version_actual": "15.3",
            "final_snapshot_identifier": null,
            "global_cluster_identifier": "",
            "hosted_zone_id": "ZLA2NUCOLGUUR",
            "iam_database_authentication_enabled": false,
            "iam_roles": [],
            "id": "sonarqube1",
            "iops": 0,
            "kms_key_id": "",
            "manage_master_user_password": true,
            "master_password": null,
            "master_user_secret": [
              {
                "kms_key_id": "arn:aws:kms:ap-northeast-2:851077919242:key/7b344466-414c-4105-a703-e21b5f6a0215",
                "secret_arn": "arn:aws:secretsmanager:ap-northeast-2:851077919242:secret:rds!cluster-fe312e39-0b67-4295-a38f-879c315790e4-CuT1op",
                "secret_status": "active"
              }
            ],
            "master_user_secret_kms_key_id": "7b344466-414c-4105-a703-e21b5f6a0215",
            "master_username": "sonarqube",
            "network_type": "IPV4",
            "port": 5432,
            "preferred_backup_window": "07:00-09:00",
            "preferred_maintenance_window": "fri:13:41-fri:14:11",
            "reader_endpoint": "sonarqube1.cluster-ro-cvprv5ijkr8y.ap-northeast-2.rds.amazonaws.com",
            "replication_source_identifier": "",
            "restore_to_point_in_time": [],
            "s3_import": [],
            "scaling_configuration": [],
            "serverlessv2_scaling_configuration": [],
            "skip_final_snapshot": true,
            "snapshot_identifier": null,
            "source_region": null,
            "storage_encrypted": false,
            "storage_type": "",
            "tags": null,
            "tags_all": {},
            "timeouts": null,
            "vpc_security_group_ids": [
              "sg-0ba357bb1c1d72c50"
            ]
          },
          "sensitive_attributes": [],
          "private": "eyJlMmJmYjczMC1lY2FhLTExZTYtOGY4OC0zNDM2M2JjN2M0YzAiOnsiY3JlYXRlIjo3MjAwMDAwMDAwMDAwLCJkZWxldGUiOjcyMDAwMDAwMDAwMDAsInVwZGF0ZSI6NzIwMDAwMDAwMDAwMH0sInNjaGVtYV92ZXJzaW9uIjoiMSJ9",
          "dependencies": [
            "module.deploy_test.module.sonarQube.aws_db_subnet_group.sonarqube_subnet_group",
            "module.deploy_test.module.sonarQube.aws_kms_key.sonarqube_key",
            "module.deploy_test.module.sonarQube.aws_security_group.sonarqube_db",
            "module.deploy_test.module.sonarQube.aws_security_group.sonarqube_lb",
            "module.deploy_test.module.sonarQube.aws_security_group.sonarqube_sg",
            "module.deploy_test.module.sonarQube.aws_subnet.sonarqube_private_subnet_2a",
            "module.deploy_test.module.sonarQube.aws_subnet.sonarqube_private_subnet_2b",
            "module.deploy_test.module.sonarQube.aws_subnet.sonarqube_private_subnet_2c",
            "module.deploy_test.module.sonarQube.aws_vpc.sonarqube_vpc"
          ]
        }
      ]
    },
    {
      "module": "module.deploy_test.module.sonarQube",
      "mode": "managed",
      "type": "aws_rds_cluster_instance",
      "name": "sonarqube_instances",
      "provider": "module.deploy_test.module.sonarQube.provider[\"registry.terraform.io/hashicorp/aws\"]",
      "instances": [
        {
          "index_key": 0,
          "schema_version": 0,
          "attributes": {
            "apply_immediately": null,
            "arn": "arn:aws:rds:ap-northeast-2:851077919242:db:sonarqube-cluster-0",
            "auto_minor_version_upgrade": true,
            "availability_zone": "ap-northeast-2c",
            "ca_cert_identifier": "rds-ca-2019",
            "cluster_identifier": "sonarqube1",
            "copy_tags_to_snapshot": false,
            "custom_iam_instance_profile": "",
            "db_parameter_group_name": "default.aurora-postgresql15",
            "db_subnet_group_name": "sonarqube_subnet_group",
            "dbi_resource_id": "db-M4LJIFSTUPJNGIMDKI5NQ55ZQM",
            "endpoint": "sonarqube-cluster-0.cvprv5ijkr8y.ap-northeast-2.rds.amazonaws.com",
            "engine": "aurora-postgresql",
            "engine_version": "15.3",
            "engine_version_actual": "15.3",
            "id": "sonarqube-cluster-0",
            "identifier": "sonarqube-cluster-0",
            "identifier_prefix": "",
            "instance_class": "db.t3.medium",
            "kms_key_id": "",
            "monitoring_interval": 0,
            "monitoring_role_arn": "",
            "network_type": "IPV4",
            "performance_insights_enabled": false,
            "performance_insights_kms_key_id": "",
            "performance_insights_retention_period": 0,
            "port": 5432,
            "preferred_backup_window": "07:00-09:00",
            "preferred_maintenance_window": "thu:16:49-thu:17:19",
            "promotion_tier": 0,
            "publicly_accessible": false,
            "storage_encrypted": false,
            "tags": null,
            "tags_all": {},
            "timeouts": null,
            "writer": true
          },
          "sensitive_attributes": [],
          "private": "eyJlMmJmYjczMC1lY2FhLTExZTYtOGY4OC0zNDM2M2JjN2M0YzAiOnsiY3JlYXRlIjo1NDAwMDAwMDAwMDAwLCJkZWxldGUiOjU0MDAwMDAwMDAwMDAsInVwZGF0ZSI6NTQwMDAwMDAwMDAwMH19",
          "dependencies": [
            "module.deploy_test.module.sonarQube.aws_db_subnet_group.sonarqube_subnet_group",
            "module.deploy_test.module.sonarQube.aws_kms_key.sonarqube_key",
            "module.deploy_test.module.sonarQube.aws_rds_cluster.sonarqube_db",
            "module.deploy_test.module.sonarQube.aws_security_group.sonarqube_db",
            "module.deploy_test.module.sonarQube.aws_security_group.sonarqube_lb",
            "module.deploy_test.module.sonarQube.aws_security_group.sonarqube_sg",
            "module.deploy_test.module.sonarQube.aws_subnet.sonarqube_private_subnet_2a",
            "module.deploy_test.module.sonarQube.aws_subnet.sonarqube_private_subnet_2b",
            "module.deploy_test.module.sonarQube.aws_subnet.sonarqube_private_subnet_2c",
            "module.deploy_test.module.sonarQube.aws_vpc.sonarqube_vpc"
          ]
        }
      ]
    },
    {
      "module": "module.deploy_test.module.sonarQube",
      "mode": "managed",
      "type": "aws_route_table",
      "name": "sonarqube_private_route_table_a",
      "provider": "module.deploy_test.module.sonarQube.provider[\"registry.terraform.io/hashicorp/aws\"]",
      "instances": [
        {
          "schema_version": 0,
          "attributes": {
            "arn": "arn:aws:ec2:ap-northeast-2:851077919242:route-table/rtb-027fcca9a1cb2b608",
            "id": "rtb-027fcca9a1cb2b608",
            "owner_id": "851077919242",
            "propagating_vgws": [],
            "route": [
              {
                "carrier_gateway_id": "",
                "cidr_block": "0.0.0.0/0",
                "core_network_arn": "",
                "destination_prefix_list_id": "",
                "egress_only_gateway_id": "",
                "gateway_id": "",
                "ipv6_cidr_block": "",
                "local_gateway_id": "",
                "nat_gateway_id": "nat-0b010920c8511cfb8",
                "network_interface_id": "",
                "transit_gateway_id": "",
                "vpc_endpoint_id": "",
                "vpc_peering_connection_id": ""
              }
            ],
            "tags": {
              "Name": "sonarqube_private_route_table_a"
            },
            "tags_all": {
              "Name": "sonarqube_private_route_table_a"
            },
            "timeouts": null,
            "vpc_id": "vpc-031cddd00c029bd3c"
          },
          "sensitive_attributes": [],
          "private": "eyJlMmJmYjczMC1lY2FhLTExZTYtOGY4OC0zNDM2M2JjN2M0YzAiOnsiY3JlYXRlIjozMDAwMDAwMDAwMDAsImRlbGV0ZSI6MzAwMDAwMDAwMDAwLCJ1cGRhdGUiOjEyMDAwMDAwMDAwMH19",
          "dependencies": [
            "module.deploy_test.module.sonarQube.aws_eip.sonarqube_eip",
            "module.deploy_test.module.sonarQube.aws_internet_gateway.sonarqube_igw",
            "module.deploy_test.module.sonarQube.aws_nat_gateway.sonarqube_nat",
            "module.deploy_test.module.sonarQube.aws_subnet.sonarqube_public_subnet_2a",
            "module.deploy_test.module.sonarQube.aws_vpc.sonarqube_vpc"
          ]
        }
      ]
    },
    {
      "module": "module.deploy_test.module.sonarQube",
      "mode": "managed",
      "type": "aws_route_table",
      "name": "sonarqube_private_route_table_b",
      "provider": "module.deploy_test.module.sonarQube.provider[\"registry.terraform.io/hashicorp/aws\"]",
      "instances": [
        {
          "schema_version": 0,
          "attributes": {
            "arn": "arn:aws:ec2:ap-northeast-2:851077919242:route-table/rtb-0ab08f600701d882e",
            "id": "rtb-0ab08f600701d882e",
            "owner_id": "851077919242",
            "propagating_vgws": [],
            "route": [
              {
                "carrier_gateway_id": "",
                "cidr_block": "0.0.0.0/0",
                "core_network_arn": "",
                "destination_prefix_list_id": "",
                "egress_only_gateway_id": "",
                "gateway_id": "",
                "ipv6_cidr_block": "",
                "local_gateway_id": "",
                "nat_gateway_id": "nat-0b010920c8511cfb8",
                "network_interface_id": "",
                "transit_gateway_id": "",
                "vpc_endpoint_id": "",
                "vpc_peering_connection_id": ""
              }
            ],
            "tags": {
              "Name": "sonarqube_private_route_table_b"
            },
            "tags_all": {
              "Name": "sonarqube_private_route_table_b"
            },
            "timeouts": null,
            "vpc_id": "vpc-031cddd00c029bd3c"
          },
          "sensitive_attributes": [],
          "private": "eyJlMmJmYjczMC1lY2FhLTExZTYtOGY4OC0zNDM2M2JjN2M0YzAiOnsiY3JlYXRlIjozMDAwMDAwMDAwMDAsImRlbGV0ZSI6MzAwMDAwMDAwMDAwLCJ1cGRhdGUiOjEyMDAwMDAwMDAwMH19",
          "dependencies": [
            "module.deploy_test.module.sonarQube.aws_eip.sonarqube_eip",
            "module.deploy_test.module.sonarQube.aws_internet_gateway.sonarqube_igw",
            "module.deploy_test.module.sonarQube.aws_nat_gateway.sonarqube_nat",
            "module.deploy_test.module.sonarQube.aws_subnet.sonarqube_public_subnet_2a",
            "module.deploy_test.module.sonarQube.aws_vpc.sonarqube_vpc"
          ]
        }
      ]
    },
    {
      "module": "module.deploy_test.module.sonarQube",
      "mode": "managed",
      "type": "aws_route_table",
      "name": "sonarqube_private_route_table_c",
      "provider": "module.deploy_test.module.sonarQube.provider[\"registry.terraform.io/hashicorp/aws\"]",
      "instances": [
        {
          "schema_version": 0,
          "attributes": {
            "arn": "arn:aws:ec2:ap-northeast-2:851077919242:route-table/rtb-0ade96f10a3442afe",
            "id": "rtb-0ade96f10a3442afe",
            "owner_id": "851077919242",
            "propagating_vgws": [],
            "route": [
              {
                "carrier_gateway_id": "",
                "cidr_block": "0.0.0.0/0",
                "core_network_arn": "",
                "destination_prefix_list_id": "",
                "egress_only_gateway_id": "",
                "gateway_id": "",
                "ipv6_cidr_block": "",
                "local_gateway_id": "",
                "nat_gateway_id": "nat-0b010920c8511cfb8",
                "network_interface_id": "",
                "transit_gateway_id": "",
                "vpc_endpoint_id": "",
                "vpc_peering_connection_id": ""
              }
            ],
            "tags": {
              "Name": "sonarqube_private_route_table_c"
            },
            "tags_all": {
              "Name": "sonarqube_private_route_table_c"
            },
            "timeouts": null,
            "vpc_id": "vpc-031cddd00c029bd3c"
          },
          "sensitive_attributes": [],
          "private": "eyJlMmJmYjczMC1lY2FhLTExZTYtOGY4OC0zNDM2M2JjN2M0YzAiOnsiY3JlYXRlIjozMDAwMDAwMDAwMDAsImRlbGV0ZSI6MzAwMDAwMDAwMDAwLCJ1cGRhdGUiOjEyMDAwMDAwMDAwMH19",
          "dependencies": [
            "module.deploy_test.module.sonarQube.aws_eip.sonarqube_eip",
            "module.deploy_test.module.sonarQube.aws_internet_gateway.sonarqube_igw",
            "module.deploy_test.module.sonarQube.aws_nat_gateway.sonarqube_nat",
            "module.deploy_test.module.sonarQube.aws_subnet.sonarqube_public_subnet_2a",
            "module.deploy_test.module.sonarQube.aws_vpc.sonarqube_vpc"
          ]
        }
      ]
    },
    {
      "module": "module.deploy_test.module.sonarQube",
      "mode": "managed",
      "type": "aws_route_table",
      "name": "sonarqube_route_table",
      "provider": "module.deploy_test.module.sonarQube.provider[\"registry.terraform.io/hashicorp/aws\"]",
      "instances": [
        {
          "schema_version": 0,
          "attributes": {
            "arn": "arn:aws:ec2:ap-northeast-2:851077919242:route-table/rtb-0e0fbc50b0f8fc857",
            "id": "rtb-0e0fbc50b0f8fc857",
            "owner_id": "851077919242",
            "propagating_vgws": [],
            "route": [
              {
                "carrier_gateway_id": "",
                "cidr_block": "0.0.0.0/0",
                "core_network_arn": "",
                "destination_prefix_list_id": "",
                "egress_only_gateway_id": "",
                "gateway_id": "igw-018fee3e48270c9b5",
                "ipv6_cidr_block": "",
                "local_gateway_id": "",
                "nat_gateway_id": "",
                "network_interface_id": "",
                "transit_gateway_id": "",
                "vpc_endpoint_id": "",
                "vpc_peering_connection_id": ""
              }
            ],
            "tags": {
              "Name": "sonarqube_route_table"
            },
            "tags_all": {
              "Name": "sonarqube_route_table"
            },
            "timeouts": null,
            "vpc_id": "vpc-031cddd00c029bd3c"
          },
          "sensitive_attributes": [],
          "private": "eyJlMmJmYjczMC1lY2FhLTExZTYtOGY4OC0zNDM2M2JjN2M0YzAiOnsiY3JlYXRlIjozMDAwMDAwMDAwMDAsImRlbGV0ZSI6MzAwMDAwMDAwMDAwLCJ1cGRhdGUiOjEyMDAwMDAwMDAwMH19",
          "dependencies": [
            "module.deploy_test.module.sonarQube.aws_internet_gateway.sonarqube_igw",
            "module.deploy_test.module.sonarQube.aws_vpc.sonarqube_vpc"
          ]
        }
      ]
    },
    {
      "module": "module.deploy_test.module.sonarQube",
      "mode": "managed",
      "type": "aws_route_table_association",
      "name": "a",
      "provider": "module.deploy_test.module.sonarQube.provider[\"registry.terraform.io/hashicorp/aws\"]",
      "instances": [
        {
          "schema_version": 0,
          "attributes": {
            "gateway_id": "",
            "id": "rtbassoc-0c5bbbacca44e3a07",
            "route_table_id": "rtb-0e0fbc50b0f8fc857",
            "subnet_id": "subnet-000a1432bd675528b",
            "timeouts": null
          },
          "sensitive_attributes": [],
          "private": "eyJlMmJmYjczMC1lY2FhLTExZTYtOGY4OC0zNDM2M2JjN2M0YzAiOnsiY3JlYXRlIjozMDAwMDAwMDAwMDAsImRlbGV0ZSI6MzAwMDAwMDAwMDAwLCJ1cGRhdGUiOjEyMDAwMDAwMDAwMH19",
          "dependencies": [
            "module.deploy_test.module.sonarQube.aws_internet_gateway.sonarqube_igw",
            "module.deploy_test.module.sonarQube.aws_route_table.sonarqube_route_table",
            "module.deploy_test.module.sonarQube.aws_subnet.sonarqube_public_subnet_2a",
            "module.deploy_test.module.sonarQube.aws_vpc.sonarqube_vpc"
          ]
        }
      ]
    },
    {
      "module": "module.deploy_test.module.sonarQube",
      "mode": "managed",
      "type": "aws_route_table_association",
      "name": "a1",
      "provider": "module.deploy_test.module.sonarQube.provider[\"registry.terraform.io/hashicorp/aws\"]",
      "instances": [
        {
          "schema_version": 0,
          "attributes": {
            "gateway_id": "",
            "id": "rtbassoc-0b962430eed4b5796",
            "route_table_id": "rtb-027fcca9a1cb2b608",
            "subnet_id": "subnet-0e7bf49eca2c0fd32",
            "timeouts": null
          },
          "sensitive_attributes": [],
          "private": "eyJlMmJmYjczMC1lY2FhLTExZTYtOGY4OC0zNDM2M2JjN2M0YzAiOnsiY3JlYXRlIjozMDAwMDAwMDAwMDAsImRlbGV0ZSI6MzAwMDAwMDAwMDAwLCJ1cGRhdGUiOjEyMDAwMDAwMDAwMH19",
          "dependencies": [
            "module.deploy_test.module.sonarQube.aws_eip.sonarqube_eip",
            "module.deploy_test.module.sonarQube.aws_internet_gateway.sonarqube_igw",
            "module.deploy_test.module.sonarQube.aws_nat_gateway.sonarqube_nat",
            "module.deploy_test.module.sonarQube.aws_route_table.sonarqube_private_route_table_a",
            "module.deploy_test.module.sonarQube.aws_subnet.sonarqube_private_subnet_2a",
            "module.deploy_test.module.sonarQube.aws_subnet.sonarqube_public_subnet_2a",
            "module.deploy_test.module.sonarQube.aws_vpc.sonarqube_vpc"
          ]
        }
      ]
    },
    {
      "module": "module.deploy_test.module.sonarQube",
      "mode": "managed",
      "type": "aws_route_table_association",
      "name": "b",
      "provider": "module.deploy_test.module.sonarQube.provider[\"registry.terraform.io/hashicorp/aws\"]",
      "instances": [
        {
          "schema_version": 0,
          "attributes": {
            "gateway_id": "",
            "id": "rtbassoc-04e7d0c0fbc70ebcc",
            "route_table_id": "rtb-0e0fbc50b0f8fc857",
            "subnet_id": "subnet-04e040a35d65541b4",
            "timeouts": null
          },
          "sensitive_attributes": [],
          "private": "eyJlMmJmYjczMC1lY2FhLTExZTYtOGY4OC0zNDM2M2JjN2M0YzAiOnsiY3JlYXRlIjozMDAwMDAwMDAwMDAsImRlbGV0ZSI6MzAwMDAwMDAwMDAwLCJ1cGRhdGUiOjEyMDAwMDAwMDAwMH19",
          "dependencies": [
            "module.deploy_test.module.sonarQube.aws_internet_gateway.sonarqube_igw",
            "module.deploy_test.module.sonarQube.aws_route_table.sonarqube_route_table",
            "module.deploy_test.module.sonarQube.aws_subnet.sonarqube_public_subnet_2b",
            "module.deploy_test.module.sonarQube.aws_vpc.sonarqube_vpc"
          ]
        }
      ]
    },
    {
      "module": "module.deploy_test.module.sonarQube",
      "mode": "managed",
      "type": "aws_route_table_association",
      "name": "b1",
      "provider": "module.deploy_test.module.sonarQube.provider[\"registry.terraform.io/hashicorp/aws\"]",
      "instances": [
        {
          "schema_version": 0,
          "attributes": {
            "gateway_id": "",
            "id": "rtbassoc-0eba534aa674df2f3",
            "route_table_id": "rtb-0ab08f600701d882e",
            "subnet_id": "subnet-033a829f30c62aade",
            "timeouts": null
          },
          "sensitive_attributes": [],
          "private": "eyJlMmJmYjczMC1lY2FhLTExZTYtOGY4OC0zNDM2M2JjN2M0YzAiOnsiY3JlYXRlIjozMDAwMDAwMDAwMDAsImRlbGV0ZSI6MzAwMDAwMDAwMDAwLCJ1cGRhdGUiOjEyMDAwMDAwMDAwMH19",
          "dependencies": [
            "module.deploy_test.module.sonarQube.aws_eip.sonarqube_eip",
            "module.deploy_test.module.sonarQube.aws_internet_gateway.sonarqube_igw",
            "module.deploy_test.module.sonarQube.aws_nat_gateway.sonarqube_nat",
            "module.deploy_test.module.sonarQube.aws_route_table.sonarqube_private_route_table_b",
            "module.deploy_test.module.sonarQube.aws_subnet.sonarqube_private_subnet_2b",
            "module.deploy_test.module.sonarQube.aws_subnet.sonarqube_public_subnet_2a",
            "module.deploy_test.module.sonarQube.aws_vpc.sonarqube_vpc"
          ]
        }
      ]
    },
    {
      "module": "module.deploy_test.module.sonarQube",
      "mode": "managed",
      "type": "aws_route_table_association",
      "name": "c",
      "provider": "module.deploy_test.module.sonarQube.provider[\"registry.terraform.io/hashicorp/aws\"]",
      "instances": [
        {
          "schema_version": 0,
          "attributes": {
            "gateway_id": "",
            "id": "rtbassoc-0f8f7a830c204b03d",
            "route_table_id": "rtb-0e0fbc50b0f8fc857",
            "subnet_id": "subnet-059f1838402abf1b3",
            "timeouts": null
          },
          "sensitive_attributes": [],
          "private": "eyJlMmJmYjczMC1lY2FhLTExZTYtOGY4OC0zNDM2M2JjN2M0YzAiOnsiY3JlYXRlIjozMDAwMDAwMDAwMDAsImRlbGV0ZSI6MzAwMDAwMDAwMDAwLCJ1cGRhdGUiOjEyMDAwMDAwMDAwMH19",
          "dependencies": [
            "module.deploy_test.module.sonarQube.aws_internet_gateway.sonarqube_igw",
            "module.deploy_test.module.sonarQube.aws_route_table.sonarqube_route_table",
            "module.deploy_test.module.sonarQube.aws_subnet.sonarqube_public_subnet_2c",
            "module.deploy_test.module.sonarQube.aws_vpc.sonarqube_vpc"
          ]
        }
      ]
    },
    {
      "module": "module.deploy_test.module.sonarQube",
      "mode": "managed",
      "type": "aws_route_table_association",
      "name": "c1",
      "provider": "module.deploy_test.module.sonarQube.provider[\"registry.terraform.io/hashicorp/aws\"]",
      "instances": [
        {
          "schema_version": 0,
          "attributes": {
            "gateway_id": "",
            "id": "rtbassoc-05519170cd481941c",
            "route_table_id": "rtb-0ade96f10a3442afe",
            "subnet_id": "subnet-086b052850e9bb90b",
            "timeouts": null
          },
          "sensitive_attributes": [],
          "private": "eyJlMmJmYjczMC1lY2FhLTExZTYtOGY4OC0zNDM2M2JjN2M0YzAiOnsiY3JlYXRlIjozMDAwMDAwMDAwMDAsImRlbGV0ZSI6MzAwMDAwMDAwMDAwLCJ1cGRhdGUiOjEyMDAwMDAwMDAwMH19",
          "dependencies": [
            "module.deploy_test.module.sonarQube.aws_eip.sonarqube_eip",
            "module.deploy_test.module.sonarQube.aws_internet_gateway.sonarqube_igw",
            "module.deploy_test.module.sonarQube.aws_nat_gateway.sonarqube_nat",
            "module.deploy_test.module.sonarQube.aws_route_table.sonarqube_private_route_table_c",
            "module.deploy_test.module.sonarQube.aws_subnet.sonarqube_private_subnet_2c",
            "module.deploy_test.module.sonarQube.aws_subnet.sonarqube_public_subnet_2a",
            "module.deploy_test.module.sonarQube.aws_vpc.sonarqube_vpc"
          ]
        }
      ]
    },
    {
      "module": "module.deploy_test.module.sonarQube",
      "mode": "managed",
      "type": "aws_secretsmanager_secret",
      "name": "sonarqube_db_password",
      "provider": "module.deploy_test.module.sonarQube.provider[\"registry.terraform.io/hashicorp/aws\"]",
      "instances": [
        {
          "schema_version": 0,
          "attributes": {
            "arn": "arn:aws:secretsmanager:ap-northeast-2:851077919242:secret:sonarqube20240106041332884200000001-2QJ9hu",
            "description": "",
            "force_overwrite_replica_secret": false,
            "id": "arn:aws:secretsmanager:ap-northeast-2:851077919242:secret:sonarqube20240106041332884200000001-2QJ9hu",
            "kms_key_id": "7b344466-414c-4105-a703-e21b5f6a0215",
            "name": "sonarqube20240106041332884200000001",
            "name_prefix": "sonarqube",
            "policy": "",
            "recovery_window_in_days": 30,
            "replica": [],
            "tags": null,
            "tags_all": {}
          },
          "sensitive_attributes": [],
          "private": "bnVsbA==",
          "dependencies": [
            "module.deploy_test.module.sonarQube.aws_kms_key.sonarqube_key"
          ]
        }
      ]
    },
    {
      "module": "module.deploy_test.module.sonarQube",
      "mode": "managed",
      "type": "aws_security_group",
      "name": "sonarqube_db",
      "provider": "module.deploy_test.module.sonarQube.provider[\"registry.terraform.io/hashicorp/aws\"]",
      "instances": [
        {
          "schema_version": 1,
          "attributes": {
            "arn": "arn:aws:ec2:ap-northeast-2:851077919242:security-group/sg-0ba357bb1c1d72c50",
            "description": "sonarqube db group",
            "egress": [
              {
                "cidr_blocks": [
                  "0.0.0.0/0"
                ],
                "description": "",
                "from_port": 0,
                "ipv6_cidr_blocks": [],
                "prefix_list_ids": [],
                "protocol": "-1",
                "security_groups": [],
                "self": false,
                "to_port": 0
              }
            ],
            "id": "sg-0ba357bb1c1d72c50",
            "ingress": [
              {
                "cidr_blocks": [],
                "description": "postgre sql",
                "from_port": 5432,
                "ipv6_cidr_blocks": [],
                "prefix_list_ids": [],
                "protocol": "tcp",
                "security_groups": [
                  "sg-029a0006c6622af18"
                ],
                "self": false,
                "to_port": 5432
              }
            ],
            "name": "sonarqube_db",
            "name_prefix": "",
            "owner_id": "851077919242",
            "revoke_rules_on_delete": false,
            "tags": {
              "Name": "sonarqube_db_group"
            },
            "tags_all": {
              "Name": "sonarqube_db_group"
            },
            "timeouts": null,
            "vpc_id": "vpc-031cddd00c029bd3c"
          },
          "sensitive_attributes": [],
          "private": "eyJlMmJmYjczMC1lY2FhLTExZTYtOGY4OC0zNDM2M2JjN2M0YzAiOnsiY3JlYXRlIjo2MDAwMDAwMDAwMDAsImRlbGV0ZSI6OTAwMDAwMDAwMDAwfSwic2NoZW1hX3ZlcnNpb24iOiIxIn0=",
          "dependencies": [
            "module.deploy_test.module.sonarQube.aws_security_group.sonarqube_lb",
            "module.deploy_test.module.sonarQube.aws_security_group.sonarqube_sg",
            "module.deploy_test.module.sonarQube.aws_vpc.sonarqube_vpc"
          ]
        }
      ]
    },
    {
      "module": "module.deploy_test.module.sonarQube",
      "mode": "managed",
      "type": "aws_security_group",
      "name": "sonarqube_default",
      "provider": "module.deploy_test.module.sonarQube.provider[\"registry.terraform.io/hashicorp/aws\"]",
      "instances": [
        {
          "schema_version": 1,
          "attributes": {
            "arn": "arn:aws:ec2:ap-northeast-2:851077919242:security-group/sg-09408b0a953ee432e",
            "description": "sonarqube default group",
            "egress": [
              {
                "cidr_blocks": [
                  "0.0.0.0/0"
                ],
                "description": "",
                "from_port": 0,
                "ipv6_cidr_blocks": [],
                "prefix_list_ids": [],
                "protocol": "-1",
                "security_groups": [],
                "self": false,
                "to_port": 0
              }
            ],
            "id": "sg-09408b0a953ee432e",
            "ingress": [
              {
                "cidr_blocks": [],
                "description": "default",
                "from_port": 2049,
                "ipv6_cidr_blocks": [],
                "prefix_list_ids": [],
                "protocol": "tcp",
                "security_groups": [
                  "sg-029a0006c6622af18"
                ],
                "self": false,
                "to_port": 2049
              }
            ],
            "name": "sonarqube_default",
            "name_prefix": "",
            "owner_id": "851077919242",
            "revoke_rules_on_delete": false,
            "tags": {
              "Name": "sonarqube_default_group"
            },
            "tags_all": {
              "Name": "sonarqube_default_group"
            },
            "timeouts": null,
            "vpc_id": "vpc-031cddd00c029bd3c"
          },
          "sensitive_attributes": [],
          "private": "eyJlMmJmYjczMC1lY2FhLTExZTYtOGY4OC0zNDM2M2JjN2M0YzAiOnsiY3JlYXRlIjo2MDAwMDAwMDAwMDAsImRlbGV0ZSI6OTAwMDAwMDAwMDAwfSwic2NoZW1hX3ZlcnNpb24iOiIxIn0=",
          "dependencies": [
            "module.deploy_test.module.sonarQube.aws_security_group.sonarqube_lb",
            "module.deploy_test.module.sonarQube.aws_security_group.sonarqube_sg",
            "module.deploy_test.module.sonarQube.aws_vpc.sonarqube_vpc"
          ]
        }
      ]
    },
    {
      "module": "module.deploy_test.module.sonarQube",
      "mode": "managed",
      "type": "aws_security_group",
      "name": "sonarqube_lb",
      "provider": "module.deploy_test.module.sonarQube.provider[\"registry.terraform.io/hashicorp/aws\"]",
      "instances": [
        {
          "schema_version": 1,
          "attributes": {
            "arn": "arn:aws:ec2:ap-northeast-2:851077919242:security-group/sg-09c4f1d5cce27dfec",
            "description": "sonarqube loadbalancer group",
            "egress": [
              {
                "cidr_blocks": [
                  "0.0.0.0/0"
                ],
                "description": "",
                "from_port": 0,
                "ipv6_cidr_blocks": [],
                "prefix_list_ids": [],
                "protocol": "-1",
                "security_groups": [],
                "self": false,
                "to_port": 0
              }
            ],
            "id": "sg-09c4f1d5cce27dfec",
            "ingress": [
              {
                "cidr_blocks": [
                  "0.0.0.0/0"
                ],
                "description": " ",
                "from_port": 9000,
                "ipv6_cidr_blocks": [],
                "prefix_list_ids": [],
                "protocol": "tcp",
                "security_groups": [],
                "self": false,
                "to_port": 9000
              }
            ],
            "name": "sonarqube_lb",
            "name_prefix": "",
            "owner_id": "851077919242",
            "revoke_rules_on_delete": false,
            "tags": {
              "Name": "sonarqube_lb_group"
            },
            "tags_all": {
              "Name": "sonarqube_lb_group"
            },
            "timeouts": null,
            "vpc_id": "vpc-031cddd00c029bd3c"
          },
          "sensitive_attributes": [],
          "private": "eyJlMmJmYjczMC1lY2FhLTExZTYtOGY4OC0zNDM2M2JjN2M0YzAiOnsiY3JlYXRlIjo2MDAwMDAwMDAwMDAsImRlbGV0ZSI6OTAwMDAwMDAwMDAwfSwic2NoZW1hX3ZlcnNpb24iOiIxIn0=",
          "dependencies": [
            "module.deploy_test.module.sonarQube.aws_vpc.sonarqube_vpc"
          ]
        }
      ]
    },
    {
      "module": "module.deploy_test.module.sonarQube",
      "mode": "managed",
      "type": "aws_security_group",
      "name": "sonarqube_sg",
      "provider": "module.deploy_test.module.sonarQube.provider[\"registry.terraform.io/hashicorp/aws\"]",
      "instances": [
        {
          "schema_version": 1,
          "attributes": {
            "arn": "arn:aws:ec2:ap-northeast-2:851077919242:security-group/sg-029a0006c6622af18",
            "description": "sonarqube security group",
            "egress": [
              {
                "cidr_blocks": [
                  "0.0.0.0/0"
                ],
                "description": "",
                "from_port": 2049,
                "ipv6_cidr_blocks": [],
                "prefix_list_ids": [],
                "protocol": "tcp",
                "security_groups": [],
                "self": false,
                "to_port": 2049
              },
              {
                "cidr_blocks": [
                  "0.0.0.0/0"
                ],
                "description": "",
                "from_port": 443,
                "ipv6_cidr_blocks": [],
                "prefix_list_ids": [],
                "protocol": "tcp",
                "security_groups": [],
                "self": false,
                "to_port": 443
              },
              {
                "cidr_blocks": [
                  "0.0.0.0/0"
                ],
                "description": "",
                "from_port": 5432,
                "ipv6_cidr_blocks": [],
                "prefix_list_ids": [],
                "protocol": "tcp",
                "security_groups": [],
                "self": false,
                "to_port": 5432
              },
              {
                "cidr_blocks": [
                  "0.0.0.0/0"
                ],
                "description": "",
                "from_port": 80,
                "ipv6_cidr_blocks": [],
                "prefix_list_ids": [],
                "protocol": "tcp",
                "security_groups": [],
                "self": false,
                "to_port": 80
              },
              {
                "cidr_blocks": [
                  "0.0.0.0/0"
                ],
                "description": "",
                "from_port": 9000,
                "ipv6_cidr_blocks": [],
                "prefix_list_ids": [],
                "protocol": "tcp",
                "security_groups": [],
                "self": false,
                "to_port": 9000
              }
            ],
            "id": "sg-029a0006c6622af18",
            "ingress": [
              {
                "cidr_blocks": [],
                "description": "TLS from VPC",
                "from_port": 9000,
                "ipv6_cidr_blocks": [],
                "prefix_list_ids": [],
                "protocol": "tcp",
                "security_groups": [
                  "sg-09c4f1d5cce27dfec"
                ],
                "self": false,
                "to_port": 9000
              }
            ],
            "name": "sonarqube_sg",
            "name_prefix": "",
            "owner_id": "851077919242",
            "revoke_rules_on_delete": false,
            "tags": {
              "Name": "sonarqube_sg_group"
            },
            "tags_all": {
              "Name": "sonarqube_sg_group"
            },
            "timeouts": null,
            "vpc_id": "vpc-031cddd00c029bd3c"
          },
          "sensitive_attributes": [],
          "private": "eyJlMmJmYjczMC1lY2FhLTExZTYtOGY4OC0zNDM2M2JjN2M0YzAiOnsiY3JlYXRlIjo2MDAwMDAwMDAwMDAsImRlbGV0ZSI6OTAwMDAwMDAwMDAwfSwic2NoZW1hX3ZlcnNpb24iOiIxIn0=",
          "dependencies": [
            "module.deploy_test.module.sonarQube.aws_security_group.sonarqube_lb",
            "module.deploy_test.module.sonarQube.aws_vpc.sonarqube_vpc"
          ]
        }
      ]
    },
    {
      "module": "module.deploy_test.module.sonarQube",
      "mode": "managed",
      "type": "aws_subnet",
      "name": "sonarqube_private_subnet_2a",
      "provider": "module.deploy_test.module.sonarQube.provider[\"registry.terraform.io/hashicorp/aws\"]",
      "instances": [
        {
          "schema_version": 1,
          "attributes": {
            "arn": "arn:aws:ec2:ap-northeast-2:851077919242:subnet/subnet-0e7bf49eca2c0fd32",
            "assign_ipv6_address_on_creation": false,
            "availability_zone": "ap-northeast-2a",
            "availability_zone_id": "apne2-az1",
            "cidr_block": "10.0.128.0/20",
            "customer_owned_ipv4_pool": "",
            "enable_dns64": false,
            "enable_lni_at_device_index": 0,
            "enable_resource_name_dns_a_record_on_launch": false,
            "enable_resource_name_dns_aaaa_record_on_launch": false,
            "id": "subnet-0e7bf49eca2c0fd32",
            "ipv6_cidr_block": "",
            "ipv6_cidr_block_association_id": "",
            "ipv6_native": false,
            "map_customer_owned_ip_on_launch": false,
            "map_public_ip_on_launch": false,
            "outpost_arn": "",
            "owner_id": "851077919242",
            "private_dns_hostname_type_on_launch": "ip-name",
            "tags": {
              "Name": "sonarqube_private_subnet_2a"
            },
            "tags_all": {
              "Name": "sonarqube_private_subnet_2a"
            },
            "timeouts": null,
            "vpc_id": "vpc-031cddd00c029bd3c"
          },
          "sensitive_attributes": [],
          "private": "eyJlMmJmYjczMC1lY2FhLTExZTYtOGY4OC0zNDM2M2JjN2M0YzAiOnsiY3JlYXRlIjo2MDAwMDAwMDAwMDAsImRlbGV0ZSI6MTIwMDAwMDAwMDAwMH0sInNjaGVtYV92ZXJzaW9uIjoiMSJ9",
          "dependencies": [
            "module.deploy_test.module.sonarQube.aws_vpc.sonarqube_vpc"
          ]
        }
      ]
    },
    {
      "module": "module.deploy_test.module.sonarQube",
      "mode": "managed",
      "type": "aws_subnet",
      "name": "sonarqube_private_subnet_2b",
      "provider": "module.deploy_test.module.sonarQube.provider[\"registry.terraform.io/hashicorp/aws\"]",
      "instances": [
        {
          "schema_version": 1,
          "attributes": {
            "arn": "arn:aws:ec2:ap-northeast-2:851077919242:subnet/subnet-033a829f30c62aade",
            "assign_ipv6_address_on_creation": false,
            "availability_zone": "ap-northeast-2b",
            "availability_zone_id": "apne2-az2",
            "cidr_block": "10.0.144.0/20",
            "customer_owned_ipv4_pool": "",
            "enable_dns64": false,
            "enable_lni_at_device_index": 0,
            "enable_resource_name_dns_a_record_on_launch": false,
            "enable_resource_name_dns_aaaa_record_on_launch": false,
            "id": "subnet-033a829f30c62aade",
            "ipv6_cidr_block": "",
            "ipv6_cidr_block_association_id": "",
            "ipv6_native": false,
            "map_customer_owned_ip_on_launch": false,
            "map_public_ip_on_launch": false,
            "outpost_arn": "",
            "owner_id": "851077919242",
            "private_dns_hostname_type_on_launch": "ip-name",
            "tags": {
              "Name": "sonarqube_private_subnet_2b"
            },
            "tags_all": {
              "Name": "sonarqube_private_subnet_2b"
            },
            "timeouts": null,
            "vpc_id": "vpc-031cddd00c029bd3c"
          },
          "sensitive_attributes": [],
          "private": "eyJlMmJmYjczMC1lY2FhLTExZTYtOGY4OC0zNDM2M2JjN2M0YzAiOnsiY3JlYXRlIjo2MDAwMDAwMDAwMDAsImRlbGV0ZSI6MTIwMDAwMDAwMDAwMH0sInNjaGVtYV92ZXJzaW9uIjoiMSJ9",
          "dependencies": [
            "module.deploy_test.module.sonarQube.aws_vpc.sonarqube_vpc"
          ]
        }
      ]
    },
    {
      "module": "module.deploy_test.module.sonarQube",
      "mode": "managed",
      "type": "aws_subnet",
      "name": "sonarqube_private_subnet_2c",
      "provider": "module.deploy_test.module.sonarQube.provider[\"registry.terraform.io/hashicorp/aws\"]",
      "instances": [
        {
          "schema_version": 1,
          "attributes": {
            "arn": "arn:aws:ec2:ap-northeast-2:851077919242:subnet/subnet-086b052850e9bb90b",
            "assign_ipv6_address_on_creation": false,
            "availability_zone": "ap-northeast-2c",
            "availability_zone_id": "apne2-az3",
            "cidr_block": "10.0.160.0/20",
            "customer_owned_ipv4_pool": "",
            "enable_dns64": false,
            "enable_lni_at_device_index": 0,
            "enable_resource_name_dns_a_record_on_launch": false,
            "enable_resource_name_dns_aaaa_record_on_launch": false,
            "id": "subnet-086b052850e9bb90b",
            "ipv6_cidr_block": "",
            "ipv6_cidr_block_association_id": "",
            "ipv6_native": false,
            "map_customer_owned_ip_on_launch": false,
            "map_public_ip_on_launch": false,
            "outpost_arn": "",
            "owner_id": "851077919242",
            "private_dns_hostname_type_on_launch": "ip-name",
            "tags": {
              "Name": "sonarqube_private_subnet_2c"
            },
            "tags_all": {
              "Name": "sonarqube_private_subnet_2c"
            },
            "timeouts": null,
            "vpc_id": "vpc-031cddd00c029bd3c"
          },
          "sensitive_attributes": [],
          "private": "eyJlMmJmYjczMC1lY2FhLTExZTYtOGY4OC0zNDM2M2JjN2M0YzAiOnsiY3JlYXRlIjo2MDAwMDAwMDAwMDAsImRlbGV0ZSI6MTIwMDAwMDAwMDAwMH0sInNjaGVtYV92ZXJzaW9uIjoiMSJ9",
          "dependencies": [
            "module.deploy_test.module.sonarQube.aws_vpc.sonarqube_vpc"
          ]
        }
      ]
    },
    {
      "module": "module.deploy_test.module.sonarQube",
      "mode": "managed",
      "type": "aws_subnet",
      "name": "sonarqube_public_subnet_2a",
      "provider": "module.deploy_test.module.sonarQube.provider[\"registry.terraform.io/hashicorp/aws\"]",
      "instances": [
        {
          "schema_version": 1,
          "attributes": {
            "arn": "arn:aws:ec2:ap-northeast-2:851077919242:subnet/subnet-000a1432bd675528b",
            "assign_ipv6_address_on_creation": false,
            "availability_zone": "ap-northeast-2a",
            "availability_zone_id": "apne2-az1",
            "cidr_block": "10.0.0.0/20",
            "customer_owned_ipv4_pool": "",
            "enable_dns64": false,
            "enable_lni_at_device_index": 0,
            "enable_resource_name_dns_a_record_on_launch": false,
            "enable_resource_name_dns_aaaa_record_on_launch": false,
            "id": "subnet-000a1432bd675528b",
            "ipv6_cidr_block": "",
            "ipv6_cidr_block_association_id": "",
            "ipv6_native": false,
            "map_customer_owned_ip_on_launch": false,
            "map_public_ip_on_launch": false,
            "outpost_arn": "",
            "owner_id": "851077919242",
            "private_dns_hostname_type_on_launch": "ip-name",
            "tags": {
              "Name": "sonarqube_public_subnet_2a"
            },
            "tags_all": {
              "Name": "sonarqube_public_subnet_2a"
            },
            "timeouts": null,
            "vpc_id": "vpc-031cddd00c029bd3c"
          },
          "sensitive_attributes": [],
          "private": "eyJlMmJmYjczMC1lY2FhLTExZTYtOGY4OC0zNDM2M2JjN2M0YzAiOnsiY3JlYXRlIjo2MDAwMDAwMDAwMDAsImRlbGV0ZSI6MTIwMDAwMDAwMDAwMH0sInNjaGVtYV92ZXJzaW9uIjoiMSJ9",
          "dependencies": [
            "module.deploy_test.module.sonarQube.aws_vpc.sonarqube_vpc"
          ]
        }
      ]
    },
    {
      "module": "module.deploy_test.module.sonarQube",
      "mode": "managed",
      "type": "aws_subnet",
      "name": "sonarqube_public_subnet_2b",
      "provider": "module.deploy_test.module.sonarQube.provider[\"registry.terraform.io/hashicorp/aws\"]",
      "instances": [
        {
          "schema_version": 1,
          "attributes": {
            "arn": "arn:aws:ec2:ap-northeast-2:851077919242:subnet/subnet-04e040a35d65541b4",
            "assign_ipv6_address_on_creation": false,
            "availability_zone": "ap-northeast-2b",
            "availability_zone_id": "apne2-az2",
            "cidr_block": "10.0.16.0/20",
            "customer_owned_ipv4_pool": "",
            "enable_dns64": false,
            "enable_lni_at_device_index": 0,
            "enable_resource_name_dns_a_record_on_launch": false,
            "enable_resource_name_dns_aaaa_record_on_launch": false,
            "id": "subnet-04e040a35d65541b4",
            "ipv6_cidr_block": "",
            "ipv6_cidr_block_association_id": "",
            "ipv6_native": false,
            "map_customer_owned_ip_on_launch": false,
            "map_public_ip_on_launch": false,
            "outpost_arn": "",
            "owner_id": "851077919242",
            "private_dns_hostname_type_on_launch": "ip-name",
            "tags": {
              "Name": "sonarqube_public_subnet_2b"
            },
            "tags_all": {
              "Name": "sonarqube_public_subnet_2b"
            },
            "timeouts": null,
            "vpc_id": "vpc-031cddd00c029bd3c"
          },
          "sensitive_attributes": [],
          "private": "eyJlMmJmYjczMC1lY2FhLTExZTYtOGY4OC0zNDM2M2JjN2M0YzAiOnsiY3JlYXRlIjo2MDAwMDAwMDAwMDAsImRlbGV0ZSI6MTIwMDAwMDAwMDAwMH0sInNjaGVtYV92ZXJzaW9uIjoiMSJ9",
          "dependencies": [
            "module.deploy_test.module.sonarQube.aws_vpc.sonarqube_vpc"
          ]
        }
      ]
    },
    {
      "module": "module.deploy_test.module.sonarQube",
      "mode": "managed",
      "type": "aws_subnet",
      "name": "sonarqube_public_subnet_2c",
      "provider": "module.deploy_test.module.sonarQube.provider[\"registry.terraform.io/hashicorp/aws\"]",
      "instances": [
        {
          "schema_version": 1,
          "attributes": {
            "arn": "arn:aws:ec2:ap-northeast-2:851077919242:subnet/subnet-059f1838402abf1b3",
            "assign_ipv6_address_on_creation": false,
            "availability_zone": "ap-northeast-2c",
            "availability_zone_id": "apne2-az3",
            "cidr_block": "10.0.32.0/20",
            "customer_owned_ipv4_pool": "",
            "enable_dns64": false,
            "enable_lni_at_device_index": 0,
            "enable_resource_name_dns_a_record_on_launch": false,
            "enable_resource_name_dns_aaaa_record_on_launch": false,
            "id": "subnet-059f1838402abf1b3",
            "ipv6_cidr_block": "",
            "ipv6_cidr_block_association_id": "",
            "ipv6_native": false,
            "map_customer_owned_ip_on_launch": false,
            "map_public_ip_on_launch": false,
            "outpost_arn": "",
            "owner_id": "851077919242",
            "private_dns_hostname_type_on_launch": "ip-name",
            "tags": {
              "Name": "sonarqube_public_subnet_2c"
            },
            "tags_all": {
              "Name": "sonarqube_public_subnet_2c"
            },
            "timeouts": null,
            "vpc_id": "vpc-031cddd00c029bd3c"
          },
          "sensitive_attributes": [],
          "private": "eyJlMmJmYjczMC1lY2FhLTExZTYtOGY4OC0zNDM2M2JjN2M0YzAiOnsiY3JlYXRlIjo2MDAwMDAwMDAwMDAsImRlbGV0ZSI6MTIwMDAwMDAwMDAwMH0sInNjaGVtYV92ZXJzaW9uIjoiMSJ9",
          "dependencies": [
            "module.deploy_test.module.sonarQube.aws_vpc.sonarqube_vpc"
          ]
        }
      ]
    },
    {
      "module": "module.deploy_test.module.sonarQube",
      "mode": "managed",
      "type": "aws_vpc",
      "name": "sonarqube_vpc",
      "provider": "module.deploy_test.module.sonarQube.provider[\"registry.terraform.io/hashicorp/aws\"]",
      "instances": [
        {
          "schema_version": 1,
          "attributes": {
            "arn": "arn:aws:ec2:ap-northeast-2:851077919242:vpc/vpc-031cddd00c029bd3c",
            "assign_generated_ipv6_cidr_block": false,
            "cidr_block": "10.0.0.0/16",
            "default_network_acl_id": "acl-0068aa96bceca844e",
            "default_route_table_id": "rtb-03fad867b4a20f525",
            "default_security_group_id": "sg-0f0409843ec7f8d83",
            "dhcp_options_id": "dopt-06b676052885e79d0",
            "enable_dns_hostnames": true,
            "enable_dns_support": true,
            "enable_network_address_usage_metrics": false,
            "id": "vpc-031cddd00c029bd3c",
            "instance_tenancy": "default",
            "ipv4_ipam_pool_id": null,
            "ipv4_netmask_length": null,
            "ipv6_association_id": "",
            "ipv6_cidr_block": "",
            "ipv6_cidr_block_network_border_group": "",
            "ipv6_ipam_pool_id": "",
            "ipv6_netmask_length": 0,
            "main_route_table_id": "rtb-03fad867b4a20f525",
            "owner_id": "851077919242",
            "tags": {
              "Name": "sonarqube-vpc"
            },
            "tags_all": {
              "Name": "sonarqube-vpc"
            }
          },
          "sensitive_attributes": [],
          "private": "eyJzY2hlbWFfdmVyc2lvbiI6IjEifQ=="
        }
      ]
    },
    {
      "module": "module.deploy_test.module.sonarQube",
      "mode": "managed",
      "type": "aws_vpc_endpoint",
      "name": "s3",
      "provider": "module.deploy_test.module.sonarQube.provider[\"registry.terraform.io/hashicorp/aws\"]",
      "instances": [
        {
          "schema_version": 0,
          "attributes": {
            "arn": "arn:aws:ec2:ap-northeast-2:851077919242:vpc-endpoint/vpce-00a26441c9b3ca429",
            "auto_accept": null,
            "cidr_blocks": [
              "52.219.202.0/23",
              "52.219.144.0/22",
              "52.219.204.0/22",
              "3.5.144.0/23",
              "3.5.140.0/22",
              "52.219.148.0/23",
              "52.219.60.0/23",
              "3.5.184.0/21",
              "52.219.56.0/22"
            ],
            "dns_entry": [],
            "dns_options": [],
            "id": "vpce-00a26441c9b3ca429",
            "ip_address_type": "",
            "network_interface_ids": [],
            "owner_id": "851077919242",
            "policy": "{\"Statement\":[{\"Action\":\"*\",\"Effect\":\"Allow\",\"Principal\":\"*\",\"Resource\":\"*\"}],\"Version\":\"2008-10-17\"}",
            "prefix_list_id": "pl-78a54011",
            "private_dns_enabled": false,
            "requester_managed": false,
            "route_table_ids": [
              "rtb-027fcca9a1cb2b608",
              "rtb-0ab08f600701d882e",
              "rtb-0ade96f10a3442afe"
            ],
            "security_group_ids": [],
            "service_name": "com.amazonaws.ap-northeast-2.s3",
            "state": "available",
            "subnet_ids": [],
            "tags": null,
            "tags_all": {},
            "timeouts": null,
            "vpc_endpoint_type": "Gateway",
            "vpc_id": "vpc-031cddd00c029bd3c"
          },
          "sensitive_attributes": [],
          "private": "eyJlMmJmYjczMC1lY2FhLTExZTYtOGY4OC0zNDM2M2JjN2M0YzAiOnsiY3JlYXRlIjo2MDAwMDAwMDAwMDAsImRlbGV0ZSI6NjAwMDAwMDAwMDAwLCJ1cGRhdGUiOjYwMDAwMDAwMDAwMH19",
          "dependencies": [
            "module.deploy_test.module.sonarQube.aws_eip.sonarqube_eip",
            "module.deploy_test.module.sonarQube.aws_internet_gateway.sonarqube_igw",
            "module.deploy_test.module.sonarQube.aws_nat_gateway.sonarqube_nat",
            "module.deploy_test.module.sonarQube.aws_route_table.sonarqube_private_route_table_a",
            "module.deploy_test.module.sonarQube.aws_route_table.sonarqube_private_route_table_b",
            "module.deploy_test.module.sonarQube.aws_route_table.sonarqube_private_route_table_c",
            "module.deploy_test.module.sonarQube.aws_subnet.sonarqube_public_subnet_2a",
            "module.deploy_test.module.sonarQube.aws_vpc.sonarqube_vpc"
          ]
        }
      ]
    },
    {
      "module": "module.deploy_test.module.vote_service_sg",
      "mode": "managed",
      "type": "aws_security_group",
      "name": "this",
      "provider": "module.deploy_test.provider[\"registry.terraform.io/hashicorp/aws\"]",
      "instances": [
        {
          "index_key": 0,
          "schema_version": 1,
          "attributes": {
            "arn": "arn:aws:ec2:ap-northeast-2:851077919242:security-group/sg-0c6ee3458788d5f24",
            "description": "Web",
            "egress": [],
            "id": "sg-0c6ee3458788d5f24",
            "ingress": [],
            "name": "whs-sg",
            "name_prefix": "",
            "owner_id": "851077919242",
            "revoke_rules_on_delete": false,
            "tags": {
              "Name": "whs-sg"
            },
            "tags_all": {
              "Name": "whs-sg"
            },
            "timeouts": {
              "create": "10m",
              "delete": "15m"
            },
            "vpc_id": "vpc-08ecc4587902cc479"
          },
          "sensitive_attributes": [],
          "private": "eyJlMmJmYjczMC1lY2FhLTExZTYtOGY4OC0zNDM2M2JjN2M0YzAiOnsiY3JlYXRlIjo2MDAwMDAwMDAwMDAsImRlbGV0ZSI6OTAwMDAwMDAwMDAwfSwic2NoZW1hX3ZlcnNpb24iOiIxIn0=",
          "dependencies": [
            "module.deploy_test.module.vpc.aws_vpc.this"
          ]
        }
      ]
    },
    {
      "module": "module.deploy_test.module.vote_service_sg",
      "mode": "managed",
      "type": "aws_security_group",
      "name": "this_name_prefix",
      "provider": "module.deploy_test.provider[\"registry.terraform.io/hashicorp/aws\"]",
      "instances": []
    },
    {
      "module": "module.deploy_test.module.vote_service_sg",
      "mode": "managed",
      "type": "aws_security_group_rule",
      "name": "egress_with_cidr_blocks",
      "provider": "module.deploy_test.provider[\"registry.terraform.io/hashicorp/aws\"]",
      "instances": [
        {
          "index_key": 0,
          "schema_version": 2,
          "attributes": {
            "cidr_blocks": [
              "0.0.0.0/0"
            ],
            "description": "all",
            "from_port": 0,
            "id": "sgrule-2137401130",
            "ipv6_cidr_blocks": null,
            "prefix_list_ids": [],
            "protocol": "-1",
            "security_group_id": "sg-0c6ee3458788d5f24",
            "security_group_rule_id": "sgr-04f297b35341b1139",
            "self": false,
            "source_security_group_id": null,
            "timeouts": null,
            "to_port": 0,
            "type": "egress"
          },
          "sensitive_attributes": [],
          "private": "eyJlMmJmYjczMC1lY2FhLTExZTYtOGY4OC0zNDM2M2JjN2M0YzAiOnsiY3JlYXRlIjozMDAwMDAwMDAwMDB9LCJzY2hlbWFfdmVyc2lvbiI6IjIifQ==",
          "dependencies": [
            "module.deploy_test.module.vote_service_sg.aws_security_group.this",
            "module.deploy_test.module.vote_service_sg.aws_security_group.this_name_prefix",
            "module.deploy_test.module.vpc.aws_vpc.this"
          ]
        }
      ]
    },
    {
      "module": "module.deploy_test.module.vote_service_sg",
      "mode": "managed",
      "type": "aws_security_group_rule",
      "name": "ingress_with_cidr_blocks",
      "provider": "module.deploy_test.provider[\"registry.terraform.io/hashicorp/aws\"]",
      "instances": [
        {
          "index_key": 0,
          "schema_version": 2,
          "attributes": {
            "cidr_blocks": [
              "0.0.0.0/0"
            ],
            "description": "https",
            "from_port": 443,
            "id": "sgrule-1500218893",
            "ipv6_cidr_blocks": null,
            "prefix_list_ids": [],
            "protocol": "tcp",
            "security_group_id": "sg-0c6ee3458788d5f24",
            "security_group_rule_id": "sgr-03af1bbe1d4fc9e09",
            "self": false,
            "source_security_group_id": null,
            "timeouts": null,
            "to_port": 443,
            "type": "ingress"
          },
          "sensitive_attributes": [],
          "private": "eyJlMmJmYjczMC1lY2FhLTExZTYtOGY4OC0zNDM2M2JjN2M0YzAiOnsiY3JlYXRlIjozMDAwMDAwMDAwMDB9LCJzY2hlbWFfdmVyc2lvbiI6IjIifQ==",
          "dependencies": [
            "module.deploy_test.module.vote_service_sg.aws_security_group.this",
            "module.deploy_test.module.vote_service_sg.aws_security_group.this_name_prefix",
            "module.deploy_test.module.vpc.aws_vpc.this"
          ]
        },
        {
          "index_key": 1,
          "schema_version": 2,
          "attributes": {
            "cidr_blocks": [
              "0.0.0.0/0"
            ],
            "description": "http",
            "from_port": 80,
            "id": "sgrule-1010869998",
            "ipv6_cidr_blocks": null,
            "prefix_list_ids": [],
            "protocol": "tcp",
            "security_group_id": "sg-0c6ee3458788d5f24",
            "security_group_rule_id": "sgr-0a1984e1fa57eec35",
            "self": false,
            "source_security_group_id": null,
            "timeouts": null,
            "to_port": 80,
            "type": "ingress"
          },
          "sensitive_attributes": [],
          "private": "eyJlMmJmYjczMC1lY2FhLTExZTYtOGY4OC0zNDM2M2JjN2M0YzAiOnsiY3JlYXRlIjozMDAwMDAwMDAwMDB9LCJzY2hlbWFfdmVyc2lvbiI6IjIifQ==",
          "dependencies": [
            "module.deploy_test.module.vote_service_sg.aws_security_group.this",
            "module.deploy_test.module.vote_service_sg.aws_security_group.this_name_prefix",
            "module.deploy_test.module.vpc.aws_vpc.this"
          ]
        },
        {
          "index_key": 2,
          "schema_version": 2,
          "attributes": {
            "cidr_blocks": [
              "0.0.0.0/0"
            ],
            "description": "ssh",
            "from_port": 22,
            "id": "sgrule-2328558427",
            "ipv6_cidr_blocks": null,
            "prefix_list_ids": [],
            "protocol": "tcp",
            "security_group_id": "sg-0c6ee3458788d5f24",
            "security_group_rule_id": "sgr-08780e2976a85cd0b",
            "self": false,
            "source_security_group_id": null,
            "timeouts": null,
            "to_port": 22,
            "type": "ingress"
          },
          "sensitive_attributes": [],
          "private": "eyJlMmJmYjczMC1lY2FhLTExZTYtOGY4OC0zNDM2M2JjN2M0YzAiOnsiY3JlYXRlIjozMDAwMDAwMDAwMDB9LCJzY2hlbWFfdmVyc2lvbiI6IjIifQ==",
          "dependencies": [
            "module.deploy_test.module.vote_service_sg.aws_security_group.this",
            "module.deploy_test.module.vote_service_sg.aws_security_group.this_name_prefix",
            "module.deploy_test.module.vpc.aws_vpc.this"
          ]
        },
        {
          "index_key": 3,
          "schema_version": 2,
          "attributes": {
            "cidr_blocks": [
              "0.0.0.0/0"
            ],
            "description": "http",
            "from_port": 8080,
            "id": "sgrule-3783149775",
            "ipv6_cidr_blocks": null,
            "prefix_list_ids": [],
            "protocol": "tcp",
            "security_group_id": "sg-0c6ee3458788d5f24",
            "security_group_rule_id": "sgr-0483adad251705f6e",
            "self": false,
            "source_security_group_id": null,
            "timeouts": null,
            "to_port": 8080,
            "type": "ingress"
          },
          "sensitive_attributes": [],
          "private": "eyJlMmJmYjczMC1lY2FhLTExZTYtOGY4OC0zNDM2M2JjN2M0YzAiOnsiY3JlYXRlIjozMDAwMDAwMDAwMDB9LCJzY2hlbWFfdmVyc2lvbiI6IjIifQ==",
          "dependencies": [
            "module.deploy_test.module.vote_service_sg.aws_security_group.this",
            "module.deploy_test.module.vote_service_sg.aws_security_group.this_name_prefix",
            "module.deploy_test.module.vpc.aws_vpc.this"
          ]
        },
        {
          "index_key": 4,
          "schema_version": 2,
          "attributes": {
            "cidr_blocks": [
              "0.0.0.0/0"
            ],
            "description": "http",
            "from_port": 9090,
            "id": "sgrule-3888325922",
            "ipv6_cidr_blocks": null,
            "prefix_list_ids": [],
            "protocol": "tcp",
            "security_group_id": "sg-0c6ee3458788d5f24",
            "security_group_rule_id": "sgr-034138e0388320e09",
            "self": false,
            "source_security_group_id": null,
            "timeouts": null,
            "to_port": 9090,
            "type": "ingress"
          },
          "sensitive_attributes": [],
          "private": "eyJlMmJmYjczMC1lY2FhLTExZTYtOGY4OC0zNDM2M2JjN2M0YzAiOnsiY3JlYXRlIjozMDAwMDAwMDAwMDB9LCJzY2hlbWFfdmVyc2lvbiI6IjIifQ==",
          "dependencies": [
            "module.deploy_test.module.vote_service_sg.aws_security_group.this",
            "module.deploy_test.module.vote_service_sg.aws_security_group.this_name_prefix",
            "module.deploy_test.module.vpc.aws_vpc.this"
          ]
        }
      ]
    },
    {
      "module": "module.deploy_test.module.vpc",
      "mode": "managed",
      "type": "aws_default_network_acl",
      "name": "this",
      "provider": "module.deploy_test.provider[\"registry.terraform.io/hashicorp/aws\"]",
      "instances": [
        {
          "index_key": 0,
          "schema_version": 0,
          "attributes": {
            "arn": "arn:aws:ec2:ap-northeast-2:851077919242:network-acl/acl-03b34aaa930596637",
            "default_network_acl_id": "acl-03b34aaa930596637",
            "egress": [
              {
                "action": "allow",
                "cidr_block": "",
                "from_port": 0,
                "icmp_code": null,
                "icmp_type": null,
                "ipv6_cidr_block": "::/0",
                "protocol": "-1",
                "rule_no": 101,
                "to_port": 0
              },
              {
                "action": "allow",
                "cidr_block": "0.0.0.0/0",
                "from_port": 0,
                "icmp_code": null,
                "icmp_type": null,
                "ipv6_cidr_block": "",
                "protocol": "-1",
                "rule_no": 100,
                "to_port": 0
              }
            ],
            "id": "acl-03b34aaa930596637",
            "ingress": [
              {
                "action": "allow",
                "cidr_block": "",
                "from_port": 0,
                "icmp_code": null,
                "icmp_type": null,
                "ipv6_cidr_block": "::/0",
                "protocol": "-1",
                "rule_no": 101,
                "to_port": 0
              },
              {
                "action": "allow",
                "cidr_block": "0.0.0.0/0",
                "from_port": 0,
                "icmp_code": null,
                "icmp_type": null,
                "ipv6_cidr_block": "",
                "protocol": "-1",
                "rule_no": 100,
                "to_port": 0
              }
            ],
            "owner_id": "851077919242",
            "subnet_ids": null,
            "tags": {
              "Environment": "dev",
              "Name": "whs-vpc-default",
              "Terraform": "true"
            },
            "tags_all": {
              "Environment": "dev",
              "Name": "whs-vpc-default",
              "Terraform": "true"
            },
            "vpc_id": "vpc-08ecc4587902cc479"
          },
          "sensitive_attributes": [],
          "private": "bnVsbA==",
          "dependencies": [
            "module.deploy_test.module.vpc.aws_vpc.this"
          ]
        }
      ]
    },
    {
      "module": "module.deploy_test.module.vpc",
      "mode": "managed",
      "type": "aws_default_route_table",
      "name": "default",
      "provider": "module.deploy_test.provider[\"registry.terraform.io/hashicorp/aws\"]",
      "instances": [
        {
          "index_key": 0,
          "schema_version": 0,
          "attributes": {
            "arn": "arn:aws:ec2:ap-northeast-2:851077919242:route-table/rtb-0458aa02dd75fbd65",
            "default_route_table_id": "rtb-0458aa02dd75fbd65",
            "id": "rtb-0458aa02dd75fbd65",
            "owner_id": "851077919242",
            "propagating_vgws": null,
            "route": [],
            "tags": {
              "Environment": "dev",
              "Name": "whs-vpc-default",
              "Terraform": "true"
            },
            "tags_all": {
              "Environment": "dev",
              "Name": "whs-vpc-default",
              "Terraform": "true"
            },
            "timeouts": {
              "create": "5m",
              "update": "5m"
            },
            "vpc_id": "vpc-08ecc4587902cc479"
          },
          "sensitive_attributes": [],
          "private": "eyJlMmJmYjczMC1lY2FhLTExZTYtOGY4OC0zNDM2M2JjN2M0YzAiOnsiY3JlYXRlIjozMDAwMDAwMDAwMDAsInVwZGF0ZSI6MzAwMDAwMDAwMDAwfX0=",
          "dependencies": [
            "module.deploy_test.module.vpc.aws_vpc.this"
          ]
        }
      ]
    },
    {
      "module": "module.deploy_test.module.vpc",
      "mode": "managed",
      "type": "aws_default_security_group",
      "name": "this",
      "provider": "module.deploy_test.provider[\"registry.terraform.io/hashicorp/aws\"]",
      "instances": [
        {
          "index_key": 0,
          "schema_version": 1,
          "attributes": {
            "arn": "arn:aws:ec2:ap-northeast-2:851077919242:security-group/sg-007cb46d4ee16e3c0",
            "description": "default VPC security group",
            "egress": [],
            "id": "sg-007cb46d4ee16e3c0",
            "ingress": [],
            "name": "default",
            "name_prefix": "",
            "owner_id": "851077919242",
            "revoke_rules_on_delete": false,
            "tags": {
              "Environment": "dev",
              "Name": "whs-vpc-default",
              "Terraform": "true"
            },
            "tags_all": {
              "Environment": "dev",
              "Name": "whs-vpc-default",
              "Terraform": "true"
            },
            "vpc_id": "vpc-08ecc4587902cc479"
          },
          "sensitive_attributes": [],
          "private": "eyJzY2hlbWFfdmVyc2lvbiI6IjEifQ==",
          "dependencies": [
            "module.deploy_test.module.vpc.aws_vpc.this"
          ]
        }
      ]
    },
    {
      "module": "module.deploy_test.module.vpc",
      "mode": "managed",
      "type": "aws_eip",
      "name": "nat",
      "provider": "module.deploy_test.provider[\"registry.terraform.io/hashicorp/aws\"]",
      "instances": [
        {
          "index_key": 0,
          "schema_version": 0,
          "attributes": {
            "address": null,
            "allocation_id": "eipalloc-043a9d073cf306d01",
            "associate_with_private_ip": null,
            "association_id": "",
            "carrier_ip": "",
            "customer_owned_ip": "",
            "customer_owned_ipv4_pool": "",
            "domain": "vpc",
            "id": "eipalloc-043a9d073cf306d01",
            "instance": "",
            "network_border_group": "ap-northeast-2",
            "network_interface": "",
            "private_dns": null,
            "private_ip": "",
            "public_dns": "ec2-54-180-22-108.ap-northeast-2.compute.amazonaws.com",
            "public_ip": "54.180.22.108",
            "public_ipv4_pool": "amazon",
            "tags": {
              "Environment": "dev",
              "Name": "whs-vpc-ap-northeast-2a",
              "Terraform": "true"
            },
            "tags_all": {
              "Environment": "dev",
              "Name": "whs-vpc-ap-northeast-2a",
              "Terraform": "true"
            },
            "timeouts": null,
            "vpc": true
          },
          "sensitive_attributes": [],
          "private": "eyJlMmJmYjczMC1lY2FhLTExZTYtOGY4OC0zNDM2M2JjN2M0YzAiOnsiZGVsZXRlIjoxODAwMDAwMDAwMDAsInJlYWQiOjkwMDAwMDAwMDAwMCwidXBkYXRlIjozMDAwMDAwMDAwMDB9fQ==",
          "dependencies": [
            "module.deploy_test.module.vpc.aws_internet_gateway.this",
            "module.deploy_test.module.vpc.aws_vpc.this",
            "module.deploy_test.module.vpc.aws_vpc_ipv4_cidr_block_association.this"
          ]
        },
        {
          "index_key": 1,
          "schema_version": 0,
          "attributes": {
            "address": null,
            "allocation_id": "eipalloc-093064fcdd7e5272c",
            "associate_with_private_ip": null,
            "association_id": "",
            "carrier_ip": "",
            "customer_owned_ip": "",
            "customer_owned_ipv4_pool": "",
            "domain": "vpc",
            "id": "eipalloc-093064fcdd7e5272c",
            "instance": "",
            "network_border_group": "ap-northeast-2",
            "network_interface": "",
            "private_dns": null,
            "private_ip": "",
            "public_dns": "ec2-3-34-13-134.ap-northeast-2.compute.amazonaws.com",
            "public_ip": "3.34.13.134",
            "public_ipv4_pool": "amazon",
            "tags": {
              "Environment": "dev",
              "Name": "whs-vpc-ap-northeast-2c",
              "Terraform": "true"
            },
            "tags_all": {
              "Environment": "dev",
              "Name": "whs-vpc-ap-northeast-2c",
              "Terraform": "true"
            },
            "timeouts": null,
            "vpc": true
          },
          "sensitive_attributes": [],
          "private": "eyJlMmJmYjczMC1lY2FhLTExZTYtOGY4OC0zNDM2M2JjN2M0YzAiOnsiZGVsZXRlIjoxODAwMDAwMDAwMDAsInJlYWQiOjkwMDAwMDAwMDAwMCwidXBkYXRlIjozMDAwMDAwMDAwMDB9fQ==",
          "dependencies": [
            "module.deploy_test.module.vpc.aws_internet_gateway.this",
            "module.deploy_test.module.vpc.aws_vpc.this",
            "module.deploy_test.module.vpc.aws_vpc_ipv4_cidr_block_association.this"
          ]
        }
      ]
    },
    {
      "module": "module.deploy_test.module.vpc",
      "mode": "managed",
      "type": "aws_internet_gateway",
      "name": "this",
      "provider": "module.deploy_test.provider[\"registry.terraform.io/hashicorp/aws\"]",
      "instances": [
        {
          "index_key": 0,
          "schema_version": 0,
          "attributes": {
            "arn": "arn:aws:ec2:ap-northeast-2:851077919242:internet-gateway/igw-071eaf9a434914a12",
            "id": "igw-071eaf9a434914a12",
            "owner_id": "851077919242",
            "tags": {
              "Environment": "dev",
              "Name": "whs-vpc",
              "Terraform": "true"
            },
            "tags_all": {
              "Environment": "dev",
              "Name": "whs-vpc",
              "Terraform": "true"
            },
            "timeouts": null,
            "vpc_id": "vpc-08ecc4587902cc479"
          },
          "sensitive_attributes": [],
          "private": "eyJlMmJmYjczMC1lY2FhLTExZTYtOGY4OC0zNDM2M2JjN2M0YzAiOnsiY3JlYXRlIjoxMjAwMDAwMDAwMDAwLCJkZWxldGUiOjEyMDAwMDAwMDAwMDAsInVwZGF0ZSI6MTIwMDAwMDAwMDAwMH19",
          "dependencies": [
            "module.deploy_test.module.vpc.aws_vpc.this",
            "module.deploy_test.module.vpc.aws_vpc_ipv4_cidr_block_association.this"
          ]
        }
      ]
    },
    {
      "module": "module.deploy_test.module.vpc",
      "mode": "managed",
      "type": "aws_nat_gateway",
      "name": "this",
      "provider": "module.deploy_test.provider[\"registry.terraform.io/hashicorp/aws\"]",
      "instances": [
        {
          "index_key": 0,
          "schema_version": 0,
          "attributes": {
            "allocation_id": "eipalloc-043a9d073cf306d01",
            "association_id": "eipassoc-0cb3cf83b6d90dfe1",
            "connectivity_type": "public",
            "id": "nat-02c0c8c4142722b40",
            "network_interface_id": "eni-0b587cccb3b7d3781",
            "private_ip": "10.0.101.37",
            "public_ip": "54.180.22.108",
            "secondary_allocation_ids": null,
            "secondary_private_ip_address_count": 0,
            "secondary_private_ip_addresses": [],
            "subnet_id": "subnet-07c899d25317931cd",
            "tags": {
              "Environment": "dev",
              "Name": "whs-vpc-ap-northeast-2a",
              "Terraform": "true"
            },
            "tags_all": {
              "Environment": "dev",
              "Name": "whs-vpc-ap-northeast-2a",
              "Terraform": "true"
            },
            "timeouts": null
          },
          "sensitive_attributes": [],
          "private": "eyJlMmJmYjczMC1lY2FhLTExZTYtOGY4OC0zNDM2M2JjN2M0YzAiOnsiY3JlYXRlIjo2MDAwMDAwMDAwMDAsImRlbGV0ZSI6MTgwMDAwMDAwMDAwMCwidXBkYXRlIjo2MDAwMDAwMDAwMDB9fQ==",
          "dependencies": [
            "module.deploy_test.module.vpc.aws_eip.nat",
            "module.deploy_test.module.vpc.aws_internet_gateway.this",
            "module.deploy_test.module.vpc.aws_subnet.public",
            "module.deploy_test.module.vpc.aws_vpc.this",
            "module.deploy_test.module.vpc.aws_vpc_ipv4_cidr_block_association.this"
          ]
        },
        {
          "index_key": 1,
          "schema_version": 0,
          "attributes": {
            "allocation_id": "eipalloc-093064fcdd7e5272c",
            "association_id": "eipassoc-054d42a04263d3d2c",
            "connectivity_type": "public",
            "id": "nat-0c94b2bd58e7302db",
            "network_interface_id": "eni-058eba095393ed4d6",
            "private_ip": "10.0.111.45",
            "public_ip": "3.34.13.134",
            "secondary_allocation_ids": null,
            "secondary_private_ip_address_count": 0,
            "secondary_private_ip_addresses": [],
            "subnet_id": "subnet-04671c5079f29f2d2",
            "tags": {
              "Environment": "dev",
              "Name": "whs-vpc-ap-northeast-2c",
              "Terraform": "true"
            },
            "tags_all": {
              "Environment": "dev",
              "Name": "whs-vpc-ap-northeast-2c",
              "Terraform": "true"
            },
            "timeouts": null
          },
          "sensitive_attributes": [],
          "private": "eyJlMmJmYjczMC1lY2FhLTExZTYtOGY4OC0zNDM2M2JjN2M0YzAiOnsiY3JlYXRlIjo2MDAwMDAwMDAwMDAsImRlbGV0ZSI6MTgwMDAwMDAwMDAwMCwidXBkYXRlIjo2MDAwMDAwMDAwMDB9fQ==",
          "dependencies": [
            "module.deploy_test.module.vpc.aws_eip.nat",
            "module.deploy_test.module.vpc.aws_internet_gateway.this",
            "module.deploy_test.module.vpc.aws_subnet.public",
            "module.deploy_test.module.vpc.aws_vpc.this",
            "module.deploy_test.module.vpc.aws_vpc_ipv4_cidr_block_association.this"
          ]
        }
      ]
    },
    {
      "module": "module.deploy_test.module.vpc",
      "mode": "managed",
      "type": "aws_route",
      "name": "private_nat_gateway",
      "provider": "module.deploy_test.provider[\"registry.terraform.io/hashicorp/aws\"]",
      "instances": [
        {
          "index_key": 0,
          "schema_version": 0,
          "attributes": {
            "carrier_gateway_id": "",
            "core_network_arn": "",
            "destination_cidr_block": "0.0.0.0/0",
            "destination_ipv6_cidr_block": "",
            "destination_prefix_list_id": "",
            "egress_only_gateway_id": "",
            "gateway_id": "",
            "id": "r-rtb-0e3af0674eb9420ed1080289494",
            "instance_id": "",
            "instance_owner_id": "",
            "local_gateway_id": "",
            "nat_gateway_id": "nat-02c0c8c4142722b40",
            "network_interface_id": "",
            "origin": "CreateRoute",
            "route_table_id": "rtb-0e3af0674eb9420ed",
            "state": "active",
            "timeouts": {
              "create": "5m",
              "delete": null,
              "update": null
            },
            "transit_gateway_id": "",
            "vpc_endpoint_id": "",
            "vpc_peering_connection_id": ""
          },
          "sensitive_attributes": [],
          "private": "eyJlMmJmYjczMC1lY2FhLTExZTYtOGY4OC0zNDM2M2JjN2M0YzAiOnsiY3JlYXRlIjozMDAwMDAwMDAwMDAsImRlbGV0ZSI6MzAwMDAwMDAwMDAwLCJ1cGRhdGUiOjEyMDAwMDAwMDAwMH19",
          "dependencies": [
            "module.deploy_test.module.vpc.aws_eip.nat",
            "module.deploy_test.module.vpc.aws_internet_gateway.this",
            "module.deploy_test.module.vpc.aws_nat_gateway.this",
            "module.deploy_test.module.vpc.aws_route_table.private",
            "module.deploy_test.module.vpc.aws_subnet.public",
            "module.deploy_test.module.vpc.aws_vpc.this",
            "module.deploy_test.module.vpc.aws_vpc_ipv4_cidr_block_association.this"
          ]
        },
        {
          "index_key": 1,
          "schema_version": 0,
          "attributes": {
            "carrier_gateway_id": "",
            "core_network_arn": "",
            "destination_cidr_block": "0.0.0.0/0",
            "destination_ipv6_cidr_block": "",
            "destination_prefix_list_id": "",
            "egress_only_gateway_id": "",
            "gateway_id": "",
            "id": "r-rtb-0a601f299aabe31f71080289494",
            "instance_id": "",
            "instance_owner_id": "",
            "local_gateway_id": "",
            "nat_gateway_id": "nat-0c94b2bd58e7302db",
            "network_interface_id": "",
            "origin": "CreateRoute",
            "route_table_id": "rtb-0a601f299aabe31f7",
            "state": "active",
            "timeouts": {
              "create": "5m",
              "delete": null,
              "update": null
            },
            "transit_gateway_id": "",
            "vpc_endpoint_id": "",
            "vpc_peering_connection_id": ""
          },
          "sensitive_attributes": [],
          "private": "eyJlMmJmYjczMC1lY2FhLTExZTYtOGY4OC0zNDM2M2JjN2M0YzAiOnsiY3JlYXRlIjozMDAwMDAwMDAwMDAsImRlbGV0ZSI6MzAwMDAwMDAwMDAwLCJ1cGRhdGUiOjEyMDAwMDAwMDAwMH19",
          "dependencies": [
            "module.deploy_test.module.vpc.aws_eip.nat",
            "module.deploy_test.module.vpc.aws_internet_gateway.this",
            "module.deploy_test.module.vpc.aws_nat_gateway.this",
            "module.deploy_test.module.vpc.aws_route_table.private",
            "module.deploy_test.module.vpc.aws_subnet.public",
            "module.deploy_test.module.vpc.aws_vpc.this",
            "module.deploy_test.module.vpc.aws_vpc_ipv4_cidr_block_association.this"
          ]
        }
      ]
    },
    {
      "module": "module.deploy_test.module.vpc",
      "mode": "managed",
      "type": "aws_route",
      "name": "public_internet_gateway",
      "provider": "module.deploy_test.provider[\"registry.terraform.io/hashicorp/aws\"]",
      "instances": [
        {
          "index_key": 0,
          "schema_version": 0,
          "attributes": {
            "carrier_gateway_id": "",
            "core_network_arn": "",
            "destination_cidr_block": "0.0.0.0/0",
            "destination_ipv6_cidr_block": "",
            "destination_prefix_list_id": "",
            "egress_only_gateway_id": "",
            "gateway_id": "igw-071eaf9a434914a12",
            "id": "r-rtb-0eb021864d448c7d71080289494",
            "instance_id": "",
            "instance_owner_id": "",
            "local_gateway_id": "",
            "nat_gateway_id": "",
            "network_interface_id": "",
            "origin": "CreateRoute",
            "route_table_id": "rtb-0eb021864d448c7d7",
            "state": "active",
            "timeouts": {
              "create": "5m",
              "delete": null,
              "update": null
            },
            "transit_gateway_id": "",
            "vpc_endpoint_id": "",
            "vpc_peering_connection_id": ""
          },
          "sensitive_attributes": [],
          "private": "eyJlMmJmYjczMC1lY2FhLTExZTYtOGY4OC0zNDM2M2JjN2M0YzAiOnsiY3JlYXRlIjozMDAwMDAwMDAwMDAsImRlbGV0ZSI6MzAwMDAwMDAwMDAwLCJ1cGRhdGUiOjEyMDAwMDAwMDAwMH19",
          "dependencies": [
            "module.deploy_test.module.vpc.aws_internet_gateway.this",
            "module.deploy_test.module.vpc.aws_route_table.public",
            "module.deploy_test.module.vpc.aws_vpc.this",
            "module.deploy_test.module.vpc.aws_vpc_ipv4_cidr_block_association.this"
          ]
        }
      ]
    },
    {
      "module": "module.deploy_test.module.vpc",
      "mode": "managed",
      "type": "aws_route_table",
      "name": "private",
      "provider": "module.deploy_test.provider[\"registry.terraform.io/hashicorp/aws\"]",
      "instances": [
        {
          "index_key": 0,
          "schema_version": 0,
          "attributes": {
            "arn": "arn:aws:ec2:ap-northeast-2:851077919242:route-table/rtb-0e3af0674eb9420ed",
            "id": "rtb-0e3af0674eb9420ed",
            "owner_id": "851077919242",
            "propagating_vgws": [],
            "route": [],
            "tags": {
              "Environment": "dev",
              "Name": "whs-vpc-private-ap-northeast-2a",
              "Terraform": "true"
            },
            "tags_all": {
              "Environment": "dev",
              "Name": "whs-vpc-private-ap-northeast-2a",
              "Terraform": "true"
            },
            "timeouts": null,
            "vpc_id": "vpc-08ecc4587902cc479"
          },
          "sensitive_attributes": [],
          "private": "eyJlMmJmYjczMC1lY2FhLTExZTYtOGY4OC0zNDM2M2JjN2M0YzAiOnsiY3JlYXRlIjozMDAwMDAwMDAwMDAsImRlbGV0ZSI6MzAwMDAwMDAwMDAwLCJ1cGRhdGUiOjEyMDAwMDAwMDAwMH19",
          "dependencies": [
            "module.deploy_test.module.vpc.aws_vpc.this",
            "module.deploy_test.module.vpc.aws_vpc_ipv4_cidr_block_association.this"
          ]
        },
        {
          "index_key": 1,
          "schema_version": 0,
          "attributes": {
            "arn": "arn:aws:ec2:ap-northeast-2:851077919242:route-table/rtb-0a601f299aabe31f7",
            "id": "rtb-0a601f299aabe31f7",
            "owner_id": "851077919242",
            "propagating_vgws": [],
            "route": [],
            "tags": {
              "Environment": "dev",
              "Name": "whs-vpc-private-ap-northeast-2c",
              "Terraform": "true"
            },
            "tags_all": {
              "Environment": "dev",
              "Name": "whs-vpc-private-ap-northeast-2c",
              "Terraform": "true"
            },
            "timeouts": null,
            "vpc_id": "vpc-08ecc4587902cc479"
          },
          "sensitive_attributes": [],
          "private": "eyJlMmJmYjczMC1lY2FhLTExZTYtOGY4OC0zNDM2M2JjN2M0YzAiOnsiY3JlYXRlIjozMDAwMDAwMDAwMDAsImRlbGV0ZSI6MzAwMDAwMDAwMDAwLCJ1cGRhdGUiOjEyMDAwMDAwMDAwMH19",
          "dependencies": [
            "module.deploy_test.module.vpc.aws_vpc.this",
            "module.deploy_test.module.vpc.aws_vpc_ipv4_cidr_block_association.this"
          ]
        }
      ]
    },
    {
      "module": "module.deploy_test.module.vpc",
      "mode": "managed",
      "type": "aws_route_table",
      "name": "public",
      "provider": "module.deploy_test.provider[\"registry.terraform.io/hashicorp/aws\"]",
      "instances": [
        {
          "index_key": 0,
          "schema_version": 0,
          "attributes": {
            "arn": "arn:aws:ec2:ap-northeast-2:851077919242:route-table/rtb-0eb021864d448c7d7",
            "id": "rtb-0eb021864d448c7d7",
            "owner_id": "851077919242",
            "propagating_vgws": [],
            "route": [],
            "tags": {
              "Environment": "dev",
              "Name": "whs-vpc-public",
              "Terraform": "true"
            },
            "tags_all": {
              "Environment": "dev",
              "Name": "whs-vpc-public",
              "Terraform": "true"
            },
            "timeouts": null,
            "vpc_id": "vpc-08ecc4587902cc479"
          },
          "sensitive_attributes": [],
          "private": "eyJlMmJmYjczMC1lY2FhLTExZTYtOGY4OC0zNDM2M2JjN2M0YzAiOnsiY3JlYXRlIjozMDAwMDAwMDAwMDAsImRlbGV0ZSI6MzAwMDAwMDAwMDAwLCJ1cGRhdGUiOjEyMDAwMDAwMDAwMH19",
          "dependencies": [
            "module.deploy_test.module.vpc.aws_vpc.this",
            "module.deploy_test.module.vpc.aws_vpc_ipv4_cidr_block_association.this"
          ]
        }
      ]
    },
    {
      "module": "module.deploy_test.module.vpc",
      "mode": "managed",
      "type": "aws_route_table_association",
      "name": "private",
      "provider": "module.deploy_test.provider[\"registry.terraform.io/hashicorp/aws\"]",
      "instances": [
        {
          "index_key": 0,
          "schema_version": 0,
          "attributes": {
            "gateway_id": "",
            "id": "rtbassoc-01a171d74865f8cf4",
            "route_table_id": "rtb-0e3af0674eb9420ed",
            "subnet_id": "subnet-00c4d2ac808ff7b2c",
            "timeouts": null
          },
          "sensitive_attributes": [],
          "private": "eyJlMmJmYjczMC1lY2FhLTExZTYtOGY4OC0zNDM2M2JjN2M0YzAiOnsiY3JlYXRlIjozMDAwMDAwMDAwMDAsImRlbGV0ZSI6MzAwMDAwMDAwMDAwLCJ1cGRhdGUiOjEyMDAwMDAwMDAwMH19",
          "dependencies": [
            "module.deploy_test.module.vpc.aws_route_table.private",
            "module.deploy_test.module.vpc.aws_subnet.private",
            "module.deploy_test.module.vpc.aws_vpc.this",
            "module.deploy_test.module.vpc.aws_vpc_ipv4_cidr_block_association.this"
          ]
        },
        {
          "index_key": 1,
          "schema_version": 0,
          "attributes": {
            "gateway_id": "",
            "id": "rtbassoc-0e90312fc5e569487",
            "route_table_id": "rtb-0a601f299aabe31f7",
            "subnet_id": "subnet-02e2e02e443346a47",
            "timeouts": null
          },
          "sensitive_attributes": [],
          "private": "eyJlMmJmYjczMC1lY2FhLTExZTYtOGY4OC0zNDM2M2JjN2M0YzAiOnsiY3JlYXRlIjozMDAwMDAwMDAwMDAsImRlbGV0ZSI6MzAwMDAwMDAwMDAwLCJ1cGRhdGUiOjEyMDAwMDAwMDAwMH19",
          "dependencies": [
            "module.deploy_test.module.vpc.aws_route_table.private",
            "module.deploy_test.module.vpc.aws_subnet.private",
            "module.deploy_test.module.vpc.aws_vpc.this",
            "module.deploy_test.module.vpc.aws_vpc_ipv4_cidr_block_association.this"
          ]
        }
      ]
    },
    {
      "module": "module.deploy_test.module.vpc",
      "mode": "managed",
      "type": "aws_route_table_association",
      "name": "public",
      "provider": "module.deploy_test.provider[\"registry.terraform.io/hashicorp/aws\"]",
      "instances": [
        {
          "index_key": 0,
          "schema_version": 0,
          "attributes": {
            "gateway_id": "",
            "id": "rtbassoc-03ee53d27b9b95b70",
            "route_table_id": "rtb-0eb021864d448c7d7",
            "subnet_id": "subnet-07c899d25317931cd",
            "timeouts": null
          },
          "sensitive_attributes": [],
          "private": "eyJlMmJmYjczMC1lY2FhLTExZTYtOGY4OC0zNDM2M2JjN2M0YzAiOnsiY3JlYXRlIjozMDAwMDAwMDAwMDAsImRlbGV0ZSI6MzAwMDAwMDAwMDAwLCJ1cGRhdGUiOjEyMDAwMDAwMDAwMH19",
          "dependencies": [
            "module.deploy_test.module.vpc.aws_route_table.public",
            "module.deploy_test.module.vpc.aws_subnet.public",
            "module.deploy_test.module.vpc.aws_vpc.this",
            "module.deploy_test.module.vpc.aws_vpc_ipv4_cidr_block_association.this"
          ]
        },
        {
          "index_key": 1,
          "schema_version": 0,
          "attributes": {
            "gateway_id": "",
            "id": "rtbassoc-00f5c2ba441e00630",
            "route_table_id": "rtb-0eb021864d448c7d7",
            "subnet_id": "subnet-04671c5079f29f2d2",
            "timeouts": null
          },
          "sensitive_attributes": [],
          "private": "eyJlMmJmYjczMC1lY2FhLTExZTYtOGY4OC0zNDM2M2JjN2M0YzAiOnsiY3JlYXRlIjozMDAwMDAwMDAwMDAsImRlbGV0ZSI6MzAwMDAwMDAwMDAwLCJ1cGRhdGUiOjEyMDAwMDAwMDAwMH19",
          "dependencies": [
            "module.deploy_test.module.vpc.aws_route_table.public",
            "module.deploy_test.module.vpc.aws_subnet.public",
            "module.deploy_test.module.vpc.aws_vpc.this",
            "module.deploy_test.module.vpc.aws_vpc_ipv4_cidr_block_association.this"
          ]
        }
      ]
    },
    {
      "module": "module.deploy_test.module.vpc",
      "mode": "managed",
      "type": "aws_subnet",
      "name": "private",
      "provider": "module.deploy_test.provider[\"registry.terraform.io/hashicorp/aws\"]",
      "instances": [
        {
          "index_key": 0,
          "schema_version": 1,
          "attributes": {
            "arn": "arn:aws:ec2:ap-northeast-2:851077919242:subnet/subnet-00c4d2ac808ff7b2c",
            "assign_ipv6_address_on_creation": false,
            "availability_zone": "ap-northeast-2a",
            "availability_zone_id": "apne2-az1",
            "cidr_block": "10.0.1.0/24",
            "customer_owned_ipv4_pool": "",
            "enable_dns64": false,
            "enable_lni_at_device_index": 0,
            "enable_resource_name_dns_a_record_on_launch": false,
            "enable_resource_name_dns_aaaa_record_on_launch": false,
            "id": "subnet-00c4d2ac808ff7b2c",
            "ipv6_cidr_block": "",
            "ipv6_cidr_block_association_id": "",
            "ipv6_native": false,
            "map_customer_owned_ip_on_launch": false,
            "map_public_ip_on_launch": false,
            "outpost_arn": "",
            "owner_id": "851077919242",
            "private_dns_hostname_type_on_launch": "ip-name",
            "tags": {
              "Environment": "dev",
              "Name": "whs-vpc-private-ap-northeast-2a",
              "Terraform": "true"
            },
            "tags_all": {
              "Environment": "dev",
              "Name": "whs-vpc-private-ap-northeast-2a",
              "Terraform": "true"
            },
            "timeouts": null,
            "vpc_id": "vpc-08ecc4587902cc479"
          },
          "sensitive_attributes": [],
          "private": "eyJlMmJmYjczMC1lY2FhLTExZTYtOGY4OC0zNDM2M2JjN2M0YzAiOnsiY3JlYXRlIjo2MDAwMDAwMDAwMDAsImRlbGV0ZSI6MTIwMDAwMDAwMDAwMH0sInNjaGVtYV92ZXJzaW9uIjoiMSJ9",
          "dependencies": [
            "module.deploy_test.module.vpc.aws_vpc.this",
            "module.deploy_test.module.vpc.aws_vpc_ipv4_cidr_block_association.this"
          ]
        },
        {
          "index_key": 1,
          "schema_version": 1,
          "attributes": {
            "arn": "arn:aws:ec2:ap-northeast-2:851077919242:subnet/subnet-02e2e02e443346a47",
            "assign_ipv6_address_on_creation": false,
            "availability_zone": "ap-northeast-2c",
            "availability_zone_id": "apne2-az3",
            "cidr_block": "10.0.10.0/24",
            "customer_owned_ipv4_pool": "",
            "enable_dns64": false,
            "enable_lni_at_device_index": 0,
            "enable_resource_name_dns_a_record_on_launch": false,
            "enable_resource_name_dns_aaaa_record_on_launch": false,
            "id": "subnet-02e2e02e443346a47",
            "ipv6_cidr_block": "",
            "ipv6_cidr_block_association_id": "",
            "ipv6_native": false,
            "map_customer_owned_ip_on_launch": false,
            "map_public_ip_on_launch": false,
            "outpost_arn": "",
            "owner_id": "851077919242",
            "private_dns_hostname_type_on_launch": "ip-name",
            "tags": {
              "Environment": "dev",
              "Name": "whs-vpc-private-ap-northeast-2c",
              "Terraform": "true"
            },
            "tags_all": {
              "Environment": "dev",
              "Name": "whs-vpc-private-ap-northeast-2c",
              "Terraform": "true"
            },
            "timeouts": null,
            "vpc_id": "vpc-08ecc4587902cc479"
          },
          "sensitive_attributes": [],
          "private": "eyJlMmJmYjczMC1lY2FhLTExZTYtOGY4OC0zNDM2M2JjN2M0YzAiOnsiY3JlYXRlIjo2MDAwMDAwMDAwMDAsImRlbGV0ZSI6MTIwMDAwMDAwMDAwMH0sInNjaGVtYV92ZXJzaW9uIjoiMSJ9",
          "dependencies": [
            "module.deploy_test.module.vpc.aws_vpc.this",
            "module.deploy_test.module.vpc.aws_vpc_ipv4_cidr_block_association.this"
          ]
        }
      ]
    },
    {
      "module": "module.deploy_test.module.vpc",
      "mode": "managed",
      "type": "aws_subnet",
      "name": "public",
      "provider": "module.deploy_test.provider[\"registry.terraform.io/hashicorp/aws\"]",
      "instances": [
        {
          "index_key": 0,
          "schema_version": 1,
          "attributes": {
            "arn": "arn:aws:ec2:ap-northeast-2:851077919242:subnet/subnet-07c899d25317931cd",
            "assign_ipv6_address_on_creation": false,
            "availability_zone": "ap-northeast-2a",
            "availability_zone_id": "apne2-az1",
            "cidr_block": "10.0.101.0/24",
            "customer_owned_ipv4_pool": "",
            "enable_dns64": false,
            "enable_lni_at_device_index": 0,
            "enable_resource_name_dns_a_record_on_launch": false,
            "enable_resource_name_dns_aaaa_record_on_launch": false,
            "id": "subnet-07c899d25317931cd",
            "ipv6_cidr_block": "",
            "ipv6_cidr_block_association_id": "",
            "ipv6_native": false,
            "map_customer_owned_ip_on_launch": false,
            "map_public_ip_on_launch": true,
            "outpost_arn": "",
            "owner_id": "851077919242",
            "private_dns_hostname_type_on_launch": "ip-name",
            "tags": {
              "Environment": "dev",
              "Name": "whs-vpc-public-ap-northeast-2a",
              "Terraform": "true"
            },
            "tags_all": {
              "Environment": "dev",
              "Name": "whs-vpc-public-ap-northeast-2a",
              "Terraform": "true"
            },
            "timeouts": null,
            "vpc_id": "vpc-08ecc4587902cc479"
          },
          "sensitive_attributes": [],
          "private": "eyJlMmJmYjczMC1lY2FhLTExZTYtOGY4OC0zNDM2M2JjN2M0YzAiOnsiY3JlYXRlIjo2MDAwMDAwMDAwMDAsImRlbGV0ZSI6MTIwMDAwMDAwMDAwMH0sInNjaGVtYV92ZXJzaW9uIjoiMSJ9",
          "dependencies": [
            "module.deploy_test.module.vpc.aws_vpc.this",
            "module.deploy_test.module.vpc.aws_vpc_ipv4_cidr_block_association.this"
          ]
        },
        {
          "index_key": 1,
          "schema_version": 1,
          "attributes": {
            "arn": "arn:aws:ec2:ap-northeast-2:851077919242:subnet/subnet-04671c5079f29f2d2",
            "assign_ipv6_address_on_creation": false,
            "availability_zone": "ap-northeast-2c",
            "availability_zone_id": "apne2-az3",
            "cidr_block": "10.0.111.0/24",
            "customer_owned_ipv4_pool": "",
            "enable_dns64": false,
            "enable_lni_at_device_index": 0,
            "enable_resource_name_dns_a_record_on_launch": false,
            "enable_resource_name_dns_aaaa_record_on_launch": false,
            "id": "subnet-04671c5079f29f2d2",
            "ipv6_cidr_block": "",
            "ipv6_cidr_block_association_id": "",
            "ipv6_native": false,
            "map_customer_owned_ip_on_launch": false,
            "map_public_ip_on_launch": true,
            "outpost_arn": "",
            "owner_id": "851077919242",
            "private_dns_hostname_type_on_launch": "ip-name",
            "tags": {
              "Environment": "dev",
              "Name": "whs-vpc-public-ap-northeast-2c",
              "Terraform": "true"
            },
            "tags_all": {
              "Environment": "dev",
              "Name": "whs-vpc-public-ap-northeast-2c",
              "Terraform": "true"
            },
            "timeouts": null,
            "vpc_id": "vpc-08ecc4587902cc479"
          },
          "sensitive_attributes": [],
          "private": "eyJlMmJmYjczMC1lY2FhLTExZTYtOGY4OC0zNDM2M2JjN2M0YzAiOnsiY3JlYXRlIjo2MDAwMDAwMDAwMDAsImRlbGV0ZSI6MTIwMDAwMDAwMDAwMH0sInNjaGVtYV92ZXJzaW9uIjoiMSJ9",
          "dependencies": [
            "module.deploy_test.module.vpc.aws_vpc.this",
            "module.deploy_test.module.vpc.aws_vpc_ipv4_cidr_block_association.this"
          ]
        }
      ]
    },
    {
      "module": "module.deploy_test.module.vpc",
      "mode": "managed",
      "type": "aws_vpc",
      "name": "this",
      "provider": "module.deploy_test.provider[\"registry.terraform.io/hashicorp/aws\"]",
      "instances": [
        {
          "index_key": 0,
          "schema_version": 1,
          "attributes": {
            "arn": "arn:aws:ec2:ap-northeast-2:851077919242:vpc/vpc-08ecc4587902cc479",
            "assign_generated_ipv6_cidr_block": false,
            "cidr_block": "10.0.0.0/16",
            "default_network_acl_id": "acl-03b34aaa930596637",
            "default_route_table_id": "rtb-0458aa02dd75fbd65",
            "default_security_group_id": "sg-007cb46d4ee16e3c0",
            "dhcp_options_id": "dopt-06b676052885e79d0",
            "enable_dns_hostnames": true,
            "enable_dns_support": true,
            "enable_network_address_usage_metrics": false,
            "id": "vpc-08ecc4587902cc479",
            "instance_tenancy": "default",
            "ipv4_ipam_pool_id": null,
            "ipv4_netmask_length": null,
            "ipv6_association_id": "",
            "ipv6_cidr_block": "",
            "ipv6_cidr_block_network_border_group": "",
            "ipv6_ipam_pool_id": "",
            "ipv6_netmask_length": 0,
            "main_route_table_id": "rtb-0458aa02dd75fbd65",
            "owner_id": "851077919242",
            "tags": {
              "Environment": "dev",
              "Name": "whs-vpc",
              "Terraform": "true"
            },
            "tags_all": {
              "Environment": "dev",
              "Name": "whs-vpc",
              "Terraform": "true"
            }
          },
          "sensitive_attributes": [],
          "private": "eyJzY2hlbWFfdmVyc2lvbiI6IjEifQ=="
        }
      ]
    },
    {
      "module": "module.deploy_test.module.vpc",
      "mode": "managed",
      "type": "aws_vpc_ipv4_cidr_block_association",
      "name": "this",
      "provider": "module.deploy_test.provider[\"registry.terraform.io/hashicorp/aws\"]",
      "instances": []
    },
    {
      "module": "module.deploy_test.module.vpc",
      "mode": "managed",
      "type": "aws_vpn_gateway",
      "name": "this",
      "provider": "module.deploy_test.provider[\"registry.terraform.io/hashicorp/aws\"]",
      "instances": [
        {
          "index_key": 0,
          "schema_version": 0,
          "attributes": {
            "amazon_side_asn": "64512",
            "arn": "arn:aws:ec2:ap-northeast-2:851077919242:vpn-gateway/vgw-098fb1d1ab06aef31",
            "availability_zone": null,
            "id": "vgw-098fb1d1ab06aef31",
            "tags": {
              "Environment": "dev",
              "Name": "whs-vpc",
              "Terraform": "true"
            },
            "tags_all": {
              "Environment": "dev",
              "Name": "whs-vpc",
              "Terraform": "true"
            },
            "vpc_id": "vpc-08ecc4587902cc479"
          },
          "sensitive_attributes": [],
          "private": "bnVsbA==",
          "dependencies": [
            "module.deploy_test.module.vpc.aws_vpc.this",
            "module.deploy_test.module.vpc.aws_vpc_ipv4_cidr_block_association.this"
          ]
        }
      ]
    }
  ],
  "check_results": null
}
